{
    "version": 3,
    "terraform_version": "0.11.14",
    "serial": 6,
    "lineage": "d52ea0e9-5fb2-f693-fbcb-bf8a0b74aca1",
    "modules": [
        {
            "path": [
                "root"
            ],
            "outputs": {},
            "resources": {
                "data.vsphere_datacenter.dc": {
                    "type": "vsphere_datacenter",
                    "depends_on": [],
                    "primary": {
                        "id": "datacenter-2",
                        "attributes": {
                            "id": "datacenter-2",
                            "name": "Datacenter"
                        },
                        "meta": {},
                        "tainted": false
                    },
                    "deposed": [],
                    "provider": "provider.vsphere"
                }
            },
            "depends_on": []
        },
        {
            "path": [
                "root",
                "bootstrap"
            ],
            "outputs": {
                "ip_addresses": {
                    "sensitive": false,
                    "type": "list",
                    "value": [
                        "192.168.101.100"
                    ]
                }
            },
            "resources": {
                "data.ignition_config.ign": {
                    "type": "ignition_config",
                    "depends_on": [
                        "data.ignition_file.hostname.*",
                        "data.ignition_file.static_ip.*",
                        "data.ignition_systemd_unit.restart.*",
                        "local.ignition_encoded"
                    ],
                    "primary": {
                        "id": "5c8c471cb8fd40f85cfeab793d53e52e7f2b08173f13bda0a6fd2aa75e87ffc6",
                        "attributes": {
                            "append.#": "1",
                            "append.0.source": "http://192.168.101.22/bootstrap.ign",
                            "append.0.verification": "",
                            "files.#": "2",
                            "files.0": "96b615ed7586d580ff4ee0a22808819c5d93de95ce8dbf3037641f57fb045fc3",
                            "files.1": "806ce38c3e8e8899b4f7190d25c1516bfdb466caeb8d7939b2972ecc7520418f",
                            "id": "5c8c471cb8fd40f85cfeab793d53e52e7f2b08173f13bda0a6fd2aa75e87ffc6",
                            "rendered": "{\"ignition\":{\"config\":{\"append\":[{\"source\":\"http://192.168.101.22/bootstrap.ign\",\"verification\":{}}]},\"timeouts\":{},\"version\":\"2.1.0\"},\"networkd\":{},\"passwd\":{},\"storage\":{\"files\":[{\"filesystem\":\"root\",\"group\":{},\"path\":\"/etc/hostname\",\"user\":{},\"contents\":{\"source\":\"data:text/plain;charset=utf-8;base64,Ym9vdHN0cmFwLTA=\",\"verification\":{}},\"mode\":420},{\"filesystem\":\"root\",\"group\":{},\"path\":\"/etc/sysconfig/network-scripts/ifcfg-ens192\",\"user\":{},\"contents\":{\"source\":\"data:text/plain;charset=utf-8;base64,VFlQRT1FdGhlcm5ldApCT09UUFJPVE89bm9uZQpOQU1FPWVuczE5MgpERVZJQ0U9ZW5zMTkyCk9OQk9PVD15ZXMKSVBBRERSPTE5Mi4xNjguMTAxLjEwMApQUkVGSVg9MzAKR0FURVdBWT0xOTIuMTY4LjEwMS4xMDEKRE9NQUlOPWt1YmUuc2FuZHoyLmNvbS5waApETlMxPTE5Mi4xNjguMTAxLjUKRE5TMj04LjguOC44Cg==\",\"verification\":{}},\"mode\":420}]},\"systemd\":{\"units\":[{\"contents\":\"[Unit]\\nConditionFirstBoot=yes\\n[Service]\\nType=idle\\nExecStart=/sbin/reboot\\n[Install]\\nWantedBy=multi-user.target\\n\",\"enabled\":true,\"name\":\"restart.service\"}]}}",
                            "systemd.#": "1",
                            "systemd.0": "2b2088c1732c1d1acffcbbe6386c2952e57ca2903cec0dc24bd4cb0f42abc300"
                        },
                        "meta": {},
                        "tainted": false
                    },
                    "deposed": [],
                    "provider": "module.bootstrap.provider.ignition"
                },
                "data.ignition_file.hostname": {
                    "type": "ignition_file",
                    "depends_on": [],
                    "primary": {
                        "id": "96b615ed7586d580ff4ee0a22808819c5d93de95ce8dbf3037641f57fb045fc3",
                        "attributes": {
                            "content.#": "1",
                            "content.0.content": "bootstrap-0",
                            "content.0.mime": "text/plain",
                            "filesystem": "root",
                            "id": "96b615ed7586d580ff4ee0a22808819c5d93de95ce8dbf3037641f57fb045fc3",
                            "mode": "420",
                            "path": "/etc/hostname"
                        },
                        "meta": {},
                        "tainted": false
                    },
                    "deposed": [],
                    "provider": "module.bootstrap.provider.ignition"
                },
                "data.ignition_file.static_ip": {
                    "type": "ignition_file",
                    "depends_on": [
                        "local.gw",
                        "local.ip_addresses",
                        "local.mask"
                    ],
                    "primary": {
                        "id": "806ce38c3e8e8899b4f7190d25c1516bfdb466caeb8d7939b2972ecc7520418f",
                        "attributes": {
                            "content.#": "1",
                            "content.0.content": "TYPE=Ethernet\nBOOTPROTO=none\nNAME=ens192\nDEVICE=ens192\nONBOOT=yes\nIPADDR=192.168.101.100\nPREFIX=30\nGATEWAY=192.168.101.101\nDOMAIN=kube.sandz2.com.ph\nDNS1=192.168.101.5\nDNS2=8.8.8.8\n",
                            "content.0.mime": "text/plain",
                            "filesystem": "root",
                            "id": "806ce38c3e8e8899b4f7190d25c1516bfdb466caeb8d7939b2972ecc7520418f",
                            "mode": "420",
                            "path": "/etc/sysconfig/network-scripts/ifcfg-ens192"
                        },
                        "meta": {},
                        "tainted": false
                    },
                    "deposed": [],
                    "provider": "module.bootstrap.provider.ignition"
                },
                "data.ignition_systemd_unit.restart": {
                    "type": "ignition_systemd_unit",
                    "depends_on": [],
                    "primary": {
                        "id": "2b2088c1732c1d1acffcbbe6386c2952e57ca2903cec0dc24bd4cb0f42abc300",
                        "attributes": {
                            "content": "[Unit]\nConditionFirstBoot=yes\n[Service]\nType=idle\nExecStart=/sbin/reboot\n[Install]\nWantedBy=multi-user.target\n",
                            "enabled": "true",
                            "id": "2b2088c1732c1d1acffcbbe6386c2952e57ca2903cec0dc24bd4cb0f42abc300",
                            "name": "restart.service"
                        },
                        "meta": {},
                        "tainted": false
                    },
                    "deposed": [],
                    "provider": "module.bootstrap.provider.ignition"
                },
                "data.vsphere_datastore.datastore": {
                    "type": "vsphere_datastore",
                    "depends_on": [],
                    "primary": {
                        "id": "datastore-1822",
                        "attributes": {
                            "datacenter_id": "datacenter-2",
                            "id": "datastore-1822",
                            "name": "DevOps"
                        },
                        "meta": {},
                        "tainted": false
                    },
                    "deposed": [],
                    "provider": "provider.vsphere"
                },
                "data.vsphere_network.network": {
                    "type": "vsphere_network",
                    "depends_on": [],
                    "primary": {
                        "id": "network-1001",
                        "attributes": {
                            "datacenter_id": "datacenter-2",
                            "id": "network-1001",
                            "name": "No VLAN",
                            "type": "Network"
                        },
                        "meta": {},
                        "tainted": false
                    },
                    "deposed": [],
                    "provider": "provider.vsphere"
                },
                "data.vsphere_virtual_machine.template": {
                    "type": "vsphere_virtual_machine",
                    "depends_on": [],
                    "primary": {
                        "id": "42133444-3a0e-876a-e712-026d5b1f53b2",
                        "attributes": {
                            "alternate_guest_name": "",
                            "datacenter_id": "datacenter-2",
                            "disks.#": "1",
                            "disks.0.eagerly_scrub": "false",
                            "disks.0.size": "16",
                            "disks.0.thin_provisioned": "false",
                            "firmware": "bios",
                            "guest_id": "rhel7_64Guest",
                            "guest_ip_addresses.#": "0",
                            "id": "42133444-3a0e-876a-e712-026d5b1f53b2",
                            "name": "rhcos-4.3.0",
                            "network_interface_types.#": "1",
                            "network_interface_types.0": "vmxnet3",
                            "scsi_bus_sharing": "noSharing",
                            "scsi_controller_scan_count": "1",
                            "scsi_type": "pvscsi"
                        },
                        "meta": {},
                        "tainted": false
                    },
                    "deposed": [],
                    "provider": "provider.vsphere"
                },
                "vsphere_virtual_machine.vm": {
                    "type": "vsphere_virtual_machine",
                    "depends_on": [
                        "data.ignition_config.ign.*",
                        "data.vsphere_datastore.datastore",
                        "data.vsphere_network.network",
                        "data.vsphere_virtual_machine.template"
                    ],
                    "primary": {
                        "id": "4213884d-941d-b1dc-6257-59a99aa74b51",
                        "attributes": {
                            "alternate_guest_name": "",
                            "annotation": "",
                            "boot_delay": "0",
                            "boot_retry_delay": "10000",
                            "boot_retry_enabled": "false",
                            "cdrom.#": "0",
                            "change_version": "2020-02-19T15:58:41.725978Z",
                            "clone.#": "1",
                            "clone.0.customize.#": "0",
                            "clone.0.linked_clone": "false",
                            "clone.0.template_uuid": "42133444-3a0e-876a-e712-026d5b1f53b2",
                            "clone.0.timeout": "30",
                            "cpu_hot_add_enabled": "false",
                            "cpu_hot_remove_enabled": "false",
                            "cpu_limit": "-1",
                            "cpu_performance_counters_enabled": "false",
                            "cpu_reservation": "0",
                            "cpu_share_count": "4000",
                            "cpu_share_level": "normal",
                            "custom_attributes.%": "0",
                            "datastore_id": "datastore-1822",
                            "disk.#": "1",
                            "disk.0.attach": "false",
                            "disk.0.datastore_id": "datastore-1822",
                            "disk.0.device_address": "scsi:0:0",
                            "disk.0.disk_mode": "persistent",
                            "disk.0.disk_sharing": "sharingNone",
                            "disk.0.eagerly_scrub": "false",
                            "disk.0.io_limit": "-1",
                            "disk.0.io_reservation": "0",
                            "disk.0.io_share_count": "1000",
                            "disk.0.io_share_level": "normal",
                            "disk.0.keep_on_remove": "false",
                            "disk.0.key": "2000",
                            "disk.0.label": "disk0",
                            "disk.0.name": "",
                            "disk.0.path": "bootstrap-0/bootstrap-0.vmdk",
                            "disk.0.size": "60",
                            "disk.0.storage_policy_id": "",
                            "disk.0.thin_provisioned": "false",
                            "disk.0.unit_number": "0",
                            "disk.0.uuid": "6000C299-b8cf-c1cd-0da0-ac65bb122e8d",
                            "disk.0.write_through": "false",
                            "efi_secure_boot_enabled": "false",
                            "enable_disk_uuid": "true",
                            "enable_logging": "false",
                            "ept_rvi_mode": "automatic",
                            "extra_config.%": "0",
                            "firmware": "bios",
                            "folder": "kube",
                            "force_power_off": "true",
                            "guest_id": "rhel7_64Guest",
                            "guest_ip_addresses.#": "0",
                            "host_system_id": "host-15",
                            "hv_mode": "hvAuto",
                            "id": "4213884d-941d-b1dc-6257-59a99aa74b51",
                            "latency_sensitivity": "normal",
                            "memory": "8192",
                            "memory_hot_add_enabled": "false",
                            "memory_limit": "-1",
                            "memory_reservation": "0",
                            "memory_share_count": "81920",
                            "memory_share_level": "normal",
                            "migrate_wait_timeout": "30",
                            "moid": "vm-1993",
                            "name": "bootstrap-0",
                            "nested_hv_enabled": "false",
                            "network_interface.#": "1",
                            "network_interface.0.adapter_type": "vmxnet3",
                            "network_interface.0.bandwidth_limit": "-1",
                            "network_interface.0.bandwidth_reservation": "0",
                            "network_interface.0.bandwidth_share_count": "50",
                            "network_interface.0.bandwidth_share_level": "normal",
                            "network_interface.0.device_address": "pci:0:7",
                            "network_interface.0.key": "4000",
                            "network_interface.0.mac_address": "00:50:56:93:1b:6a",
                            "network_interface.0.network_id": "network-1001",
                            "network_interface.0.use_static_mac": "false",
                            "num_cores_per_socket": "1",
                            "num_cpus": "4",
                            "reboot_required": "false",
                            "resource_pool_id": "resgroup-1991",
                            "run_tools_scripts_after_power_on": "true",
                            "run_tools_scripts_after_resume": "true",
                            "run_tools_scripts_before_guest_reboot": "false",
                            "run_tools_scripts_before_guest_shutdown": "true",
                            "run_tools_scripts_before_guest_standby": "true",
                            "scsi_bus_sharing": "noSharing",
                            "scsi_controller_count": "1",
                            "scsi_type": "pvscsi",
                            "shutdown_wait_timeout": "3",
                            "storage_policy_id": "",
                            "swap_placement_policy": "inherit",
                            "sync_time_with_host": "false",
                            "tags.#": "0",
                            "uuid": "4213884d-941d-b1dc-6257-59a99aa74b51",
                            "vapp.#": "1",
                            "vapp.0.properties.%": "2",
                            "vapp.0.properties.guestinfo.ignition.config.data": "eyJpZ25pdGlvbiI6eyJjb25maWciOnsiYXBwZW5kIjpbeyJzb3VyY2UiOiJodHRwOi8vMTkyLjE2OC4xMDEuMjIvYm9vdHN0cmFwLmlnbiIsInZlcmlmaWNhdGlvbiI6e319XX0sInRpbWVvdXRzIjp7fSwidmVyc2lvbiI6IjIuMS4wIn0sIm5ldHdvcmtkIjp7fSwicGFzc3dkIjp7fSwic3RvcmFnZSI6eyJmaWxlcyI6W3siZmlsZXN5c3RlbSI6InJvb3QiLCJncm91cCI6e30sInBhdGgiOiIvZXRjL2hvc3RuYW1lIiwidXNlciI6e30sImNvbnRlbnRzIjp7InNvdXJjZSI6ImRhdGE6dGV4dC9wbGFpbjtjaGFyc2V0PXV0Zi04O2Jhc2U2NCxZbTl2ZEhOMGNtRndMVEE9IiwidmVyaWZpY2F0aW9uIjp7fX0sIm1vZGUiOjQyMH0seyJmaWxlc3lzdGVtIjoicm9vdCIsImdyb3VwIjp7fSwicGF0aCI6Ii9ldGMvc3lzY29uZmlnL25ldHdvcmstc2NyaXB0cy9pZmNmZy1lbnMxOTIiLCJ1c2VyIjp7fSwiY29udGVudHMiOnsic291cmNlIjoiZGF0YTp0ZXh0L3BsYWluO2NoYXJzZXQ9dXRmLTg7YmFzZTY0LFZGbFFSVDFGZEdobGNtNWxkQXBDVDA5VVVGSlBWRTg5Ym05dVpRcE9RVTFGUFdWdWN6RTVNZ3BFUlZaSlEwVTlaVzV6TVRreUNrOU9RazlQVkQxNVpYTUtTVkJCUkVSU1BURTVNaTR4TmpndU1UQXhMakV3TUFwUVVrVkdTVmc5TXpBS1IwRlVSVmRCV1QweE9USXVNVFk0TGpFd01TNHhNREVLUkU5TlFVbE9QV3QxWW1VdWMyRnVaSG95TG1OdmJTNXdhQXBFVGxNeFBURTVNaTR4TmpndU1UQXhMalVLUkU1VE1qMDRMamd1T0M0NENnPT0iLCJ2ZXJpZmljYXRpb24iOnt9fSwibW9kZSI6NDIwfV19LCJzeXN0ZW1kIjp7InVuaXRzIjpbeyJjb250ZW50cyI6IltVbml0XVxuQ29uZGl0aW9uRmlyc3RCb290PXllc1xuW1NlcnZpY2VdXG5UeXBlPWlkbGVcbkV4ZWNTdGFydD0vc2Jpbi9yZWJvb3RcbltJbnN0YWxsXVxuV2FudGVkQnk9bXVsdGktdXNlci50YXJnZXRcbiIsImVuYWJsZWQiOnRydWUsIm5hbWUiOiJyZXN0YXJ0LnNlcnZpY2UifV19fQ==",
                            "vapp.0.properties.guestinfo.ignition.config.data.encoding": "base64",
                            "vapp_transport.#": "1",
                            "vapp_transport.0": "com.vmware.guestInfo",
                            "vmware_tools_status": "guestToolsNotRunning",
                            "vmx_path": "bootstrap-0/bootstrap-0.vmx",
                            "wait_for_guest_ip_timeout": "0",
                            "wait_for_guest_net_routable": "false",
                            "wait_for_guest_net_timeout": "0"
                        },
                        "meta": {
                            "schema_version": "3"
                        },
                        "tainted": false
                    },
                    "deposed": [],
                    "provider": "provider.vsphere"
                }
            },
            "depends_on": []
        },
        {
            "path": [
                "root",
                "compute"
            ],
            "outputs": {
                "ip_addresses": {
                    "sensitive": false,
                    "type": "list",
                    "value": [
                        "192.168.101.104"
                    ]
                }
            },
            "resources": {
                "data.ignition_config.ign": {
                    "type": "ignition_config",
                    "depends_on": [
                        "data.ignition_file.hostname.*",
                        "data.ignition_file.static_ip.*",
                        "data.ignition_systemd_unit.restart.*",
                        "local.ignition_encoded"
                    ],
                    "primary": {
                        "id": "64884ec3f5175ea2323889a37846c19a0a825eb3396538f71ea58732b904eae4",
                        "attributes": {
                            "append.#": "1",
                            "append.0.source": "data:text/plain;charset=utf-8;base64,eyJpZ25pdGlvbiI6eyJjb25maWciOnsiYXBwZW5kIjpbeyJzb3VyY2UiOiJodHRwczovL2FwaS1pbnQua3ViZS5zYW5kejIuY29tLnBoOjIyNjIzL2NvbmZpZy93b3JrZXIiLCJ2ZXJpZmljYXRpb24iOnt9fV19LCJzZWN1cml0eSI6eyJ0bHMiOnsiY2VydGlmaWNhdGVBdXRob3JpdGllcyI6W3sic291cmNlIjoiZGF0YTp0ZXh0L3BsYWluO2NoYXJzZXQ9dXRmLTg7YmFzZTY0LExTMHRMUzFDUlVkSlRpQkRSVkpVU1VaSlEwRlVSUzB0TFMwdENrMUpTVVJGUkVORFFXWnBaMEYzU1VKQlowbEpWM3BtWW5CcWIzaEhZbU4zUkZGWlNrdHZXa2xvZG1OT1FWRkZURUpSUVhkS2FrVlRUVUpCUjBFeFZVVUtRM2hOU21JelFteGliazV2WVZkYU1FMVNRWGRFWjFsRVZsRlJSRVYzWkhsaU1qa3dURmRPYUUxQ05GaEVWRWwzVFVSSmVFOVVRVEpOYW1zd1RVWnZXQXBFVkUxM1RVUkplRTVxUVRKTmFtc3dUVVp2ZDBwcVJWTk5Ra0ZIUVRGVlJVTjRUVXBpTTBKc1ltNU9iMkZYV2pCTlVrRjNSR2RaUkZaUlVVUkZkMlI1Q21JeU9UQk1WMDVvVFVsSlFrbHFRVTVDWjJ0eGFHdHBSemwzTUVKQlVVVkdRVUZQUTBGUk9FRk5TVWxDUTJkTFEwRlJSVUU0UzNKRlV5dFRWVTV2TlRBS1NXMW5SMWcwYkZBeVVtVndRVzF0ZDNCcmJrbDFNVnBSZGtWNmNIYzRXRlJoTVRGRFNYTTFTV0pMWTFsdldFRm9XbmsyY3psa1psZHVPSG8yUzNKUmFncEJlVVI1VjJGbGVqUklLekJpTW5ZclRUaHJXVzF3Ylc5MFZHRmplV3RvWjNveE5uVnJhblJLUjI5Rk0xcFRWVGhxUVdKMU5GbG5PQ3RCU0UxTlZEVjFDbnBVZFhRemJYSm5VM0JwZVhWSVVEWk9VMmt2WW5WVGNHTkljbll5VEdaT01Fa3dPVE5OTm1wbVZsQmFaR0Y2TjJoR1RWaHZPVXRqZUdkclNrUnlTbW9LU1doVWRHOVhPWGQzU2tOeE9URXpOakJUVGxkMmNDdEJjRFpvTmxCWVFuZzFZelZFUVdOTVYyczBZV0Y2UW5GMlFYWm9RWGh0VUZORFpqZGlVMHA2UlFwaUwweDZWVTQzY0c1UWNYUnZla1ZwY0N0UWNFaGxhMWhzVUZoUUx6WTJaVkozZGtaNlFuSjVSbUZDYTNOa2FYZEJVREJ1Um05MGF6ZGlabkZ3YzFGSENqZGhObmc1VEU0MWFYZEpSRUZSUVVKdk1FbDNVVVJCVDBKblRsWklVVGhDUVdZNFJVSkJUVU5CY1ZGM1JIZFpSRlpTTUZSQlVVZ3ZRa0ZWZDBGM1JVSUtMM3BCWkVKblRsWklVVFJGUm1kUlZXTkhPV2swYlV0RmIxaERPVnBoZWpaV2QyRm9hRTVzV21JMU5IZEVVVmxLUzI5YVNXaDJZMDVCVVVWTVFsRkJSQXBuWjBWQ1FVeGtVM2Q1YjNoNk5tdFpjbFpMUjFJcmRUTnpNek5XVVRoMWVuQnRaMDEyVFRsRFJVZFZjbEkwTld3eU5teHZSRVIxY1hVNGNYbzRjbkF5Q2paaE9GWlVieTlaYlM5WU9HSlJjMnB2WVRneWVUQkpiVEZsZFdWeFRpdHRUamxHYjJVNFowdFJiRmhqTVZKT05FaFZibVl5YjFCSGFIRnlNSEpOY3pJS2RISmpPVGxQVUZsVVVFVk5XWGRPVEZSd2REbHBSRmxYZWxOT1FqRjVPV1pzUzBsV1lVbHhSbXQ2U2xGSk1tWkhjRFpVV1ZSWE9UVkVaVzFzVjA1TE5RcHRhUzk0WkVGaU1TOXNXV2huYXpKbk1rSkNhRWN6UVRWUmFtaDFWRzFPZDB4UVVHTkZUM0pEY0d0eVJHSm9Nelo1U1VkSFRHSnVORlJtVDA4d1RVcFRDbTl6YjFZMlIxQk5hbWhSY1ZSTmNrSXhPVkpwTURacFZWSlZZV2g2UXpWTVoycEhlRXBrUVV4ak5HRkRRM1pGVGtsMVRUZEtNa3hxYjJnNFNUZG1OMlFLTVVzM2IzVTROVFYyYTNKbGJXTnBOMDlyZHpkQlUyNXdjV2h6UFFvdExTMHRMVVZPUkNCRFJWSlVTVVpKUTBGVVJTMHRMUzB0Q2c9PSIsInZlcmlmaWNhdGlvbiI6e319XX19LCJ0aW1lb3V0cyI6e30sInZlcnNpb24iOiIyLjIuMCJ9LCJuZXR3b3JrZCI6e30sInBhc3N3ZCI6e30sInN0b3JhZ2UiOnt9LCJzeXN0ZW1kIjp7fX0K",
                            "append.0.verification": "",
                            "files.#": "2",
                            "files.0": "37cb0d6ae78c6a1605286cc8070f084949a99933a4320e111c37cf31e79127f7",
                            "files.1": "44c88ab91b534d99b639de7f63e3764bd04b658bebf759c1ae8e735f391164d4",
                            "id": "64884ec3f5175ea2323889a37846c19a0a825eb3396538f71ea58732b904eae4",
                            "rendered": "{\"ignition\":{\"config\":{\"append\":[{\"source\":\"data:text/plain;charset=utf-8;base64,eyJpZ25pdGlvbiI6eyJjb25maWciOnsiYXBwZW5kIjpbeyJzb3VyY2UiOiJodHRwczovL2FwaS1pbnQua3ViZS5zYW5kejIuY29tLnBoOjIyNjIzL2NvbmZpZy93b3JrZXIiLCJ2ZXJpZmljYXRpb24iOnt9fV19LCJzZWN1cml0eSI6eyJ0bHMiOnsiY2VydGlmaWNhdGVBdXRob3JpdGllcyI6W3sic291cmNlIjoiZGF0YTp0ZXh0L3BsYWluO2NoYXJzZXQ9dXRmLTg7YmFzZTY0LExTMHRMUzFDUlVkSlRpQkRSVkpVU1VaSlEwRlVSUzB0TFMwdENrMUpTVVJGUkVORFFXWnBaMEYzU1VKQlowbEpWM3BtWW5CcWIzaEhZbU4zUkZGWlNrdHZXa2xvZG1OT1FWRkZURUpSUVhkS2FrVlRUVUpCUjBFeFZVVUtRM2hOU21JelFteGliazV2WVZkYU1FMVNRWGRFWjFsRVZsRlJSRVYzWkhsaU1qa3dURmRPYUUxQ05GaEVWRWwzVFVSSmVFOVVRVEpOYW1zd1RVWnZXQXBFVkUxM1RVUkplRTVxUVRKTmFtc3dUVVp2ZDBwcVJWTk5Ra0ZIUVRGVlJVTjRUVXBpTTBKc1ltNU9iMkZYV2pCTlVrRjNSR2RaUkZaUlVVUkZkMlI1Q21JeU9UQk1WMDVvVFVsSlFrbHFRVTVDWjJ0eGFHdHBSemwzTUVKQlVVVkdRVUZQUTBGUk9FRk5TVWxDUTJkTFEwRlJSVUU0UzNKRlV5dFRWVTV2TlRBS1NXMW5SMWcwYkZBeVVtVndRVzF0ZDNCcmJrbDFNVnBSZGtWNmNIYzRXRlJoTVRGRFNYTTFTV0pMWTFsdldFRm9XbmsyY3psa1psZHVPSG8yUzNKUmFncEJlVVI1VjJGbGVqUklLekJpTW5ZclRUaHJXVzF3Ylc5MFZHRmplV3RvWjNveE5uVnJhblJLUjI5Rk0xcFRWVGhxUVdKMU5GbG5PQ3RCU0UxTlZEVjFDbnBVZFhRemJYSm5VM0JwZVhWSVVEWk9VMmt2WW5WVGNHTkljbll5VEdaT01Fa3dPVE5OTm1wbVZsQmFaR0Y2TjJoR1RWaHZPVXRqZUdkclNrUnlTbW9LU1doVWRHOVhPWGQzU2tOeE9URXpOakJUVGxkMmNDdEJjRFpvTmxCWVFuZzFZelZFUVdOTVYyczBZV0Y2UW5GMlFYWm9RWGh0VUZORFpqZGlVMHA2UlFwaUwweDZWVTQzY0c1UWNYUnZla1ZwY0N0UWNFaGxhMWhzVUZoUUx6WTJaVkozZGtaNlFuSjVSbUZDYTNOa2FYZEJVREJ1Um05MGF6ZGlabkZ3YzFGSENqZGhObmc1VEU0MWFYZEpSRUZSUVVKdk1FbDNVVVJCVDBKblRsWklVVGhDUVdZNFJVSkJUVU5CY1ZGM1JIZFpSRlpTTUZSQlVVZ3ZRa0ZWZDBGM1JVSUtMM3BCWkVKblRsWklVVFJGUm1kUlZXTkhPV2swYlV0RmIxaERPVnBoZWpaV2QyRm9hRTVzV21JMU5IZEVVVmxLUzI5YVNXaDJZMDVCVVVWTVFsRkJSQXBuWjBWQ1FVeGtVM2Q1YjNoNk5tdFpjbFpMUjFJcmRUTnpNek5XVVRoMWVuQnRaMDEyVFRsRFJVZFZjbEkwTld3eU5teHZSRVIxY1hVNGNYbzRjbkF5Q2paaE9GWlVieTlaYlM5WU9HSlJjMnB2WVRneWVUQkpiVEZsZFdWeFRpdHRUamxHYjJVNFowdFJiRmhqTVZKT05FaFZibVl5YjFCSGFIRnlNSEpOY3pJS2RISmpPVGxQVUZsVVVFVk5XWGRPVEZSd2REbHBSRmxYZWxOT1FqRjVPV1pzUzBsV1lVbHhSbXQ2U2xGSk1tWkhjRFpVV1ZSWE9UVkVaVzFzVjA1TE5RcHRhUzk0WkVGaU1TOXNXV2huYXpKbk1rSkNhRWN6UVRWUmFtaDFWRzFPZDB4UVVHTkZUM0pEY0d0eVJHSm9Nelo1U1VkSFRHSnVORlJtVDA4d1RVcFRDbTl6YjFZMlIxQk5hbWhSY1ZSTmNrSXhPVkpwTURacFZWSlZZV2g2UXpWTVoycEhlRXBrUVV4ak5HRkRRM1pGVGtsMVRUZEtNa3hxYjJnNFNUZG1OMlFLTVVzM2IzVTROVFYyYTNKbGJXTnBOMDlyZHpkQlUyNXdjV2h6UFFvdExTMHRMVVZPUkNCRFJWSlVTVVpKUTBGVVJTMHRMUzB0Q2c9PSIsInZlcmlmaWNhdGlvbiI6e319XX19LCJ0aW1lb3V0cyI6e30sInZlcnNpb24iOiIyLjIuMCJ9LCJuZXR3b3JrZCI6e30sInBhc3N3ZCI6e30sInN0b3JhZ2UiOnt9LCJzeXN0ZW1kIjp7fX0K\",\"verification\":{}}]},\"timeouts\":{},\"version\":\"2.1.0\"},\"networkd\":{},\"passwd\":{},\"storage\":{\"files\":[{\"filesystem\":\"root\",\"group\":{},\"path\":\"/etc/hostname\",\"user\":{},\"contents\":{\"source\":\"data:text/plain;charset=utf-8;base64,Y29tcHV0ZS0w\",\"verification\":{}},\"mode\":420},{\"filesystem\":\"root\",\"group\":{},\"path\":\"/etc/sysconfig/network-scripts/ifcfg-ens192\",\"user\":{},\"contents\":{\"source\":\"data:text/plain;charset=utf-8;base64,VFlQRT1FdGhlcm5ldApCT09UUFJPVE89bm9uZQpOQU1FPWVuczE5MgpERVZJQ0U9ZW5zMTkyCk9OQk9PVD15ZXMKSVBBRERSPTE5Mi4xNjguMTAxLjEwNApQUkVGSVg9MzAKR0FURVdBWT0xOTIuMTY4LjEwMS4xMDEKRE9NQUlOPWt1YmUuc2FuZHoyLmNvbS5waApETlMxPTE5Mi4xNjguMTAxLjUKRE5TMj04LjguOC44Cg==\",\"verification\":{}},\"mode\":420}]},\"systemd\":{\"units\":[{\"contents\":\"[Unit]\\nConditionFirstBoot=yes\\n[Service]\\nType=idle\\nExecStart=/sbin/reboot\\n[Install]\\nWantedBy=multi-user.target\\n\",\"enabled\":true,\"name\":\"restart.service\"}]}}",
                            "systemd.#": "1",
                            "systemd.0": "2b2088c1732c1d1acffcbbe6386c2952e57ca2903cec0dc24bd4cb0f42abc300"
                        },
                        "meta": {},
                        "tainted": false
                    },
                    "deposed": [],
                    "provider": "module.compute.provider.ignition"
                },
                "data.ignition_file.hostname": {
                    "type": "ignition_file",
                    "depends_on": [],
                    "primary": {
                        "id": "37cb0d6ae78c6a1605286cc8070f084949a99933a4320e111c37cf31e79127f7",
                        "attributes": {
                            "content.#": "1",
                            "content.0.content": "compute-0",
                            "content.0.mime": "text/plain",
                            "filesystem": "root",
                            "id": "37cb0d6ae78c6a1605286cc8070f084949a99933a4320e111c37cf31e79127f7",
                            "mode": "420",
                            "path": "/etc/hostname"
                        },
                        "meta": {},
                        "tainted": false
                    },
                    "deposed": [],
                    "provider": "module.compute.provider.ignition"
                },
                "data.ignition_file.static_ip": {
                    "type": "ignition_file",
                    "depends_on": [
                        "local.gw",
                        "local.ip_addresses",
                        "local.mask"
                    ],
                    "primary": {
                        "id": "44c88ab91b534d99b639de7f63e3764bd04b658bebf759c1ae8e735f391164d4",
                        "attributes": {
                            "content.#": "1",
                            "content.0.content": "TYPE=Ethernet\nBOOTPROTO=none\nNAME=ens192\nDEVICE=ens192\nONBOOT=yes\nIPADDR=192.168.101.104\nPREFIX=30\nGATEWAY=192.168.101.101\nDOMAIN=kube.sandz2.com.ph\nDNS1=192.168.101.5\nDNS2=8.8.8.8\n",
                            "content.0.mime": "text/plain",
                            "filesystem": "root",
                            "id": "44c88ab91b534d99b639de7f63e3764bd04b658bebf759c1ae8e735f391164d4",
                            "mode": "420",
                            "path": "/etc/sysconfig/network-scripts/ifcfg-ens192"
                        },
                        "meta": {},
                        "tainted": false
                    },
                    "deposed": [],
                    "provider": "module.compute.provider.ignition"
                },
                "data.ignition_systemd_unit.restart": {
                    "type": "ignition_systemd_unit",
                    "depends_on": [],
                    "primary": {
                        "id": "2b2088c1732c1d1acffcbbe6386c2952e57ca2903cec0dc24bd4cb0f42abc300",
                        "attributes": {
                            "content": "[Unit]\nConditionFirstBoot=yes\n[Service]\nType=idle\nExecStart=/sbin/reboot\n[Install]\nWantedBy=multi-user.target\n",
                            "enabled": "true",
                            "id": "2b2088c1732c1d1acffcbbe6386c2952e57ca2903cec0dc24bd4cb0f42abc300",
                            "name": "restart.service"
                        },
                        "meta": {},
                        "tainted": false
                    },
                    "deposed": [],
                    "provider": "module.compute.provider.ignition"
                },
                "data.vsphere_datastore.datastore": {
                    "type": "vsphere_datastore",
                    "depends_on": [],
                    "primary": {
                        "id": "datastore-1822",
                        "attributes": {
                            "datacenter_id": "datacenter-2",
                            "id": "datastore-1822",
                            "name": "DevOps"
                        },
                        "meta": {},
                        "tainted": false
                    },
                    "deposed": [],
                    "provider": "provider.vsphere"
                },
                "data.vsphere_network.network": {
                    "type": "vsphere_network",
                    "depends_on": [],
                    "primary": {
                        "id": "network-1001",
                        "attributes": {
                            "datacenter_id": "datacenter-2",
                            "id": "network-1001",
                            "name": "No VLAN",
                            "type": "Network"
                        },
                        "meta": {},
                        "tainted": false
                    },
                    "deposed": [],
                    "provider": "provider.vsphere"
                },
                "data.vsphere_virtual_machine.template": {
                    "type": "vsphere_virtual_machine",
                    "depends_on": [],
                    "primary": {
                        "id": "42133444-3a0e-876a-e712-026d5b1f53b2",
                        "attributes": {
                            "alternate_guest_name": "",
                            "datacenter_id": "datacenter-2",
                            "disks.#": "1",
                            "disks.0.eagerly_scrub": "false",
                            "disks.0.size": "16",
                            "disks.0.thin_provisioned": "false",
                            "firmware": "bios",
                            "guest_id": "rhel7_64Guest",
                            "guest_ip_addresses.#": "0",
                            "id": "42133444-3a0e-876a-e712-026d5b1f53b2",
                            "name": "rhcos-4.3.0",
                            "network_interface_types.#": "1",
                            "network_interface_types.0": "vmxnet3",
                            "scsi_bus_sharing": "noSharing",
                            "scsi_controller_scan_count": "1",
                            "scsi_type": "pvscsi"
                        },
                        "meta": {},
                        "tainted": false
                    },
                    "deposed": [],
                    "provider": "provider.vsphere"
                },
                "vsphere_virtual_machine.vm": {
                    "type": "vsphere_virtual_machine",
                    "depends_on": [
                        "data.ignition_config.ign.*",
                        "data.vsphere_datastore.datastore",
                        "data.vsphere_network.network",
                        "data.vsphere_virtual_machine.template"
                    ],
                    "primary": {
                        "id": "4213f08a-9515-51f3-e4cc-10ad053af9fd",
                        "attributes": {
                            "alternate_guest_name": "",
                            "annotation": "",
                            "boot_delay": "0",
                            "boot_retry_delay": "10000",
                            "boot_retry_enabled": "false",
                            "cdrom.#": "0",
                            "change_version": "2020-02-19T15:58:42.031303Z",
                            "clone.#": "1",
                            "clone.0.customize.#": "0",
                            "clone.0.linked_clone": "false",
                            "clone.0.template_uuid": "42133444-3a0e-876a-e712-026d5b1f53b2",
                            "clone.0.timeout": "30",
                            "cpu_hot_add_enabled": "false",
                            "cpu_hot_remove_enabled": "false",
                            "cpu_limit": "-1",
                            "cpu_performance_counters_enabled": "false",
                            "cpu_reservation": "0",
                            "cpu_share_count": "4000",
                            "cpu_share_level": "normal",
                            "custom_attributes.%": "0",
                            "datastore_id": "datastore-1822",
                            "disk.#": "1",
                            "disk.0.attach": "false",
                            "disk.0.datastore_id": "datastore-1822",
                            "disk.0.device_address": "scsi:0:0",
                            "disk.0.disk_mode": "persistent",
                            "disk.0.disk_sharing": "sharingNone",
                            "disk.0.eagerly_scrub": "false",
                            "disk.0.io_limit": "-1",
                            "disk.0.io_reservation": "0",
                            "disk.0.io_share_count": "1000",
                            "disk.0.io_share_level": "normal",
                            "disk.0.keep_on_remove": "false",
                            "disk.0.key": "2000",
                            "disk.0.label": "disk0",
                            "disk.0.name": "",
                            "disk.0.path": "compute-0/compute-0.vmdk",
                            "disk.0.size": "60",
                            "disk.0.storage_policy_id": "",
                            "disk.0.thin_provisioned": "false",
                            "disk.0.unit_number": "0",
                            "disk.0.uuid": "6000C29e-24cf-4faf-29da-feba03b88fec",
                            "disk.0.write_through": "false",
                            "efi_secure_boot_enabled": "false",
                            "enable_disk_uuid": "true",
                            "enable_logging": "false",
                            "ept_rvi_mode": "automatic",
                            "extra_config.%": "0",
                            "firmware": "bios",
                            "folder": "kube",
                            "force_power_off": "true",
                            "guest_id": "rhel7_64Guest",
                            "guest_ip_addresses.#": "0",
                            "host_system_id": "host-12",
                            "hv_mode": "hvAuto",
                            "id": "4213f08a-9515-51f3-e4cc-10ad053af9fd",
                            "latency_sensitivity": "normal",
                            "memory": "8192",
                            "memory_hot_add_enabled": "false",
                            "memory_limit": "-1",
                            "memory_reservation": "0",
                            "memory_share_count": "81920",
                            "memory_share_level": "normal",
                            "migrate_wait_timeout": "30",
                            "moid": "vm-1994",
                            "name": "compute-0",
                            "nested_hv_enabled": "false",
                            "network_interface.#": "1",
                            "network_interface.0.adapter_type": "vmxnet3",
                            "network_interface.0.bandwidth_limit": "-1",
                            "network_interface.0.bandwidth_reservation": "0",
                            "network_interface.0.bandwidth_share_count": "50",
                            "network_interface.0.bandwidth_share_level": "normal",
                            "network_interface.0.device_address": "pci:0:7",
                            "network_interface.0.key": "4000",
                            "network_interface.0.mac_address": "00:50:56:93:86:c2",
                            "network_interface.0.network_id": "network-1001",
                            "network_interface.0.use_static_mac": "false",
                            "num_cores_per_socket": "1",
                            "num_cpus": "4",
                            "reboot_required": "false",
                            "resource_pool_id": "resgroup-1991",
                            "run_tools_scripts_after_power_on": "true",
                            "run_tools_scripts_after_resume": "true",
                            "run_tools_scripts_before_guest_reboot": "false",
                            "run_tools_scripts_before_guest_shutdown": "true",
                            "run_tools_scripts_before_guest_standby": "true",
                            "scsi_bus_sharing": "noSharing",
                            "scsi_controller_count": "1",
                            "scsi_type": "pvscsi",
                            "shutdown_wait_timeout": "3",
                            "storage_policy_id": "",
                            "swap_placement_policy": "inherit",
                            "sync_time_with_host": "false",
                            "tags.#": "0",
                            "uuid": "4213f08a-9515-51f3-e4cc-10ad053af9fd",
                            "vapp.#": "1",
                            "vapp.0.properties.%": "2",
                            "vapp.0.properties.guestinfo.ignition.config.data": "eyJpZ25pdGlvbiI6eyJjb25maWciOnsiYXBwZW5kIjpbeyJzb3VyY2UiOiJkYXRhOnRleHQvcGxhaW47Y2hhcnNldD11dGYtODtiYXNlNjQsZXlKcFoyNXBkR2x2YmlJNmV5SmpiMjVtYVdjaU9uc2lZWEJ3Wlc1a0lqcGJleUp6YjNWeVkyVWlPaUpvZEhSd2N6b3ZMMkZ3YVMxcGJuUXVhM1ZpWlM1ellXNWtlakl1WTI5dExuQm9Pakl5TmpJekwyTnZibVpwWnk5M2IzSnJaWElpTENKMlpYSnBabWxqWVhScGIyNGlPbnQ5ZlYxOUxDSnpaV04xY21sMGVTSTZleUowYkhNaU9uc2lZMlZ5ZEdsbWFXTmhkR1ZCZFhSb2IzSnBkR2xsY3lJNlczc2ljMjkxY21ObElqb2laR0YwWVRwMFpYaDBMM0JzWVdsdU8yTm9ZWEp6WlhROWRYUm1MVGc3WW1GelpUWTBMRXhUTUhSTVV6RkRVbFZrU2xScFFrUlNWa3BWVTFWYVNsRXdSbFZTVXpCMFRGTXdkRU5yTVVwVFZWSkdVa1ZPUkZGWFduQmFNRVl6VTFWS1Fsb3diRXBXTTNCdFdXNUNjV0l6YUVoWmJVNHpVa1pHV2xOcmRIWlhhMnh2WkcxT1QxRldSa1pVUlVwU1VWaGtTMkZyVmxSVVZVcENVakJGZUZaVlZVdFJNMmhPVTIxSmVsRnRlR2xpYXpWMldWWmtZVTFGTVZOUldHUkZXakZzUlZac1JsSlNSVll6V2toc2FVMXFhM2RVUm1SUFlVVXhRMDVHYUVWV1JXd3pWRlZTU21WRk9WVlJWRXBPWVcxemQxUlZXblpYUVhCRlZrVXhNMVJWVWtwbFJUVnhVVlJLVG1GdGMzZFVWVnAyWkRCd2NWSldUazVSYTBaSVVWUkdWbEpWVGpSVVZYQnBUVEJLYzFsdE5VOWlNa1pZVjJwQ1RsVnJSak5TUjJSYVVrWmFVbFZWVWtaa01sSTFRMjFKZVU5VVFrMVdNRFZ2VkZWc1NsRnJiSEZSVlRWRFdqSjBlR0ZIZEhCU2Vtd3pUVVZLUWxWVlZrZFJWVVpRVVRCR1VrOUZSazVUVld4RFVUSmtURkV3UmxKU1ZVVTBVek5LUmxWNWRGUldWVFYyVGxSQlMxTlhNVzVTTVdjd1lrWkJlVlZ0Vm5kUlZ6RjBaRE5DY21KcmJERk5WbkJTWkd0V05tTklZelJYUmxKb1RWUkdSRk5ZVFRGVFYwcE1XVEZzZGxkRlJtOVhibXN5WTNwc2ExcHNaSFZQU0c4eVV6TktVbUZuY0VKbFZWSTFWakpHYkdWcVVrbExla0pwVFc1WmNsUlVhSEpYVnpGM1lsYzVNRlpIUm1wbFYzUnZXak52ZUU1dVZuSmhibEpMVWpJNVJrMHhjRlJXVkdoeFVWZEtNVTVHYkc1UFEzUkNVMFV4VGxaRVZqRkRibkJWWkZoUmVtSllTbTVWTTBKd1pWaFdTVlZFV2s5Vk1tdDJXVzVXVkdOSFRrbGpibGw1VkVkYVQwMUZhM2RQVkU1T1RtMXdiVlpzUW1GYVIwWTJUakpvUjFSV2FIWlBWWFJxWlVka2NsTnJVbmxUYlc5TFUxZG9WV1JIT1ZoUFdHUXpVMnRPZUU5VVJYcE9ha0pVVkd4a01tTkRkRUpqUkZwdlRteENXVkZ1WnpGWmVsWkZVVmRPVFZZeWN6QlpWMFkyVVc1R01sRllXbTlSV0doMFZVWk9SRnBxWkdsVk1IQTJVbEZ3YVV3d2VEWldWVFF6WTBjMVVXTllVblpsYTFad1kwTjBVV05GYUd4aE1XaHpWVVpvVVV4NldUSmFWa296Wkd0YU5sRnVTalZTYlVaRFlUTk9hMkZZWkVKVlJFSjFVbTA1TUdGNlpHbGFia1ozWXpGR1NFTnFaR2hPYm1jMVZFVTBNV0ZZWkVwU1JVWlNVVlZLZGsxRmJETlZWVkpDVkRCS2JsUnNXa2xWVkdoRFVWZFpORkpWU2tKVVZVNUNZMVpHTTFKSVpGcFNSbHBUVFVaU1FsVlZaM1pSYTBaV1pEQkdNMUpWU1V0TU0zQkNXa1ZLYmxSc1drbFZWRkpHVW0xa1VsWlhUa2hQVjJzd1lsVjBSbUl4YUVSUFZuQm9aV3BhVjJReVJtOWhSVFZ6VjIxSk1VNUlaRVZWVm14TFV6STVZVk5YYURKWk1EVkNWVlZXVFZGc1JrSlNRWEJ1V2pCV1ExRlZlR3RWTTJRMVlqTm9OazV0ZEZwamJGcE1VakZKY21SVVRucE5lazVYVlZSb01XVnVRblJhTURFeVZGUnNSRkpWWkZaamJFa3dUbGQzZVU1dGVIWlNSVkl4WTFoVk5HTllielJqYmtGNVEycGFhRTlHV2xWaWVUbGFZbE01V1U5SFNsSmpNbkIyV1ZSbmVXVlVRa3BpVkVac1pGZFdlRlJwZEhSVWFteEhZakpWTkZvd2RGSmlSbWhxVFZaS1QwNUZhRlppYlZsNVlqRkNTR0ZJUm5sTlNFcE9ZM3BKUzJSSVNtcFBWR3hRVlVac1ZWVkZWazVYV0dSUFZFWlNkMlJFYkhCU1JteFlaV3hPVDFGcVJqVlBWMXB6VXpCc1YxbFZiSGhTYlhRMlUyeEdTazF0V2toalJGcFZWMVpTV0U5VVZrVmFWekZ6VmpBMVRFNVJjSFJoVXprMFdrVkdhVTFUT1hOWFYyaHVZWHBLYmsxclNrTmhSV042VVZSV1VtRnRhREZXUnpGUFpEQjRVVlZIVGtaVU0wcEVZMGQwZVZKSFNtOU5lbG8xVTFWa1NGUkhTblZPUmxKdFZEQTRkMVJWY0ZSRGJUbDZZakZaTWxJeFFrNWhiV2hTWTFaU1RtTnJTWGhQVmtwd1RVUmFjRlpXU2xaWlYyZzJVWHBXVFZveWNFaGxSWEJyVVZWNGFrNUhSa1JSTTFwR1ZHdHNNVlJVWkV0TmEzaHhZakpuTkZOVVpHMU9NbEZMVFZWek0ySXpWVFJPVkZZeVlUTktiR0pYVG5CT01EbHlaSHBrUWxVeU5YZGpWMmg2VUZGdmRFeFRNSFJNVlZaUFVrTkNSRkpXU2xWVFZWcEtVVEJHVlZKVE1IUk1VekIwUTJjOVBTSXNJblpsY21sbWFXTmhkR2x2YmlJNmUzMTlYWDE5TENKMGFXMWxiM1YwY3lJNmUzMHNJblpsY25OcGIyNGlPaUl5TGpJdU1DSjlMQ0p1WlhSM2IzSnJaQ0k2ZTMwc0luQmhjM04zWkNJNmUzMHNJbk4wYjNKaFoyVWlPbnQ5TENKemVYTjBaVzFrSWpwN2ZYMEsiLCJ2ZXJpZmljYXRpb24iOnt9fV19LCJ0aW1lb3V0cyI6e30sInZlcnNpb24iOiIyLjEuMCJ9LCJuZXR3b3JrZCI6e30sInBhc3N3ZCI6e30sInN0b3JhZ2UiOnsiZmlsZXMiOlt7ImZpbGVzeXN0ZW0iOiJyb290IiwiZ3JvdXAiOnt9LCJwYXRoIjoiL2V0Yy9ob3N0bmFtZSIsInVzZXIiOnt9LCJjb250ZW50cyI6eyJzb3VyY2UiOiJkYXRhOnRleHQvcGxhaW47Y2hhcnNldD11dGYtODtiYXNlNjQsWTI5dGNIVjBaUzB3IiwidmVyaWZpY2F0aW9uIjp7fX0sIm1vZGUiOjQyMH0seyJmaWxlc3lzdGVtIjoicm9vdCIsImdyb3VwIjp7fSwicGF0aCI6Ii9ldGMvc3lzY29uZmlnL25ldHdvcmstc2NyaXB0cy9pZmNmZy1lbnMxOTIiLCJ1c2VyIjp7fSwiY29udGVudHMiOnsic291cmNlIjoiZGF0YTp0ZXh0L3BsYWluO2NoYXJzZXQ9dXRmLTg7YmFzZTY0LFZGbFFSVDFGZEdobGNtNWxkQXBDVDA5VVVGSlBWRTg5Ym05dVpRcE9RVTFGUFdWdWN6RTVNZ3BFUlZaSlEwVTlaVzV6TVRreUNrOU9RazlQVkQxNVpYTUtTVkJCUkVSU1BURTVNaTR4TmpndU1UQXhMakV3TkFwUVVrVkdTVmc5TXpBS1IwRlVSVmRCV1QweE9USXVNVFk0TGpFd01TNHhNREVLUkU5TlFVbE9QV3QxWW1VdWMyRnVaSG95TG1OdmJTNXdhQXBFVGxNeFBURTVNaTR4TmpndU1UQXhMalVLUkU1VE1qMDRMamd1T0M0NENnPT0iLCJ2ZXJpZmljYXRpb24iOnt9fSwibW9kZSI6NDIwfV19LCJzeXN0ZW1kIjp7InVuaXRzIjpbeyJjb250ZW50cyI6IltVbml0XVxuQ29uZGl0aW9uRmlyc3RCb290PXllc1xuW1NlcnZpY2VdXG5UeXBlPWlkbGVcbkV4ZWNTdGFydD0vc2Jpbi9yZWJvb3RcbltJbnN0YWxsXVxuV2FudGVkQnk9bXVsdGktdXNlci50YXJnZXRcbiIsImVuYWJsZWQiOnRydWUsIm5hbWUiOiJyZXN0YXJ0LnNlcnZpY2UifV19fQ==",
                            "vapp.0.properties.guestinfo.ignition.config.data.encoding": "base64",
                            "vapp_transport.#": "1",
                            "vapp_transport.0": "com.vmware.guestInfo",
                            "vmware_tools_status": "guestToolsNotRunning",
                            "vmx_path": "compute-0/compute-0.vmx",
                            "wait_for_guest_ip_timeout": "0",
                            "wait_for_guest_net_routable": "false",
                            "wait_for_guest_net_timeout": "0"
                        },
                        "meta": {
                            "schema_version": "3"
                        },
                        "tainted": false
                    },
                    "deposed": [],
                    "provider": "provider.vsphere"
                }
            },
            "depends_on": []
        },
        {
            "path": [
                "root",
                "control_plane"
            ],
            "outputs": {
                "ip_addresses": {
                    "sensitive": false,
                    "type": "list",
                    "value": [
                        "192.168.101.101",
                        "192.168.101.102",
                        "192.168.101.103"
                    ]
                }
            },
            "resources": {
                "data.ignition_config.ign.0": {
                    "type": "ignition_config",
                    "depends_on": [
                        "data.ignition_file.hostname.*",
                        "data.ignition_file.static_ip.*",
                        "data.ignition_systemd_unit.restart.*",
                        "local.ignition_encoded"
                    ],
                    "primary": {
                        "id": "abe4a6a8200e5491531cdbf94f6d2f5fbc8d2468fd52cc39dd5d921f954dd6bb",
                        "attributes": {
                            "append.#": "1",
                            "append.0.source": "data:text/plain;charset=utf-8;base64,eyJpZ25pdGlvbiI6eyJjb25maWciOnsiYXBwZW5kIjpbeyJzb3VyY2UiOiJodHRwczovL2FwaS1pbnQua3ViZS5zYW5kejIuY29tLnBoOjIyNjIzL2NvbmZpZy9tYXN0ZXIiLCJ2ZXJpZmljYXRpb24iOnt9fV19LCJzZWN1cml0eSI6eyJ0bHMiOnsiY2VydGlmaWNhdGVBdXRob3JpdGllcyI6W3sic291cmNlIjoiZGF0YTp0ZXh0L3BsYWluO2NoYXJzZXQ9dXRmLTg7YmFzZTY0LExTMHRMUzFDUlVkSlRpQkRSVkpVU1VaSlEwRlVSUzB0TFMwdENrMUpTVVJGUkVORFFXWnBaMEYzU1VKQlowbEpWM3BtWW5CcWIzaEhZbU4zUkZGWlNrdHZXa2xvZG1OT1FWRkZURUpSUVhkS2FrVlRUVUpCUjBFeFZVVUtRM2hOU21JelFteGliazV2WVZkYU1FMVNRWGRFWjFsRVZsRlJSRVYzWkhsaU1qa3dURmRPYUUxQ05GaEVWRWwzVFVSSmVFOVVRVEpOYW1zd1RVWnZXQXBFVkUxM1RVUkplRTVxUVRKTmFtc3dUVVp2ZDBwcVJWTk5Ra0ZIUVRGVlJVTjRUVXBpTTBKc1ltNU9iMkZYV2pCTlVrRjNSR2RaUkZaUlVVUkZkMlI1Q21JeU9UQk1WMDVvVFVsSlFrbHFRVTVDWjJ0eGFHdHBSemwzTUVKQlVVVkdRVUZQUTBGUk9FRk5TVWxDUTJkTFEwRlJSVUU0UzNKRlV5dFRWVTV2TlRBS1NXMW5SMWcwYkZBeVVtVndRVzF0ZDNCcmJrbDFNVnBSZGtWNmNIYzRXRlJoTVRGRFNYTTFTV0pMWTFsdldFRm9XbmsyY3psa1psZHVPSG8yUzNKUmFncEJlVVI1VjJGbGVqUklLekJpTW5ZclRUaHJXVzF3Ylc5MFZHRmplV3RvWjNveE5uVnJhblJLUjI5Rk0xcFRWVGhxUVdKMU5GbG5PQ3RCU0UxTlZEVjFDbnBVZFhRemJYSm5VM0JwZVhWSVVEWk9VMmt2WW5WVGNHTkljbll5VEdaT01Fa3dPVE5OTm1wbVZsQmFaR0Y2TjJoR1RWaHZPVXRqZUdkclNrUnlTbW9LU1doVWRHOVhPWGQzU2tOeE9URXpOakJUVGxkMmNDdEJjRFpvTmxCWVFuZzFZelZFUVdOTVYyczBZV0Y2UW5GMlFYWm9RWGh0VUZORFpqZGlVMHA2UlFwaUwweDZWVTQzY0c1UWNYUnZla1ZwY0N0UWNFaGxhMWhzVUZoUUx6WTJaVkozZGtaNlFuSjVSbUZDYTNOa2FYZEJVREJ1Um05MGF6ZGlabkZ3YzFGSENqZGhObmc1VEU0MWFYZEpSRUZSUVVKdk1FbDNVVVJCVDBKblRsWklVVGhDUVdZNFJVSkJUVU5CY1ZGM1JIZFpSRlpTTUZSQlVVZ3ZRa0ZWZDBGM1JVSUtMM3BCWkVKblRsWklVVFJGUm1kUlZXTkhPV2swYlV0RmIxaERPVnBoZWpaV2QyRm9hRTVzV21JMU5IZEVVVmxLUzI5YVNXaDJZMDVCVVVWTVFsRkJSQXBuWjBWQ1FVeGtVM2Q1YjNoNk5tdFpjbFpMUjFJcmRUTnpNek5XVVRoMWVuQnRaMDEyVFRsRFJVZFZjbEkwTld3eU5teHZSRVIxY1hVNGNYbzRjbkF5Q2paaE9GWlVieTlaYlM5WU9HSlJjMnB2WVRneWVUQkpiVEZsZFdWeFRpdHRUamxHYjJVNFowdFJiRmhqTVZKT05FaFZibVl5YjFCSGFIRnlNSEpOY3pJS2RISmpPVGxQVUZsVVVFVk5XWGRPVEZSd2REbHBSRmxYZWxOT1FqRjVPV1pzUzBsV1lVbHhSbXQ2U2xGSk1tWkhjRFpVV1ZSWE9UVkVaVzFzVjA1TE5RcHRhUzk0WkVGaU1TOXNXV2huYXpKbk1rSkNhRWN6UVRWUmFtaDFWRzFPZDB4UVVHTkZUM0pEY0d0eVJHSm9Nelo1U1VkSFRHSnVORlJtVDA4d1RVcFRDbTl6YjFZMlIxQk5hbWhSY1ZSTmNrSXhPVkpwTURacFZWSlZZV2g2UXpWTVoycEhlRXBrUVV4ak5HRkRRM1pGVGtsMVRUZEtNa3hxYjJnNFNUZG1OMlFLTVVzM2IzVTROVFYyYTNKbGJXTnBOMDlyZHpkQlUyNXdjV2h6UFFvdExTMHRMVVZPUkNCRFJWSlVTVVpKUTBGVVJTMHRMUzB0Q2c9PSIsInZlcmlmaWNhdGlvbiI6e319XX19LCJ0aW1lb3V0cyI6e30sInZlcnNpb24iOiIyLjIuMCJ9LCJuZXR3b3JrZCI6e30sInBhc3N3ZCI6e30sInN0b3JhZ2UiOnt9LCJzeXN0ZW1kIjp7fX0K",
                            "append.0.verification": "",
                            "files.#": "2",
                            "files.0": "15993e847c56ea3a5c0732a5cac8e81241a2da17752a4dca3c03046a185c6625",
                            "files.1": "a8f036420123a1e642a41b5f95cd65b6410c26d722fc32e60800d2499038da7d",
                            "id": "abe4a6a8200e5491531cdbf94f6d2f5fbc8d2468fd52cc39dd5d921f954dd6bb",
                            "rendered": "{\"ignition\":{\"config\":{\"append\":[{\"source\":\"data:text/plain;charset=utf-8;base64,eyJpZ25pdGlvbiI6eyJjb25maWciOnsiYXBwZW5kIjpbeyJzb3VyY2UiOiJodHRwczovL2FwaS1pbnQua3ViZS5zYW5kejIuY29tLnBoOjIyNjIzL2NvbmZpZy9tYXN0ZXIiLCJ2ZXJpZmljYXRpb24iOnt9fV19LCJzZWN1cml0eSI6eyJ0bHMiOnsiY2VydGlmaWNhdGVBdXRob3JpdGllcyI6W3sic291cmNlIjoiZGF0YTp0ZXh0L3BsYWluO2NoYXJzZXQ9dXRmLTg7YmFzZTY0LExTMHRMUzFDUlVkSlRpQkRSVkpVU1VaSlEwRlVSUzB0TFMwdENrMUpTVVJGUkVORFFXWnBaMEYzU1VKQlowbEpWM3BtWW5CcWIzaEhZbU4zUkZGWlNrdHZXa2xvZG1OT1FWRkZURUpSUVhkS2FrVlRUVUpCUjBFeFZVVUtRM2hOU21JelFteGliazV2WVZkYU1FMVNRWGRFWjFsRVZsRlJSRVYzWkhsaU1qa3dURmRPYUUxQ05GaEVWRWwzVFVSSmVFOVVRVEpOYW1zd1RVWnZXQXBFVkUxM1RVUkplRTVxUVRKTmFtc3dUVVp2ZDBwcVJWTk5Ra0ZIUVRGVlJVTjRUVXBpTTBKc1ltNU9iMkZYV2pCTlVrRjNSR2RaUkZaUlVVUkZkMlI1Q21JeU9UQk1WMDVvVFVsSlFrbHFRVTVDWjJ0eGFHdHBSemwzTUVKQlVVVkdRVUZQUTBGUk9FRk5TVWxDUTJkTFEwRlJSVUU0UzNKRlV5dFRWVTV2TlRBS1NXMW5SMWcwYkZBeVVtVndRVzF0ZDNCcmJrbDFNVnBSZGtWNmNIYzRXRlJoTVRGRFNYTTFTV0pMWTFsdldFRm9XbmsyY3psa1psZHVPSG8yUzNKUmFncEJlVVI1VjJGbGVqUklLekJpTW5ZclRUaHJXVzF3Ylc5MFZHRmplV3RvWjNveE5uVnJhblJLUjI5Rk0xcFRWVGhxUVdKMU5GbG5PQ3RCU0UxTlZEVjFDbnBVZFhRemJYSm5VM0JwZVhWSVVEWk9VMmt2WW5WVGNHTkljbll5VEdaT01Fa3dPVE5OTm1wbVZsQmFaR0Y2TjJoR1RWaHZPVXRqZUdkclNrUnlTbW9LU1doVWRHOVhPWGQzU2tOeE9URXpOakJUVGxkMmNDdEJjRFpvTmxCWVFuZzFZelZFUVdOTVYyczBZV0Y2UW5GMlFYWm9RWGh0VUZORFpqZGlVMHA2UlFwaUwweDZWVTQzY0c1UWNYUnZla1ZwY0N0UWNFaGxhMWhzVUZoUUx6WTJaVkozZGtaNlFuSjVSbUZDYTNOa2FYZEJVREJ1Um05MGF6ZGlabkZ3YzFGSENqZGhObmc1VEU0MWFYZEpSRUZSUVVKdk1FbDNVVVJCVDBKblRsWklVVGhDUVdZNFJVSkJUVU5CY1ZGM1JIZFpSRlpTTUZSQlVVZ3ZRa0ZWZDBGM1JVSUtMM3BCWkVKblRsWklVVFJGUm1kUlZXTkhPV2swYlV0RmIxaERPVnBoZWpaV2QyRm9hRTVzV21JMU5IZEVVVmxLUzI5YVNXaDJZMDVCVVVWTVFsRkJSQXBuWjBWQ1FVeGtVM2Q1YjNoNk5tdFpjbFpMUjFJcmRUTnpNek5XVVRoMWVuQnRaMDEyVFRsRFJVZFZjbEkwTld3eU5teHZSRVIxY1hVNGNYbzRjbkF5Q2paaE9GWlVieTlaYlM5WU9HSlJjMnB2WVRneWVUQkpiVEZsZFdWeFRpdHRUamxHYjJVNFowdFJiRmhqTVZKT05FaFZibVl5YjFCSGFIRnlNSEpOY3pJS2RISmpPVGxQVUZsVVVFVk5XWGRPVEZSd2REbHBSRmxYZWxOT1FqRjVPV1pzUzBsV1lVbHhSbXQ2U2xGSk1tWkhjRFpVV1ZSWE9UVkVaVzFzVjA1TE5RcHRhUzk0WkVGaU1TOXNXV2huYXpKbk1rSkNhRWN6UVRWUmFtaDFWRzFPZDB4UVVHTkZUM0pEY0d0eVJHSm9Nelo1U1VkSFRHSnVORlJtVDA4d1RVcFRDbTl6YjFZMlIxQk5hbWhSY1ZSTmNrSXhPVkpwTURacFZWSlZZV2g2UXpWTVoycEhlRXBrUVV4ak5HRkRRM1pGVGtsMVRUZEtNa3hxYjJnNFNUZG1OMlFLTVVzM2IzVTROVFYyYTNKbGJXTnBOMDlyZHpkQlUyNXdjV2h6UFFvdExTMHRMVVZPUkNCRFJWSlVTVVpKUTBGVVJTMHRMUzB0Q2c9PSIsInZlcmlmaWNhdGlvbiI6e319XX19LCJ0aW1lb3V0cyI6e30sInZlcnNpb24iOiIyLjIuMCJ9LCJuZXR3b3JrZCI6e30sInBhc3N3ZCI6e30sInN0b3JhZ2UiOnt9LCJzeXN0ZW1kIjp7fX0K\",\"verification\":{}}]},\"timeouts\":{},\"version\":\"2.1.0\"},\"networkd\":{},\"passwd\":{},\"storage\":{\"files\":[{\"filesystem\":\"root\",\"group\":{},\"path\":\"/etc/hostname\",\"user\":{},\"contents\":{\"source\":\"data:text/plain;charset=utf-8;base64,Y29udHJvbC1wbGFuZS0w\",\"verification\":{}},\"mode\":420},{\"filesystem\":\"root\",\"group\":{},\"path\":\"/etc/sysconfig/network-scripts/ifcfg-ens192\",\"user\":{},\"contents\":{\"source\":\"data:text/plain;charset=utf-8;base64,VFlQRT1FdGhlcm5ldApCT09UUFJPVE89bm9uZQpOQU1FPWVuczE5MgpERVZJQ0U9ZW5zMTkyCk9OQk9PVD15ZXMKSVBBRERSPTE5Mi4xNjguMTAxLjEwMQpQUkVGSVg9MzAKR0FURVdBWT0xOTIuMTY4LjEwMS4xMDEKRE9NQUlOPWt1YmUuc2FuZHoyLmNvbS5waApETlMxPTE5Mi4xNjguMTAxLjUKRE5TMj04LjguOC44Cg==\",\"verification\":{}},\"mode\":420}]},\"systemd\":{\"units\":[{\"contents\":\"[Unit]\\nConditionFirstBoot=yes\\n[Service]\\nType=idle\\nExecStart=/sbin/reboot\\n[Install]\\nWantedBy=multi-user.target\\n\",\"enabled\":true,\"name\":\"restart.service\"}]}}",
                            "systemd.#": "1",
                            "systemd.0": "2b2088c1732c1d1acffcbbe6386c2952e57ca2903cec0dc24bd4cb0f42abc300"
                        },
                        "meta": {},
                        "tainted": false
                    },
                    "deposed": [],
                    "provider": "module.control_plane.provider.ignition"
                },
                "data.ignition_config.ign.1": {
                    "type": "ignition_config",
                    "depends_on": [
                        "data.ignition_file.hostname.*",
                        "data.ignition_file.static_ip.*",
                        "data.ignition_systemd_unit.restart.*",
                        "local.ignition_encoded"
                    ],
                    "primary": {
                        "id": "867e3249d249ae2931267fd8dbf195d95df6da05bb6b27b5aa256453d405a443",
                        "attributes": {
                            "append.#": "1",
                            "append.0.source": "data:text/plain;charset=utf-8;base64,eyJpZ25pdGlvbiI6eyJjb25maWciOnsiYXBwZW5kIjpbeyJzb3VyY2UiOiJodHRwczovL2FwaS1pbnQua3ViZS5zYW5kejIuY29tLnBoOjIyNjIzL2NvbmZpZy9tYXN0ZXIiLCJ2ZXJpZmljYXRpb24iOnt9fV19LCJzZWN1cml0eSI6eyJ0bHMiOnsiY2VydGlmaWNhdGVBdXRob3JpdGllcyI6W3sic291cmNlIjoiZGF0YTp0ZXh0L3BsYWluO2NoYXJzZXQ9dXRmLTg7YmFzZTY0LExTMHRMUzFDUlVkSlRpQkRSVkpVU1VaSlEwRlVSUzB0TFMwdENrMUpTVVJGUkVORFFXWnBaMEYzU1VKQlowbEpWM3BtWW5CcWIzaEhZbU4zUkZGWlNrdHZXa2xvZG1OT1FWRkZURUpSUVhkS2FrVlRUVUpCUjBFeFZVVUtRM2hOU21JelFteGliazV2WVZkYU1FMVNRWGRFWjFsRVZsRlJSRVYzWkhsaU1qa3dURmRPYUUxQ05GaEVWRWwzVFVSSmVFOVVRVEpOYW1zd1RVWnZXQXBFVkUxM1RVUkplRTVxUVRKTmFtc3dUVVp2ZDBwcVJWTk5Ra0ZIUVRGVlJVTjRUVXBpTTBKc1ltNU9iMkZYV2pCTlVrRjNSR2RaUkZaUlVVUkZkMlI1Q21JeU9UQk1WMDVvVFVsSlFrbHFRVTVDWjJ0eGFHdHBSemwzTUVKQlVVVkdRVUZQUTBGUk9FRk5TVWxDUTJkTFEwRlJSVUU0UzNKRlV5dFRWVTV2TlRBS1NXMW5SMWcwYkZBeVVtVndRVzF0ZDNCcmJrbDFNVnBSZGtWNmNIYzRXRlJoTVRGRFNYTTFTV0pMWTFsdldFRm9XbmsyY3psa1psZHVPSG8yUzNKUmFncEJlVVI1VjJGbGVqUklLekJpTW5ZclRUaHJXVzF3Ylc5MFZHRmplV3RvWjNveE5uVnJhblJLUjI5Rk0xcFRWVGhxUVdKMU5GbG5PQ3RCU0UxTlZEVjFDbnBVZFhRemJYSm5VM0JwZVhWSVVEWk9VMmt2WW5WVGNHTkljbll5VEdaT01Fa3dPVE5OTm1wbVZsQmFaR0Y2TjJoR1RWaHZPVXRqZUdkclNrUnlTbW9LU1doVWRHOVhPWGQzU2tOeE9URXpOakJUVGxkMmNDdEJjRFpvTmxCWVFuZzFZelZFUVdOTVYyczBZV0Y2UW5GMlFYWm9RWGh0VUZORFpqZGlVMHA2UlFwaUwweDZWVTQzY0c1UWNYUnZla1ZwY0N0UWNFaGxhMWhzVUZoUUx6WTJaVkozZGtaNlFuSjVSbUZDYTNOa2FYZEJVREJ1Um05MGF6ZGlabkZ3YzFGSENqZGhObmc1VEU0MWFYZEpSRUZSUVVKdk1FbDNVVVJCVDBKblRsWklVVGhDUVdZNFJVSkJUVU5CY1ZGM1JIZFpSRlpTTUZSQlVVZ3ZRa0ZWZDBGM1JVSUtMM3BCWkVKblRsWklVVFJGUm1kUlZXTkhPV2swYlV0RmIxaERPVnBoZWpaV2QyRm9hRTVzV21JMU5IZEVVVmxLUzI5YVNXaDJZMDVCVVVWTVFsRkJSQXBuWjBWQ1FVeGtVM2Q1YjNoNk5tdFpjbFpMUjFJcmRUTnpNek5XVVRoMWVuQnRaMDEyVFRsRFJVZFZjbEkwTld3eU5teHZSRVIxY1hVNGNYbzRjbkF5Q2paaE9GWlVieTlaYlM5WU9HSlJjMnB2WVRneWVUQkpiVEZsZFdWeFRpdHRUamxHYjJVNFowdFJiRmhqTVZKT05FaFZibVl5YjFCSGFIRnlNSEpOY3pJS2RISmpPVGxQVUZsVVVFVk5XWGRPVEZSd2REbHBSRmxYZWxOT1FqRjVPV1pzUzBsV1lVbHhSbXQ2U2xGSk1tWkhjRFpVV1ZSWE9UVkVaVzFzVjA1TE5RcHRhUzk0WkVGaU1TOXNXV2huYXpKbk1rSkNhRWN6UVRWUmFtaDFWRzFPZDB4UVVHTkZUM0pEY0d0eVJHSm9Nelo1U1VkSFRHSnVORlJtVDA4d1RVcFRDbTl6YjFZMlIxQk5hbWhSY1ZSTmNrSXhPVkpwTURacFZWSlZZV2g2UXpWTVoycEhlRXBrUVV4ak5HRkRRM1pGVGtsMVRUZEtNa3hxYjJnNFNUZG1OMlFLTVVzM2IzVTROVFYyYTNKbGJXTnBOMDlyZHpkQlUyNXdjV2h6UFFvdExTMHRMVVZPUkNCRFJWSlVTVVpKUTBGVVJTMHRMUzB0Q2c9PSIsInZlcmlmaWNhdGlvbiI6e319XX19LCJ0aW1lb3V0cyI6e30sInZlcnNpb24iOiIyLjIuMCJ9LCJuZXR3b3JrZCI6e30sInBhc3N3ZCI6e30sInN0b3JhZ2UiOnt9LCJzeXN0ZW1kIjp7fX0K",
                            "append.0.verification": "",
                            "files.#": "2",
                            "files.0": "fbe07a03370697fae86ea33632e264340c4c18ade2076e84c08b5ca53fe0b60f",
                            "files.1": "9b761778097d649b46a525c34d23c2c477ebfbab941c7566492fede71c561c48",
                            "id": "867e3249d249ae2931267fd8dbf195d95df6da05bb6b27b5aa256453d405a443",
                            "rendered": "{\"ignition\":{\"config\":{\"append\":[{\"source\":\"data:text/plain;charset=utf-8;base64,eyJpZ25pdGlvbiI6eyJjb25maWciOnsiYXBwZW5kIjpbeyJzb3VyY2UiOiJodHRwczovL2FwaS1pbnQua3ViZS5zYW5kejIuY29tLnBoOjIyNjIzL2NvbmZpZy9tYXN0ZXIiLCJ2ZXJpZmljYXRpb24iOnt9fV19LCJzZWN1cml0eSI6eyJ0bHMiOnsiY2VydGlmaWNhdGVBdXRob3JpdGllcyI6W3sic291cmNlIjoiZGF0YTp0ZXh0L3BsYWluO2NoYXJzZXQ9dXRmLTg7YmFzZTY0LExTMHRMUzFDUlVkSlRpQkRSVkpVU1VaSlEwRlVSUzB0TFMwdENrMUpTVVJGUkVORFFXWnBaMEYzU1VKQlowbEpWM3BtWW5CcWIzaEhZbU4zUkZGWlNrdHZXa2xvZG1OT1FWRkZURUpSUVhkS2FrVlRUVUpCUjBFeFZVVUtRM2hOU21JelFteGliazV2WVZkYU1FMVNRWGRFWjFsRVZsRlJSRVYzWkhsaU1qa3dURmRPYUUxQ05GaEVWRWwzVFVSSmVFOVVRVEpOYW1zd1RVWnZXQXBFVkUxM1RVUkplRTVxUVRKTmFtc3dUVVp2ZDBwcVJWTk5Ra0ZIUVRGVlJVTjRUVXBpTTBKc1ltNU9iMkZYV2pCTlVrRjNSR2RaUkZaUlVVUkZkMlI1Q21JeU9UQk1WMDVvVFVsSlFrbHFRVTVDWjJ0eGFHdHBSemwzTUVKQlVVVkdRVUZQUTBGUk9FRk5TVWxDUTJkTFEwRlJSVUU0UzNKRlV5dFRWVTV2TlRBS1NXMW5SMWcwYkZBeVVtVndRVzF0ZDNCcmJrbDFNVnBSZGtWNmNIYzRXRlJoTVRGRFNYTTFTV0pMWTFsdldFRm9XbmsyY3psa1psZHVPSG8yUzNKUmFncEJlVVI1VjJGbGVqUklLekJpTW5ZclRUaHJXVzF3Ylc5MFZHRmplV3RvWjNveE5uVnJhblJLUjI5Rk0xcFRWVGhxUVdKMU5GbG5PQ3RCU0UxTlZEVjFDbnBVZFhRemJYSm5VM0JwZVhWSVVEWk9VMmt2WW5WVGNHTkljbll5VEdaT01Fa3dPVE5OTm1wbVZsQmFaR0Y2TjJoR1RWaHZPVXRqZUdkclNrUnlTbW9LU1doVWRHOVhPWGQzU2tOeE9URXpOakJUVGxkMmNDdEJjRFpvTmxCWVFuZzFZelZFUVdOTVYyczBZV0Y2UW5GMlFYWm9RWGh0VUZORFpqZGlVMHA2UlFwaUwweDZWVTQzY0c1UWNYUnZla1ZwY0N0UWNFaGxhMWhzVUZoUUx6WTJaVkozZGtaNlFuSjVSbUZDYTNOa2FYZEJVREJ1Um05MGF6ZGlabkZ3YzFGSENqZGhObmc1VEU0MWFYZEpSRUZSUVVKdk1FbDNVVVJCVDBKblRsWklVVGhDUVdZNFJVSkJUVU5CY1ZGM1JIZFpSRlpTTUZSQlVVZ3ZRa0ZWZDBGM1JVSUtMM3BCWkVKblRsWklVVFJGUm1kUlZXTkhPV2swYlV0RmIxaERPVnBoZWpaV2QyRm9hRTVzV21JMU5IZEVVVmxLUzI5YVNXaDJZMDVCVVVWTVFsRkJSQXBuWjBWQ1FVeGtVM2Q1YjNoNk5tdFpjbFpMUjFJcmRUTnpNek5XVVRoMWVuQnRaMDEyVFRsRFJVZFZjbEkwTld3eU5teHZSRVIxY1hVNGNYbzRjbkF5Q2paaE9GWlVieTlaYlM5WU9HSlJjMnB2WVRneWVUQkpiVEZsZFdWeFRpdHRUamxHYjJVNFowdFJiRmhqTVZKT05FaFZibVl5YjFCSGFIRnlNSEpOY3pJS2RISmpPVGxQVUZsVVVFVk5XWGRPVEZSd2REbHBSRmxYZWxOT1FqRjVPV1pzUzBsV1lVbHhSbXQ2U2xGSk1tWkhjRFpVV1ZSWE9UVkVaVzFzVjA1TE5RcHRhUzk0WkVGaU1TOXNXV2huYXpKbk1rSkNhRWN6UVRWUmFtaDFWRzFPZDB4UVVHTkZUM0pEY0d0eVJHSm9Nelo1U1VkSFRHSnVORlJtVDA4d1RVcFRDbTl6YjFZMlIxQk5hbWhSY1ZSTmNrSXhPVkpwTURacFZWSlZZV2g2UXpWTVoycEhlRXBrUVV4ak5HRkRRM1pGVGtsMVRUZEtNa3hxYjJnNFNUZG1OMlFLTVVzM2IzVTROVFYyYTNKbGJXTnBOMDlyZHpkQlUyNXdjV2h6UFFvdExTMHRMVVZPUkNCRFJWSlVTVVpKUTBGVVJTMHRMUzB0Q2c9PSIsInZlcmlmaWNhdGlvbiI6e319XX19LCJ0aW1lb3V0cyI6e30sInZlcnNpb24iOiIyLjIuMCJ9LCJuZXR3b3JrZCI6e30sInBhc3N3ZCI6e30sInN0b3JhZ2UiOnt9LCJzeXN0ZW1kIjp7fX0K\",\"verification\":{}}]},\"timeouts\":{},\"version\":\"2.1.0\"},\"networkd\":{},\"passwd\":{},\"storage\":{\"files\":[{\"filesystem\":\"root\",\"group\":{},\"path\":\"/etc/hostname\",\"user\":{},\"contents\":{\"source\":\"data:text/plain;charset=utf-8;base64,Y29udHJvbC1wbGFuZS0x\",\"verification\":{}},\"mode\":420},{\"filesystem\":\"root\",\"group\":{},\"path\":\"/etc/sysconfig/network-scripts/ifcfg-ens192\",\"user\":{},\"contents\":{\"source\":\"data:text/plain;charset=utf-8;base64,VFlQRT1FdGhlcm5ldApCT09UUFJPVE89bm9uZQpOQU1FPWVuczE5MgpERVZJQ0U9ZW5zMTkyCk9OQk9PVD15ZXMKSVBBRERSPTE5Mi4xNjguMTAxLjEwMgpQUkVGSVg9MzAKR0FURVdBWT0xOTIuMTY4LjEwMS4xMDEKRE9NQUlOPWt1YmUuc2FuZHoyLmNvbS5waApETlMxPTE5Mi4xNjguMTAxLjUKRE5TMj04LjguOC44Cg==\",\"verification\":{}},\"mode\":420}]},\"systemd\":{\"units\":[{\"contents\":\"[Unit]\\nConditionFirstBoot=yes\\n[Service]\\nType=idle\\nExecStart=/sbin/reboot\\n[Install]\\nWantedBy=multi-user.target\\n\",\"enabled\":true,\"name\":\"restart.service\"}]}}",
                            "systemd.#": "1",
                            "systemd.0": "2b2088c1732c1d1acffcbbe6386c2952e57ca2903cec0dc24bd4cb0f42abc300"
                        },
                        "meta": {},
                        "tainted": false
                    },
                    "deposed": [],
                    "provider": "module.control_plane.provider.ignition"
                },
                "data.ignition_config.ign.2": {
                    "type": "ignition_config",
                    "depends_on": [
                        "data.ignition_file.hostname.*",
                        "data.ignition_file.static_ip.*",
                        "data.ignition_systemd_unit.restart.*",
                        "local.ignition_encoded"
                    ],
                    "primary": {
                        "id": "7680e3e34c5563e3df889c47c33d0851bfbba5b630754eb3777277f61fa54d29",
                        "attributes": {
                            "append.#": "1",
                            "append.0.source": "data:text/plain;charset=utf-8;base64,eyJpZ25pdGlvbiI6eyJjb25maWciOnsiYXBwZW5kIjpbeyJzb3VyY2UiOiJodHRwczovL2FwaS1pbnQua3ViZS5zYW5kejIuY29tLnBoOjIyNjIzL2NvbmZpZy9tYXN0ZXIiLCJ2ZXJpZmljYXRpb24iOnt9fV19LCJzZWN1cml0eSI6eyJ0bHMiOnsiY2VydGlmaWNhdGVBdXRob3JpdGllcyI6W3sic291cmNlIjoiZGF0YTp0ZXh0L3BsYWluO2NoYXJzZXQ9dXRmLTg7YmFzZTY0LExTMHRMUzFDUlVkSlRpQkRSVkpVU1VaSlEwRlVSUzB0TFMwdENrMUpTVVJGUkVORFFXWnBaMEYzU1VKQlowbEpWM3BtWW5CcWIzaEhZbU4zUkZGWlNrdHZXa2xvZG1OT1FWRkZURUpSUVhkS2FrVlRUVUpCUjBFeFZVVUtRM2hOU21JelFteGliazV2WVZkYU1FMVNRWGRFWjFsRVZsRlJSRVYzWkhsaU1qa3dURmRPYUUxQ05GaEVWRWwzVFVSSmVFOVVRVEpOYW1zd1RVWnZXQXBFVkUxM1RVUkplRTVxUVRKTmFtc3dUVVp2ZDBwcVJWTk5Ra0ZIUVRGVlJVTjRUVXBpTTBKc1ltNU9iMkZYV2pCTlVrRjNSR2RaUkZaUlVVUkZkMlI1Q21JeU9UQk1WMDVvVFVsSlFrbHFRVTVDWjJ0eGFHdHBSemwzTUVKQlVVVkdRVUZQUTBGUk9FRk5TVWxDUTJkTFEwRlJSVUU0UzNKRlV5dFRWVTV2TlRBS1NXMW5SMWcwYkZBeVVtVndRVzF0ZDNCcmJrbDFNVnBSZGtWNmNIYzRXRlJoTVRGRFNYTTFTV0pMWTFsdldFRm9XbmsyY3psa1psZHVPSG8yUzNKUmFncEJlVVI1VjJGbGVqUklLekJpTW5ZclRUaHJXVzF3Ylc5MFZHRmplV3RvWjNveE5uVnJhblJLUjI5Rk0xcFRWVGhxUVdKMU5GbG5PQ3RCU0UxTlZEVjFDbnBVZFhRemJYSm5VM0JwZVhWSVVEWk9VMmt2WW5WVGNHTkljbll5VEdaT01Fa3dPVE5OTm1wbVZsQmFaR0Y2TjJoR1RWaHZPVXRqZUdkclNrUnlTbW9LU1doVWRHOVhPWGQzU2tOeE9URXpOakJUVGxkMmNDdEJjRFpvTmxCWVFuZzFZelZFUVdOTVYyczBZV0Y2UW5GMlFYWm9RWGh0VUZORFpqZGlVMHA2UlFwaUwweDZWVTQzY0c1UWNYUnZla1ZwY0N0UWNFaGxhMWhzVUZoUUx6WTJaVkozZGtaNlFuSjVSbUZDYTNOa2FYZEJVREJ1Um05MGF6ZGlabkZ3YzFGSENqZGhObmc1VEU0MWFYZEpSRUZSUVVKdk1FbDNVVVJCVDBKblRsWklVVGhDUVdZNFJVSkJUVU5CY1ZGM1JIZFpSRlpTTUZSQlVVZ3ZRa0ZWZDBGM1JVSUtMM3BCWkVKblRsWklVVFJGUm1kUlZXTkhPV2swYlV0RmIxaERPVnBoZWpaV2QyRm9hRTVzV21JMU5IZEVVVmxLUzI5YVNXaDJZMDVCVVVWTVFsRkJSQXBuWjBWQ1FVeGtVM2Q1YjNoNk5tdFpjbFpMUjFJcmRUTnpNek5XVVRoMWVuQnRaMDEyVFRsRFJVZFZjbEkwTld3eU5teHZSRVIxY1hVNGNYbzRjbkF5Q2paaE9GWlVieTlaYlM5WU9HSlJjMnB2WVRneWVUQkpiVEZsZFdWeFRpdHRUamxHYjJVNFowdFJiRmhqTVZKT05FaFZibVl5YjFCSGFIRnlNSEpOY3pJS2RISmpPVGxQVUZsVVVFVk5XWGRPVEZSd2REbHBSRmxYZWxOT1FqRjVPV1pzUzBsV1lVbHhSbXQ2U2xGSk1tWkhjRFpVV1ZSWE9UVkVaVzFzVjA1TE5RcHRhUzk0WkVGaU1TOXNXV2huYXpKbk1rSkNhRWN6UVRWUmFtaDFWRzFPZDB4UVVHTkZUM0pEY0d0eVJHSm9Nelo1U1VkSFRHSnVORlJtVDA4d1RVcFRDbTl6YjFZMlIxQk5hbWhSY1ZSTmNrSXhPVkpwTURacFZWSlZZV2g2UXpWTVoycEhlRXBrUVV4ak5HRkRRM1pGVGtsMVRUZEtNa3hxYjJnNFNUZG1OMlFLTVVzM2IzVTROVFYyYTNKbGJXTnBOMDlyZHpkQlUyNXdjV2h6UFFvdExTMHRMVVZPUkNCRFJWSlVTVVpKUTBGVVJTMHRMUzB0Q2c9PSIsInZlcmlmaWNhdGlvbiI6e319XX19LCJ0aW1lb3V0cyI6e30sInZlcnNpb24iOiIyLjIuMCJ9LCJuZXR3b3JrZCI6e30sInBhc3N3ZCI6e30sInN0b3JhZ2UiOnt9LCJzeXN0ZW1kIjp7fX0K",
                            "append.0.verification": "",
                            "files.#": "2",
                            "files.0": "3b9c5fd6b2d6a083838a963ebb8fa9d26f0f2e60275db378224df1fad3b6add2",
                            "files.1": "d80c7ee106460f7e92b9bb948dbe4290848f34d06166f5e3cb30ae901fb22c34",
                            "id": "7680e3e34c5563e3df889c47c33d0851bfbba5b630754eb3777277f61fa54d29",
                            "rendered": "{\"ignition\":{\"config\":{\"append\":[{\"source\":\"data:text/plain;charset=utf-8;base64,eyJpZ25pdGlvbiI6eyJjb25maWciOnsiYXBwZW5kIjpbeyJzb3VyY2UiOiJodHRwczovL2FwaS1pbnQua3ViZS5zYW5kejIuY29tLnBoOjIyNjIzL2NvbmZpZy9tYXN0ZXIiLCJ2ZXJpZmljYXRpb24iOnt9fV19LCJzZWN1cml0eSI6eyJ0bHMiOnsiY2VydGlmaWNhdGVBdXRob3JpdGllcyI6W3sic291cmNlIjoiZGF0YTp0ZXh0L3BsYWluO2NoYXJzZXQ9dXRmLTg7YmFzZTY0LExTMHRMUzFDUlVkSlRpQkRSVkpVU1VaSlEwRlVSUzB0TFMwdENrMUpTVVJGUkVORFFXWnBaMEYzU1VKQlowbEpWM3BtWW5CcWIzaEhZbU4zUkZGWlNrdHZXa2xvZG1OT1FWRkZURUpSUVhkS2FrVlRUVUpCUjBFeFZVVUtRM2hOU21JelFteGliazV2WVZkYU1FMVNRWGRFWjFsRVZsRlJSRVYzWkhsaU1qa3dURmRPYUUxQ05GaEVWRWwzVFVSSmVFOVVRVEpOYW1zd1RVWnZXQXBFVkUxM1RVUkplRTVxUVRKTmFtc3dUVVp2ZDBwcVJWTk5Ra0ZIUVRGVlJVTjRUVXBpTTBKc1ltNU9iMkZYV2pCTlVrRjNSR2RaUkZaUlVVUkZkMlI1Q21JeU9UQk1WMDVvVFVsSlFrbHFRVTVDWjJ0eGFHdHBSemwzTUVKQlVVVkdRVUZQUTBGUk9FRk5TVWxDUTJkTFEwRlJSVUU0UzNKRlV5dFRWVTV2TlRBS1NXMW5SMWcwYkZBeVVtVndRVzF0ZDNCcmJrbDFNVnBSZGtWNmNIYzRXRlJoTVRGRFNYTTFTV0pMWTFsdldFRm9XbmsyY3psa1psZHVPSG8yUzNKUmFncEJlVVI1VjJGbGVqUklLekJpTW5ZclRUaHJXVzF3Ylc5MFZHRmplV3RvWjNveE5uVnJhblJLUjI5Rk0xcFRWVGhxUVdKMU5GbG5PQ3RCU0UxTlZEVjFDbnBVZFhRemJYSm5VM0JwZVhWSVVEWk9VMmt2WW5WVGNHTkljbll5VEdaT01Fa3dPVE5OTm1wbVZsQmFaR0Y2TjJoR1RWaHZPVXRqZUdkclNrUnlTbW9LU1doVWRHOVhPWGQzU2tOeE9URXpOakJUVGxkMmNDdEJjRFpvTmxCWVFuZzFZelZFUVdOTVYyczBZV0Y2UW5GMlFYWm9RWGh0VUZORFpqZGlVMHA2UlFwaUwweDZWVTQzY0c1UWNYUnZla1ZwY0N0UWNFaGxhMWhzVUZoUUx6WTJaVkozZGtaNlFuSjVSbUZDYTNOa2FYZEJVREJ1Um05MGF6ZGlabkZ3YzFGSENqZGhObmc1VEU0MWFYZEpSRUZSUVVKdk1FbDNVVVJCVDBKblRsWklVVGhDUVdZNFJVSkJUVU5CY1ZGM1JIZFpSRlpTTUZSQlVVZ3ZRa0ZWZDBGM1JVSUtMM3BCWkVKblRsWklVVFJGUm1kUlZXTkhPV2swYlV0RmIxaERPVnBoZWpaV2QyRm9hRTVzV21JMU5IZEVVVmxLUzI5YVNXaDJZMDVCVVVWTVFsRkJSQXBuWjBWQ1FVeGtVM2Q1YjNoNk5tdFpjbFpMUjFJcmRUTnpNek5XVVRoMWVuQnRaMDEyVFRsRFJVZFZjbEkwTld3eU5teHZSRVIxY1hVNGNYbzRjbkF5Q2paaE9GWlVieTlaYlM5WU9HSlJjMnB2WVRneWVUQkpiVEZsZFdWeFRpdHRUamxHYjJVNFowdFJiRmhqTVZKT05FaFZibVl5YjFCSGFIRnlNSEpOY3pJS2RISmpPVGxQVUZsVVVFVk5XWGRPVEZSd2REbHBSRmxYZWxOT1FqRjVPV1pzUzBsV1lVbHhSbXQ2U2xGSk1tWkhjRFpVV1ZSWE9UVkVaVzFzVjA1TE5RcHRhUzk0WkVGaU1TOXNXV2huYXpKbk1rSkNhRWN6UVRWUmFtaDFWRzFPZDB4UVVHTkZUM0pEY0d0eVJHSm9Nelo1U1VkSFRHSnVORlJtVDA4d1RVcFRDbTl6YjFZMlIxQk5hbWhSY1ZSTmNrSXhPVkpwTURacFZWSlZZV2g2UXpWTVoycEhlRXBrUVV4ak5HRkRRM1pGVGtsMVRUZEtNa3hxYjJnNFNUZG1OMlFLTVVzM2IzVTROVFYyYTNKbGJXTnBOMDlyZHpkQlUyNXdjV2h6UFFvdExTMHRMVVZPUkNCRFJWSlVTVVpKUTBGVVJTMHRMUzB0Q2c9PSIsInZlcmlmaWNhdGlvbiI6e319XX19LCJ0aW1lb3V0cyI6e30sInZlcnNpb24iOiIyLjIuMCJ9LCJuZXR3b3JrZCI6e30sInBhc3N3ZCI6e30sInN0b3JhZ2UiOnt9LCJzeXN0ZW1kIjp7fX0K\",\"verification\":{}}]},\"timeouts\":{},\"version\":\"2.1.0\"},\"networkd\":{},\"passwd\":{},\"storage\":{\"files\":[{\"filesystem\":\"root\",\"group\":{},\"path\":\"/etc/hostname\",\"user\":{},\"contents\":{\"source\":\"data:text/plain;charset=utf-8;base64,Y29udHJvbC1wbGFuZS0y\",\"verification\":{}},\"mode\":420},{\"filesystem\":\"root\",\"group\":{},\"path\":\"/etc/sysconfig/network-scripts/ifcfg-ens192\",\"user\":{},\"contents\":{\"source\":\"data:text/plain;charset=utf-8;base64,VFlQRT1FdGhlcm5ldApCT09UUFJPVE89bm9uZQpOQU1FPWVuczE5MgpERVZJQ0U9ZW5zMTkyCk9OQk9PVD15ZXMKSVBBRERSPTE5Mi4xNjguMTAxLjEwMwpQUkVGSVg9MzAKR0FURVdBWT0xOTIuMTY4LjEwMS4xMDEKRE9NQUlOPWt1YmUuc2FuZHoyLmNvbS5waApETlMxPTE5Mi4xNjguMTAxLjUKRE5TMj04LjguOC44Cg==\",\"verification\":{}},\"mode\":420}]},\"systemd\":{\"units\":[{\"contents\":\"[Unit]\\nConditionFirstBoot=yes\\n[Service]\\nType=idle\\nExecStart=/sbin/reboot\\n[Install]\\nWantedBy=multi-user.target\\n\",\"enabled\":true,\"name\":\"restart.service\"}]}}",
                            "systemd.#": "1",
                            "systemd.0": "2b2088c1732c1d1acffcbbe6386c2952e57ca2903cec0dc24bd4cb0f42abc300"
                        },
                        "meta": {},
                        "tainted": false
                    },
                    "deposed": [],
                    "provider": "module.control_plane.provider.ignition"
                },
                "data.ignition_file.hostname.0": {
                    "type": "ignition_file",
                    "depends_on": [],
                    "primary": {
                        "id": "15993e847c56ea3a5c0732a5cac8e81241a2da17752a4dca3c03046a185c6625",
                        "attributes": {
                            "content.#": "1",
                            "content.0.content": "control-plane-0",
                            "content.0.mime": "text/plain",
                            "filesystem": "root",
                            "id": "15993e847c56ea3a5c0732a5cac8e81241a2da17752a4dca3c03046a185c6625",
                            "mode": "420",
                            "path": "/etc/hostname"
                        },
                        "meta": {},
                        "tainted": false
                    },
                    "deposed": [],
                    "provider": "module.control_plane.provider.ignition"
                },
                "data.ignition_file.hostname.1": {
                    "type": "ignition_file",
                    "depends_on": [],
                    "primary": {
                        "id": "fbe07a03370697fae86ea33632e264340c4c18ade2076e84c08b5ca53fe0b60f",
                        "attributes": {
                            "content.#": "1",
                            "content.0.content": "control-plane-1",
                            "content.0.mime": "text/plain",
                            "filesystem": "root",
                            "id": "fbe07a03370697fae86ea33632e264340c4c18ade2076e84c08b5ca53fe0b60f",
                            "mode": "420",
                            "path": "/etc/hostname"
                        },
                        "meta": {},
                        "tainted": false
                    },
                    "deposed": [],
                    "provider": "module.control_plane.provider.ignition"
                },
                "data.ignition_file.hostname.2": {
                    "type": "ignition_file",
                    "depends_on": [],
                    "primary": {
                        "id": "3b9c5fd6b2d6a083838a963ebb8fa9d26f0f2e60275db378224df1fad3b6add2",
                        "attributes": {
                            "content.#": "1",
                            "content.0.content": "control-plane-2",
                            "content.0.mime": "text/plain",
                            "filesystem": "root",
                            "id": "3b9c5fd6b2d6a083838a963ebb8fa9d26f0f2e60275db378224df1fad3b6add2",
                            "mode": "420",
                            "path": "/etc/hostname"
                        },
                        "meta": {},
                        "tainted": false
                    },
                    "deposed": [],
                    "provider": "module.control_plane.provider.ignition"
                },
                "data.ignition_file.static_ip.0": {
                    "type": "ignition_file",
                    "depends_on": [
                        "local.gw",
                        "local.ip_addresses",
                        "local.mask"
                    ],
                    "primary": {
                        "id": "a8f036420123a1e642a41b5f95cd65b6410c26d722fc32e60800d2499038da7d",
                        "attributes": {
                            "content.#": "1",
                            "content.0.content": "TYPE=Ethernet\nBOOTPROTO=none\nNAME=ens192\nDEVICE=ens192\nONBOOT=yes\nIPADDR=192.168.101.101\nPREFIX=30\nGATEWAY=192.168.101.101\nDOMAIN=kube.sandz2.com.ph\nDNS1=192.168.101.5\nDNS2=8.8.8.8\n",
                            "content.0.mime": "text/plain",
                            "filesystem": "root",
                            "id": "a8f036420123a1e642a41b5f95cd65b6410c26d722fc32e60800d2499038da7d",
                            "mode": "420",
                            "path": "/etc/sysconfig/network-scripts/ifcfg-ens192"
                        },
                        "meta": {},
                        "tainted": false
                    },
                    "deposed": [],
                    "provider": "module.control_plane.provider.ignition"
                },
                "data.ignition_file.static_ip.1": {
                    "type": "ignition_file",
                    "depends_on": [
                        "local.gw",
                        "local.ip_addresses",
                        "local.mask"
                    ],
                    "primary": {
                        "id": "9b761778097d649b46a525c34d23c2c477ebfbab941c7566492fede71c561c48",
                        "attributes": {
                            "content.#": "1",
                            "content.0.content": "TYPE=Ethernet\nBOOTPROTO=none\nNAME=ens192\nDEVICE=ens192\nONBOOT=yes\nIPADDR=192.168.101.102\nPREFIX=30\nGATEWAY=192.168.101.101\nDOMAIN=kube.sandz2.com.ph\nDNS1=192.168.101.5\nDNS2=8.8.8.8\n",
                            "content.0.mime": "text/plain",
                            "filesystem": "root",
                            "id": "9b761778097d649b46a525c34d23c2c477ebfbab941c7566492fede71c561c48",
                            "mode": "420",
                            "path": "/etc/sysconfig/network-scripts/ifcfg-ens192"
                        },
                        "meta": {},
                        "tainted": false
                    },
                    "deposed": [],
                    "provider": "module.control_plane.provider.ignition"
                },
                "data.ignition_file.static_ip.2": {
                    "type": "ignition_file",
                    "depends_on": [
                        "local.gw",
                        "local.ip_addresses",
                        "local.mask"
                    ],
                    "primary": {
                        "id": "d80c7ee106460f7e92b9bb948dbe4290848f34d06166f5e3cb30ae901fb22c34",
                        "attributes": {
                            "content.#": "1",
                            "content.0.content": "TYPE=Ethernet\nBOOTPROTO=none\nNAME=ens192\nDEVICE=ens192\nONBOOT=yes\nIPADDR=192.168.101.103\nPREFIX=30\nGATEWAY=192.168.101.101\nDOMAIN=kube.sandz2.com.ph\nDNS1=192.168.101.5\nDNS2=8.8.8.8\n",
                            "content.0.mime": "text/plain",
                            "filesystem": "root",
                            "id": "d80c7ee106460f7e92b9bb948dbe4290848f34d06166f5e3cb30ae901fb22c34",
                            "mode": "420",
                            "path": "/etc/sysconfig/network-scripts/ifcfg-ens192"
                        },
                        "meta": {},
                        "tainted": false
                    },
                    "deposed": [],
                    "provider": "module.control_plane.provider.ignition"
                },
                "data.ignition_systemd_unit.restart.0": {
                    "type": "ignition_systemd_unit",
                    "depends_on": [],
                    "primary": {
                        "id": "2b2088c1732c1d1acffcbbe6386c2952e57ca2903cec0dc24bd4cb0f42abc300",
                        "attributes": {
                            "content": "[Unit]\nConditionFirstBoot=yes\n[Service]\nType=idle\nExecStart=/sbin/reboot\n[Install]\nWantedBy=multi-user.target\n",
                            "enabled": "true",
                            "id": "2b2088c1732c1d1acffcbbe6386c2952e57ca2903cec0dc24bd4cb0f42abc300",
                            "name": "restart.service"
                        },
                        "meta": {},
                        "tainted": false
                    },
                    "deposed": [],
                    "provider": "module.control_plane.provider.ignition"
                },
                "data.ignition_systemd_unit.restart.1": {
                    "type": "ignition_systemd_unit",
                    "depends_on": [],
                    "primary": {
                        "id": "2b2088c1732c1d1acffcbbe6386c2952e57ca2903cec0dc24bd4cb0f42abc300",
                        "attributes": {
                            "content": "[Unit]\nConditionFirstBoot=yes\n[Service]\nType=idle\nExecStart=/sbin/reboot\n[Install]\nWantedBy=multi-user.target\n",
                            "enabled": "true",
                            "id": "2b2088c1732c1d1acffcbbe6386c2952e57ca2903cec0dc24bd4cb0f42abc300",
                            "name": "restart.service"
                        },
                        "meta": {},
                        "tainted": false
                    },
                    "deposed": [],
                    "provider": "module.control_plane.provider.ignition"
                },
                "data.ignition_systemd_unit.restart.2": {
                    "type": "ignition_systemd_unit",
                    "depends_on": [],
                    "primary": {
                        "id": "2b2088c1732c1d1acffcbbe6386c2952e57ca2903cec0dc24bd4cb0f42abc300",
                        "attributes": {
                            "content": "[Unit]\nConditionFirstBoot=yes\n[Service]\nType=idle\nExecStart=/sbin/reboot\n[Install]\nWantedBy=multi-user.target\n",
                            "enabled": "true",
                            "id": "2b2088c1732c1d1acffcbbe6386c2952e57ca2903cec0dc24bd4cb0f42abc300",
                            "name": "restart.service"
                        },
                        "meta": {},
                        "tainted": false
                    },
                    "deposed": [],
                    "provider": "module.control_plane.provider.ignition"
                },
                "data.vsphere_datastore.datastore": {
                    "type": "vsphere_datastore",
                    "depends_on": [],
                    "primary": {
                        "id": "datastore-1822",
                        "attributes": {
                            "datacenter_id": "datacenter-2",
                            "id": "datastore-1822",
                            "name": "DevOps"
                        },
                        "meta": {},
                        "tainted": false
                    },
                    "deposed": [],
                    "provider": "provider.vsphere"
                },
                "data.vsphere_network.network": {
                    "type": "vsphere_network",
                    "depends_on": [],
                    "primary": {
                        "id": "network-1001",
                        "attributes": {
                            "datacenter_id": "datacenter-2",
                            "id": "network-1001",
                            "name": "No VLAN",
                            "type": "Network"
                        },
                        "meta": {},
                        "tainted": false
                    },
                    "deposed": [],
                    "provider": "provider.vsphere"
                },
                "data.vsphere_virtual_machine.template": {
                    "type": "vsphere_virtual_machine",
                    "depends_on": [],
                    "primary": {
                        "id": "42133444-3a0e-876a-e712-026d5b1f53b2",
                        "attributes": {
                            "alternate_guest_name": "",
                            "datacenter_id": "datacenter-2",
                            "disks.#": "1",
                            "disks.0.eagerly_scrub": "false",
                            "disks.0.size": "16",
                            "disks.0.thin_provisioned": "false",
                            "firmware": "bios",
                            "guest_id": "rhel7_64Guest",
                            "guest_ip_addresses.#": "0",
                            "id": "42133444-3a0e-876a-e712-026d5b1f53b2",
                            "name": "rhcos-4.3.0",
                            "network_interface_types.#": "1",
                            "network_interface_types.0": "vmxnet3",
                            "scsi_bus_sharing": "noSharing",
                            "scsi_controller_scan_count": "1",
                            "scsi_type": "pvscsi"
                        },
                        "meta": {},
                        "tainted": false
                    },
                    "deposed": [],
                    "provider": "provider.vsphere"
                },
                "vsphere_virtual_machine.vm.0": {
                    "type": "vsphere_virtual_machine",
                    "depends_on": [
                        "data.ignition_config.ign.*",
                        "data.vsphere_datastore.datastore",
                        "data.vsphere_network.network",
                        "data.vsphere_virtual_machine.template"
                    ],
                    "primary": {
                        "id": "4213fca7-6d03-7624-8407-3cd466d7e548",
                        "attributes": {
                            "alternate_guest_name": "",
                            "annotation": "",
                            "boot_delay": "0",
                            "boot_retry_delay": "10000",
                            "boot_retry_enabled": "false",
                            "cdrom.#": "0",
                            "change_version": "2020-02-19T15:58:41.729047Z",
                            "clone.#": "1",
                            "clone.0.customize.#": "0",
                            "clone.0.linked_clone": "false",
                            "clone.0.template_uuid": "42133444-3a0e-876a-e712-026d5b1f53b2",
                            "clone.0.timeout": "30",
                            "cpu_hot_add_enabled": "false",
                            "cpu_hot_remove_enabled": "false",
                            "cpu_limit": "-1",
                            "cpu_performance_counters_enabled": "false",
                            "cpu_reservation": "0",
                            "cpu_share_count": "4000",
                            "cpu_share_level": "normal",
                            "custom_attributes.%": "0",
                            "datastore_id": "datastore-1822",
                            "disk.#": "1",
                            "disk.0.attach": "false",
                            "disk.0.datastore_id": "datastore-1822",
                            "disk.0.device_address": "scsi:0:0",
                            "disk.0.disk_mode": "persistent",
                            "disk.0.disk_sharing": "sharingNone",
                            "disk.0.eagerly_scrub": "false",
                            "disk.0.io_limit": "-1",
                            "disk.0.io_reservation": "0",
                            "disk.0.io_share_count": "1000",
                            "disk.0.io_share_level": "normal",
                            "disk.0.keep_on_remove": "false",
                            "disk.0.key": "2000",
                            "disk.0.label": "disk0",
                            "disk.0.name": "",
                            "disk.0.path": "control-plane-0/control-plane-0.vmdk",
                            "disk.0.size": "60",
                            "disk.0.storage_policy_id": "",
                            "disk.0.thin_provisioned": "false",
                            "disk.0.unit_number": "0",
                            "disk.0.uuid": "6000C297-1462-11aa-d1f2-88b61a852c8c",
                            "disk.0.write_through": "false",
                            "efi_secure_boot_enabled": "false",
                            "enable_disk_uuid": "true",
                            "enable_logging": "false",
                            "ept_rvi_mode": "automatic",
                            "extra_config.%": "0",
                            "firmware": "bios",
                            "folder": "kube",
                            "force_power_off": "true",
                            "guest_id": "rhel7_64Guest",
                            "guest_ip_addresses.#": "0",
                            "host_system_id": "host-15",
                            "hv_mode": "hvAuto",
                            "id": "4213fca7-6d03-7624-8407-3cd466d7e548",
                            "latency_sensitivity": "normal",
                            "memory": "16384",
                            "memory_hot_add_enabled": "false",
                            "memory_limit": "-1",
                            "memory_reservation": "0",
                            "memory_share_count": "163840",
                            "memory_share_level": "normal",
                            "migrate_wait_timeout": "30",
                            "moid": "vm-1995",
                            "name": "control-plane-0",
                            "nested_hv_enabled": "false",
                            "network_interface.#": "1",
                            "network_interface.0.adapter_type": "vmxnet3",
                            "network_interface.0.bandwidth_limit": "-1",
                            "network_interface.0.bandwidth_reservation": "0",
                            "network_interface.0.bandwidth_share_count": "50",
                            "network_interface.0.bandwidth_share_level": "normal",
                            "network_interface.0.device_address": "pci:0:7",
                            "network_interface.0.key": "4000",
                            "network_interface.0.mac_address": "00:50:56:93:64:f6",
                            "network_interface.0.network_id": "network-1001",
                            "network_interface.0.use_static_mac": "false",
                            "num_cores_per_socket": "1",
                            "num_cpus": "4",
                            "reboot_required": "false",
                            "resource_pool_id": "resgroup-1991",
                            "run_tools_scripts_after_power_on": "true",
                            "run_tools_scripts_after_resume": "true",
                            "run_tools_scripts_before_guest_reboot": "false",
                            "run_tools_scripts_before_guest_shutdown": "true",
                            "run_tools_scripts_before_guest_standby": "true",
                            "scsi_bus_sharing": "noSharing",
                            "scsi_controller_count": "1",
                            "scsi_type": "pvscsi",
                            "shutdown_wait_timeout": "3",
                            "storage_policy_id": "",
                            "swap_placement_policy": "inherit",
                            "sync_time_with_host": "false",
                            "tags.#": "0",
                            "uuid": "4213fca7-6d03-7624-8407-3cd466d7e548",
                            "vapp.#": "1",
                            "vapp.0.properties.%": "2",
                            "vapp.0.properties.guestinfo.ignition.config.data": "eyJpZ25pdGlvbiI6eyJjb25maWciOnsiYXBwZW5kIjpbeyJzb3VyY2UiOiJkYXRhOnRleHQvcGxhaW47Y2hhcnNldD11dGYtODtiYXNlNjQsZXlKcFoyNXBkR2x2YmlJNmV5SmpiMjVtYVdjaU9uc2lZWEJ3Wlc1a0lqcGJleUp6YjNWeVkyVWlPaUpvZEhSd2N6b3ZMMkZ3YVMxcGJuUXVhM1ZpWlM1ellXNWtlakl1WTI5dExuQm9Pakl5TmpJekwyTnZibVpwWnk5dFlYTjBaWElpTENKMlpYSnBabWxqWVhScGIyNGlPbnQ5ZlYxOUxDSnpaV04xY21sMGVTSTZleUowYkhNaU9uc2lZMlZ5ZEdsbWFXTmhkR1ZCZFhSb2IzSnBkR2xsY3lJNlczc2ljMjkxY21ObElqb2laR0YwWVRwMFpYaDBMM0JzWVdsdU8yTm9ZWEp6WlhROWRYUm1MVGc3WW1GelpUWTBMRXhUTUhSTVV6RkRVbFZrU2xScFFrUlNWa3BWVTFWYVNsRXdSbFZTVXpCMFRGTXdkRU5yTVVwVFZWSkdVa1ZPUkZGWFduQmFNRVl6VTFWS1Fsb3diRXBXTTNCdFdXNUNjV0l6YUVoWmJVNHpVa1pHV2xOcmRIWlhhMnh2WkcxT1QxRldSa1pVUlVwU1VWaGtTMkZyVmxSVVZVcENVakJGZUZaVlZVdFJNMmhPVTIxSmVsRnRlR2xpYXpWMldWWmtZVTFGTVZOUldHUkZXakZzUlZac1JsSlNSVll6V2toc2FVMXFhM2RVUm1SUFlVVXhRMDVHYUVWV1JXd3pWRlZTU21WRk9WVlJWRXBPWVcxemQxUlZXblpYUVhCRlZrVXhNMVJWVWtwbFJUVnhVVlJLVG1GdGMzZFVWVnAyWkRCd2NWSldUazVSYTBaSVVWUkdWbEpWVGpSVVZYQnBUVEJLYzFsdE5VOWlNa1pZVjJwQ1RsVnJSak5TUjJSYVVrWmFVbFZWVWtaa01sSTFRMjFKZVU5VVFrMVdNRFZ2VkZWc1NsRnJiSEZSVlRWRFdqSjBlR0ZIZEhCU2Vtd3pUVVZLUWxWVlZrZFJWVVpRVVRCR1VrOUZSazVUVld4RFVUSmtURkV3UmxKU1ZVVTBVek5LUmxWNWRGUldWVFYyVGxSQlMxTlhNVzVTTVdjd1lrWkJlVlZ0Vm5kUlZ6RjBaRE5DY21KcmJERk5WbkJTWkd0V05tTklZelJYUmxKb1RWUkdSRk5ZVFRGVFYwcE1XVEZzZGxkRlJtOVhibXN5WTNwc2ExcHNaSFZQU0c4eVV6TktVbUZuY0VKbFZWSTFWakpHYkdWcVVrbExla0pwVFc1WmNsUlVhSEpYVnpGM1lsYzVNRlpIUm1wbFYzUnZXak52ZUU1dVZuSmhibEpMVWpJNVJrMHhjRlJXVkdoeFVWZEtNVTVHYkc1UFEzUkNVMFV4VGxaRVZqRkRibkJWWkZoUmVtSllTbTVWTTBKd1pWaFdTVlZFV2s5Vk1tdDJXVzVXVkdOSFRrbGpibGw1VkVkYVQwMUZhM2RQVkU1T1RtMXdiVlpzUW1GYVIwWTJUakpvUjFSV2FIWlBWWFJxWlVka2NsTnJVbmxUYlc5TFUxZG9WV1JIT1ZoUFdHUXpVMnRPZUU5VVJYcE9ha0pVVkd4a01tTkRkRUpqUkZwdlRteENXVkZ1WnpGWmVsWkZVVmRPVFZZeWN6QlpWMFkyVVc1R01sRllXbTlSV0doMFZVWk9SRnBxWkdsVk1IQTJVbEZ3YVV3d2VEWldWVFF6WTBjMVVXTllVblpsYTFad1kwTjBVV05GYUd4aE1XaHpWVVpvVVV4NldUSmFWa296Wkd0YU5sRnVTalZTYlVaRFlUTk9hMkZZWkVKVlJFSjFVbTA1TUdGNlpHbGFia1ozWXpGR1NFTnFaR2hPYm1jMVZFVTBNV0ZZWkVwU1JVWlNVVlZLZGsxRmJETlZWVkpDVkRCS2JsUnNXa2xWVkdoRFVWZFpORkpWU2tKVVZVNUNZMVpHTTFKSVpGcFNSbHBUVFVaU1FsVlZaM1pSYTBaV1pEQkdNMUpWU1V0TU0zQkNXa1ZLYmxSc1drbFZWRkpHVW0xa1VsWlhUa2hQVjJzd1lsVjBSbUl4YUVSUFZuQm9aV3BhVjJReVJtOWhSVFZ6VjIxSk1VNUlaRVZWVm14TFV6STVZVk5YYURKWk1EVkNWVlZXVFZGc1JrSlNRWEJ1V2pCV1ExRlZlR3RWTTJRMVlqTm9OazV0ZEZwamJGcE1VakZKY21SVVRucE5lazVYVlZSb01XVnVRblJhTURFeVZGUnNSRkpWWkZaamJFa3dUbGQzZVU1dGVIWlNSVkl4WTFoVk5HTllielJqYmtGNVEycGFhRTlHV2xWaWVUbGFZbE01V1U5SFNsSmpNbkIyV1ZSbmVXVlVRa3BpVkVac1pGZFdlRlJwZEhSVWFteEhZakpWTkZvd2RGSmlSbWhxVFZaS1QwNUZhRlppYlZsNVlqRkNTR0ZJUm5sTlNFcE9ZM3BKUzJSSVNtcFBWR3hRVlVac1ZWVkZWazVYV0dSUFZFWlNkMlJFYkhCU1JteFlaV3hPVDFGcVJqVlBWMXB6VXpCc1YxbFZiSGhTYlhRMlUyeEdTazF0V2toalJGcFZWMVpTV0U5VVZrVmFWekZ6VmpBMVRFNVJjSFJoVXprMFdrVkdhVTFUT1hOWFYyaHVZWHBLYmsxclNrTmhSV042VVZSV1VtRnRhREZXUnpGUFpEQjRVVlZIVGtaVU0wcEVZMGQwZVZKSFNtOU5lbG8xVTFWa1NGUkhTblZPUmxKdFZEQTRkMVJWY0ZSRGJUbDZZakZaTWxJeFFrNWhiV2hTWTFaU1RtTnJTWGhQVmtwd1RVUmFjRlpXU2xaWlYyZzJVWHBXVFZveWNFaGxSWEJyVVZWNGFrNUhSa1JSTTFwR1ZHdHNNVlJVWkV0TmEzaHhZakpuTkZOVVpHMU9NbEZMVFZWek0ySXpWVFJPVkZZeVlUTktiR0pYVG5CT01EbHlaSHBrUWxVeU5YZGpWMmg2VUZGdmRFeFRNSFJNVlZaUFVrTkNSRkpXU2xWVFZWcEtVVEJHVlZKVE1IUk1VekIwUTJjOVBTSXNJblpsY21sbWFXTmhkR2x2YmlJNmUzMTlYWDE5TENKMGFXMWxiM1YwY3lJNmUzMHNJblpsY25OcGIyNGlPaUl5TGpJdU1DSjlMQ0p1WlhSM2IzSnJaQ0k2ZTMwc0luQmhjM04zWkNJNmUzMHNJbk4wYjNKaFoyVWlPbnQ5TENKemVYTjBaVzFrSWpwN2ZYMEsiLCJ2ZXJpZmljYXRpb24iOnt9fV19LCJ0aW1lb3V0cyI6e30sInZlcnNpb24iOiIyLjEuMCJ9LCJuZXR3b3JrZCI6e30sInBhc3N3ZCI6e30sInN0b3JhZ2UiOnsiZmlsZXMiOlt7ImZpbGVzeXN0ZW0iOiJyb290IiwiZ3JvdXAiOnt9LCJwYXRoIjoiL2V0Yy9ob3N0bmFtZSIsInVzZXIiOnt9LCJjb250ZW50cyI6eyJzb3VyY2UiOiJkYXRhOnRleHQvcGxhaW47Y2hhcnNldD11dGYtODtiYXNlNjQsWTI5dWRISnZiQzF3YkdGdVpTMHciLCJ2ZXJpZmljYXRpb24iOnt9fSwibW9kZSI6NDIwfSx7ImZpbGVzeXN0ZW0iOiJyb290IiwiZ3JvdXAiOnt9LCJwYXRoIjoiL2V0Yy9zeXNjb25maWcvbmV0d29yay1zY3JpcHRzL2lmY2ZnLWVuczE5MiIsInVzZXIiOnt9LCJjb250ZW50cyI6eyJzb3VyY2UiOiJkYXRhOnRleHQvcGxhaW47Y2hhcnNldD11dGYtODtiYXNlNjQsVkZsUVJUMUZkR2hsY201bGRBcENUMDlVVUZKUFZFODlibTl1WlFwT1FVMUZQV1Z1Y3pFNU1ncEVSVlpKUTBVOVpXNXpNVGt5Q2s5T1FrOVBWRDE1WlhNS1NWQkJSRVJTUFRFNU1pNHhOamd1TVRBeExqRXdNUXBRVWtWR1NWZzlNekFLUjBGVVJWZEJXVDB4T1RJdU1UWTRMakV3TVM0eE1ERUtSRTlOUVVsT1BXdDFZbVV1YzJGdVpIb3lMbU52YlM1d2FBcEVUbE14UFRFNU1pNHhOamd1TVRBeExqVUtSRTVUTWowNExqZ3VPQzQ0Q2c9PSIsInZlcmlmaWNhdGlvbiI6e319LCJtb2RlIjo0MjB9XX0sInN5c3RlbWQiOnsidW5pdHMiOlt7ImNvbnRlbnRzIjoiW1VuaXRdXG5Db25kaXRpb25GaXJzdEJvb3Q9eWVzXG5bU2VydmljZV1cblR5cGU9aWRsZVxuRXhlY1N0YXJ0PS9zYmluL3JlYm9vdFxuW0luc3RhbGxdXG5XYW50ZWRCeT1tdWx0aS11c2VyLnRhcmdldFxuIiwiZW5hYmxlZCI6dHJ1ZSwibmFtZSI6InJlc3RhcnQuc2VydmljZSJ9XX19",
                            "vapp.0.properties.guestinfo.ignition.config.data.encoding": "base64",
                            "vapp_transport.#": "1",
                            "vapp_transport.0": "com.vmware.guestInfo",
                            "vmware_tools_status": "guestToolsNotRunning",
                            "vmx_path": "control-plane-0/control-plane-0.vmx",
                            "wait_for_guest_ip_timeout": "0",
                            "wait_for_guest_net_routable": "false",
                            "wait_for_guest_net_timeout": "0"
                        },
                        "meta": {
                            "schema_version": "3"
                        },
                        "tainted": false
                    },
                    "deposed": [],
                    "provider": "provider.vsphere"
                },
                "vsphere_virtual_machine.vm.1": {
                    "type": "vsphere_virtual_machine",
                    "depends_on": [
                        "data.ignition_config.ign.*",
                        "data.vsphere_datastore.datastore",
                        "data.vsphere_network.network",
                        "data.vsphere_virtual_machine.template"
                    ],
                    "primary": {
                        "id": "42134028-96df-22ab-03f3-9f8570739a8c",
                        "attributes": {
                            "alternate_guest_name": "",
                            "annotation": "",
                            "boot_delay": "0",
                            "boot_retry_delay": "10000",
                            "boot_retry_enabled": "false",
                            "cdrom.#": "0",
                            "change_version": "2020-02-19T15:58:42.030467Z",
                            "clone.#": "1",
                            "clone.0.customize.#": "0",
                            "clone.0.linked_clone": "false",
                            "clone.0.template_uuid": "42133444-3a0e-876a-e712-026d5b1f53b2",
                            "clone.0.timeout": "30",
                            "cpu_hot_add_enabled": "false",
                            "cpu_hot_remove_enabled": "false",
                            "cpu_limit": "-1",
                            "cpu_performance_counters_enabled": "false",
                            "cpu_reservation": "0",
                            "cpu_share_count": "4000",
                            "cpu_share_level": "normal",
                            "custom_attributes.%": "0",
                            "datastore_id": "datastore-1822",
                            "disk.#": "1",
                            "disk.0.attach": "false",
                            "disk.0.datastore_id": "datastore-1822",
                            "disk.0.device_address": "scsi:0:0",
                            "disk.0.disk_mode": "persistent",
                            "disk.0.disk_sharing": "sharingNone",
                            "disk.0.eagerly_scrub": "false",
                            "disk.0.io_limit": "-1",
                            "disk.0.io_reservation": "0",
                            "disk.0.io_share_count": "1000",
                            "disk.0.io_share_level": "normal",
                            "disk.0.keep_on_remove": "false",
                            "disk.0.key": "2000",
                            "disk.0.label": "disk0",
                            "disk.0.name": "",
                            "disk.0.path": "control-plane-1/control-plane-1.vmdk",
                            "disk.0.size": "60",
                            "disk.0.storage_policy_id": "",
                            "disk.0.thin_provisioned": "false",
                            "disk.0.unit_number": "0",
                            "disk.0.uuid": "6000C291-0115-9e95-27cc-5a0a85e9f48d",
                            "disk.0.write_through": "false",
                            "efi_secure_boot_enabled": "false",
                            "enable_disk_uuid": "true",
                            "enable_logging": "false",
                            "ept_rvi_mode": "automatic",
                            "extra_config.%": "0",
                            "firmware": "bios",
                            "folder": "kube",
                            "force_power_off": "true",
                            "guest_id": "rhel7_64Guest",
                            "guest_ip_addresses.#": "0",
                            "host_system_id": "host-12",
                            "hv_mode": "hvAuto",
                            "id": "42134028-96df-22ab-03f3-9f8570739a8c",
                            "latency_sensitivity": "normal",
                            "memory": "16384",
                            "memory_hot_add_enabled": "false",
                            "memory_limit": "-1",
                            "memory_reservation": "0",
                            "memory_share_count": "163840",
                            "memory_share_level": "normal",
                            "migrate_wait_timeout": "30",
                            "moid": "vm-1997",
                            "name": "control-plane-1",
                            "nested_hv_enabled": "false",
                            "network_interface.#": "1",
                            "network_interface.0.adapter_type": "vmxnet3",
                            "network_interface.0.bandwidth_limit": "-1",
                            "network_interface.0.bandwidth_reservation": "0",
                            "network_interface.0.bandwidth_share_count": "50",
                            "network_interface.0.bandwidth_share_level": "normal",
                            "network_interface.0.device_address": "pci:0:7",
                            "network_interface.0.key": "4000",
                            "network_interface.0.mac_address": "00:50:56:93:83:1f",
                            "network_interface.0.network_id": "network-1001",
                            "network_interface.0.use_static_mac": "false",
                            "num_cores_per_socket": "1",
                            "num_cpus": "4",
                            "reboot_required": "false",
                            "resource_pool_id": "resgroup-1991",
                            "run_tools_scripts_after_power_on": "true",
                            "run_tools_scripts_after_resume": "true",
                            "run_tools_scripts_before_guest_reboot": "false",
                            "run_tools_scripts_before_guest_shutdown": "true",
                            "run_tools_scripts_before_guest_standby": "true",
                            "scsi_bus_sharing": "noSharing",
                            "scsi_controller_count": "1",
                            "scsi_type": "pvscsi",
                            "shutdown_wait_timeout": "3",
                            "storage_policy_id": "",
                            "swap_placement_policy": "inherit",
                            "sync_time_with_host": "false",
                            "tags.#": "0",
                            "uuid": "42134028-96df-22ab-03f3-9f8570739a8c",
                            "vapp.#": "1",
                            "vapp.0.properties.%": "2",
                            "vapp.0.properties.guestinfo.ignition.config.data": "eyJpZ25pdGlvbiI6eyJjb25maWciOnsiYXBwZW5kIjpbeyJzb3VyY2UiOiJkYXRhOnRleHQvcGxhaW47Y2hhcnNldD11dGYtODtiYXNlNjQsZXlKcFoyNXBkR2x2YmlJNmV5SmpiMjVtYVdjaU9uc2lZWEJ3Wlc1a0lqcGJleUp6YjNWeVkyVWlPaUpvZEhSd2N6b3ZMMkZ3YVMxcGJuUXVhM1ZpWlM1ellXNWtlakl1WTI5dExuQm9Pakl5TmpJekwyTnZibVpwWnk5dFlYTjBaWElpTENKMlpYSnBabWxqWVhScGIyNGlPbnQ5ZlYxOUxDSnpaV04xY21sMGVTSTZleUowYkhNaU9uc2lZMlZ5ZEdsbWFXTmhkR1ZCZFhSb2IzSnBkR2xsY3lJNlczc2ljMjkxY21ObElqb2laR0YwWVRwMFpYaDBMM0JzWVdsdU8yTm9ZWEp6WlhROWRYUm1MVGc3WW1GelpUWTBMRXhUTUhSTVV6RkRVbFZrU2xScFFrUlNWa3BWVTFWYVNsRXdSbFZTVXpCMFRGTXdkRU5yTVVwVFZWSkdVa1ZPUkZGWFduQmFNRVl6VTFWS1Fsb3diRXBXTTNCdFdXNUNjV0l6YUVoWmJVNHpVa1pHV2xOcmRIWlhhMnh2WkcxT1QxRldSa1pVUlVwU1VWaGtTMkZyVmxSVVZVcENVakJGZUZaVlZVdFJNMmhPVTIxSmVsRnRlR2xpYXpWMldWWmtZVTFGTVZOUldHUkZXakZzUlZac1JsSlNSVll6V2toc2FVMXFhM2RVUm1SUFlVVXhRMDVHYUVWV1JXd3pWRlZTU21WRk9WVlJWRXBPWVcxemQxUlZXblpYUVhCRlZrVXhNMVJWVWtwbFJUVnhVVlJLVG1GdGMzZFVWVnAyWkRCd2NWSldUazVSYTBaSVVWUkdWbEpWVGpSVVZYQnBUVEJLYzFsdE5VOWlNa1pZVjJwQ1RsVnJSak5TUjJSYVVrWmFVbFZWVWtaa01sSTFRMjFKZVU5VVFrMVdNRFZ2VkZWc1NsRnJiSEZSVlRWRFdqSjBlR0ZIZEhCU2Vtd3pUVVZLUWxWVlZrZFJWVVpRVVRCR1VrOUZSazVUVld4RFVUSmtURkV3UmxKU1ZVVTBVek5LUmxWNWRGUldWVFYyVGxSQlMxTlhNVzVTTVdjd1lrWkJlVlZ0Vm5kUlZ6RjBaRE5DY21KcmJERk5WbkJTWkd0V05tTklZelJYUmxKb1RWUkdSRk5ZVFRGVFYwcE1XVEZzZGxkRlJtOVhibXN5WTNwc2ExcHNaSFZQU0c4eVV6TktVbUZuY0VKbFZWSTFWakpHYkdWcVVrbExla0pwVFc1WmNsUlVhSEpYVnpGM1lsYzVNRlpIUm1wbFYzUnZXak52ZUU1dVZuSmhibEpMVWpJNVJrMHhjRlJXVkdoeFVWZEtNVTVHYkc1UFEzUkNVMFV4VGxaRVZqRkRibkJWWkZoUmVtSllTbTVWTTBKd1pWaFdTVlZFV2s5Vk1tdDJXVzVXVkdOSFRrbGpibGw1VkVkYVQwMUZhM2RQVkU1T1RtMXdiVlpzUW1GYVIwWTJUakpvUjFSV2FIWlBWWFJxWlVka2NsTnJVbmxUYlc5TFUxZG9WV1JIT1ZoUFdHUXpVMnRPZUU5VVJYcE9ha0pVVkd4a01tTkRkRUpqUkZwdlRteENXVkZ1WnpGWmVsWkZVVmRPVFZZeWN6QlpWMFkyVVc1R01sRllXbTlSV0doMFZVWk9SRnBxWkdsVk1IQTJVbEZ3YVV3d2VEWldWVFF6WTBjMVVXTllVblpsYTFad1kwTjBVV05GYUd4aE1XaHpWVVpvVVV4NldUSmFWa296Wkd0YU5sRnVTalZTYlVaRFlUTk9hMkZZWkVKVlJFSjFVbTA1TUdGNlpHbGFia1ozWXpGR1NFTnFaR2hPYm1jMVZFVTBNV0ZZWkVwU1JVWlNVVlZLZGsxRmJETlZWVkpDVkRCS2JsUnNXa2xWVkdoRFVWZFpORkpWU2tKVVZVNUNZMVpHTTFKSVpGcFNSbHBUVFVaU1FsVlZaM1pSYTBaV1pEQkdNMUpWU1V0TU0zQkNXa1ZLYmxSc1drbFZWRkpHVW0xa1VsWlhUa2hQVjJzd1lsVjBSbUl4YUVSUFZuQm9aV3BhVjJReVJtOWhSVFZ6VjIxSk1VNUlaRVZWVm14TFV6STVZVk5YYURKWk1EVkNWVlZXVFZGc1JrSlNRWEJ1V2pCV1ExRlZlR3RWTTJRMVlqTm9OazV0ZEZwamJGcE1VakZKY21SVVRucE5lazVYVlZSb01XVnVRblJhTURFeVZGUnNSRkpWWkZaamJFa3dUbGQzZVU1dGVIWlNSVkl4WTFoVk5HTllielJqYmtGNVEycGFhRTlHV2xWaWVUbGFZbE01V1U5SFNsSmpNbkIyV1ZSbmVXVlVRa3BpVkVac1pGZFdlRlJwZEhSVWFteEhZakpWTkZvd2RGSmlSbWhxVFZaS1QwNUZhRlppYlZsNVlqRkNTR0ZJUm5sTlNFcE9ZM3BKUzJSSVNtcFBWR3hRVlVac1ZWVkZWazVYV0dSUFZFWlNkMlJFYkhCU1JteFlaV3hPVDFGcVJqVlBWMXB6VXpCc1YxbFZiSGhTYlhRMlUyeEdTazF0V2toalJGcFZWMVpTV0U5VVZrVmFWekZ6VmpBMVRFNVJjSFJoVXprMFdrVkdhVTFUT1hOWFYyaHVZWHBLYmsxclNrTmhSV042VVZSV1VtRnRhREZXUnpGUFpEQjRVVlZIVGtaVU0wcEVZMGQwZVZKSFNtOU5lbG8xVTFWa1NGUkhTblZPUmxKdFZEQTRkMVJWY0ZSRGJUbDZZakZaTWxJeFFrNWhiV2hTWTFaU1RtTnJTWGhQVmtwd1RVUmFjRlpXU2xaWlYyZzJVWHBXVFZveWNFaGxSWEJyVVZWNGFrNUhSa1JSTTFwR1ZHdHNNVlJVWkV0TmEzaHhZakpuTkZOVVpHMU9NbEZMVFZWek0ySXpWVFJPVkZZeVlUTktiR0pYVG5CT01EbHlaSHBrUWxVeU5YZGpWMmg2VUZGdmRFeFRNSFJNVlZaUFVrTkNSRkpXU2xWVFZWcEtVVEJHVlZKVE1IUk1VekIwUTJjOVBTSXNJblpsY21sbWFXTmhkR2x2YmlJNmUzMTlYWDE5TENKMGFXMWxiM1YwY3lJNmUzMHNJblpsY25OcGIyNGlPaUl5TGpJdU1DSjlMQ0p1WlhSM2IzSnJaQ0k2ZTMwc0luQmhjM04zWkNJNmUzMHNJbk4wYjNKaFoyVWlPbnQ5TENKemVYTjBaVzFrSWpwN2ZYMEsiLCJ2ZXJpZmljYXRpb24iOnt9fV19LCJ0aW1lb3V0cyI6e30sInZlcnNpb24iOiIyLjEuMCJ9LCJuZXR3b3JrZCI6e30sInBhc3N3ZCI6e30sInN0b3JhZ2UiOnsiZmlsZXMiOlt7ImZpbGVzeXN0ZW0iOiJyb290IiwiZ3JvdXAiOnt9LCJwYXRoIjoiL2V0Yy9ob3N0bmFtZSIsInVzZXIiOnt9LCJjb250ZW50cyI6eyJzb3VyY2UiOiJkYXRhOnRleHQvcGxhaW47Y2hhcnNldD11dGYtODtiYXNlNjQsWTI5dWRISnZiQzF3YkdGdVpTMHgiLCJ2ZXJpZmljYXRpb24iOnt9fSwibW9kZSI6NDIwfSx7ImZpbGVzeXN0ZW0iOiJyb290IiwiZ3JvdXAiOnt9LCJwYXRoIjoiL2V0Yy9zeXNjb25maWcvbmV0d29yay1zY3JpcHRzL2lmY2ZnLWVuczE5MiIsInVzZXIiOnt9LCJjb250ZW50cyI6eyJzb3VyY2UiOiJkYXRhOnRleHQvcGxhaW47Y2hhcnNldD11dGYtODtiYXNlNjQsVkZsUVJUMUZkR2hsY201bGRBcENUMDlVVUZKUFZFODlibTl1WlFwT1FVMUZQV1Z1Y3pFNU1ncEVSVlpKUTBVOVpXNXpNVGt5Q2s5T1FrOVBWRDE1WlhNS1NWQkJSRVJTUFRFNU1pNHhOamd1TVRBeExqRXdNZ3BRVWtWR1NWZzlNekFLUjBGVVJWZEJXVDB4T1RJdU1UWTRMakV3TVM0eE1ERUtSRTlOUVVsT1BXdDFZbVV1YzJGdVpIb3lMbU52YlM1d2FBcEVUbE14UFRFNU1pNHhOamd1TVRBeExqVUtSRTVUTWowNExqZ3VPQzQ0Q2c9PSIsInZlcmlmaWNhdGlvbiI6e319LCJtb2RlIjo0MjB9XX0sInN5c3RlbWQiOnsidW5pdHMiOlt7ImNvbnRlbnRzIjoiW1VuaXRdXG5Db25kaXRpb25GaXJzdEJvb3Q9eWVzXG5bU2VydmljZV1cblR5cGU9aWRsZVxuRXhlY1N0YXJ0PS9zYmluL3JlYm9vdFxuW0luc3RhbGxdXG5XYW50ZWRCeT1tdWx0aS11c2VyLnRhcmdldFxuIiwiZW5hYmxlZCI6dHJ1ZSwibmFtZSI6InJlc3RhcnQuc2VydmljZSJ9XX19",
                            "vapp.0.properties.guestinfo.ignition.config.data.encoding": "base64",
                            "vapp_transport.#": "1",
                            "vapp_transport.0": "com.vmware.guestInfo",
                            "vmware_tools_status": "guestToolsNotRunning",
                            "vmx_path": "control-plane-1/control-plane-1.vmx",
                            "wait_for_guest_ip_timeout": "0",
                            "wait_for_guest_net_routable": "false",
                            "wait_for_guest_net_timeout": "0"
                        },
                        "meta": {
                            "schema_version": "3"
                        },
                        "tainted": false
                    },
                    "deposed": [],
                    "provider": "provider.vsphere"
                },
                "vsphere_virtual_machine.vm.2": {
                    "type": "vsphere_virtual_machine",
                    "depends_on": [
                        "data.ignition_config.ign.*",
                        "data.vsphere_datastore.datastore",
                        "data.vsphere_network.network",
                        "data.vsphere_virtual_machine.template"
                    ],
                    "primary": {
                        "id": "4213bd73-8a49-bff2-afba-b16f6cc47920",
                        "attributes": {
                            "alternate_guest_name": "",
                            "annotation": "",
                            "boot_delay": "0",
                            "boot_retry_delay": "10000",
                            "boot_retry_enabled": "false",
                            "cdrom.#": "0",
                            "change_version": "2020-02-19T15:58:41.439598Z",
                            "clone.#": "1",
                            "clone.0.customize.#": "0",
                            "clone.0.linked_clone": "false",
                            "clone.0.template_uuid": "42133444-3a0e-876a-e712-026d5b1f53b2",
                            "clone.0.timeout": "30",
                            "cpu_hot_add_enabled": "false",
                            "cpu_hot_remove_enabled": "false",
                            "cpu_limit": "-1",
                            "cpu_performance_counters_enabled": "false",
                            "cpu_reservation": "0",
                            "cpu_share_count": "4000",
                            "cpu_share_level": "normal",
                            "custom_attributes.%": "0",
                            "datastore_id": "datastore-1822",
                            "disk.#": "1",
                            "disk.0.attach": "false",
                            "disk.0.datastore_id": "datastore-1822",
                            "disk.0.device_address": "scsi:0:0",
                            "disk.0.disk_mode": "persistent",
                            "disk.0.disk_sharing": "sharingNone",
                            "disk.0.eagerly_scrub": "false",
                            "disk.0.io_limit": "-1",
                            "disk.0.io_reservation": "0",
                            "disk.0.io_share_count": "1000",
                            "disk.0.io_share_level": "normal",
                            "disk.0.keep_on_remove": "false",
                            "disk.0.key": "2000",
                            "disk.0.label": "disk0",
                            "disk.0.name": "",
                            "disk.0.path": "control-plane-2/control-plane-2.vmdk",
                            "disk.0.size": "60",
                            "disk.0.storage_policy_id": "",
                            "disk.0.thin_provisioned": "false",
                            "disk.0.unit_number": "0",
                            "disk.0.uuid": "6000C29c-2bbf-bac5-d43f-f187b5f6df64",
                            "disk.0.write_through": "false",
                            "efi_secure_boot_enabled": "false",
                            "enable_disk_uuid": "true",
                            "enable_logging": "false",
                            "ept_rvi_mode": "automatic",
                            "extra_config.%": "0",
                            "firmware": "bios",
                            "folder": "kube",
                            "force_power_off": "true",
                            "guest_id": "rhel7_64Guest",
                            "guest_ip_addresses.#": "0",
                            "host_system_id": "host-18",
                            "hv_mode": "hvAuto",
                            "id": "4213bd73-8a49-bff2-afba-b16f6cc47920",
                            "latency_sensitivity": "normal",
                            "memory": "16384",
                            "memory_hot_add_enabled": "false",
                            "memory_limit": "-1",
                            "memory_reservation": "0",
                            "memory_share_count": "163840",
                            "memory_share_level": "normal",
                            "migrate_wait_timeout": "30",
                            "moid": "vm-1996",
                            "name": "control-plane-2",
                            "nested_hv_enabled": "false",
                            "network_interface.#": "1",
                            "network_interface.0.adapter_type": "vmxnet3",
                            "network_interface.0.bandwidth_limit": "-1",
                            "network_interface.0.bandwidth_reservation": "0",
                            "network_interface.0.bandwidth_share_count": "50",
                            "network_interface.0.bandwidth_share_level": "normal",
                            "network_interface.0.device_address": "pci:0:7",
                            "network_interface.0.key": "4000",
                            "network_interface.0.mac_address": "00:50:56:93:98:8d",
                            "network_interface.0.network_id": "network-1001",
                            "network_interface.0.use_static_mac": "false",
                            "num_cores_per_socket": "1",
                            "num_cpus": "4",
                            "reboot_required": "false",
                            "resource_pool_id": "resgroup-1991",
                            "run_tools_scripts_after_power_on": "true",
                            "run_tools_scripts_after_resume": "true",
                            "run_tools_scripts_before_guest_reboot": "false",
                            "run_tools_scripts_before_guest_shutdown": "true",
                            "run_tools_scripts_before_guest_standby": "true",
                            "scsi_bus_sharing": "noSharing",
                            "scsi_controller_count": "1",
                            "scsi_type": "pvscsi",
                            "shutdown_wait_timeout": "3",
                            "storage_policy_id": "",
                            "swap_placement_policy": "inherit",
                            "sync_time_with_host": "false",
                            "tags.#": "0",
                            "uuid": "4213bd73-8a49-bff2-afba-b16f6cc47920",
                            "vapp.#": "1",
                            "vapp.0.properties.%": "2",
                            "vapp.0.properties.guestinfo.ignition.config.data": "eyJpZ25pdGlvbiI6eyJjb25maWciOnsiYXBwZW5kIjpbeyJzb3VyY2UiOiJkYXRhOnRleHQvcGxhaW47Y2hhcnNldD11dGYtODtiYXNlNjQsZXlKcFoyNXBkR2x2YmlJNmV5SmpiMjVtYVdjaU9uc2lZWEJ3Wlc1a0lqcGJleUp6YjNWeVkyVWlPaUpvZEhSd2N6b3ZMMkZ3YVMxcGJuUXVhM1ZpWlM1ellXNWtlakl1WTI5dExuQm9Pakl5TmpJekwyTnZibVpwWnk5dFlYTjBaWElpTENKMlpYSnBabWxqWVhScGIyNGlPbnQ5ZlYxOUxDSnpaV04xY21sMGVTSTZleUowYkhNaU9uc2lZMlZ5ZEdsbWFXTmhkR1ZCZFhSb2IzSnBkR2xsY3lJNlczc2ljMjkxY21ObElqb2laR0YwWVRwMFpYaDBMM0JzWVdsdU8yTm9ZWEp6WlhROWRYUm1MVGc3WW1GelpUWTBMRXhUTUhSTVV6RkRVbFZrU2xScFFrUlNWa3BWVTFWYVNsRXdSbFZTVXpCMFRGTXdkRU5yTVVwVFZWSkdVa1ZPUkZGWFduQmFNRVl6VTFWS1Fsb3diRXBXTTNCdFdXNUNjV0l6YUVoWmJVNHpVa1pHV2xOcmRIWlhhMnh2WkcxT1QxRldSa1pVUlVwU1VWaGtTMkZyVmxSVVZVcENVakJGZUZaVlZVdFJNMmhPVTIxSmVsRnRlR2xpYXpWMldWWmtZVTFGTVZOUldHUkZXakZzUlZac1JsSlNSVll6V2toc2FVMXFhM2RVUm1SUFlVVXhRMDVHYUVWV1JXd3pWRlZTU21WRk9WVlJWRXBPWVcxemQxUlZXblpYUVhCRlZrVXhNMVJWVWtwbFJUVnhVVlJLVG1GdGMzZFVWVnAyWkRCd2NWSldUazVSYTBaSVVWUkdWbEpWVGpSVVZYQnBUVEJLYzFsdE5VOWlNa1pZVjJwQ1RsVnJSak5TUjJSYVVrWmFVbFZWVWtaa01sSTFRMjFKZVU5VVFrMVdNRFZ2VkZWc1NsRnJiSEZSVlRWRFdqSjBlR0ZIZEhCU2Vtd3pUVVZLUWxWVlZrZFJWVVpRVVRCR1VrOUZSazVUVld4RFVUSmtURkV3UmxKU1ZVVTBVek5LUmxWNWRGUldWVFYyVGxSQlMxTlhNVzVTTVdjd1lrWkJlVlZ0Vm5kUlZ6RjBaRE5DY21KcmJERk5WbkJTWkd0V05tTklZelJYUmxKb1RWUkdSRk5ZVFRGVFYwcE1XVEZzZGxkRlJtOVhibXN5WTNwc2ExcHNaSFZQU0c4eVV6TktVbUZuY0VKbFZWSTFWakpHYkdWcVVrbExla0pwVFc1WmNsUlVhSEpYVnpGM1lsYzVNRlpIUm1wbFYzUnZXak52ZUU1dVZuSmhibEpMVWpJNVJrMHhjRlJXVkdoeFVWZEtNVTVHYkc1UFEzUkNVMFV4VGxaRVZqRkRibkJWWkZoUmVtSllTbTVWTTBKd1pWaFdTVlZFV2s5Vk1tdDJXVzVXVkdOSFRrbGpibGw1VkVkYVQwMUZhM2RQVkU1T1RtMXdiVlpzUW1GYVIwWTJUakpvUjFSV2FIWlBWWFJxWlVka2NsTnJVbmxUYlc5TFUxZG9WV1JIT1ZoUFdHUXpVMnRPZUU5VVJYcE9ha0pVVkd4a01tTkRkRUpqUkZwdlRteENXVkZ1WnpGWmVsWkZVVmRPVFZZeWN6QlpWMFkyVVc1R01sRllXbTlSV0doMFZVWk9SRnBxWkdsVk1IQTJVbEZ3YVV3d2VEWldWVFF6WTBjMVVXTllVblpsYTFad1kwTjBVV05GYUd4aE1XaHpWVVpvVVV4NldUSmFWa296Wkd0YU5sRnVTalZTYlVaRFlUTk9hMkZZWkVKVlJFSjFVbTA1TUdGNlpHbGFia1ozWXpGR1NFTnFaR2hPYm1jMVZFVTBNV0ZZWkVwU1JVWlNVVlZLZGsxRmJETlZWVkpDVkRCS2JsUnNXa2xWVkdoRFVWZFpORkpWU2tKVVZVNUNZMVpHTTFKSVpGcFNSbHBUVFVaU1FsVlZaM1pSYTBaV1pEQkdNMUpWU1V0TU0zQkNXa1ZLYmxSc1drbFZWRkpHVW0xa1VsWlhUa2hQVjJzd1lsVjBSbUl4YUVSUFZuQm9aV3BhVjJReVJtOWhSVFZ6VjIxSk1VNUlaRVZWVm14TFV6STVZVk5YYURKWk1EVkNWVlZXVFZGc1JrSlNRWEJ1V2pCV1ExRlZlR3RWTTJRMVlqTm9OazV0ZEZwamJGcE1VakZKY21SVVRucE5lazVYVlZSb01XVnVRblJhTURFeVZGUnNSRkpWWkZaamJFa3dUbGQzZVU1dGVIWlNSVkl4WTFoVk5HTllielJqYmtGNVEycGFhRTlHV2xWaWVUbGFZbE01V1U5SFNsSmpNbkIyV1ZSbmVXVlVRa3BpVkVac1pGZFdlRlJwZEhSVWFteEhZakpWTkZvd2RGSmlSbWhxVFZaS1QwNUZhRlppYlZsNVlqRkNTR0ZJUm5sTlNFcE9ZM3BKUzJSSVNtcFBWR3hRVlVac1ZWVkZWazVYV0dSUFZFWlNkMlJFYkhCU1JteFlaV3hPVDFGcVJqVlBWMXB6VXpCc1YxbFZiSGhTYlhRMlUyeEdTazF0V2toalJGcFZWMVpTV0U5VVZrVmFWekZ6VmpBMVRFNVJjSFJoVXprMFdrVkdhVTFUT1hOWFYyaHVZWHBLYmsxclNrTmhSV042VVZSV1VtRnRhREZXUnpGUFpEQjRVVlZIVGtaVU0wcEVZMGQwZVZKSFNtOU5lbG8xVTFWa1NGUkhTblZPUmxKdFZEQTRkMVJWY0ZSRGJUbDZZakZaTWxJeFFrNWhiV2hTWTFaU1RtTnJTWGhQVmtwd1RVUmFjRlpXU2xaWlYyZzJVWHBXVFZveWNFaGxSWEJyVVZWNGFrNUhSa1JSTTFwR1ZHdHNNVlJVWkV0TmEzaHhZakpuTkZOVVpHMU9NbEZMVFZWek0ySXpWVFJPVkZZeVlUTktiR0pYVG5CT01EbHlaSHBrUWxVeU5YZGpWMmg2VUZGdmRFeFRNSFJNVlZaUFVrTkNSRkpXU2xWVFZWcEtVVEJHVlZKVE1IUk1VekIwUTJjOVBTSXNJblpsY21sbWFXTmhkR2x2YmlJNmUzMTlYWDE5TENKMGFXMWxiM1YwY3lJNmUzMHNJblpsY25OcGIyNGlPaUl5TGpJdU1DSjlMQ0p1WlhSM2IzSnJaQ0k2ZTMwc0luQmhjM04zWkNJNmUzMHNJbk4wYjNKaFoyVWlPbnQ5TENKemVYTjBaVzFrSWpwN2ZYMEsiLCJ2ZXJpZmljYXRpb24iOnt9fV19LCJ0aW1lb3V0cyI6e30sInZlcnNpb24iOiIyLjEuMCJ9LCJuZXR3b3JrZCI6e30sInBhc3N3ZCI6e30sInN0b3JhZ2UiOnsiZmlsZXMiOlt7ImZpbGVzeXN0ZW0iOiJyb290IiwiZ3JvdXAiOnt9LCJwYXRoIjoiL2V0Yy9ob3N0bmFtZSIsInVzZXIiOnt9LCJjb250ZW50cyI6eyJzb3VyY2UiOiJkYXRhOnRleHQvcGxhaW47Y2hhcnNldD11dGYtODtiYXNlNjQsWTI5dWRISnZiQzF3YkdGdVpTMHkiLCJ2ZXJpZmljYXRpb24iOnt9fSwibW9kZSI6NDIwfSx7ImZpbGVzeXN0ZW0iOiJyb290IiwiZ3JvdXAiOnt9LCJwYXRoIjoiL2V0Yy9zeXNjb25maWcvbmV0d29yay1zY3JpcHRzL2lmY2ZnLWVuczE5MiIsInVzZXIiOnt9LCJjb250ZW50cyI6eyJzb3VyY2UiOiJkYXRhOnRleHQvcGxhaW47Y2hhcnNldD11dGYtODtiYXNlNjQsVkZsUVJUMUZkR2hsY201bGRBcENUMDlVVUZKUFZFODlibTl1WlFwT1FVMUZQV1Z1Y3pFNU1ncEVSVlpKUTBVOVpXNXpNVGt5Q2s5T1FrOVBWRDE1WlhNS1NWQkJSRVJTUFRFNU1pNHhOamd1TVRBeExqRXdNd3BRVWtWR1NWZzlNekFLUjBGVVJWZEJXVDB4T1RJdU1UWTRMakV3TVM0eE1ERUtSRTlOUVVsT1BXdDFZbVV1YzJGdVpIb3lMbU52YlM1d2FBcEVUbE14UFRFNU1pNHhOamd1TVRBeExqVUtSRTVUTWowNExqZ3VPQzQ0Q2c9PSIsInZlcmlmaWNhdGlvbiI6e319LCJtb2RlIjo0MjB9XX0sInN5c3RlbWQiOnsidW5pdHMiOlt7ImNvbnRlbnRzIjoiW1VuaXRdXG5Db25kaXRpb25GaXJzdEJvb3Q9eWVzXG5bU2VydmljZV1cblR5cGU9aWRsZVxuRXhlY1N0YXJ0PS9zYmluL3JlYm9vdFxuW0luc3RhbGxdXG5XYW50ZWRCeT1tdWx0aS11c2VyLnRhcmdldFxuIiwiZW5hYmxlZCI6dHJ1ZSwibmFtZSI6InJlc3RhcnQuc2VydmljZSJ9XX19",
                            "vapp.0.properties.guestinfo.ignition.config.data.encoding": "base64",
                            "vapp_transport.#": "1",
                            "vapp_transport.0": "com.vmware.guestInfo",
                            "vmware_tools_status": "guestToolsNotRunning",
                            "vmx_path": "control-plane-2/control-plane-2.vmx",
                            "wait_for_guest_ip_timeout": "0",
                            "wait_for_guest_net_routable": "false",
                            "wait_for_guest_net_timeout": "0"
                        },
                        "meta": {
                            "schema_version": "3"
                        },
                        "tainted": false
                    },
                    "deposed": [],
                    "provider": "provider.vsphere"
                }
            },
            "depends_on": []
        },
        {
            "path": [
                "root",
                "folder"
            ],
            "outputs": {
                "path": {
                    "sensitive": false,
                    "type": "string",
                    "value": "kube"
                }
            },
            "resources": {
                "vsphere_folder.folder": {
                    "type": "vsphere_folder",
                    "depends_on": [],
                    "primary": {
                        "id": "group-v1992",
                        "attributes": {
                            "custom_attributes.%": "0",
                            "datacenter_id": "datacenter-2",
                            "id": "group-v1992",
                            "path": "kube",
                            "tags.#": "0",
                            "type": "vm"
                        },
                        "meta": {
                            "schema_version": "1"
                        },
                        "tainted": false
                    },
                    "deposed": [],
                    "provider": "provider.vsphere"
                }
            },
            "depends_on": []
        },
        {
            "path": [
                "root",
                "resource_pool"
            ],
            "outputs": {
                "pool_id": {
                    "sensitive": false,
                    "type": "string",
                    "value": "resgroup-1991"
                }
            },
            "resources": {
                "data.vsphere_compute_cluster.compute_cluster": {
                    "type": "vsphere_compute_cluster",
                    "depends_on": [],
                    "primary": {
                        "id": "domain-c7",
                        "attributes": {
                            "datacenter_id": "datacenter-2",
                            "id": "domain-c7",
                            "name": "devops",
                            "resource_pool_id": "resgroup-8"
                        },
                        "meta": {},
                        "tainted": false
                    },
                    "deposed": [],
                    "provider": "provider.vsphere"
                },
                "vsphere_resource_pool.resource_pool": {
                    "type": "vsphere_resource_pool",
                    "depends_on": [
                        "data.vsphere_compute_cluster.compute_cluster"
                    ],
                    "primary": {
                        "id": "resgroup-1991",
                        "attributes": {
                            "cpu_expandable": "true",
                            "cpu_limit": "-1",
                            "cpu_reservation": "0",
                            "cpu_share_level": "normal",
                            "cpu_shares": "4000",
                            "id": "resgroup-1991",
                            "memory_expandable": "true",
                            "memory_limit": "-1",
                            "memory_reservation": "0",
                            "memory_share_level": "normal",
                            "memory_shares": "163840",
                            "name": "kube",
                            "parent_resource_pool_id": "resgroup-8",
                            "tags.#": "0"
                        },
                        "meta": {},
                        "tainted": false
                    },
                    "deposed": [],
                    "provider": "provider.vsphere"
                }
            },
            "depends_on": []
        }
    ]
}
