{
    "version": 3,
    "terraform_version": "0.11.14",
    "serial": 6,
    "lineage": "fbac14e3-24e3-fe72-0842-6cb1f5f6496a",
    "modules": [
        {
            "path": [
                "root"
            ],
            "outputs": {},
            "resources": {
                "data.vsphere_datacenter.dc": {
                    "type": "vsphere_datacenter",
                    "depends_on": [],
                    "primary": {
                        "id": "datacenter-2",
                        "attributes": {
                            "id": "datacenter-2",
                            "name": "Datacenter"
                        },
                        "meta": {},
                        "tainted": false
                    },
                    "deposed": [],
                    "provider": "provider.vsphere"
                }
            },
            "depends_on": []
        },
        {
            "path": [
                "root",
                "bootstrap"
            ],
            "outputs": {
                "ip_addresses": {
                    "sensitive": false,
                    "type": "list",
                    "value": [
                        "192.168.101.100"
                    ]
                }
            },
            "resources": {
                "data.ignition_config.ign": {
                    "type": "ignition_config",
                    "depends_on": [
                        "data.ignition_file.hostname.*",
                        "data.ignition_file.static_ip.*",
                        "data.ignition_systemd_unit.restart.*",
                        "local.ignition_encoded"
                    ],
                    "primary": {
                        "id": "5ac166298b743a2a72f02f85044ea166828fdffa85f444050b482b5e08719f87",
                        "attributes": {
                            "append.#": "1",
                            "append.0.source": "192.168.101.22/bootstrap.ign",
                            "append.0.verification": "",
                            "files.#": "2",
                            "files.0": "96b615ed7586d580ff4ee0a22808819c5d93de95ce8dbf3037641f57fb045fc3",
                            "files.1": "de1d1824780d63a4e33ea28817d5e854d42027d0aa90f0bf5f0e931a36637a93",
                            "id": "5ac166298b743a2a72f02f85044ea166828fdffa85f444050b482b5e08719f87",
                            "rendered": "{\"ignition\":{\"config\":{\"append\":[{\"source\":\"192.168.101.22/bootstrap.ign\",\"verification\":{}}]},\"timeouts\":{},\"version\":\"2.1.0\"},\"networkd\":{},\"passwd\":{},\"storage\":{\"files\":[{\"filesystem\":\"root\",\"group\":{},\"path\":\"/etc/hostname\",\"user\":{},\"contents\":{\"source\":\"data:text/plain;charset=utf-8;base64,Ym9vdHN0cmFwLTA=\",\"verification\":{}},\"mode\":420},{\"filesystem\":\"root\",\"group\":{},\"path\":\"/etc/sysconfig/network-scripts/ifcfg-ens192\",\"user\":{},\"contents\":{\"source\":\"data:text/plain;charset=utf-8;base64,VFlQRT1FdGhlcm5ldApCT09UUFJPVE89bm9uZQpOQU1FPWVuczE5MgpERVZJQ0U9ZW5zMTkyCk9OQk9PVD15ZXMKSVBBRERSPTE5Mi4xNjguMTAxLjEwMApQUkVGSVg9MzAKR0FURVdBWT0xOTIuMTY4LjEwMS4xMDEKRE9NQUlOPWt1YmUuc2FuZHouY29tLnBoCkROUzE9MTkyLjE2OC4xMDEuNQpETlMyPTkuOS45LjkK\",\"verification\":{}},\"mode\":420}]},\"systemd\":{\"units\":[{\"contents\":\"[Unit]\\nConditionFirstBoot=yes\\n[Service]\\nType=idle\\nExecStart=/sbin/reboot\\n[Install]\\nWantedBy=multi-user.target\\n\",\"enabled\":true,\"name\":\"restart.service\"}]}}",
                            "systemd.#": "1",
                            "systemd.0": "2b2088c1732c1d1acffcbbe6386c2952e57ca2903cec0dc24bd4cb0f42abc300"
                        },
                        "meta": {},
                        "tainted": false
                    },
                    "deposed": [],
                    "provider": "module.bootstrap.provider.ignition"
                },
                "data.ignition_file.hostname": {
                    "type": "ignition_file",
                    "depends_on": [],
                    "primary": {
                        "id": "96b615ed7586d580ff4ee0a22808819c5d93de95ce8dbf3037641f57fb045fc3",
                        "attributes": {
                            "content.#": "1",
                            "content.0.content": "bootstrap-0",
                            "content.0.mime": "text/plain",
                            "filesystem": "root",
                            "id": "96b615ed7586d580ff4ee0a22808819c5d93de95ce8dbf3037641f57fb045fc3",
                            "mode": "420",
                            "path": "/etc/hostname"
                        },
                        "meta": {},
                        "tainted": false
                    },
                    "deposed": [],
                    "provider": "module.bootstrap.provider.ignition"
                },
                "data.ignition_file.static_ip": {
                    "type": "ignition_file",
                    "depends_on": [
                        "local.gw",
                        "local.ip_addresses",
                        "local.mask"
                    ],
                    "primary": {
                        "id": "de1d1824780d63a4e33ea28817d5e854d42027d0aa90f0bf5f0e931a36637a93",
                        "attributes": {
                            "content.#": "1",
                            "content.0.content": "TYPE=Ethernet\nBOOTPROTO=none\nNAME=ens192\nDEVICE=ens192\nONBOOT=yes\nIPADDR=192.168.101.100\nPREFIX=30\nGATEWAY=192.168.101.101\nDOMAIN=kube.sandz.com.ph\nDNS1=192.168.101.5\nDNS2=9.9.9.9\n",
                            "content.0.mime": "text/plain",
                            "filesystem": "root",
                            "id": "de1d1824780d63a4e33ea28817d5e854d42027d0aa90f0bf5f0e931a36637a93",
                            "mode": "420",
                            "path": "/etc/sysconfig/network-scripts/ifcfg-ens192"
                        },
                        "meta": {},
                        "tainted": false
                    },
                    "deposed": [],
                    "provider": "module.bootstrap.provider.ignition"
                },
                "data.ignition_systemd_unit.restart": {
                    "type": "ignition_systemd_unit",
                    "depends_on": [],
                    "primary": {
                        "id": "2b2088c1732c1d1acffcbbe6386c2952e57ca2903cec0dc24bd4cb0f42abc300",
                        "attributes": {
                            "content": "[Unit]\nConditionFirstBoot=yes\n[Service]\nType=idle\nExecStart=/sbin/reboot\n[Install]\nWantedBy=multi-user.target\n",
                            "enabled": "true",
                            "id": "2b2088c1732c1d1acffcbbe6386c2952e57ca2903cec0dc24bd4cb0f42abc300",
                            "name": "restart.service"
                        },
                        "meta": {},
                        "tainted": false
                    },
                    "deposed": [],
                    "provider": "module.bootstrap.provider.ignition"
                },
                "data.vsphere_datastore.datastore": {
                    "type": "vsphere_datastore",
                    "depends_on": [],
                    "primary": {
                        "id": "datastore-1822",
                        "attributes": {
                            "datacenter_id": "datacenter-2",
                            "id": "datastore-1822",
                            "name": "DevOps"
                        },
                        "meta": {},
                        "tainted": false
                    },
                    "deposed": [],
                    "provider": "provider.vsphere"
                },
                "data.vsphere_network.network": {
                    "type": "vsphere_network",
                    "depends_on": [],
                    "primary": {
                        "id": "network-1001",
                        "attributes": {
                            "datacenter_id": "datacenter-2",
                            "id": "network-1001",
                            "name": "No VLAN",
                            "type": "Network"
                        },
                        "meta": {},
                        "tainted": false
                    },
                    "deposed": [],
                    "provider": "provider.vsphere"
                },
                "data.vsphere_virtual_machine.template": {
                    "type": "vsphere_virtual_machine",
                    "depends_on": [],
                    "primary": {
                        "id": "42133444-3a0e-876a-e712-026d5b1f53b2",
                        "attributes": {
                            "alternate_guest_name": "",
                            "datacenter_id": "datacenter-2",
                            "disks.#": "1",
                            "disks.0.eagerly_scrub": "false",
                            "disks.0.size": "16",
                            "disks.0.thin_provisioned": "false",
                            "firmware": "bios",
                            "guest_id": "rhel7_64Guest",
                            "guest_ip_addresses.#": "0",
                            "id": "42133444-3a0e-876a-e712-026d5b1f53b2",
                            "name": "rhcos-4.3.0",
                            "network_interface_types.#": "1",
                            "network_interface_types.0": "vmxnet3",
                            "scsi_bus_sharing": "noSharing",
                            "scsi_controller_scan_count": "1",
                            "scsi_type": "pvscsi"
                        },
                        "meta": {},
                        "tainted": false
                    },
                    "deposed": [],
                    "provider": "provider.vsphere"
                },
                "vsphere_virtual_machine.vm": {
                    "type": "vsphere_virtual_machine",
                    "depends_on": [
                        "data.ignition_config.ign.*",
                        "data.vsphere_datastore.datastore",
                        "data.vsphere_network.network",
                        "data.vsphere_virtual_machine.template"
                    ],
                    "primary": {
                        "id": "4213feeb-190f-e2b6-1b6f-f4df19d38f6f",
                        "attributes": {
                            "alternate_guest_name": "",
                            "annotation": "",
                            "boot_delay": "0",
                            "boot_retry_delay": "10000",
                            "boot_retry_enabled": "false",
                            "cdrom.#": "0",
                            "change_version": "2020-02-17T17:18:45.157252Z",
                            "clone.#": "1",
                            "clone.0.customize.#": "0",
                            "clone.0.linked_clone": "false",
                            "clone.0.template_uuid": "42133444-3a0e-876a-e712-026d5b1f53b2",
                            "clone.0.timeout": "30",
                            "cpu_hot_add_enabled": "false",
                            "cpu_hot_remove_enabled": "false",
                            "cpu_limit": "-1",
                            "cpu_performance_counters_enabled": "false",
                            "cpu_reservation": "0",
                            "cpu_share_count": "4000",
                            "cpu_share_level": "normal",
                            "custom_attributes.%": "0",
                            "datastore_id": "datastore-1822",
                            "disk.#": "1",
                            "disk.0.attach": "false",
                            "disk.0.datastore_id": "datastore-1822",
                            "disk.0.device_address": "scsi:0:0",
                            "disk.0.disk_mode": "persistent",
                            "disk.0.disk_sharing": "sharingNone",
                            "disk.0.eagerly_scrub": "false",
                            "disk.0.io_limit": "-1",
                            "disk.0.io_reservation": "0",
                            "disk.0.io_share_count": "1000",
                            "disk.0.io_share_level": "normal",
                            "disk.0.keep_on_remove": "false",
                            "disk.0.key": "2000",
                            "disk.0.label": "disk0",
                            "disk.0.name": "",
                            "disk.0.path": "bootstrap-0/bootstrap-0.vmdk",
                            "disk.0.size": "120",
                            "disk.0.storage_policy_id": "",
                            "disk.0.thin_provisioned": "false",
                            "disk.0.unit_number": "0",
                            "disk.0.uuid": "6000C295-577f-e08b-4409-1568c99d5fed",
                            "disk.0.write_through": "false",
                            "efi_secure_boot_enabled": "false",
                            "enable_disk_uuid": "true",
                            "enable_logging": "false",
                            "ept_rvi_mode": "automatic",
                            "extra_config.%": "0",
                            "firmware": "bios",
                            "folder": "kube",
                            "force_power_off": "true",
                            "guest_id": "rhel7_64Guest",
                            "guest_ip_addresses.#": "0",
                            "host_system_id": "host-15",
                            "hv_mode": "hvAuto",
                            "id": "4213feeb-190f-e2b6-1b6f-f4df19d38f6f",
                            "latency_sensitivity": "normal",
                            "memory": "8192",
                            "memory_hot_add_enabled": "false",
                            "memory_limit": "-1",
                            "memory_reservation": "0",
                            "memory_share_count": "81920",
                            "memory_share_level": "normal",
                            "migrate_wait_timeout": "30",
                            "moid": "vm-1928",
                            "name": "bootstrap-0",
                            "nested_hv_enabled": "false",
                            "network_interface.#": "1",
                            "network_interface.0.adapter_type": "vmxnet3",
                            "network_interface.0.bandwidth_limit": "-1",
                            "network_interface.0.bandwidth_reservation": "0",
                            "network_interface.0.bandwidth_share_count": "50",
                            "network_interface.0.bandwidth_share_level": "normal",
                            "network_interface.0.device_address": "pci:0:7",
                            "network_interface.0.key": "4000",
                            "network_interface.0.mac_address": "00:50:56:93:6e:02",
                            "network_interface.0.network_id": "network-1001",
                            "network_interface.0.use_static_mac": "false",
                            "num_cores_per_socket": "1",
                            "num_cpus": "4",
                            "reboot_required": "false",
                            "resource_pool_id": "resgroup-1925",
                            "run_tools_scripts_after_power_on": "true",
                            "run_tools_scripts_after_resume": "true",
                            "run_tools_scripts_before_guest_reboot": "false",
                            "run_tools_scripts_before_guest_shutdown": "true",
                            "run_tools_scripts_before_guest_standby": "true",
                            "scsi_bus_sharing": "noSharing",
                            "scsi_controller_count": "1",
                            "scsi_type": "pvscsi",
                            "shutdown_wait_timeout": "3",
                            "storage_policy_id": "",
                            "swap_placement_policy": "inherit",
                            "sync_time_with_host": "false",
                            "tags.#": "0",
                            "uuid": "4213feeb-190f-e2b6-1b6f-f4df19d38f6f",
                            "vapp.#": "1",
                            "vapp.0.properties.%": "2",
                            "vapp.0.properties.guestinfo.ignition.config.data": "eyJpZ25pdGlvbiI6eyJjb25maWciOnsiYXBwZW5kIjpbeyJzb3VyY2UiOiIxOTIuMTY4LjEwMS4yMi9ib290c3RyYXAuaWduIiwidmVyaWZpY2F0aW9uIjp7fX1dfSwidGltZW91dHMiOnt9LCJ2ZXJzaW9uIjoiMi4xLjAifSwibmV0d29ya2QiOnt9LCJwYXNzd2QiOnt9LCJzdG9yYWdlIjp7ImZpbGVzIjpbeyJmaWxlc3lzdGVtIjoicm9vdCIsImdyb3VwIjp7fSwicGF0aCI6Ii9ldGMvaG9zdG5hbWUiLCJ1c2VyIjp7fSwiY29udGVudHMiOnsic291cmNlIjoiZGF0YTp0ZXh0L3BsYWluO2NoYXJzZXQ9dXRmLTg7YmFzZTY0LFltOXZkSE4wY21Gd0xUQT0iLCJ2ZXJpZmljYXRpb24iOnt9fSwibW9kZSI6NDIwfSx7ImZpbGVzeXN0ZW0iOiJyb290IiwiZ3JvdXAiOnt9LCJwYXRoIjoiL2V0Yy9zeXNjb25maWcvbmV0d29yay1zY3JpcHRzL2lmY2ZnLWVuczE5MiIsInVzZXIiOnt9LCJjb250ZW50cyI6eyJzb3VyY2UiOiJkYXRhOnRleHQvcGxhaW47Y2hhcnNldD11dGYtODtiYXNlNjQsVkZsUVJUMUZkR2hsY201bGRBcENUMDlVVUZKUFZFODlibTl1WlFwT1FVMUZQV1Z1Y3pFNU1ncEVSVlpKUTBVOVpXNXpNVGt5Q2s5T1FrOVBWRDE1WlhNS1NWQkJSRVJTUFRFNU1pNHhOamd1TVRBeExqRXdNQXBRVWtWR1NWZzlNekFLUjBGVVJWZEJXVDB4T1RJdU1UWTRMakV3TVM0eE1ERUtSRTlOUVVsT1BXdDFZbVV1YzJGdVpIb3VZMjl0TG5Cb0NrUk9VekU5TVRreUxqRTJPQzR4TURFdU5RcEVUbE15UFRrdU9TNDVMamtLIiwidmVyaWZpY2F0aW9uIjp7fX0sIm1vZGUiOjQyMH1dfSwic3lzdGVtZCI6eyJ1bml0cyI6W3siY29udGVudHMiOiJbVW5pdF1cbkNvbmRpdGlvbkZpcnN0Qm9vdD15ZXNcbltTZXJ2aWNlXVxuVHlwZT1pZGxlXG5FeGVjU3RhcnQ9L3NiaW4vcmVib290XG5bSW5zdGFsbF1cbldhbnRlZEJ5PW11bHRpLXVzZXIudGFyZ2V0XG4iLCJlbmFibGVkIjp0cnVlLCJuYW1lIjoicmVzdGFydC5zZXJ2aWNlIn1dfX0=",
                            "vapp.0.properties.guestinfo.ignition.config.data.encoding": "base64",
                            "vapp_transport.#": "1",
                            "vapp_transport.0": "com.vmware.guestInfo",
                            "vmware_tools_status": "guestToolsNotRunning",
                            "vmx_path": "bootstrap-0/bootstrap-0.vmx",
                            "wait_for_guest_ip_timeout": "0",
                            "wait_for_guest_net_routable": "false",
                            "wait_for_guest_net_timeout": "0"
                        },
                        "meta": {
                            "schema_version": "3"
                        },
                        "tainted": false
                    },
                    "deposed": [],
                    "provider": "provider.vsphere"
                }
            },
            "depends_on": []
        },
        {
            "path": [
                "root",
                "compute"
            ],
            "outputs": {
                "ip_addresses": {
                    "sensitive": false,
                    "type": "list",
                    "value": [
                        "192.168.101.104",
                        "192.168.101.105"
                    ]
                }
            },
            "resources": {
                "data.ignition_config.ign.0": {
                    "type": "ignition_config",
                    "depends_on": [
                        "data.ignition_file.hostname.*",
                        "data.ignition_file.static_ip.*",
                        "data.ignition_systemd_unit.restart.*",
                        "local.ignition_encoded"
                    ],
                    "primary": {
                        "id": "fa20fcdbc82ddada83b402e07a9f6d7c61bdfaf775800bdbd758c2e42f38a7f3",
                        "attributes": {
                            "append.#": "1",
                            "append.0.source": "data:text/plain;charset=utf-8;base64,eyJpZ25pdGlvbiI6eyJjb25maWciOnsiYXBwZW5kIjpbeyJzb3VyY2UiOiJodHRwczovL2FwaS1pbnQua3ViZS5zYW5kei5jb20ucGg6MjI2MjMvY29uZmlnL3dvcmtlciIsInZlcmlmaWNhdGlvbiI6e319XX0sInNlY3VyaXR5Ijp7InRscyI6eyJjZXJ0aWZpY2F0ZUF1dGhvcml0aWVzIjpbeyJzb3VyY2UiOiJkYXRhOnRleHQvcGxhaW47Y2hhcnNldD11dGYtODtiYXNlNjQsTFMwdExTMUNSVWRKVGlCRFJWSlVTVVpKUTBGVVJTMHRMUzB0Q2sxSlNVUkZSRU5EUVdacFowRjNTVUpCWjBsSldUVnFWM2RLYjNveVVrMTNSRkZaU2t0dldrbG9kbU5PUVZGRlRFSlJRWGRLYWtWVFRVSkJSMEV4VlVVS1EzaE5TbUl6UW14aWJrNXZZVmRhTUUxU1FYZEVaMWxFVmxGUlJFVjNaSGxpTWprd1RGZE9hRTFDTkZoRVZFbDNUVVJKZUU1RVFUVk5ha1V4VGxadldBcEVWRTEzVFVSSmVFMVVRVFZOYWtVeFRsWnZkMHBxUlZOTlFrRkhRVEZWUlVONFRVcGlNMEpzWW01T2IyRlhXakJOVWtGM1JHZFpSRlpSVVVSRmQyUjVDbUl5T1RCTVYwNW9UVWxKUWtscVFVNUNaMnR4YUd0cFJ6bDNNRUpCVVVWR1FVRlBRMEZST0VGTlNVbENRMmRMUTBGUlJVRnpUM3BaVDJnMlFYbzJNRGdLUVVnM1oySXJiRXhCU2tGNFVWbElja2RaY25wM1psVkNhalJ4Tm5Zd1luZFpOR1F4ZDFCd1YzVlNka3BMV0dSVE5taDNVamhzTURWaFlVbHdXRFJxY0FwRmVVVXdXbWxIV0ZGV1FWUjRjVEJ0TDNSR1pFdGxRalF4VjBoSE0xTXdhRVY2SzFZMk4wY3hkVXhaWkVOTVpIcFNPV2R4YVhGWFlsWnNNbkpRYjA5MENsTXpRbkJTYml0VmRXUXhlVzlHYW5kMVNYUXplbGhJUzFWTWJISXZhRk0wVUROR1dGWlRPVlo2WW5aT1ZqWkRaa2MxT0c0NE56QTBiR3hqYjFsU2VWRUtjVFpOV2toWlNqUkRjMWQ1U2s5YUsyUTVOWHA1TmxGaWFFTkJkVTByTW01WlExSXdXUzk0VmpsWmRXTjFVa3BRWlROdk1uRlpSVEo2VlRoS2JrWk9Vd3BPVEZKbmJFZ3JWamhwUVRGeVEyMVJUSEp1YlRKMFdsTm1jRFJtYTNweWQxQjNZa05GVjJkaFFXWTJOekZuVmxGaE9YUXlkMEptYmxSUUwxZHFaMEpZQ2xVeFNYWXZlVEJ1UjFGSlJFRlJRVUp2TUVsM1VVUkJUMEpuVGxaSVVUaENRV1k0UlVKQlRVTkJjVkYzUkhkWlJGWlNNRlJCVVVndlFrRlZkMEYzUlVJS0wzcEJaRUpuVGxaSVVUUkZSbWRSVlhKQ1RWYzJWRWhLVEdWVlpuQTBNVkpGZDNSQmVEUnpTalJJYjNkRVVWbEtTMjlhU1doMlkwNUJVVVZNUWxGQlJBcG5aMFZDUVVod2JGbGtWVUphTWpSb1JGQnlSV1J4UlhFeGJtVlFVRGhPU2tWUVJuSk9kR1ZuU0U5bmJrOTZSR0ozV2xaYVJYRm1WM0phT0dndkwwOWFDaTlKZERsNVNXZE5jMmhhWVVWSlVGVXpjVmRNTjJ0bVpqSk1XRGxCVEdoWWVtUnJOakZHUjNOT00weDROMjk1Ymtwd2JtOUhXVGxXV1dsMlNrSlRiWElLUlZwbGIzZzJVVTVKVUhWMU9XdHNjMUZFVEM5dWRVNVlUREpNUzBsUVlubGFNU3RsU1M5cVREVjNVakJqYzJNMVdubFRaV053ZHpWUWMweEdWblJZWlFwb1l6UkhlRlJXV2xZMFVXNXlaa3A1VUN0dE5WQnFaMUJZZEUxNWVqZDJSV2R0TVRsU1VsTXJNSGxGU21WRFZtVm5SMHRQU0d3dlZsSktiRkZpYnpGMUNrcEhNblJrVTNoUFRIWXpUbTExY1VndlYxZGxWVGxTVVVkNFFVWnhObWhRVURadlVWRlFlWGh0WW14QldIaDJOemxWWW1KaUsyeHlaREFyZEZKM2JuUUtXa2h4ZUdGQmJuaFVWbTR3UVVFM1p6Vk5XVzlTTTNac2FGVlJQUW90TFMwdExVVk9SQ0JEUlZKVVNVWkpRMEZVUlMwdExTMHRDZz09IiwidmVyaWZpY2F0aW9uIjp7fX1dfX0sInRpbWVvdXRzIjp7fSwidmVyc2lvbiI6IjIuMi4wIn0sIm5ldHdvcmtkIjp7fSwicGFzc3dkIjp7fSwic3RvcmFnZSI6e30sInN5c3RlbWQiOnt9fQo=",
                            "append.0.verification": "",
                            "files.#": "2",
                            "files.0": "37cb0d6ae78c6a1605286cc8070f084949a99933a4320e111c37cf31e79127f7",
                            "files.1": "d766bad1034de8359b9e1a1163c0df512baaa0357233ec948612b0e90950632a",
                            "id": "fa20fcdbc82ddada83b402e07a9f6d7c61bdfaf775800bdbd758c2e42f38a7f3",
                            "rendered": "{\"ignition\":{\"config\":{\"append\":[{\"source\":\"data:text/plain;charset=utf-8;base64,eyJpZ25pdGlvbiI6eyJjb25maWciOnsiYXBwZW5kIjpbeyJzb3VyY2UiOiJodHRwczovL2FwaS1pbnQua3ViZS5zYW5kei5jb20ucGg6MjI2MjMvY29uZmlnL3dvcmtlciIsInZlcmlmaWNhdGlvbiI6e319XX0sInNlY3VyaXR5Ijp7InRscyI6eyJjZXJ0aWZpY2F0ZUF1dGhvcml0aWVzIjpbeyJzb3VyY2UiOiJkYXRhOnRleHQvcGxhaW47Y2hhcnNldD11dGYtODtiYXNlNjQsTFMwdExTMUNSVWRKVGlCRFJWSlVTVVpKUTBGVVJTMHRMUzB0Q2sxSlNVUkZSRU5EUVdacFowRjNTVUpCWjBsSldUVnFWM2RLYjNveVVrMTNSRkZaU2t0dldrbG9kbU5PUVZGRlRFSlJRWGRLYWtWVFRVSkJSMEV4VlVVS1EzaE5TbUl6UW14aWJrNXZZVmRhTUUxU1FYZEVaMWxFVmxGUlJFVjNaSGxpTWprd1RGZE9hRTFDTkZoRVZFbDNUVVJKZUU1RVFUVk5ha1V4VGxadldBcEVWRTEzVFVSSmVFMVVRVFZOYWtVeFRsWnZkMHBxUlZOTlFrRkhRVEZWUlVONFRVcGlNMEpzWW01T2IyRlhXakJOVWtGM1JHZFpSRlpSVVVSRmQyUjVDbUl5T1RCTVYwNW9UVWxKUWtscVFVNUNaMnR4YUd0cFJ6bDNNRUpCVVVWR1FVRlBRMEZST0VGTlNVbENRMmRMUTBGUlJVRnpUM3BaVDJnMlFYbzJNRGdLUVVnM1oySXJiRXhCU2tGNFVWbElja2RaY25wM1psVkNhalJ4Tm5Zd1luZFpOR1F4ZDFCd1YzVlNka3BMV0dSVE5taDNVamhzTURWaFlVbHdXRFJxY0FwRmVVVXdXbWxIV0ZGV1FWUjRjVEJ0TDNSR1pFdGxRalF4VjBoSE0xTXdhRVY2SzFZMk4wY3hkVXhaWkVOTVpIcFNPV2R4YVhGWFlsWnNNbkpRYjA5MENsTXpRbkJTYml0VmRXUXhlVzlHYW5kMVNYUXplbGhJUzFWTWJISXZhRk0wVUROR1dGWlRPVlo2WW5aT1ZqWkRaa2MxT0c0NE56QTBiR3hqYjFsU2VWRUtjVFpOV2toWlNqUkRjMWQ1U2s5YUsyUTVOWHA1TmxGaWFFTkJkVTByTW01WlExSXdXUzk0VmpsWmRXTjFVa3BRWlROdk1uRlpSVEo2VlRoS2JrWk9Vd3BPVEZKbmJFZ3JWamhwUVRGeVEyMVJUSEp1YlRKMFdsTm1jRFJtYTNweWQxQjNZa05GVjJkaFFXWTJOekZuVmxGaE9YUXlkMEptYmxSUUwxZHFaMEpZQ2xVeFNYWXZlVEJ1UjFGSlJFRlJRVUp2TUVsM1VVUkJUMEpuVGxaSVVUaENRV1k0UlVKQlRVTkJjVkYzUkhkWlJGWlNNRlJCVVVndlFrRlZkMEYzUlVJS0wzcEJaRUpuVGxaSVVUUkZSbWRSVlhKQ1RWYzJWRWhLVEdWVlpuQTBNVkpGZDNSQmVEUnpTalJJYjNkRVVWbEtTMjlhU1doMlkwNUJVVVZNUWxGQlJBcG5aMFZDUVVod2JGbGtWVUphTWpSb1JGQnlSV1J4UlhFeGJtVlFVRGhPU2tWUVJuSk9kR1ZuU0U5bmJrOTZSR0ozV2xaYVJYRm1WM0phT0dndkwwOWFDaTlKZERsNVNXZE5jMmhhWVVWSlVGVXpjVmRNTjJ0bVpqSk1XRGxCVEdoWWVtUnJOakZHUjNOT00weDROMjk1Ymtwd2JtOUhXVGxXV1dsMlNrSlRiWElLUlZwbGIzZzJVVTVKVUhWMU9XdHNjMUZFVEM5dWRVNVlUREpNUzBsUVlubGFNU3RsU1M5cVREVjNVakJqYzJNMVdubFRaV053ZHpWUWMweEdWblJZWlFwb1l6UkhlRlJXV2xZMFVXNXlaa3A1VUN0dE5WQnFaMUJZZEUxNWVqZDJSV2R0TVRsU1VsTXJNSGxGU21WRFZtVm5SMHRQU0d3dlZsSktiRkZpYnpGMUNrcEhNblJrVTNoUFRIWXpUbTExY1VndlYxZGxWVGxTVVVkNFFVWnhObWhRVURadlVWRlFlWGh0WW14QldIaDJOemxWWW1KaUsyeHlaREFyZEZKM2JuUUtXa2h4ZUdGQmJuaFVWbTR3UVVFM1p6Vk5XVzlTTTNac2FGVlJQUW90TFMwdExVVk9SQ0JEUlZKVVNVWkpRMEZVUlMwdExTMHRDZz09IiwidmVyaWZpY2F0aW9uIjp7fX1dfX0sInRpbWVvdXRzIjp7fSwidmVyc2lvbiI6IjIuMi4wIn0sIm5ldHdvcmtkIjp7fSwicGFzc3dkIjp7fSwic3RvcmFnZSI6e30sInN5c3RlbWQiOnt9fQo=\",\"verification\":{}}]},\"timeouts\":{},\"version\":\"2.1.0\"},\"networkd\":{},\"passwd\":{},\"storage\":{\"files\":[{\"filesystem\":\"root\",\"group\":{},\"path\":\"/etc/hostname\",\"user\":{},\"contents\":{\"source\":\"data:text/plain;charset=utf-8;base64,Y29tcHV0ZS0w\",\"verification\":{}},\"mode\":420},{\"filesystem\":\"root\",\"group\":{},\"path\":\"/etc/sysconfig/network-scripts/ifcfg-ens192\",\"user\":{},\"contents\":{\"source\":\"data:text/plain;charset=utf-8;base64,VFlQRT1FdGhlcm5ldApCT09UUFJPVE89bm9uZQpOQU1FPWVuczE5MgpERVZJQ0U9ZW5zMTkyCk9OQk9PVD15ZXMKSVBBRERSPTE5Mi4xNjguMTAxLjEwNApQUkVGSVg9MzAKR0FURVdBWT0xOTIuMTY4LjEwMS4xMDEKRE9NQUlOPWt1YmUuc2FuZHouY29tLnBoCkROUzE9MTkyLjE2OC4xMDEuNQpETlMyPTkuOS45LjkK\",\"verification\":{}},\"mode\":420}]},\"systemd\":{\"units\":[{\"contents\":\"[Unit]\\nConditionFirstBoot=yes\\n[Service]\\nType=idle\\nExecStart=/sbin/reboot\\n[Install]\\nWantedBy=multi-user.target\\n\",\"enabled\":true,\"name\":\"restart.service\"}]}}",
                            "systemd.#": "1",
                            "systemd.0": "2b2088c1732c1d1acffcbbe6386c2952e57ca2903cec0dc24bd4cb0f42abc300"
                        },
                        "meta": {},
                        "tainted": false
                    },
                    "deposed": [],
                    "provider": "module.compute.provider.ignition"
                },
                "data.ignition_config.ign.1": {
                    "type": "ignition_config",
                    "depends_on": [
                        "data.ignition_file.hostname.*",
                        "data.ignition_file.static_ip.*",
                        "data.ignition_systemd_unit.restart.*",
                        "local.ignition_encoded"
                    ],
                    "primary": {
                        "id": "445193b9ac8f0e15aaba386aa30d1a8c8e0590305f8456f145dbd4645f662c40",
                        "attributes": {
                            "append.#": "1",
                            "append.0.source": "data:text/plain;charset=utf-8;base64,eyJpZ25pdGlvbiI6eyJjb25maWciOnsiYXBwZW5kIjpbeyJzb3VyY2UiOiJodHRwczovL2FwaS1pbnQua3ViZS5zYW5kei5jb20ucGg6MjI2MjMvY29uZmlnL3dvcmtlciIsInZlcmlmaWNhdGlvbiI6e319XX0sInNlY3VyaXR5Ijp7InRscyI6eyJjZXJ0aWZpY2F0ZUF1dGhvcml0aWVzIjpbeyJzb3VyY2UiOiJkYXRhOnRleHQvcGxhaW47Y2hhcnNldD11dGYtODtiYXNlNjQsTFMwdExTMUNSVWRKVGlCRFJWSlVTVVpKUTBGVVJTMHRMUzB0Q2sxSlNVUkZSRU5EUVdacFowRjNTVUpCWjBsSldUVnFWM2RLYjNveVVrMTNSRkZaU2t0dldrbG9kbU5PUVZGRlRFSlJRWGRLYWtWVFRVSkJSMEV4VlVVS1EzaE5TbUl6UW14aWJrNXZZVmRhTUUxU1FYZEVaMWxFVmxGUlJFVjNaSGxpTWprd1RGZE9hRTFDTkZoRVZFbDNUVVJKZUU1RVFUVk5ha1V4VGxadldBcEVWRTEzVFVSSmVFMVVRVFZOYWtVeFRsWnZkMHBxUlZOTlFrRkhRVEZWUlVONFRVcGlNMEpzWW01T2IyRlhXakJOVWtGM1JHZFpSRlpSVVVSRmQyUjVDbUl5T1RCTVYwNW9UVWxKUWtscVFVNUNaMnR4YUd0cFJ6bDNNRUpCVVVWR1FVRlBRMEZST0VGTlNVbENRMmRMUTBGUlJVRnpUM3BaVDJnMlFYbzJNRGdLUVVnM1oySXJiRXhCU2tGNFVWbElja2RaY25wM1psVkNhalJ4Tm5Zd1luZFpOR1F4ZDFCd1YzVlNka3BMV0dSVE5taDNVamhzTURWaFlVbHdXRFJxY0FwRmVVVXdXbWxIV0ZGV1FWUjRjVEJ0TDNSR1pFdGxRalF4VjBoSE0xTXdhRVY2SzFZMk4wY3hkVXhaWkVOTVpIcFNPV2R4YVhGWFlsWnNNbkpRYjA5MENsTXpRbkJTYml0VmRXUXhlVzlHYW5kMVNYUXplbGhJUzFWTWJISXZhRk0wVUROR1dGWlRPVlo2WW5aT1ZqWkRaa2MxT0c0NE56QTBiR3hqYjFsU2VWRUtjVFpOV2toWlNqUkRjMWQ1U2s5YUsyUTVOWHA1TmxGaWFFTkJkVTByTW01WlExSXdXUzk0VmpsWmRXTjFVa3BRWlROdk1uRlpSVEo2VlRoS2JrWk9Vd3BPVEZKbmJFZ3JWamhwUVRGeVEyMVJUSEp1YlRKMFdsTm1jRFJtYTNweWQxQjNZa05GVjJkaFFXWTJOekZuVmxGaE9YUXlkMEptYmxSUUwxZHFaMEpZQ2xVeFNYWXZlVEJ1UjFGSlJFRlJRVUp2TUVsM1VVUkJUMEpuVGxaSVVUaENRV1k0UlVKQlRVTkJjVkYzUkhkWlJGWlNNRlJCVVVndlFrRlZkMEYzUlVJS0wzcEJaRUpuVGxaSVVUUkZSbWRSVlhKQ1RWYzJWRWhLVEdWVlpuQTBNVkpGZDNSQmVEUnpTalJJYjNkRVVWbEtTMjlhU1doMlkwNUJVVVZNUWxGQlJBcG5aMFZDUVVod2JGbGtWVUphTWpSb1JGQnlSV1J4UlhFeGJtVlFVRGhPU2tWUVJuSk9kR1ZuU0U5bmJrOTZSR0ozV2xaYVJYRm1WM0phT0dndkwwOWFDaTlKZERsNVNXZE5jMmhhWVVWSlVGVXpjVmRNTjJ0bVpqSk1XRGxCVEdoWWVtUnJOakZHUjNOT00weDROMjk1Ymtwd2JtOUhXVGxXV1dsMlNrSlRiWElLUlZwbGIzZzJVVTVKVUhWMU9XdHNjMUZFVEM5dWRVNVlUREpNUzBsUVlubGFNU3RsU1M5cVREVjNVakJqYzJNMVdubFRaV053ZHpWUWMweEdWblJZWlFwb1l6UkhlRlJXV2xZMFVXNXlaa3A1VUN0dE5WQnFaMUJZZEUxNWVqZDJSV2R0TVRsU1VsTXJNSGxGU21WRFZtVm5SMHRQU0d3dlZsSktiRkZpYnpGMUNrcEhNblJrVTNoUFRIWXpUbTExY1VndlYxZGxWVGxTVVVkNFFVWnhObWhRVURadlVWRlFlWGh0WW14QldIaDJOemxWWW1KaUsyeHlaREFyZEZKM2JuUUtXa2h4ZUdGQmJuaFVWbTR3UVVFM1p6Vk5XVzlTTTNac2FGVlJQUW90TFMwdExVVk9SQ0JEUlZKVVNVWkpRMEZVUlMwdExTMHRDZz09IiwidmVyaWZpY2F0aW9uIjp7fX1dfX0sInRpbWVvdXRzIjp7fSwidmVyc2lvbiI6IjIuMi4wIn0sIm5ldHdvcmtkIjp7fSwicGFzc3dkIjp7fSwic3RvcmFnZSI6e30sInN5c3RlbWQiOnt9fQo=",
                            "append.0.verification": "",
                            "files.#": "2",
                            "files.0": "1e97e2d3a67b78b2544f52624b027104ac05fa7935eb463cc91b2a41216a43fe",
                            "files.1": "ee3015b82500cf120458b40361e8aca0b751da981c6695ccca608bf894100af3",
                            "id": "445193b9ac8f0e15aaba386aa30d1a8c8e0590305f8456f145dbd4645f662c40",
                            "rendered": "{\"ignition\":{\"config\":{\"append\":[{\"source\":\"data:text/plain;charset=utf-8;base64,eyJpZ25pdGlvbiI6eyJjb25maWciOnsiYXBwZW5kIjpbeyJzb3VyY2UiOiJodHRwczovL2FwaS1pbnQua3ViZS5zYW5kei5jb20ucGg6MjI2MjMvY29uZmlnL3dvcmtlciIsInZlcmlmaWNhdGlvbiI6e319XX0sInNlY3VyaXR5Ijp7InRscyI6eyJjZXJ0aWZpY2F0ZUF1dGhvcml0aWVzIjpbeyJzb3VyY2UiOiJkYXRhOnRleHQvcGxhaW47Y2hhcnNldD11dGYtODtiYXNlNjQsTFMwdExTMUNSVWRKVGlCRFJWSlVTVVpKUTBGVVJTMHRMUzB0Q2sxSlNVUkZSRU5EUVdacFowRjNTVUpCWjBsSldUVnFWM2RLYjNveVVrMTNSRkZaU2t0dldrbG9kbU5PUVZGRlRFSlJRWGRLYWtWVFRVSkJSMEV4VlVVS1EzaE5TbUl6UW14aWJrNXZZVmRhTUUxU1FYZEVaMWxFVmxGUlJFVjNaSGxpTWprd1RGZE9hRTFDTkZoRVZFbDNUVVJKZUU1RVFUVk5ha1V4VGxadldBcEVWRTEzVFVSSmVFMVVRVFZOYWtVeFRsWnZkMHBxUlZOTlFrRkhRVEZWUlVONFRVcGlNMEpzWW01T2IyRlhXakJOVWtGM1JHZFpSRlpSVVVSRmQyUjVDbUl5T1RCTVYwNW9UVWxKUWtscVFVNUNaMnR4YUd0cFJ6bDNNRUpCVVVWR1FVRlBRMEZST0VGTlNVbENRMmRMUTBGUlJVRnpUM3BaVDJnMlFYbzJNRGdLUVVnM1oySXJiRXhCU2tGNFVWbElja2RaY25wM1psVkNhalJ4Tm5Zd1luZFpOR1F4ZDFCd1YzVlNka3BMV0dSVE5taDNVamhzTURWaFlVbHdXRFJxY0FwRmVVVXdXbWxIV0ZGV1FWUjRjVEJ0TDNSR1pFdGxRalF4VjBoSE0xTXdhRVY2SzFZMk4wY3hkVXhaWkVOTVpIcFNPV2R4YVhGWFlsWnNNbkpRYjA5MENsTXpRbkJTYml0VmRXUXhlVzlHYW5kMVNYUXplbGhJUzFWTWJISXZhRk0wVUROR1dGWlRPVlo2WW5aT1ZqWkRaa2MxT0c0NE56QTBiR3hqYjFsU2VWRUtjVFpOV2toWlNqUkRjMWQ1U2s5YUsyUTVOWHA1TmxGaWFFTkJkVTByTW01WlExSXdXUzk0VmpsWmRXTjFVa3BRWlROdk1uRlpSVEo2VlRoS2JrWk9Vd3BPVEZKbmJFZ3JWamhwUVRGeVEyMVJUSEp1YlRKMFdsTm1jRFJtYTNweWQxQjNZa05GVjJkaFFXWTJOekZuVmxGaE9YUXlkMEptYmxSUUwxZHFaMEpZQ2xVeFNYWXZlVEJ1UjFGSlJFRlJRVUp2TUVsM1VVUkJUMEpuVGxaSVVUaENRV1k0UlVKQlRVTkJjVkYzUkhkWlJGWlNNRlJCVVVndlFrRlZkMEYzUlVJS0wzcEJaRUpuVGxaSVVUUkZSbWRSVlhKQ1RWYzJWRWhLVEdWVlpuQTBNVkpGZDNSQmVEUnpTalJJYjNkRVVWbEtTMjlhU1doMlkwNUJVVVZNUWxGQlJBcG5aMFZDUVVod2JGbGtWVUphTWpSb1JGQnlSV1J4UlhFeGJtVlFVRGhPU2tWUVJuSk9kR1ZuU0U5bmJrOTZSR0ozV2xaYVJYRm1WM0phT0dndkwwOWFDaTlKZERsNVNXZE5jMmhhWVVWSlVGVXpjVmRNTjJ0bVpqSk1XRGxCVEdoWWVtUnJOakZHUjNOT00weDROMjk1Ymtwd2JtOUhXVGxXV1dsMlNrSlRiWElLUlZwbGIzZzJVVTVKVUhWMU9XdHNjMUZFVEM5dWRVNVlUREpNUzBsUVlubGFNU3RsU1M5cVREVjNVakJqYzJNMVdubFRaV053ZHpWUWMweEdWblJZWlFwb1l6UkhlRlJXV2xZMFVXNXlaa3A1VUN0dE5WQnFaMUJZZEUxNWVqZDJSV2R0TVRsU1VsTXJNSGxGU21WRFZtVm5SMHRQU0d3dlZsSktiRkZpYnpGMUNrcEhNblJrVTNoUFRIWXpUbTExY1VndlYxZGxWVGxTVVVkNFFVWnhObWhRVURadlVWRlFlWGh0WW14QldIaDJOemxWWW1KaUsyeHlaREFyZEZKM2JuUUtXa2h4ZUdGQmJuaFVWbTR3UVVFM1p6Vk5XVzlTTTNac2FGVlJQUW90TFMwdExVVk9SQ0JEUlZKVVNVWkpRMEZVUlMwdExTMHRDZz09IiwidmVyaWZpY2F0aW9uIjp7fX1dfX0sInRpbWVvdXRzIjp7fSwidmVyc2lvbiI6IjIuMi4wIn0sIm5ldHdvcmtkIjp7fSwicGFzc3dkIjp7fSwic3RvcmFnZSI6e30sInN5c3RlbWQiOnt9fQo=\",\"verification\":{}}]},\"timeouts\":{},\"version\":\"2.1.0\"},\"networkd\":{},\"passwd\":{},\"storage\":{\"files\":[{\"filesystem\":\"root\",\"group\":{},\"path\":\"/etc/hostname\",\"user\":{},\"contents\":{\"source\":\"data:text/plain;charset=utf-8;base64,Y29tcHV0ZS0x\",\"verification\":{}},\"mode\":420},{\"filesystem\":\"root\",\"group\":{},\"path\":\"/etc/sysconfig/network-scripts/ifcfg-ens192\",\"user\":{},\"contents\":{\"source\":\"data:text/plain;charset=utf-8;base64,VFlQRT1FdGhlcm5ldApCT09UUFJPVE89bm9uZQpOQU1FPWVuczE5MgpERVZJQ0U9ZW5zMTkyCk9OQk9PVD15ZXMKSVBBRERSPTE5Mi4xNjguMTAxLjEwNQpQUkVGSVg9MzAKR0FURVdBWT0xOTIuMTY4LjEwMS4xMDEKRE9NQUlOPWt1YmUuc2FuZHouY29tLnBoCkROUzE9MTkyLjE2OC4xMDEuNQpETlMyPTkuOS45LjkK\",\"verification\":{}},\"mode\":420}]},\"systemd\":{\"units\":[{\"contents\":\"[Unit]\\nConditionFirstBoot=yes\\n[Service]\\nType=idle\\nExecStart=/sbin/reboot\\n[Install]\\nWantedBy=multi-user.target\\n\",\"enabled\":true,\"name\":\"restart.service\"}]}}",
                            "systemd.#": "1",
                            "systemd.0": "2b2088c1732c1d1acffcbbe6386c2952e57ca2903cec0dc24bd4cb0f42abc300"
                        },
                        "meta": {},
                        "tainted": false
                    },
                    "deposed": [],
                    "provider": "module.compute.provider.ignition"
                },
                "data.ignition_file.hostname.0": {
                    "type": "ignition_file",
                    "depends_on": [],
                    "primary": {
                        "id": "37cb0d6ae78c6a1605286cc8070f084949a99933a4320e111c37cf31e79127f7",
                        "attributes": {
                            "content.#": "1",
                            "content.0.content": "compute-0",
                            "content.0.mime": "text/plain",
                            "filesystem": "root",
                            "id": "37cb0d6ae78c6a1605286cc8070f084949a99933a4320e111c37cf31e79127f7",
                            "mode": "420",
                            "path": "/etc/hostname"
                        },
                        "meta": {},
                        "tainted": false
                    },
                    "deposed": [],
                    "provider": "module.compute.provider.ignition"
                },
                "data.ignition_file.hostname.1": {
                    "type": "ignition_file",
                    "depends_on": [],
                    "primary": {
                        "id": "1e97e2d3a67b78b2544f52624b027104ac05fa7935eb463cc91b2a41216a43fe",
                        "attributes": {
                            "content.#": "1",
                            "content.0.content": "compute-1",
                            "content.0.mime": "text/plain",
                            "filesystem": "root",
                            "id": "1e97e2d3a67b78b2544f52624b027104ac05fa7935eb463cc91b2a41216a43fe",
                            "mode": "420",
                            "path": "/etc/hostname"
                        },
                        "meta": {},
                        "tainted": false
                    },
                    "deposed": [],
                    "provider": "module.compute.provider.ignition"
                },
                "data.ignition_file.static_ip.0": {
                    "type": "ignition_file",
                    "depends_on": [
                        "local.gw",
                        "local.ip_addresses",
                        "local.mask"
                    ],
                    "primary": {
                        "id": "d766bad1034de8359b9e1a1163c0df512baaa0357233ec948612b0e90950632a",
                        "attributes": {
                            "content.#": "1",
                            "content.0.content": "TYPE=Ethernet\nBOOTPROTO=none\nNAME=ens192\nDEVICE=ens192\nONBOOT=yes\nIPADDR=192.168.101.104\nPREFIX=30\nGATEWAY=192.168.101.101\nDOMAIN=kube.sandz.com.ph\nDNS1=192.168.101.5\nDNS2=9.9.9.9\n",
                            "content.0.mime": "text/plain",
                            "filesystem": "root",
                            "id": "d766bad1034de8359b9e1a1163c0df512baaa0357233ec948612b0e90950632a",
                            "mode": "420",
                            "path": "/etc/sysconfig/network-scripts/ifcfg-ens192"
                        },
                        "meta": {},
                        "tainted": false
                    },
                    "deposed": [],
                    "provider": "module.compute.provider.ignition"
                },
                "data.ignition_file.static_ip.1": {
                    "type": "ignition_file",
                    "depends_on": [
                        "local.gw",
                        "local.ip_addresses",
                        "local.mask"
                    ],
                    "primary": {
                        "id": "ee3015b82500cf120458b40361e8aca0b751da981c6695ccca608bf894100af3",
                        "attributes": {
                            "content.#": "1",
                            "content.0.content": "TYPE=Ethernet\nBOOTPROTO=none\nNAME=ens192\nDEVICE=ens192\nONBOOT=yes\nIPADDR=192.168.101.105\nPREFIX=30\nGATEWAY=192.168.101.101\nDOMAIN=kube.sandz.com.ph\nDNS1=192.168.101.5\nDNS2=9.9.9.9\n",
                            "content.0.mime": "text/plain",
                            "filesystem": "root",
                            "id": "ee3015b82500cf120458b40361e8aca0b751da981c6695ccca608bf894100af3",
                            "mode": "420",
                            "path": "/etc/sysconfig/network-scripts/ifcfg-ens192"
                        },
                        "meta": {},
                        "tainted": false
                    },
                    "deposed": [],
                    "provider": "module.compute.provider.ignition"
                },
                "data.ignition_systemd_unit.restart.0": {
                    "type": "ignition_systemd_unit",
                    "depends_on": [],
                    "primary": {
                        "id": "2b2088c1732c1d1acffcbbe6386c2952e57ca2903cec0dc24bd4cb0f42abc300",
                        "attributes": {
                            "content": "[Unit]\nConditionFirstBoot=yes\n[Service]\nType=idle\nExecStart=/sbin/reboot\n[Install]\nWantedBy=multi-user.target\n",
                            "enabled": "true",
                            "id": "2b2088c1732c1d1acffcbbe6386c2952e57ca2903cec0dc24bd4cb0f42abc300",
                            "name": "restart.service"
                        },
                        "meta": {},
                        "tainted": false
                    },
                    "deposed": [],
                    "provider": "module.compute.provider.ignition"
                },
                "data.ignition_systemd_unit.restart.1": {
                    "type": "ignition_systemd_unit",
                    "depends_on": [],
                    "primary": {
                        "id": "2b2088c1732c1d1acffcbbe6386c2952e57ca2903cec0dc24bd4cb0f42abc300",
                        "attributes": {
                            "content": "[Unit]\nConditionFirstBoot=yes\n[Service]\nType=idle\nExecStart=/sbin/reboot\n[Install]\nWantedBy=multi-user.target\n",
                            "enabled": "true",
                            "id": "2b2088c1732c1d1acffcbbe6386c2952e57ca2903cec0dc24bd4cb0f42abc300",
                            "name": "restart.service"
                        },
                        "meta": {},
                        "tainted": false
                    },
                    "deposed": [],
                    "provider": "module.compute.provider.ignition"
                },
                "data.vsphere_datastore.datastore": {
                    "type": "vsphere_datastore",
                    "depends_on": [],
                    "primary": {
                        "id": "datastore-1822",
                        "attributes": {
                            "datacenter_id": "datacenter-2",
                            "id": "datastore-1822",
                            "name": "DevOps"
                        },
                        "meta": {},
                        "tainted": false
                    },
                    "deposed": [],
                    "provider": "provider.vsphere"
                },
                "data.vsphere_network.network": {
                    "type": "vsphere_network",
                    "depends_on": [],
                    "primary": {
                        "id": "network-1001",
                        "attributes": {
                            "datacenter_id": "datacenter-2",
                            "id": "network-1001",
                            "name": "No VLAN",
                            "type": "Network"
                        },
                        "meta": {},
                        "tainted": false
                    },
                    "deposed": [],
                    "provider": "provider.vsphere"
                },
                "data.vsphere_virtual_machine.template": {
                    "type": "vsphere_virtual_machine",
                    "depends_on": [],
                    "primary": {
                        "id": "42133444-3a0e-876a-e712-026d5b1f53b2",
                        "attributes": {
                            "alternate_guest_name": "",
                            "datacenter_id": "datacenter-2",
                            "disks.#": "1",
                            "disks.0.eagerly_scrub": "false",
                            "disks.0.size": "16",
                            "disks.0.thin_provisioned": "false",
                            "firmware": "bios",
                            "guest_id": "rhel7_64Guest",
                            "guest_ip_addresses.#": "0",
                            "id": "42133444-3a0e-876a-e712-026d5b1f53b2",
                            "name": "rhcos-4.3.0",
                            "network_interface_types.#": "1",
                            "network_interface_types.0": "vmxnet3",
                            "scsi_bus_sharing": "noSharing",
                            "scsi_controller_scan_count": "1",
                            "scsi_type": "pvscsi"
                        },
                        "meta": {},
                        "tainted": false
                    },
                    "deposed": [],
                    "provider": "provider.vsphere"
                },
                "vsphere_virtual_machine.vm.0": {
                    "type": "vsphere_virtual_machine",
                    "depends_on": [
                        "data.ignition_config.ign.*",
                        "data.vsphere_datastore.datastore",
                        "data.vsphere_network.network",
                        "data.vsphere_virtual_machine.template"
                    ],
                    "primary": {
                        "id": "4213aef8-0ef1-ba96-758d-e4b9aab6ab51",
                        "attributes": {
                            "alternate_guest_name": "",
                            "annotation": "",
                            "boot_delay": "0",
                            "boot_retry_delay": "10000",
                            "boot_retry_enabled": "false",
                            "cdrom.#": "0",
                            "change_version": "2020-02-17T17:18:46.598819Z",
                            "clone.#": "1",
                            "clone.0.customize.#": "0",
                            "clone.0.linked_clone": "false",
                            "clone.0.template_uuid": "42133444-3a0e-876a-e712-026d5b1f53b2",
                            "clone.0.timeout": "30",
                            "cpu_hot_add_enabled": "false",
                            "cpu_hot_remove_enabled": "false",
                            "cpu_limit": "-1",
                            "cpu_performance_counters_enabled": "false",
                            "cpu_reservation": "0",
                            "cpu_share_count": "4000",
                            "cpu_share_level": "normal",
                            "custom_attributes.%": "0",
                            "datastore_id": "datastore-1822",
                            "disk.#": "1",
                            "disk.0.attach": "false",
                            "disk.0.datastore_id": "datastore-1822",
                            "disk.0.device_address": "scsi:0:0",
                            "disk.0.disk_mode": "persistent",
                            "disk.0.disk_sharing": "sharingNone",
                            "disk.0.eagerly_scrub": "false",
                            "disk.0.io_limit": "-1",
                            "disk.0.io_reservation": "0",
                            "disk.0.io_share_count": "1000",
                            "disk.0.io_share_level": "normal",
                            "disk.0.keep_on_remove": "false",
                            "disk.0.key": "2000",
                            "disk.0.label": "disk0",
                            "disk.0.name": "",
                            "disk.0.path": "compute-0/compute-0.vmdk",
                            "disk.0.size": "120",
                            "disk.0.storage_policy_id": "",
                            "disk.0.thin_provisioned": "false",
                            "disk.0.unit_number": "0",
                            "disk.0.uuid": "6000C292-fcc8-6b3b-0d1b-c22132cfb261",
                            "disk.0.write_through": "false",
                            "efi_secure_boot_enabled": "false",
                            "enable_disk_uuid": "true",
                            "enable_logging": "false",
                            "ept_rvi_mode": "automatic",
                            "extra_config.%": "0",
                            "firmware": "bios",
                            "folder": "kube",
                            "force_power_off": "true",
                            "guest_id": "rhel7_64Guest",
                            "guest_ip_addresses.#": "0",
                            "host_system_id": "host-15",
                            "hv_mode": "hvAuto",
                            "id": "4213aef8-0ef1-ba96-758d-e4b9aab6ab51",
                            "latency_sensitivity": "normal",
                            "memory": "8192",
                            "memory_hot_add_enabled": "false",
                            "memory_limit": "-1",
                            "memory_reservation": "0",
                            "memory_share_count": "81920",
                            "memory_share_level": "normal",
                            "migrate_wait_timeout": "30",
                            "moid": "vm-1931",
                            "name": "compute-0",
                            "nested_hv_enabled": "false",
                            "network_interface.#": "1",
                            "network_interface.0.adapter_type": "vmxnet3",
                            "network_interface.0.bandwidth_limit": "-1",
                            "network_interface.0.bandwidth_reservation": "0",
                            "network_interface.0.bandwidth_share_count": "50",
                            "network_interface.0.bandwidth_share_level": "normal",
                            "network_interface.0.device_address": "pci:0:7",
                            "network_interface.0.key": "4000",
                            "network_interface.0.mac_address": "00:50:56:93:39:cd",
                            "network_interface.0.network_id": "network-1001",
                            "network_interface.0.use_static_mac": "false",
                            "num_cores_per_socket": "1",
                            "num_cpus": "4",
                            "reboot_required": "false",
                            "resource_pool_id": "resgroup-1925",
                            "run_tools_scripts_after_power_on": "true",
                            "run_tools_scripts_after_resume": "true",
                            "run_tools_scripts_before_guest_reboot": "false",
                            "run_tools_scripts_before_guest_shutdown": "true",
                            "run_tools_scripts_before_guest_standby": "true",
                            "scsi_bus_sharing": "noSharing",
                            "scsi_controller_count": "1",
                            "scsi_type": "pvscsi",
                            "shutdown_wait_timeout": "3",
                            "storage_policy_id": "",
                            "swap_placement_policy": "inherit",
                            "sync_time_with_host": "false",
                            "tags.#": "0",
                            "uuid": "4213aef8-0ef1-ba96-758d-e4b9aab6ab51",
                            "vapp.#": "1",
                            "vapp.0.properties.%": "2",
                            "vapp.0.properties.guestinfo.ignition.config.data": "eyJpZ25pdGlvbiI6eyJjb25maWciOnsiYXBwZW5kIjpbeyJzb3VyY2UiOiJkYXRhOnRleHQvcGxhaW47Y2hhcnNldD11dGYtODtiYXNlNjQsZXlKcFoyNXBkR2x2YmlJNmV5SmpiMjVtYVdjaU9uc2lZWEJ3Wlc1a0lqcGJleUp6YjNWeVkyVWlPaUpvZEhSd2N6b3ZMMkZ3YVMxcGJuUXVhM1ZpWlM1ellXNWtlaTVqYjIwdWNHZzZNakkyTWpNdlkyOXVabWxuTDNkdmNtdGxjaUlzSW5abGNtbG1hV05oZEdsdmJpSTZlMzE5WFgwc0luTmxZM1Z5YVhSNUlqcDdJblJzY3lJNmV5SmpaWEowYVdacFkyRjBaVUYxZEdodmNtbDBhV1Z6SWpwYmV5SnpiM1Z5WTJVaU9pSmtZWFJoT25SbGVIUXZjR3hoYVc0N1kyaGhjbk5sZEQxMWRHWXRPRHRpWVhObE5qUXNURk13ZEV4VE1VTlNWV1JLVkdsQ1JGSldTbFZUVlZwS1VUQkdWVkpUTUhSTVV6QjBRMnN4U2xOVlVrWlNSVTVFVVZkYWNGb3dSak5UVlVwQ1dqQnNTbGRVVm5GV00yUkxZak52ZVZWck1UTlNSa1phVTJ0MGRsZHJiRzlrYlU1UFVWWkdSbFJGU2xKUldHUkxZV3RXVkZSVlNrSlNNRVY0VmxWVlMxRXphRTVUYlVsNlVXMTRhV0pyTlhaWlZtUmhUVVV4VTFGWVpFVmFNV3hGVm14R1VsSkZWak5hU0d4cFRXcHJkMVJHWkU5aFJURkRUa1pvUlZaRmJETlVWVkpLWlVVMVJWRlVWazVoYTFWNFZHeGFkbGRCY0VWV1JURXpWRlZTU21WRk1WVlJWRlpPWVd0VmVGUnNXblprTUhCeFVsWk9UbEZyUmtoUlZFWldVbFZPTkZSVmNHbE5NRXB6V1cwMVQySXlSbGhYYWtKT1ZXdEdNMUpIWkZwU1JscFNWVlZTUm1ReVVqVkRiVWw1VDFSQ1RWWXdOVzlVVld4S1VXdHNjVkZWTlVOYU1uUjRZVWQwY0ZKNmJETk5SVXBDVlZWV1IxRlZSbEJSTUVaU1QwVkdUbE5WYkVOUk1tUk1VVEJHVWxKVlJucFVNM0JhVkRKbk1sRlliekpOUkdkTFVWVm5NMW95U1hKaVJYaENVMnRHTkZWV2JFbGphMlJhWTI1d00xcHNWa05oYWxKNFRtNVpkMWx1WkZwT1IxRjRaREZDZDFZelZsTmthM0JNVjBkU1ZFNXRhRE5WYW1oelRVUldhRmxWYkhkWFJGSnhZMEZ3Um1WVlZYZFhiV3hJVjBaR1YxRldValJqVkVKMFRETlNSMXBGZEd4UmFsRjRWakJvU0UweFRYZGhSVlkyU3pGWk1rNHdZM2hrVlhoYVdrVk9UVnBJY0ZOUFYyUjRZVmhHV0Zsc1duTk5ia3BSWWpBNU1FTnNUWHBSYmtKVFltbDBWbVJYVVhobFZ6bEhZVzVrTVZOWVVYcGxiR2hKVXpGV1RXSklTWFpoUmswd1ZVUk9SMWRHV2xSUFZsbzJXVzVhVDFacVdrUmFhMk14VDBjME5FNTZRVEJpUjNocVlqRnNVMlZXUlV0alZGcE9WMnRvV2xOcVVrUmpNV1ExVTJzNVlVc3lVVFZPV0hBMVRteEdhV0ZGVGtKa1ZUQnlUVzAxV2xFeFNYZFhVemswVm1wc1dtUlhUakZWYTNCUldsUk9kazF1UmxwU1ZFbzJWbFJvUzJKcldrOVZkM0JQVkVaS2JtSkZaM0pXYW1od1VWUkdlVkV5TVZKVVNFcDFZbFJLTUZkc1RtMWpSRkp0WVROd2VXUXhRak5aYTA1R1ZqSmthRkZYV1RKT2VrWnVWbXhHYUU5WVVYbGtNRXB0WW14U1VVd3haSEZhTUVwWlEyeFZlRk5ZV1habFZFSjFVakZHU2xKRlJsSlJWVXAyVFVWc00xVlZVa0pVTUVwdVZHeGFTVlZVYUVOUlYxazBVbFZLUWxSVlRrSmpWa1l6VWtoa1dsSkdXbE5OUmxKQ1ZWVm5kbEZyUmxaa01FWXpVbFZKUzB3emNFSmFSVXB1Vkd4YVNWVlVVa1pTYldSU1ZsaEtRMVJXWXpKV1JXaExWRWRXVmxwdVFUQk5Wa3BHWkROU1FtVkVVbnBUYWxKSllqTmtSVlZXYkV0VE1qbGhVMWRvTWxrd05VSlZWVlpOVVd4R1FsSkJjRzVhTUZaRFVWVm9kMkpHYkd0V1ZVcGhUV3BTYjFKR1FubFNWMUo0VWxoRmVHSnRWbEZWUkdoUFUydFdVVkp1U2s5a1IxWnVVMFU1Ym1Kck9UWlNSMG96VjJ4YVlWSllSbTFXTTBwaFQwZG5ka3d3T1dGRGFUbEtaRVJzTlZOWFpFNWpNbWhoV1ZWV1NsVkdWWHBqVm1STlRqSjBiVnBxU2sxWFJHeENWRWRvV1dWdFVuSk9ha1pIVWpOT1QwMHdlRFJPTWprMVltdHdkMkp0T1VoWFZHeFhWMWRzTWxOclNsUmlXRWxMVWxad2JHSXpaekpWVlRWS1ZVaFdNVTlYZEhOak1VWkZWRU01ZFdSVk5WbFVSRXBOVXpCc1VWbHViR0ZOVTNSc1UxTTVjVlJFVmpOVmFrSnFZekpOTVZkdWJGUmFWMDUzWkhwV1VXTXdlRWRXYmxKWldsRndiMWw2VWtobFJsSlhWMnhaTUZWWE5YbGFhM0ExVlVOMGRFNVdRbkZhTVVKWlpFVXhOV1ZxWkRKU1YyUjBUVlJzVTFWc1RYSk5TR3hHVTIxV1JGWnRWbTVTTUhSUVUwZDNkbFpzU2t0aVJrWnBZbnBHTVVOcmNFaE5ibEpyVlROb1VGUklXWHBVYlRFeFkxVm5kbFl4Wkd4V1ZHeFRWVlZrTkZGVlduaE9iV2hSVlVSYWRsVldSbEZsV0doMFdXMTRRbGRJYURKT2VteFdXVzFLYVVzeWVIbGFSRUZ5WkVaS00ySnVVVXRYYTJoNFpVZEdRbUp1YUZWV2JUUjNVVlZGTTFwNlZrNVhWemxUVFROYWMyRkdWbEpRVVc5MFRGTXdkRXhWVms5U1EwSkVVbFpLVlZOVldrcFJNRVpWVWxNd2RFeFRNSFJEWnowOUlpd2lkbVZ5YVdacFkyRjBhVzl1SWpwN2ZYMWRmWDBzSW5ScGJXVnZkWFJ6SWpwN2ZTd2lkbVZ5YzJsdmJpSTZJakl1TWk0d0luMHNJbTVsZEhkdmNtdGtJanA3ZlN3aWNHRnpjM2RrSWpwN2ZTd2ljM1J2Y21GblpTSTZlMzBzSW5ONWMzUmxiV1FpT250OWZRbz0iLCJ2ZXJpZmljYXRpb24iOnt9fV19LCJ0aW1lb3V0cyI6e30sInZlcnNpb24iOiIyLjEuMCJ9LCJuZXR3b3JrZCI6e30sInBhc3N3ZCI6e30sInN0b3JhZ2UiOnsiZmlsZXMiOlt7ImZpbGVzeXN0ZW0iOiJyb290IiwiZ3JvdXAiOnt9LCJwYXRoIjoiL2V0Yy9ob3N0bmFtZSIsInVzZXIiOnt9LCJjb250ZW50cyI6eyJzb3VyY2UiOiJkYXRhOnRleHQvcGxhaW47Y2hhcnNldD11dGYtODtiYXNlNjQsWTI5dGNIVjBaUzB3IiwidmVyaWZpY2F0aW9uIjp7fX0sIm1vZGUiOjQyMH0seyJmaWxlc3lzdGVtIjoicm9vdCIsImdyb3VwIjp7fSwicGF0aCI6Ii9ldGMvc3lzY29uZmlnL25ldHdvcmstc2NyaXB0cy9pZmNmZy1lbnMxOTIiLCJ1c2VyIjp7fSwiY29udGVudHMiOnsic291cmNlIjoiZGF0YTp0ZXh0L3BsYWluO2NoYXJzZXQ9dXRmLTg7YmFzZTY0LFZGbFFSVDFGZEdobGNtNWxkQXBDVDA5VVVGSlBWRTg5Ym05dVpRcE9RVTFGUFdWdWN6RTVNZ3BFUlZaSlEwVTlaVzV6TVRreUNrOU9RazlQVkQxNVpYTUtTVkJCUkVSU1BURTVNaTR4TmpndU1UQXhMakV3TkFwUVVrVkdTVmc5TXpBS1IwRlVSVmRCV1QweE9USXVNVFk0TGpFd01TNHhNREVLUkU5TlFVbE9QV3QxWW1VdWMyRnVaSG91WTI5dExuQm9Da1JPVXpFOU1Ua3lMakUyT0M0eE1ERXVOUXBFVGxNeVBUa3VPUzQ1TGprSyIsInZlcmlmaWNhdGlvbiI6e319LCJtb2RlIjo0MjB9XX0sInN5c3RlbWQiOnsidW5pdHMiOlt7ImNvbnRlbnRzIjoiW1VuaXRdXG5Db25kaXRpb25GaXJzdEJvb3Q9eWVzXG5bU2VydmljZV1cblR5cGU9aWRsZVxuRXhlY1N0YXJ0PS9zYmluL3JlYm9vdFxuW0luc3RhbGxdXG5XYW50ZWRCeT1tdWx0aS11c2VyLnRhcmdldFxuIiwiZW5hYmxlZCI6dHJ1ZSwibmFtZSI6InJlc3RhcnQuc2VydmljZSJ9XX19",
                            "vapp.0.properties.guestinfo.ignition.config.data.encoding": "base64",
                            "vapp_transport.#": "1",
                            "vapp_transport.0": "com.vmware.guestInfo",
                            "vmware_tools_status": "guestToolsNotRunning",
                            "vmx_path": "compute-0/compute-0.vmx",
                            "wait_for_guest_ip_timeout": "0",
                            "wait_for_guest_net_routable": "false",
                            "wait_for_guest_net_timeout": "0"
                        },
                        "meta": {
                            "schema_version": "3"
                        },
                        "tainted": false
                    },
                    "deposed": [],
                    "provider": "provider.vsphere"
                },
                "vsphere_virtual_machine.vm.1": {
                    "type": "vsphere_virtual_machine",
                    "depends_on": [
                        "data.ignition_config.ign.*",
                        "data.vsphere_datastore.datastore",
                        "data.vsphere_network.network",
                        "data.vsphere_virtual_machine.template"
                    ],
                    "primary": {
                        "id": "4213496a-0114-0097-846f-f001e911a0af",
                        "attributes": {
                            "alternate_guest_name": "",
                            "annotation": "",
                            "boot_delay": "0",
                            "boot_retry_delay": "10000",
                            "boot_retry_enabled": "false",
                            "cdrom.#": "0",
                            "change_version": "2020-02-17T17:18:45.591495Z",
                            "clone.#": "1",
                            "clone.0.customize.#": "0",
                            "clone.0.linked_clone": "false",
                            "clone.0.template_uuid": "42133444-3a0e-876a-e712-026d5b1f53b2",
                            "clone.0.timeout": "30",
                            "cpu_hot_add_enabled": "false",
                            "cpu_hot_remove_enabled": "false",
                            "cpu_limit": "-1",
                            "cpu_performance_counters_enabled": "false",
                            "cpu_reservation": "0",
                            "cpu_share_count": "4000",
                            "cpu_share_level": "normal",
                            "custom_attributes.%": "0",
                            "datastore_id": "datastore-1822",
                            "disk.#": "1",
                            "disk.0.attach": "false",
                            "disk.0.datastore_id": "datastore-1822",
                            "disk.0.device_address": "scsi:0:0",
                            "disk.0.disk_mode": "persistent",
                            "disk.0.disk_sharing": "sharingNone",
                            "disk.0.eagerly_scrub": "false",
                            "disk.0.io_limit": "-1",
                            "disk.0.io_reservation": "0",
                            "disk.0.io_share_count": "1000",
                            "disk.0.io_share_level": "normal",
                            "disk.0.keep_on_remove": "false",
                            "disk.0.key": "2000",
                            "disk.0.label": "disk0",
                            "disk.0.name": "",
                            "disk.0.path": "compute-1/compute-1.vmdk",
                            "disk.0.size": "120",
                            "disk.0.storage_policy_id": "",
                            "disk.0.thin_provisioned": "false",
                            "disk.0.unit_number": "0",
                            "disk.0.uuid": "6000C29a-2fa4-4410-bbd6-5355b32328f9",
                            "disk.0.write_through": "false",
                            "efi_secure_boot_enabled": "false",
                            "enable_disk_uuid": "true",
                            "enable_logging": "false",
                            "ept_rvi_mode": "automatic",
                            "extra_config.%": "0",
                            "firmware": "bios",
                            "folder": "kube",
                            "force_power_off": "true",
                            "guest_id": "rhel7_64Guest",
                            "guest_ip_addresses.#": "0",
                            "host_system_id": "host-12",
                            "hv_mode": "hvAuto",
                            "id": "4213496a-0114-0097-846f-f001e911a0af",
                            "latency_sensitivity": "normal",
                            "memory": "8192",
                            "memory_hot_add_enabled": "false",
                            "memory_limit": "-1",
                            "memory_reservation": "0",
                            "memory_share_count": "81920",
                            "memory_share_level": "normal",
                            "migrate_wait_timeout": "30",
                            "moid": "vm-1929",
                            "name": "compute-1",
                            "nested_hv_enabled": "false",
                            "network_interface.#": "1",
                            "network_interface.0.adapter_type": "vmxnet3",
                            "network_interface.0.bandwidth_limit": "-1",
                            "network_interface.0.bandwidth_reservation": "0",
                            "network_interface.0.bandwidth_share_count": "50",
                            "network_interface.0.bandwidth_share_level": "normal",
                            "network_interface.0.device_address": "pci:0:7",
                            "network_interface.0.key": "4000",
                            "network_interface.0.mac_address": "00:50:56:93:8a:89",
                            "network_interface.0.network_id": "network-1001",
                            "network_interface.0.use_static_mac": "false",
                            "num_cores_per_socket": "1",
                            "num_cpus": "4",
                            "reboot_required": "false",
                            "resource_pool_id": "resgroup-1925",
                            "run_tools_scripts_after_power_on": "true",
                            "run_tools_scripts_after_resume": "true",
                            "run_tools_scripts_before_guest_reboot": "false",
                            "run_tools_scripts_before_guest_shutdown": "true",
                            "run_tools_scripts_before_guest_standby": "true",
                            "scsi_bus_sharing": "noSharing",
                            "scsi_controller_count": "1",
                            "scsi_type": "pvscsi",
                            "shutdown_wait_timeout": "3",
                            "storage_policy_id": "",
                            "swap_placement_policy": "inherit",
                            "sync_time_with_host": "false",
                            "tags.#": "0",
                            "uuid": "4213496a-0114-0097-846f-f001e911a0af",
                            "vapp.#": "1",
                            "vapp.0.properties.%": "2",
                            "vapp.0.properties.guestinfo.ignition.config.data": "eyJpZ25pdGlvbiI6eyJjb25maWciOnsiYXBwZW5kIjpbeyJzb3VyY2UiOiJkYXRhOnRleHQvcGxhaW47Y2hhcnNldD11dGYtODtiYXNlNjQsZXlKcFoyNXBkR2x2YmlJNmV5SmpiMjVtYVdjaU9uc2lZWEJ3Wlc1a0lqcGJleUp6YjNWeVkyVWlPaUpvZEhSd2N6b3ZMMkZ3YVMxcGJuUXVhM1ZpWlM1ellXNWtlaTVqYjIwdWNHZzZNakkyTWpNdlkyOXVabWxuTDNkdmNtdGxjaUlzSW5abGNtbG1hV05oZEdsdmJpSTZlMzE5WFgwc0luTmxZM1Z5YVhSNUlqcDdJblJzY3lJNmV5SmpaWEowYVdacFkyRjBaVUYxZEdodmNtbDBhV1Z6SWpwYmV5SnpiM1Z5WTJVaU9pSmtZWFJoT25SbGVIUXZjR3hoYVc0N1kyaGhjbk5sZEQxMWRHWXRPRHRpWVhObE5qUXNURk13ZEV4VE1VTlNWV1JLVkdsQ1JGSldTbFZUVlZwS1VUQkdWVkpUTUhSTVV6QjBRMnN4U2xOVlVrWlNSVTVFVVZkYWNGb3dSak5UVlVwQ1dqQnNTbGRVVm5GV00yUkxZak52ZVZWck1UTlNSa1phVTJ0MGRsZHJiRzlrYlU1UFVWWkdSbFJGU2xKUldHUkxZV3RXVkZSVlNrSlNNRVY0VmxWVlMxRXphRTVUYlVsNlVXMTRhV0pyTlhaWlZtUmhUVVV4VTFGWVpFVmFNV3hGVm14R1VsSkZWak5hU0d4cFRXcHJkMVJHWkU5aFJURkRUa1pvUlZaRmJETlVWVkpLWlVVMVJWRlVWazVoYTFWNFZHeGFkbGRCY0VWV1JURXpWRlZTU21WRk1WVlJWRlpPWVd0VmVGUnNXblprTUhCeFVsWk9UbEZyUmtoUlZFWldVbFZPTkZSVmNHbE5NRXB6V1cwMVQySXlSbGhYYWtKT1ZXdEdNMUpIWkZwU1JscFNWVlZTUm1ReVVqVkRiVWw1VDFSQ1RWWXdOVzlVVld4S1VXdHNjVkZWTlVOYU1uUjRZVWQwY0ZKNmJETk5SVXBDVlZWV1IxRlZSbEJSTUVaU1QwVkdUbE5WYkVOUk1tUk1VVEJHVWxKVlJucFVNM0JhVkRKbk1sRlliekpOUkdkTFVWVm5NMW95U1hKaVJYaENVMnRHTkZWV2JFbGphMlJhWTI1d00xcHNWa05oYWxKNFRtNVpkMWx1WkZwT1IxRjRaREZDZDFZelZsTmthM0JNVjBkU1ZFNXRhRE5WYW1oelRVUldhRmxWYkhkWFJGSnhZMEZ3Um1WVlZYZFhiV3hJVjBaR1YxRldValJqVkVKMFRETlNSMXBGZEd4UmFsRjRWakJvU0UweFRYZGhSVlkyU3pGWk1rNHdZM2hrVlhoYVdrVk9UVnBJY0ZOUFYyUjRZVmhHV0Zsc1duTk5ia3BSWWpBNU1FTnNUWHBSYmtKVFltbDBWbVJYVVhobFZ6bEhZVzVrTVZOWVVYcGxiR2hKVXpGV1RXSklTWFpoUmswd1ZVUk9SMWRHV2xSUFZsbzJXVzVhVDFacVdrUmFhMk14VDBjME5FNTZRVEJpUjNocVlqRnNVMlZXUlV0alZGcE9WMnRvV2xOcVVrUmpNV1ExVTJzNVlVc3lVVFZPV0hBMVRteEdhV0ZGVGtKa1ZUQnlUVzAxV2xFeFNYZFhVemswVm1wc1dtUlhUakZWYTNCUldsUk9kazF1UmxwU1ZFbzJWbFJvUzJKcldrOVZkM0JQVkVaS2JtSkZaM0pXYW1od1VWUkdlVkV5TVZKVVNFcDFZbFJLTUZkc1RtMWpSRkp0WVROd2VXUXhRak5aYTA1R1ZqSmthRkZYV1RKT2VrWnVWbXhHYUU5WVVYbGtNRXB0WW14U1VVd3haSEZhTUVwWlEyeFZlRk5ZV1habFZFSjFVakZHU2xKRlJsSlJWVXAyVFVWc00xVlZVa0pVTUVwdVZHeGFTVlZVYUVOUlYxazBVbFZLUWxSVlRrSmpWa1l6VWtoa1dsSkdXbE5OUmxKQ1ZWVm5kbEZyUmxaa01FWXpVbFZKUzB3emNFSmFSVXB1Vkd4YVNWVlVVa1pTYldSU1ZsaEtRMVJXWXpKV1JXaExWRWRXVmxwdVFUQk5Wa3BHWkROU1FtVkVVbnBUYWxKSllqTmtSVlZXYkV0VE1qbGhVMWRvTWxrd05VSlZWVlpOVVd4R1FsSkJjRzVhTUZaRFVWVm9kMkpHYkd0V1ZVcGhUV3BTYjFKR1FubFNWMUo0VWxoRmVHSnRWbEZWUkdoUFUydFdVVkp1U2s5a1IxWnVVMFU1Ym1Kck9UWlNSMG96VjJ4YVlWSllSbTFXTTBwaFQwZG5ka3d3T1dGRGFUbEtaRVJzTlZOWFpFNWpNbWhoV1ZWV1NsVkdWWHBqVm1STlRqSjBiVnBxU2sxWFJHeENWRWRvV1dWdFVuSk9ha1pIVWpOT1QwMHdlRFJPTWprMVltdHdkMkp0T1VoWFZHeFhWMWRzTWxOclNsUmlXRWxMVWxad2JHSXpaekpWVlRWS1ZVaFdNVTlYZEhOak1VWkZWRU01ZFdSVk5WbFVSRXBOVXpCc1VWbHViR0ZOVTNSc1UxTTVjVlJFVmpOVmFrSnFZekpOTVZkdWJGUmFWMDUzWkhwV1VXTXdlRWRXYmxKWldsRndiMWw2VWtobFJsSlhWMnhaTUZWWE5YbGFhM0ExVlVOMGRFNVdRbkZhTVVKWlpFVXhOV1ZxWkRKU1YyUjBUVlJzVTFWc1RYSk5TR3hHVTIxV1JGWnRWbTVTTUhSUVUwZDNkbFpzU2t0aVJrWnBZbnBHTVVOcmNFaE5ibEpyVlROb1VGUklXWHBVYlRFeFkxVm5kbFl4Wkd4V1ZHeFRWVlZrTkZGVlduaE9iV2hSVlVSYWRsVldSbEZsV0doMFdXMTRRbGRJYURKT2VteFdXVzFLYVVzeWVIbGFSRUZ5WkVaS00ySnVVVXRYYTJoNFpVZEdRbUp1YUZWV2JUUjNVVlZGTTFwNlZrNVhWemxUVFROYWMyRkdWbEpRVVc5MFRGTXdkRXhWVms5U1EwSkVVbFpLVlZOVldrcFJNRVpWVWxNd2RFeFRNSFJEWnowOUlpd2lkbVZ5YVdacFkyRjBhVzl1SWpwN2ZYMWRmWDBzSW5ScGJXVnZkWFJ6SWpwN2ZTd2lkbVZ5YzJsdmJpSTZJakl1TWk0d0luMHNJbTVsZEhkdmNtdGtJanA3ZlN3aWNHRnpjM2RrSWpwN2ZTd2ljM1J2Y21GblpTSTZlMzBzSW5ONWMzUmxiV1FpT250OWZRbz0iLCJ2ZXJpZmljYXRpb24iOnt9fV19LCJ0aW1lb3V0cyI6e30sInZlcnNpb24iOiIyLjEuMCJ9LCJuZXR3b3JrZCI6e30sInBhc3N3ZCI6e30sInN0b3JhZ2UiOnsiZmlsZXMiOlt7ImZpbGVzeXN0ZW0iOiJyb290IiwiZ3JvdXAiOnt9LCJwYXRoIjoiL2V0Yy9ob3N0bmFtZSIsInVzZXIiOnt9LCJjb250ZW50cyI6eyJzb3VyY2UiOiJkYXRhOnRleHQvcGxhaW47Y2hhcnNldD11dGYtODtiYXNlNjQsWTI5dGNIVjBaUzB4IiwidmVyaWZpY2F0aW9uIjp7fX0sIm1vZGUiOjQyMH0seyJmaWxlc3lzdGVtIjoicm9vdCIsImdyb3VwIjp7fSwicGF0aCI6Ii9ldGMvc3lzY29uZmlnL25ldHdvcmstc2NyaXB0cy9pZmNmZy1lbnMxOTIiLCJ1c2VyIjp7fSwiY29udGVudHMiOnsic291cmNlIjoiZGF0YTp0ZXh0L3BsYWluO2NoYXJzZXQ9dXRmLTg7YmFzZTY0LFZGbFFSVDFGZEdobGNtNWxkQXBDVDA5VVVGSlBWRTg5Ym05dVpRcE9RVTFGUFdWdWN6RTVNZ3BFUlZaSlEwVTlaVzV6TVRreUNrOU9RazlQVkQxNVpYTUtTVkJCUkVSU1BURTVNaTR4TmpndU1UQXhMakV3TlFwUVVrVkdTVmc5TXpBS1IwRlVSVmRCV1QweE9USXVNVFk0TGpFd01TNHhNREVLUkU5TlFVbE9QV3QxWW1VdWMyRnVaSG91WTI5dExuQm9Da1JPVXpFOU1Ua3lMakUyT0M0eE1ERXVOUXBFVGxNeVBUa3VPUzQ1TGprSyIsInZlcmlmaWNhdGlvbiI6e319LCJtb2RlIjo0MjB9XX0sInN5c3RlbWQiOnsidW5pdHMiOlt7ImNvbnRlbnRzIjoiW1VuaXRdXG5Db25kaXRpb25GaXJzdEJvb3Q9eWVzXG5bU2VydmljZV1cblR5cGU9aWRsZVxuRXhlY1N0YXJ0PS9zYmluL3JlYm9vdFxuW0luc3RhbGxdXG5XYW50ZWRCeT1tdWx0aS11c2VyLnRhcmdldFxuIiwiZW5hYmxlZCI6dHJ1ZSwibmFtZSI6InJlc3RhcnQuc2VydmljZSJ9XX19",
                            "vapp.0.properties.guestinfo.ignition.config.data.encoding": "base64",
                            "vapp_transport.#": "1",
                            "vapp_transport.0": "com.vmware.guestInfo",
                            "vmware_tools_status": "guestToolsNotRunning",
                            "vmx_path": "compute-1/compute-1.vmx",
                            "wait_for_guest_ip_timeout": "0",
                            "wait_for_guest_net_routable": "false",
                            "wait_for_guest_net_timeout": "0"
                        },
                        "meta": {
                            "schema_version": "3"
                        },
                        "tainted": false
                    },
                    "deposed": [],
                    "provider": "provider.vsphere"
                }
            },
            "depends_on": []
        },
        {
            "path": [
                "root",
                "control_plane"
            ],
            "outputs": {
                "ip_addresses": {
                    "sensitive": false,
                    "type": "list",
                    "value": [
                        "192.168.101.101",
                        "192.168.101.102",
                        "192.168.101.103"
                    ]
                }
            },
            "resources": {
                "data.ignition_config.ign.0": {
                    "type": "ignition_config",
                    "depends_on": [
                        "data.ignition_file.hostname.*",
                        "data.ignition_file.static_ip.*",
                        "data.ignition_systemd_unit.restart.*",
                        "local.ignition_encoded"
                    ],
                    "primary": {
                        "id": "02edc590e10c264714bc295473ae1e8af6f574d5c115f03293be4d1f2a0554c6",
                        "attributes": {
                            "append.#": "1",
                            "append.0.source": "data:text/plain;charset=utf-8;base64,eyJpZ25pdGlvbiI6eyJjb25maWciOnsiYXBwZW5kIjpbeyJzb3VyY2UiOiJodHRwczovL2FwaS1pbnQua3ViZS5zYW5kei5jb20ucGg6MjI2MjMvY29uZmlnL21hc3RlciIsInZlcmlmaWNhdGlvbiI6e319XX0sInNlY3VyaXR5Ijp7InRscyI6eyJjZXJ0aWZpY2F0ZUF1dGhvcml0aWVzIjpbeyJzb3VyY2UiOiJkYXRhOnRleHQvcGxhaW47Y2hhcnNldD11dGYtODtiYXNlNjQsTFMwdExTMUNSVWRKVGlCRFJWSlVTVVpKUTBGVVJTMHRMUzB0Q2sxSlNVUkZSRU5EUVdacFowRjNTVUpCWjBsSldUVnFWM2RLYjNveVVrMTNSRkZaU2t0dldrbG9kbU5PUVZGRlRFSlJRWGRLYWtWVFRVSkJSMEV4VlVVS1EzaE5TbUl6UW14aWJrNXZZVmRhTUUxU1FYZEVaMWxFVmxGUlJFVjNaSGxpTWprd1RGZE9hRTFDTkZoRVZFbDNUVVJKZUU1RVFUVk5ha1V4VGxadldBcEVWRTEzVFVSSmVFMVVRVFZOYWtVeFRsWnZkMHBxUlZOTlFrRkhRVEZWUlVONFRVcGlNMEpzWW01T2IyRlhXakJOVWtGM1JHZFpSRlpSVVVSRmQyUjVDbUl5T1RCTVYwNW9UVWxKUWtscVFVNUNaMnR4YUd0cFJ6bDNNRUpCVVVWR1FVRlBRMEZST0VGTlNVbENRMmRMUTBGUlJVRnpUM3BaVDJnMlFYbzJNRGdLUVVnM1oySXJiRXhCU2tGNFVWbElja2RaY25wM1psVkNhalJ4Tm5Zd1luZFpOR1F4ZDFCd1YzVlNka3BMV0dSVE5taDNVamhzTURWaFlVbHdXRFJxY0FwRmVVVXdXbWxIV0ZGV1FWUjRjVEJ0TDNSR1pFdGxRalF4VjBoSE0xTXdhRVY2SzFZMk4wY3hkVXhaWkVOTVpIcFNPV2R4YVhGWFlsWnNNbkpRYjA5MENsTXpRbkJTYml0VmRXUXhlVzlHYW5kMVNYUXplbGhJUzFWTWJISXZhRk0wVUROR1dGWlRPVlo2WW5aT1ZqWkRaa2MxT0c0NE56QTBiR3hqYjFsU2VWRUtjVFpOV2toWlNqUkRjMWQ1U2s5YUsyUTVOWHA1TmxGaWFFTkJkVTByTW01WlExSXdXUzk0VmpsWmRXTjFVa3BRWlROdk1uRlpSVEo2VlRoS2JrWk9Vd3BPVEZKbmJFZ3JWamhwUVRGeVEyMVJUSEp1YlRKMFdsTm1jRFJtYTNweWQxQjNZa05GVjJkaFFXWTJOekZuVmxGaE9YUXlkMEptYmxSUUwxZHFaMEpZQ2xVeFNYWXZlVEJ1UjFGSlJFRlJRVUp2TUVsM1VVUkJUMEpuVGxaSVVUaENRV1k0UlVKQlRVTkJjVkYzUkhkWlJGWlNNRlJCVVVndlFrRlZkMEYzUlVJS0wzcEJaRUpuVGxaSVVUUkZSbWRSVlhKQ1RWYzJWRWhLVEdWVlpuQTBNVkpGZDNSQmVEUnpTalJJYjNkRVVWbEtTMjlhU1doMlkwNUJVVVZNUWxGQlJBcG5aMFZDUVVod2JGbGtWVUphTWpSb1JGQnlSV1J4UlhFeGJtVlFVRGhPU2tWUVJuSk9kR1ZuU0U5bmJrOTZSR0ozV2xaYVJYRm1WM0phT0dndkwwOWFDaTlKZERsNVNXZE5jMmhhWVVWSlVGVXpjVmRNTjJ0bVpqSk1XRGxCVEdoWWVtUnJOakZHUjNOT00weDROMjk1Ymtwd2JtOUhXVGxXV1dsMlNrSlRiWElLUlZwbGIzZzJVVTVKVUhWMU9XdHNjMUZFVEM5dWRVNVlUREpNUzBsUVlubGFNU3RsU1M5cVREVjNVakJqYzJNMVdubFRaV053ZHpWUWMweEdWblJZWlFwb1l6UkhlRlJXV2xZMFVXNXlaa3A1VUN0dE5WQnFaMUJZZEUxNWVqZDJSV2R0TVRsU1VsTXJNSGxGU21WRFZtVm5SMHRQU0d3dlZsSktiRkZpYnpGMUNrcEhNblJrVTNoUFRIWXpUbTExY1VndlYxZGxWVGxTVVVkNFFVWnhObWhRVURadlVWRlFlWGh0WW14QldIaDJOemxWWW1KaUsyeHlaREFyZEZKM2JuUUtXa2h4ZUdGQmJuaFVWbTR3UVVFM1p6Vk5XVzlTTTNac2FGVlJQUW90TFMwdExVVk9SQ0JEUlZKVVNVWkpRMEZVUlMwdExTMHRDZz09IiwidmVyaWZpY2F0aW9uIjp7fX1dfX0sInRpbWVvdXRzIjp7fSwidmVyc2lvbiI6IjIuMi4wIn0sIm5ldHdvcmtkIjp7fSwicGFzc3dkIjp7fSwic3RvcmFnZSI6e30sInN5c3RlbWQiOnt9fQo=",
                            "append.0.verification": "",
                            "files.#": "2",
                            "files.0": "15993e847c56ea3a5c0732a5cac8e81241a2da17752a4dca3c03046a185c6625",
                            "files.1": "62d7929e08e1913c05a68faecf49fea5d0309e27f22de90cf01c750e3323f453",
                            "id": "02edc590e10c264714bc295473ae1e8af6f574d5c115f03293be4d1f2a0554c6",
                            "rendered": "{\"ignition\":{\"config\":{\"append\":[{\"source\":\"data:text/plain;charset=utf-8;base64,eyJpZ25pdGlvbiI6eyJjb25maWciOnsiYXBwZW5kIjpbeyJzb3VyY2UiOiJodHRwczovL2FwaS1pbnQua3ViZS5zYW5kei5jb20ucGg6MjI2MjMvY29uZmlnL21hc3RlciIsInZlcmlmaWNhdGlvbiI6e319XX0sInNlY3VyaXR5Ijp7InRscyI6eyJjZXJ0aWZpY2F0ZUF1dGhvcml0aWVzIjpbeyJzb3VyY2UiOiJkYXRhOnRleHQvcGxhaW47Y2hhcnNldD11dGYtODtiYXNlNjQsTFMwdExTMUNSVWRKVGlCRFJWSlVTVVpKUTBGVVJTMHRMUzB0Q2sxSlNVUkZSRU5EUVdacFowRjNTVUpCWjBsSldUVnFWM2RLYjNveVVrMTNSRkZaU2t0dldrbG9kbU5PUVZGRlRFSlJRWGRLYWtWVFRVSkJSMEV4VlVVS1EzaE5TbUl6UW14aWJrNXZZVmRhTUUxU1FYZEVaMWxFVmxGUlJFVjNaSGxpTWprd1RGZE9hRTFDTkZoRVZFbDNUVVJKZUU1RVFUVk5ha1V4VGxadldBcEVWRTEzVFVSSmVFMVVRVFZOYWtVeFRsWnZkMHBxUlZOTlFrRkhRVEZWUlVONFRVcGlNMEpzWW01T2IyRlhXakJOVWtGM1JHZFpSRlpSVVVSRmQyUjVDbUl5T1RCTVYwNW9UVWxKUWtscVFVNUNaMnR4YUd0cFJ6bDNNRUpCVVVWR1FVRlBRMEZST0VGTlNVbENRMmRMUTBGUlJVRnpUM3BaVDJnMlFYbzJNRGdLUVVnM1oySXJiRXhCU2tGNFVWbElja2RaY25wM1psVkNhalJ4Tm5Zd1luZFpOR1F4ZDFCd1YzVlNka3BMV0dSVE5taDNVamhzTURWaFlVbHdXRFJxY0FwRmVVVXdXbWxIV0ZGV1FWUjRjVEJ0TDNSR1pFdGxRalF4VjBoSE0xTXdhRVY2SzFZMk4wY3hkVXhaWkVOTVpIcFNPV2R4YVhGWFlsWnNNbkpRYjA5MENsTXpRbkJTYml0VmRXUXhlVzlHYW5kMVNYUXplbGhJUzFWTWJISXZhRk0wVUROR1dGWlRPVlo2WW5aT1ZqWkRaa2MxT0c0NE56QTBiR3hqYjFsU2VWRUtjVFpOV2toWlNqUkRjMWQ1U2s5YUsyUTVOWHA1TmxGaWFFTkJkVTByTW01WlExSXdXUzk0VmpsWmRXTjFVa3BRWlROdk1uRlpSVEo2VlRoS2JrWk9Vd3BPVEZKbmJFZ3JWamhwUVRGeVEyMVJUSEp1YlRKMFdsTm1jRFJtYTNweWQxQjNZa05GVjJkaFFXWTJOekZuVmxGaE9YUXlkMEptYmxSUUwxZHFaMEpZQ2xVeFNYWXZlVEJ1UjFGSlJFRlJRVUp2TUVsM1VVUkJUMEpuVGxaSVVUaENRV1k0UlVKQlRVTkJjVkYzUkhkWlJGWlNNRlJCVVVndlFrRlZkMEYzUlVJS0wzcEJaRUpuVGxaSVVUUkZSbWRSVlhKQ1RWYzJWRWhLVEdWVlpuQTBNVkpGZDNSQmVEUnpTalJJYjNkRVVWbEtTMjlhU1doMlkwNUJVVVZNUWxGQlJBcG5aMFZDUVVod2JGbGtWVUphTWpSb1JGQnlSV1J4UlhFeGJtVlFVRGhPU2tWUVJuSk9kR1ZuU0U5bmJrOTZSR0ozV2xaYVJYRm1WM0phT0dndkwwOWFDaTlKZERsNVNXZE5jMmhhWVVWSlVGVXpjVmRNTjJ0bVpqSk1XRGxCVEdoWWVtUnJOakZHUjNOT00weDROMjk1Ymtwd2JtOUhXVGxXV1dsMlNrSlRiWElLUlZwbGIzZzJVVTVKVUhWMU9XdHNjMUZFVEM5dWRVNVlUREpNUzBsUVlubGFNU3RsU1M5cVREVjNVakJqYzJNMVdubFRaV053ZHpWUWMweEdWblJZWlFwb1l6UkhlRlJXV2xZMFVXNXlaa3A1VUN0dE5WQnFaMUJZZEUxNWVqZDJSV2R0TVRsU1VsTXJNSGxGU21WRFZtVm5SMHRQU0d3dlZsSktiRkZpYnpGMUNrcEhNblJrVTNoUFRIWXpUbTExY1VndlYxZGxWVGxTVVVkNFFVWnhObWhRVURadlVWRlFlWGh0WW14QldIaDJOemxWWW1KaUsyeHlaREFyZEZKM2JuUUtXa2h4ZUdGQmJuaFVWbTR3UVVFM1p6Vk5XVzlTTTNac2FGVlJQUW90TFMwdExVVk9SQ0JEUlZKVVNVWkpRMEZVUlMwdExTMHRDZz09IiwidmVyaWZpY2F0aW9uIjp7fX1dfX0sInRpbWVvdXRzIjp7fSwidmVyc2lvbiI6IjIuMi4wIn0sIm5ldHdvcmtkIjp7fSwicGFzc3dkIjp7fSwic3RvcmFnZSI6e30sInN5c3RlbWQiOnt9fQo=\",\"verification\":{}}]},\"timeouts\":{},\"version\":\"2.1.0\"},\"networkd\":{},\"passwd\":{},\"storage\":{\"files\":[{\"filesystem\":\"root\",\"group\":{},\"path\":\"/etc/hostname\",\"user\":{},\"contents\":{\"source\":\"data:text/plain;charset=utf-8;base64,Y29udHJvbC1wbGFuZS0w\",\"verification\":{}},\"mode\":420},{\"filesystem\":\"root\",\"group\":{},\"path\":\"/etc/sysconfig/network-scripts/ifcfg-ens192\",\"user\":{},\"contents\":{\"source\":\"data:text/plain;charset=utf-8;base64,VFlQRT1FdGhlcm5ldApCT09UUFJPVE89bm9uZQpOQU1FPWVuczE5MgpERVZJQ0U9ZW5zMTkyCk9OQk9PVD15ZXMKSVBBRERSPTE5Mi4xNjguMTAxLjEwMQpQUkVGSVg9MzAKR0FURVdBWT0xOTIuMTY4LjEwMS4xMDEKRE9NQUlOPWt1YmUuc2FuZHouY29tLnBoCkROUzE9MTkyLjE2OC4xMDEuNQpETlMyPTkuOS45LjkK\",\"verification\":{}},\"mode\":420}]},\"systemd\":{\"units\":[{\"contents\":\"[Unit]\\nConditionFirstBoot=yes\\n[Service]\\nType=idle\\nExecStart=/sbin/reboot\\n[Install]\\nWantedBy=multi-user.target\\n\",\"enabled\":true,\"name\":\"restart.service\"}]}}",
                            "systemd.#": "1",
                            "systemd.0": "2b2088c1732c1d1acffcbbe6386c2952e57ca2903cec0dc24bd4cb0f42abc300"
                        },
                        "meta": {},
                        "tainted": false
                    },
                    "deposed": [],
                    "provider": "module.control_plane.provider.ignition"
                },
                "data.ignition_config.ign.1": {
                    "type": "ignition_config",
                    "depends_on": [
                        "data.ignition_file.hostname.*",
                        "data.ignition_file.static_ip.*",
                        "data.ignition_systemd_unit.restart.*",
                        "local.ignition_encoded"
                    ],
                    "primary": {
                        "id": "9cab0d2c7c3ebc6584e2a80a860ae86a2e3222b971925423c2f5d0dd98b3f3dc",
                        "attributes": {
                            "append.#": "1",
                            "append.0.source": "data:text/plain;charset=utf-8;base64,eyJpZ25pdGlvbiI6eyJjb25maWciOnsiYXBwZW5kIjpbeyJzb3VyY2UiOiJodHRwczovL2FwaS1pbnQua3ViZS5zYW5kei5jb20ucGg6MjI2MjMvY29uZmlnL21hc3RlciIsInZlcmlmaWNhdGlvbiI6e319XX0sInNlY3VyaXR5Ijp7InRscyI6eyJjZXJ0aWZpY2F0ZUF1dGhvcml0aWVzIjpbeyJzb3VyY2UiOiJkYXRhOnRleHQvcGxhaW47Y2hhcnNldD11dGYtODtiYXNlNjQsTFMwdExTMUNSVWRKVGlCRFJWSlVTVVpKUTBGVVJTMHRMUzB0Q2sxSlNVUkZSRU5EUVdacFowRjNTVUpCWjBsSldUVnFWM2RLYjNveVVrMTNSRkZaU2t0dldrbG9kbU5PUVZGRlRFSlJRWGRLYWtWVFRVSkJSMEV4VlVVS1EzaE5TbUl6UW14aWJrNXZZVmRhTUUxU1FYZEVaMWxFVmxGUlJFVjNaSGxpTWprd1RGZE9hRTFDTkZoRVZFbDNUVVJKZUU1RVFUVk5ha1V4VGxadldBcEVWRTEzVFVSSmVFMVVRVFZOYWtVeFRsWnZkMHBxUlZOTlFrRkhRVEZWUlVONFRVcGlNMEpzWW01T2IyRlhXakJOVWtGM1JHZFpSRlpSVVVSRmQyUjVDbUl5T1RCTVYwNW9UVWxKUWtscVFVNUNaMnR4YUd0cFJ6bDNNRUpCVVVWR1FVRlBRMEZST0VGTlNVbENRMmRMUTBGUlJVRnpUM3BaVDJnMlFYbzJNRGdLUVVnM1oySXJiRXhCU2tGNFVWbElja2RaY25wM1psVkNhalJ4Tm5Zd1luZFpOR1F4ZDFCd1YzVlNka3BMV0dSVE5taDNVamhzTURWaFlVbHdXRFJxY0FwRmVVVXdXbWxIV0ZGV1FWUjRjVEJ0TDNSR1pFdGxRalF4VjBoSE0xTXdhRVY2SzFZMk4wY3hkVXhaWkVOTVpIcFNPV2R4YVhGWFlsWnNNbkpRYjA5MENsTXpRbkJTYml0VmRXUXhlVzlHYW5kMVNYUXplbGhJUzFWTWJISXZhRk0wVUROR1dGWlRPVlo2WW5aT1ZqWkRaa2MxT0c0NE56QTBiR3hqYjFsU2VWRUtjVFpOV2toWlNqUkRjMWQ1U2s5YUsyUTVOWHA1TmxGaWFFTkJkVTByTW01WlExSXdXUzk0VmpsWmRXTjFVa3BRWlROdk1uRlpSVEo2VlRoS2JrWk9Vd3BPVEZKbmJFZ3JWamhwUVRGeVEyMVJUSEp1YlRKMFdsTm1jRFJtYTNweWQxQjNZa05GVjJkaFFXWTJOekZuVmxGaE9YUXlkMEptYmxSUUwxZHFaMEpZQ2xVeFNYWXZlVEJ1UjFGSlJFRlJRVUp2TUVsM1VVUkJUMEpuVGxaSVVUaENRV1k0UlVKQlRVTkJjVkYzUkhkWlJGWlNNRlJCVVVndlFrRlZkMEYzUlVJS0wzcEJaRUpuVGxaSVVUUkZSbWRSVlhKQ1RWYzJWRWhLVEdWVlpuQTBNVkpGZDNSQmVEUnpTalJJYjNkRVVWbEtTMjlhU1doMlkwNUJVVVZNUWxGQlJBcG5aMFZDUVVod2JGbGtWVUphTWpSb1JGQnlSV1J4UlhFeGJtVlFVRGhPU2tWUVJuSk9kR1ZuU0U5bmJrOTZSR0ozV2xaYVJYRm1WM0phT0dndkwwOWFDaTlKZERsNVNXZE5jMmhhWVVWSlVGVXpjVmRNTjJ0bVpqSk1XRGxCVEdoWWVtUnJOakZHUjNOT00weDROMjk1Ymtwd2JtOUhXVGxXV1dsMlNrSlRiWElLUlZwbGIzZzJVVTVKVUhWMU9XdHNjMUZFVEM5dWRVNVlUREpNUzBsUVlubGFNU3RsU1M5cVREVjNVakJqYzJNMVdubFRaV053ZHpWUWMweEdWblJZWlFwb1l6UkhlRlJXV2xZMFVXNXlaa3A1VUN0dE5WQnFaMUJZZEUxNWVqZDJSV2R0TVRsU1VsTXJNSGxGU21WRFZtVm5SMHRQU0d3dlZsSktiRkZpYnpGMUNrcEhNblJrVTNoUFRIWXpUbTExY1VndlYxZGxWVGxTVVVkNFFVWnhObWhRVURadlVWRlFlWGh0WW14QldIaDJOemxWWW1KaUsyeHlaREFyZEZKM2JuUUtXa2h4ZUdGQmJuaFVWbTR3UVVFM1p6Vk5XVzlTTTNac2FGVlJQUW90TFMwdExVVk9SQ0JEUlZKVVNVWkpRMEZVUlMwdExTMHRDZz09IiwidmVyaWZpY2F0aW9uIjp7fX1dfX0sInRpbWVvdXRzIjp7fSwidmVyc2lvbiI6IjIuMi4wIn0sIm5ldHdvcmtkIjp7fSwicGFzc3dkIjp7fSwic3RvcmFnZSI6e30sInN5c3RlbWQiOnt9fQo=",
                            "append.0.verification": "",
                            "files.#": "2",
                            "files.0": "fbe07a03370697fae86ea33632e264340c4c18ade2076e84c08b5ca53fe0b60f",
                            "files.1": "ffc64cdfd72a00ad62a63a3159088964af91185a8d250fcc7a4a83674ed4b3fc",
                            "id": "9cab0d2c7c3ebc6584e2a80a860ae86a2e3222b971925423c2f5d0dd98b3f3dc",
                            "rendered": "{\"ignition\":{\"config\":{\"append\":[{\"source\":\"data:text/plain;charset=utf-8;base64,eyJpZ25pdGlvbiI6eyJjb25maWciOnsiYXBwZW5kIjpbeyJzb3VyY2UiOiJodHRwczovL2FwaS1pbnQua3ViZS5zYW5kei5jb20ucGg6MjI2MjMvY29uZmlnL21hc3RlciIsInZlcmlmaWNhdGlvbiI6e319XX0sInNlY3VyaXR5Ijp7InRscyI6eyJjZXJ0aWZpY2F0ZUF1dGhvcml0aWVzIjpbeyJzb3VyY2UiOiJkYXRhOnRleHQvcGxhaW47Y2hhcnNldD11dGYtODtiYXNlNjQsTFMwdExTMUNSVWRKVGlCRFJWSlVTVVpKUTBGVVJTMHRMUzB0Q2sxSlNVUkZSRU5EUVdacFowRjNTVUpCWjBsSldUVnFWM2RLYjNveVVrMTNSRkZaU2t0dldrbG9kbU5PUVZGRlRFSlJRWGRLYWtWVFRVSkJSMEV4VlVVS1EzaE5TbUl6UW14aWJrNXZZVmRhTUUxU1FYZEVaMWxFVmxGUlJFVjNaSGxpTWprd1RGZE9hRTFDTkZoRVZFbDNUVVJKZUU1RVFUVk5ha1V4VGxadldBcEVWRTEzVFVSSmVFMVVRVFZOYWtVeFRsWnZkMHBxUlZOTlFrRkhRVEZWUlVONFRVcGlNMEpzWW01T2IyRlhXakJOVWtGM1JHZFpSRlpSVVVSRmQyUjVDbUl5T1RCTVYwNW9UVWxKUWtscVFVNUNaMnR4YUd0cFJ6bDNNRUpCVVVWR1FVRlBRMEZST0VGTlNVbENRMmRMUTBGUlJVRnpUM3BaVDJnMlFYbzJNRGdLUVVnM1oySXJiRXhCU2tGNFVWbElja2RaY25wM1psVkNhalJ4Tm5Zd1luZFpOR1F4ZDFCd1YzVlNka3BMV0dSVE5taDNVamhzTURWaFlVbHdXRFJxY0FwRmVVVXdXbWxIV0ZGV1FWUjRjVEJ0TDNSR1pFdGxRalF4VjBoSE0xTXdhRVY2SzFZMk4wY3hkVXhaWkVOTVpIcFNPV2R4YVhGWFlsWnNNbkpRYjA5MENsTXpRbkJTYml0VmRXUXhlVzlHYW5kMVNYUXplbGhJUzFWTWJISXZhRk0wVUROR1dGWlRPVlo2WW5aT1ZqWkRaa2MxT0c0NE56QTBiR3hqYjFsU2VWRUtjVFpOV2toWlNqUkRjMWQ1U2s5YUsyUTVOWHA1TmxGaWFFTkJkVTByTW01WlExSXdXUzk0VmpsWmRXTjFVa3BRWlROdk1uRlpSVEo2VlRoS2JrWk9Vd3BPVEZKbmJFZ3JWamhwUVRGeVEyMVJUSEp1YlRKMFdsTm1jRFJtYTNweWQxQjNZa05GVjJkaFFXWTJOekZuVmxGaE9YUXlkMEptYmxSUUwxZHFaMEpZQ2xVeFNYWXZlVEJ1UjFGSlJFRlJRVUp2TUVsM1VVUkJUMEpuVGxaSVVUaENRV1k0UlVKQlRVTkJjVkYzUkhkWlJGWlNNRlJCVVVndlFrRlZkMEYzUlVJS0wzcEJaRUpuVGxaSVVUUkZSbWRSVlhKQ1RWYzJWRWhLVEdWVlpuQTBNVkpGZDNSQmVEUnpTalJJYjNkRVVWbEtTMjlhU1doMlkwNUJVVVZNUWxGQlJBcG5aMFZDUVVod2JGbGtWVUphTWpSb1JGQnlSV1J4UlhFeGJtVlFVRGhPU2tWUVJuSk9kR1ZuU0U5bmJrOTZSR0ozV2xaYVJYRm1WM0phT0dndkwwOWFDaTlKZERsNVNXZE5jMmhhWVVWSlVGVXpjVmRNTjJ0bVpqSk1XRGxCVEdoWWVtUnJOakZHUjNOT00weDROMjk1Ymtwd2JtOUhXVGxXV1dsMlNrSlRiWElLUlZwbGIzZzJVVTVKVUhWMU9XdHNjMUZFVEM5dWRVNVlUREpNUzBsUVlubGFNU3RsU1M5cVREVjNVakJqYzJNMVdubFRaV053ZHpWUWMweEdWblJZWlFwb1l6UkhlRlJXV2xZMFVXNXlaa3A1VUN0dE5WQnFaMUJZZEUxNWVqZDJSV2R0TVRsU1VsTXJNSGxGU21WRFZtVm5SMHRQU0d3dlZsSktiRkZpYnpGMUNrcEhNblJrVTNoUFRIWXpUbTExY1VndlYxZGxWVGxTVVVkNFFVWnhObWhRVURadlVWRlFlWGh0WW14QldIaDJOemxWWW1KaUsyeHlaREFyZEZKM2JuUUtXa2h4ZUdGQmJuaFVWbTR3UVVFM1p6Vk5XVzlTTTNac2FGVlJQUW90TFMwdExVVk9SQ0JEUlZKVVNVWkpRMEZVUlMwdExTMHRDZz09IiwidmVyaWZpY2F0aW9uIjp7fX1dfX0sInRpbWVvdXRzIjp7fSwidmVyc2lvbiI6IjIuMi4wIn0sIm5ldHdvcmtkIjp7fSwicGFzc3dkIjp7fSwic3RvcmFnZSI6e30sInN5c3RlbWQiOnt9fQo=\",\"verification\":{}}]},\"timeouts\":{},\"version\":\"2.1.0\"},\"networkd\":{},\"passwd\":{},\"storage\":{\"files\":[{\"filesystem\":\"root\",\"group\":{},\"path\":\"/etc/hostname\",\"user\":{},\"contents\":{\"source\":\"data:text/plain;charset=utf-8;base64,Y29udHJvbC1wbGFuZS0x\",\"verification\":{}},\"mode\":420},{\"filesystem\":\"root\",\"group\":{},\"path\":\"/etc/sysconfig/network-scripts/ifcfg-ens192\",\"user\":{},\"contents\":{\"source\":\"data:text/plain;charset=utf-8;base64,VFlQRT1FdGhlcm5ldApCT09UUFJPVE89bm9uZQpOQU1FPWVuczE5MgpERVZJQ0U9ZW5zMTkyCk9OQk9PVD15ZXMKSVBBRERSPTE5Mi4xNjguMTAxLjEwMgpQUkVGSVg9MzAKR0FURVdBWT0xOTIuMTY4LjEwMS4xMDEKRE9NQUlOPWt1YmUuc2FuZHouY29tLnBoCkROUzE9MTkyLjE2OC4xMDEuNQpETlMyPTkuOS45LjkK\",\"verification\":{}},\"mode\":420}]},\"systemd\":{\"units\":[{\"contents\":\"[Unit]\\nConditionFirstBoot=yes\\n[Service]\\nType=idle\\nExecStart=/sbin/reboot\\n[Install]\\nWantedBy=multi-user.target\\n\",\"enabled\":true,\"name\":\"restart.service\"}]}}",
                            "systemd.#": "1",
                            "systemd.0": "2b2088c1732c1d1acffcbbe6386c2952e57ca2903cec0dc24bd4cb0f42abc300"
                        },
                        "meta": {},
                        "tainted": false
                    },
                    "deposed": [],
                    "provider": "module.control_plane.provider.ignition"
                },
                "data.ignition_config.ign.2": {
                    "type": "ignition_config",
                    "depends_on": [
                        "data.ignition_file.hostname.*",
                        "data.ignition_file.static_ip.*",
                        "data.ignition_systemd_unit.restart.*",
                        "local.ignition_encoded"
                    ],
                    "primary": {
                        "id": "9b01dd7d72229183486c53002ecdf830c353ddb8d8f6c617c1a1d105a5cf3af3",
                        "attributes": {
                            "append.#": "1",
                            "append.0.source": "data:text/plain;charset=utf-8;base64,eyJpZ25pdGlvbiI6eyJjb25maWciOnsiYXBwZW5kIjpbeyJzb3VyY2UiOiJodHRwczovL2FwaS1pbnQua3ViZS5zYW5kei5jb20ucGg6MjI2MjMvY29uZmlnL21hc3RlciIsInZlcmlmaWNhdGlvbiI6e319XX0sInNlY3VyaXR5Ijp7InRscyI6eyJjZXJ0aWZpY2F0ZUF1dGhvcml0aWVzIjpbeyJzb3VyY2UiOiJkYXRhOnRleHQvcGxhaW47Y2hhcnNldD11dGYtODtiYXNlNjQsTFMwdExTMUNSVWRKVGlCRFJWSlVTVVpKUTBGVVJTMHRMUzB0Q2sxSlNVUkZSRU5EUVdacFowRjNTVUpCWjBsSldUVnFWM2RLYjNveVVrMTNSRkZaU2t0dldrbG9kbU5PUVZGRlRFSlJRWGRLYWtWVFRVSkJSMEV4VlVVS1EzaE5TbUl6UW14aWJrNXZZVmRhTUUxU1FYZEVaMWxFVmxGUlJFVjNaSGxpTWprd1RGZE9hRTFDTkZoRVZFbDNUVVJKZUU1RVFUVk5ha1V4VGxadldBcEVWRTEzVFVSSmVFMVVRVFZOYWtVeFRsWnZkMHBxUlZOTlFrRkhRVEZWUlVONFRVcGlNMEpzWW01T2IyRlhXakJOVWtGM1JHZFpSRlpSVVVSRmQyUjVDbUl5T1RCTVYwNW9UVWxKUWtscVFVNUNaMnR4YUd0cFJ6bDNNRUpCVVVWR1FVRlBRMEZST0VGTlNVbENRMmRMUTBGUlJVRnpUM3BaVDJnMlFYbzJNRGdLUVVnM1oySXJiRXhCU2tGNFVWbElja2RaY25wM1psVkNhalJ4Tm5Zd1luZFpOR1F4ZDFCd1YzVlNka3BMV0dSVE5taDNVamhzTURWaFlVbHdXRFJxY0FwRmVVVXdXbWxIV0ZGV1FWUjRjVEJ0TDNSR1pFdGxRalF4VjBoSE0xTXdhRVY2SzFZMk4wY3hkVXhaWkVOTVpIcFNPV2R4YVhGWFlsWnNNbkpRYjA5MENsTXpRbkJTYml0VmRXUXhlVzlHYW5kMVNYUXplbGhJUzFWTWJISXZhRk0wVUROR1dGWlRPVlo2WW5aT1ZqWkRaa2MxT0c0NE56QTBiR3hqYjFsU2VWRUtjVFpOV2toWlNqUkRjMWQ1U2s5YUsyUTVOWHA1TmxGaWFFTkJkVTByTW01WlExSXdXUzk0VmpsWmRXTjFVa3BRWlROdk1uRlpSVEo2VlRoS2JrWk9Vd3BPVEZKbmJFZ3JWamhwUVRGeVEyMVJUSEp1YlRKMFdsTm1jRFJtYTNweWQxQjNZa05GVjJkaFFXWTJOekZuVmxGaE9YUXlkMEptYmxSUUwxZHFaMEpZQ2xVeFNYWXZlVEJ1UjFGSlJFRlJRVUp2TUVsM1VVUkJUMEpuVGxaSVVUaENRV1k0UlVKQlRVTkJjVkYzUkhkWlJGWlNNRlJCVVVndlFrRlZkMEYzUlVJS0wzcEJaRUpuVGxaSVVUUkZSbWRSVlhKQ1RWYzJWRWhLVEdWVlpuQTBNVkpGZDNSQmVEUnpTalJJYjNkRVVWbEtTMjlhU1doMlkwNUJVVVZNUWxGQlJBcG5aMFZDUVVod2JGbGtWVUphTWpSb1JGQnlSV1J4UlhFeGJtVlFVRGhPU2tWUVJuSk9kR1ZuU0U5bmJrOTZSR0ozV2xaYVJYRm1WM0phT0dndkwwOWFDaTlKZERsNVNXZE5jMmhhWVVWSlVGVXpjVmRNTjJ0bVpqSk1XRGxCVEdoWWVtUnJOakZHUjNOT00weDROMjk1Ymtwd2JtOUhXVGxXV1dsMlNrSlRiWElLUlZwbGIzZzJVVTVKVUhWMU9XdHNjMUZFVEM5dWRVNVlUREpNUzBsUVlubGFNU3RsU1M5cVREVjNVakJqYzJNMVdubFRaV053ZHpWUWMweEdWblJZWlFwb1l6UkhlRlJXV2xZMFVXNXlaa3A1VUN0dE5WQnFaMUJZZEUxNWVqZDJSV2R0TVRsU1VsTXJNSGxGU21WRFZtVm5SMHRQU0d3dlZsSktiRkZpYnpGMUNrcEhNblJrVTNoUFRIWXpUbTExY1VndlYxZGxWVGxTVVVkNFFVWnhObWhRVURadlVWRlFlWGh0WW14QldIaDJOemxWWW1KaUsyeHlaREFyZEZKM2JuUUtXa2h4ZUdGQmJuaFVWbTR3UVVFM1p6Vk5XVzlTTTNac2FGVlJQUW90TFMwdExVVk9SQ0JEUlZKVVNVWkpRMEZVUlMwdExTMHRDZz09IiwidmVyaWZpY2F0aW9uIjp7fX1dfX0sInRpbWVvdXRzIjp7fSwidmVyc2lvbiI6IjIuMi4wIn0sIm5ldHdvcmtkIjp7fSwicGFzc3dkIjp7fSwic3RvcmFnZSI6e30sInN5c3RlbWQiOnt9fQo=",
                            "append.0.verification": "",
                            "files.#": "2",
                            "files.0": "3b9c5fd6b2d6a083838a963ebb8fa9d26f0f2e60275db378224df1fad3b6add2",
                            "files.1": "61bde12a14cab0a92dfabac5a2af8b690d5e304f53e5be6ac21b5d130ad331dc",
                            "id": "9b01dd7d72229183486c53002ecdf830c353ddb8d8f6c617c1a1d105a5cf3af3",
                            "rendered": "{\"ignition\":{\"config\":{\"append\":[{\"source\":\"data:text/plain;charset=utf-8;base64,eyJpZ25pdGlvbiI6eyJjb25maWciOnsiYXBwZW5kIjpbeyJzb3VyY2UiOiJodHRwczovL2FwaS1pbnQua3ViZS5zYW5kei5jb20ucGg6MjI2MjMvY29uZmlnL21hc3RlciIsInZlcmlmaWNhdGlvbiI6e319XX0sInNlY3VyaXR5Ijp7InRscyI6eyJjZXJ0aWZpY2F0ZUF1dGhvcml0aWVzIjpbeyJzb3VyY2UiOiJkYXRhOnRleHQvcGxhaW47Y2hhcnNldD11dGYtODtiYXNlNjQsTFMwdExTMUNSVWRKVGlCRFJWSlVTVVpKUTBGVVJTMHRMUzB0Q2sxSlNVUkZSRU5EUVdacFowRjNTVUpCWjBsSldUVnFWM2RLYjNveVVrMTNSRkZaU2t0dldrbG9kbU5PUVZGRlRFSlJRWGRLYWtWVFRVSkJSMEV4VlVVS1EzaE5TbUl6UW14aWJrNXZZVmRhTUUxU1FYZEVaMWxFVmxGUlJFVjNaSGxpTWprd1RGZE9hRTFDTkZoRVZFbDNUVVJKZUU1RVFUVk5ha1V4VGxadldBcEVWRTEzVFVSSmVFMVVRVFZOYWtVeFRsWnZkMHBxUlZOTlFrRkhRVEZWUlVONFRVcGlNMEpzWW01T2IyRlhXakJOVWtGM1JHZFpSRlpSVVVSRmQyUjVDbUl5T1RCTVYwNW9UVWxKUWtscVFVNUNaMnR4YUd0cFJ6bDNNRUpCVVVWR1FVRlBRMEZST0VGTlNVbENRMmRMUTBGUlJVRnpUM3BaVDJnMlFYbzJNRGdLUVVnM1oySXJiRXhCU2tGNFVWbElja2RaY25wM1psVkNhalJ4Tm5Zd1luZFpOR1F4ZDFCd1YzVlNka3BMV0dSVE5taDNVamhzTURWaFlVbHdXRFJxY0FwRmVVVXdXbWxIV0ZGV1FWUjRjVEJ0TDNSR1pFdGxRalF4VjBoSE0xTXdhRVY2SzFZMk4wY3hkVXhaWkVOTVpIcFNPV2R4YVhGWFlsWnNNbkpRYjA5MENsTXpRbkJTYml0VmRXUXhlVzlHYW5kMVNYUXplbGhJUzFWTWJISXZhRk0wVUROR1dGWlRPVlo2WW5aT1ZqWkRaa2MxT0c0NE56QTBiR3hqYjFsU2VWRUtjVFpOV2toWlNqUkRjMWQ1U2s5YUsyUTVOWHA1TmxGaWFFTkJkVTByTW01WlExSXdXUzk0VmpsWmRXTjFVa3BRWlROdk1uRlpSVEo2VlRoS2JrWk9Vd3BPVEZKbmJFZ3JWamhwUVRGeVEyMVJUSEp1YlRKMFdsTm1jRFJtYTNweWQxQjNZa05GVjJkaFFXWTJOekZuVmxGaE9YUXlkMEptYmxSUUwxZHFaMEpZQ2xVeFNYWXZlVEJ1UjFGSlJFRlJRVUp2TUVsM1VVUkJUMEpuVGxaSVVUaENRV1k0UlVKQlRVTkJjVkYzUkhkWlJGWlNNRlJCVVVndlFrRlZkMEYzUlVJS0wzcEJaRUpuVGxaSVVUUkZSbWRSVlhKQ1RWYzJWRWhLVEdWVlpuQTBNVkpGZDNSQmVEUnpTalJJYjNkRVVWbEtTMjlhU1doMlkwNUJVVVZNUWxGQlJBcG5aMFZDUVVod2JGbGtWVUphTWpSb1JGQnlSV1J4UlhFeGJtVlFVRGhPU2tWUVJuSk9kR1ZuU0U5bmJrOTZSR0ozV2xaYVJYRm1WM0phT0dndkwwOWFDaTlKZERsNVNXZE5jMmhhWVVWSlVGVXpjVmRNTjJ0bVpqSk1XRGxCVEdoWWVtUnJOakZHUjNOT00weDROMjk1Ymtwd2JtOUhXVGxXV1dsMlNrSlRiWElLUlZwbGIzZzJVVTVKVUhWMU9XdHNjMUZFVEM5dWRVNVlUREpNUzBsUVlubGFNU3RsU1M5cVREVjNVakJqYzJNMVdubFRaV053ZHpWUWMweEdWblJZWlFwb1l6UkhlRlJXV2xZMFVXNXlaa3A1VUN0dE5WQnFaMUJZZEUxNWVqZDJSV2R0TVRsU1VsTXJNSGxGU21WRFZtVm5SMHRQU0d3dlZsSktiRkZpYnpGMUNrcEhNblJrVTNoUFRIWXpUbTExY1VndlYxZGxWVGxTVVVkNFFVWnhObWhRVURadlVWRlFlWGh0WW14QldIaDJOemxWWW1KaUsyeHlaREFyZEZKM2JuUUtXa2h4ZUdGQmJuaFVWbTR3UVVFM1p6Vk5XVzlTTTNac2FGVlJQUW90TFMwdExVVk9SQ0JEUlZKVVNVWkpRMEZVUlMwdExTMHRDZz09IiwidmVyaWZpY2F0aW9uIjp7fX1dfX0sInRpbWVvdXRzIjp7fSwidmVyc2lvbiI6IjIuMi4wIn0sIm5ldHdvcmtkIjp7fSwicGFzc3dkIjp7fSwic3RvcmFnZSI6e30sInN5c3RlbWQiOnt9fQo=\",\"verification\":{}}]},\"timeouts\":{},\"version\":\"2.1.0\"},\"networkd\":{},\"passwd\":{},\"storage\":{\"files\":[{\"filesystem\":\"root\",\"group\":{},\"path\":\"/etc/hostname\",\"user\":{},\"contents\":{\"source\":\"data:text/plain;charset=utf-8;base64,Y29udHJvbC1wbGFuZS0y\",\"verification\":{}},\"mode\":420},{\"filesystem\":\"root\",\"group\":{},\"path\":\"/etc/sysconfig/network-scripts/ifcfg-ens192\",\"user\":{},\"contents\":{\"source\":\"data:text/plain;charset=utf-8;base64,VFlQRT1FdGhlcm5ldApCT09UUFJPVE89bm9uZQpOQU1FPWVuczE5MgpERVZJQ0U9ZW5zMTkyCk9OQk9PVD15ZXMKSVBBRERSPTE5Mi4xNjguMTAxLjEwMwpQUkVGSVg9MzAKR0FURVdBWT0xOTIuMTY4LjEwMS4xMDEKRE9NQUlOPWt1YmUuc2FuZHouY29tLnBoCkROUzE9MTkyLjE2OC4xMDEuNQpETlMyPTkuOS45LjkK\",\"verification\":{}},\"mode\":420}]},\"systemd\":{\"units\":[{\"contents\":\"[Unit]\\nConditionFirstBoot=yes\\n[Service]\\nType=idle\\nExecStart=/sbin/reboot\\n[Install]\\nWantedBy=multi-user.target\\n\",\"enabled\":true,\"name\":\"restart.service\"}]}}",
                            "systemd.#": "1",
                            "systemd.0": "2b2088c1732c1d1acffcbbe6386c2952e57ca2903cec0dc24bd4cb0f42abc300"
                        },
                        "meta": {},
                        "tainted": false
                    },
                    "deposed": [],
                    "provider": "module.control_plane.provider.ignition"
                },
                "data.ignition_file.hostname.0": {
                    "type": "ignition_file",
                    "depends_on": [],
                    "primary": {
                        "id": "15993e847c56ea3a5c0732a5cac8e81241a2da17752a4dca3c03046a185c6625",
                        "attributes": {
                            "content.#": "1",
                            "content.0.content": "control-plane-0",
                            "content.0.mime": "text/plain",
                            "filesystem": "root",
                            "id": "15993e847c56ea3a5c0732a5cac8e81241a2da17752a4dca3c03046a185c6625",
                            "mode": "420",
                            "path": "/etc/hostname"
                        },
                        "meta": {},
                        "tainted": false
                    },
                    "deposed": [],
                    "provider": "module.control_plane.provider.ignition"
                },
                "data.ignition_file.hostname.1": {
                    "type": "ignition_file",
                    "depends_on": [],
                    "primary": {
                        "id": "fbe07a03370697fae86ea33632e264340c4c18ade2076e84c08b5ca53fe0b60f",
                        "attributes": {
                            "content.#": "1",
                            "content.0.content": "control-plane-1",
                            "content.0.mime": "text/plain",
                            "filesystem": "root",
                            "id": "fbe07a03370697fae86ea33632e264340c4c18ade2076e84c08b5ca53fe0b60f",
                            "mode": "420",
                            "path": "/etc/hostname"
                        },
                        "meta": {},
                        "tainted": false
                    },
                    "deposed": [],
                    "provider": "module.control_plane.provider.ignition"
                },
                "data.ignition_file.hostname.2": {
                    "type": "ignition_file",
                    "depends_on": [],
                    "primary": {
                        "id": "3b9c5fd6b2d6a083838a963ebb8fa9d26f0f2e60275db378224df1fad3b6add2",
                        "attributes": {
                            "content.#": "1",
                            "content.0.content": "control-plane-2",
                            "content.0.mime": "text/plain",
                            "filesystem": "root",
                            "id": "3b9c5fd6b2d6a083838a963ebb8fa9d26f0f2e60275db378224df1fad3b6add2",
                            "mode": "420",
                            "path": "/etc/hostname"
                        },
                        "meta": {},
                        "tainted": false
                    },
                    "deposed": [],
                    "provider": "module.control_plane.provider.ignition"
                },
                "data.ignition_file.static_ip.0": {
                    "type": "ignition_file",
                    "depends_on": [
                        "local.gw",
                        "local.ip_addresses",
                        "local.mask"
                    ],
                    "primary": {
                        "id": "62d7929e08e1913c05a68faecf49fea5d0309e27f22de90cf01c750e3323f453",
                        "attributes": {
                            "content.#": "1",
                            "content.0.content": "TYPE=Ethernet\nBOOTPROTO=none\nNAME=ens192\nDEVICE=ens192\nONBOOT=yes\nIPADDR=192.168.101.101\nPREFIX=30\nGATEWAY=192.168.101.101\nDOMAIN=kube.sandz.com.ph\nDNS1=192.168.101.5\nDNS2=9.9.9.9\n",
                            "content.0.mime": "text/plain",
                            "filesystem": "root",
                            "id": "62d7929e08e1913c05a68faecf49fea5d0309e27f22de90cf01c750e3323f453",
                            "mode": "420",
                            "path": "/etc/sysconfig/network-scripts/ifcfg-ens192"
                        },
                        "meta": {},
                        "tainted": false
                    },
                    "deposed": [],
                    "provider": "module.control_plane.provider.ignition"
                },
                "data.ignition_file.static_ip.1": {
                    "type": "ignition_file",
                    "depends_on": [
                        "local.gw",
                        "local.ip_addresses",
                        "local.mask"
                    ],
                    "primary": {
                        "id": "ffc64cdfd72a00ad62a63a3159088964af91185a8d250fcc7a4a83674ed4b3fc",
                        "attributes": {
                            "content.#": "1",
                            "content.0.content": "TYPE=Ethernet\nBOOTPROTO=none\nNAME=ens192\nDEVICE=ens192\nONBOOT=yes\nIPADDR=192.168.101.102\nPREFIX=30\nGATEWAY=192.168.101.101\nDOMAIN=kube.sandz.com.ph\nDNS1=192.168.101.5\nDNS2=9.9.9.9\n",
                            "content.0.mime": "text/plain",
                            "filesystem": "root",
                            "id": "ffc64cdfd72a00ad62a63a3159088964af91185a8d250fcc7a4a83674ed4b3fc",
                            "mode": "420",
                            "path": "/etc/sysconfig/network-scripts/ifcfg-ens192"
                        },
                        "meta": {},
                        "tainted": false
                    },
                    "deposed": [],
                    "provider": "module.control_plane.provider.ignition"
                },
                "data.ignition_file.static_ip.2": {
                    "type": "ignition_file",
                    "depends_on": [
                        "local.gw",
                        "local.ip_addresses",
                        "local.mask"
                    ],
                    "primary": {
                        "id": "61bde12a14cab0a92dfabac5a2af8b690d5e304f53e5be6ac21b5d130ad331dc",
                        "attributes": {
                            "content.#": "1",
                            "content.0.content": "TYPE=Ethernet\nBOOTPROTO=none\nNAME=ens192\nDEVICE=ens192\nONBOOT=yes\nIPADDR=192.168.101.103\nPREFIX=30\nGATEWAY=192.168.101.101\nDOMAIN=kube.sandz.com.ph\nDNS1=192.168.101.5\nDNS2=9.9.9.9\n",
                            "content.0.mime": "text/plain",
                            "filesystem": "root",
                            "id": "61bde12a14cab0a92dfabac5a2af8b690d5e304f53e5be6ac21b5d130ad331dc",
                            "mode": "420",
                            "path": "/etc/sysconfig/network-scripts/ifcfg-ens192"
                        },
                        "meta": {},
                        "tainted": false
                    },
                    "deposed": [],
                    "provider": "module.control_plane.provider.ignition"
                },
                "data.ignition_systemd_unit.restart.0": {
                    "type": "ignition_systemd_unit",
                    "depends_on": [],
                    "primary": {
                        "id": "2b2088c1732c1d1acffcbbe6386c2952e57ca2903cec0dc24bd4cb0f42abc300",
                        "attributes": {
                            "content": "[Unit]\nConditionFirstBoot=yes\n[Service]\nType=idle\nExecStart=/sbin/reboot\n[Install]\nWantedBy=multi-user.target\n",
                            "enabled": "true",
                            "id": "2b2088c1732c1d1acffcbbe6386c2952e57ca2903cec0dc24bd4cb0f42abc300",
                            "name": "restart.service"
                        },
                        "meta": {},
                        "tainted": false
                    },
                    "deposed": [],
                    "provider": "module.control_plane.provider.ignition"
                },
                "data.ignition_systemd_unit.restart.1": {
                    "type": "ignition_systemd_unit",
                    "depends_on": [],
                    "primary": {
                        "id": "2b2088c1732c1d1acffcbbe6386c2952e57ca2903cec0dc24bd4cb0f42abc300",
                        "attributes": {
                            "content": "[Unit]\nConditionFirstBoot=yes\n[Service]\nType=idle\nExecStart=/sbin/reboot\n[Install]\nWantedBy=multi-user.target\n",
                            "enabled": "true",
                            "id": "2b2088c1732c1d1acffcbbe6386c2952e57ca2903cec0dc24bd4cb0f42abc300",
                            "name": "restart.service"
                        },
                        "meta": {},
                        "tainted": false
                    },
                    "deposed": [],
                    "provider": "module.control_plane.provider.ignition"
                },
                "data.ignition_systemd_unit.restart.2": {
                    "type": "ignition_systemd_unit",
                    "depends_on": [],
                    "primary": {
                        "id": "2b2088c1732c1d1acffcbbe6386c2952e57ca2903cec0dc24bd4cb0f42abc300",
                        "attributes": {
                            "content": "[Unit]\nConditionFirstBoot=yes\n[Service]\nType=idle\nExecStart=/sbin/reboot\n[Install]\nWantedBy=multi-user.target\n",
                            "enabled": "true",
                            "id": "2b2088c1732c1d1acffcbbe6386c2952e57ca2903cec0dc24bd4cb0f42abc300",
                            "name": "restart.service"
                        },
                        "meta": {},
                        "tainted": false
                    },
                    "deposed": [],
                    "provider": "module.control_plane.provider.ignition"
                },
                "data.vsphere_datastore.datastore": {
                    "type": "vsphere_datastore",
                    "depends_on": [],
                    "primary": {
                        "id": "datastore-1822",
                        "attributes": {
                            "datacenter_id": "datacenter-2",
                            "id": "datastore-1822",
                            "name": "DevOps"
                        },
                        "meta": {},
                        "tainted": false
                    },
                    "deposed": [],
                    "provider": "provider.vsphere"
                },
                "data.vsphere_network.network": {
                    "type": "vsphere_network",
                    "depends_on": [],
                    "primary": {
                        "id": "network-1001",
                        "attributes": {
                            "datacenter_id": "datacenter-2",
                            "id": "network-1001",
                            "name": "No VLAN",
                            "type": "Network"
                        },
                        "meta": {},
                        "tainted": false
                    },
                    "deposed": [],
                    "provider": "provider.vsphere"
                },
                "data.vsphere_virtual_machine.template": {
                    "type": "vsphere_virtual_machine",
                    "depends_on": [],
                    "primary": {
                        "id": "42133444-3a0e-876a-e712-026d5b1f53b2",
                        "attributes": {
                            "alternate_guest_name": "",
                            "datacenter_id": "datacenter-2",
                            "disks.#": "1",
                            "disks.0.eagerly_scrub": "false",
                            "disks.0.size": "16",
                            "disks.0.thin_provisioned": "false",
                            "firmware": "bios",
                            "guest_id": "rhel7_64Guest",
                            "guest_ip_addresses.#": "0",
                            "id": "42133444-3a0e-876a-e712-026d5b1f53b2",
                            "name": "rhcos-4.3.0",
                            "network_interface_types.#": "1",
                            "network_interface_types.0": "vmxnet3",
                            "scsi_bus_sharing": "noSharing",
                            "scsi_controller_scan_count": "1",
                            "scsi_type": "pvscsi"
                        },
                        "meta": {},
                        "tainted": false
                    },
                    "deposed": [],
                    "provider": "provider.vsphere"
                },
                "vsphere_virtual_machine.vm.0": {
                    "type": "vsphere_virtual_machine",
                    "depends_on": [
                        "data.ignition_config.ign.*",
                        "data.vsphere_datastore.datastore",
                        "data.vsphere_network.network",
                        "data.vsphere_virtual_machine.template"
                    ],
                    "primary": {
                        "id": "4213cfcd-3e72-760c-4ce6-ab6926573089",
                        "attributes": {
                            "alternate_guest_name": "",
                            "annotation": "",
                            "boot_delay": "0",
                            "boot_retry_delay": "10000",
                            "boot_retry_enabled": "false",
                            "cdrom.#": "0",
                            "change_version": "2020-02-17T17:18:45.594237Z",
                            "clone.#": "1",
                            "clone.0.customize.#": "0",
                            "clone.0.linked_clone": "false",
                            "clone.0.template_uuid": "42133444-3a0e-876a-e712-026d5b1f53b2",
                            "clone.0.timeout": "30",
                            "cpu_hot_add_enabled": "false",
                            "cpu_hot_remove_enabled": "false",
                            "cpu_limit": "-1",
                            "cpu_performance_counters_enabled": "false",
                            "cpu_reservation": "0",
                            "cpu_share_count": "4000",
                            "cpu_share_level": "normal",
                            "custom_attributes.%": "0",
                            "datastore_id": "datastore-1822",
                            "disk.#": "1",
                            "disk.0.attach": "false",
                            "disk.0.datastore_id": "datastore-1822",
                            "disk.0.device_address": "scsi:0:0",
                            "disk.0.disk_mode": "persistent",
                            "disk.0.disk_sharing": "sharingNone",
                            "disk.0.eagerly_scrub": "false",
                            "disk.0.io_limit": "-1",
                            "disk.0.io_reservation": "0",
                            "disk.0.io_share_count": "1000",
                            "disk.0.io_share_level": "normal",
                            "disk.0.keep_on_remove": "false",
                            "disk.0.key": "2000",
                            "disk.0.label": "disk0",
                            "disk.0.name": "",
                            "disk.0.path": "control-plane-0/control-plane-0.vmdk",
                            "disk.0.size": "120",
                            "disk.0.storage_policy_id": "",
                            "disk.0.thin_provisioned": "false",
                            "disk.0.unit_number": "0",
                            "disk.0.uuid": "6000C295-c274-1bb0-8e70-37e5bf30ca48",
                            "disk.0.write_through": "false",
                            "efi_secure_boot_enabled": "false",
                            "enable_disk_uuid": "true",
                            "enable_logging": "false",
                            "ept_rvi_mode": "automatic",
                            "extra_config.%": "0",
                            "firmware": "bios",
                            "folder": "kube",
                            "force_power_off": "true",
                            "guest_id": "rhel7_64Guest",
                            "guest_ip_addresses.#": "0",
                            "host_system_id": "host-12",
                            "hv_mode": "hvAuto",
                            "id": "4213cfcd-3e72-760c-4ce6-ab6926573089",
                            "latency_sensitivity": "normal",
                            "memory": "16384",
                            "memory_hot_add_enabled": "false",
                            "memory_limit": "-1",
                            "memory_reservation": "0",
                            "memory_share_count": "163840",
                            "memory_share_level": "normal",
                            "migrate_wait_timeout": "30",
                            "moid": "vm-1930",
                            "name": "control-plane-0",
                            "nested_hv_enabled": "false",
                            "network_interface.#": "1",
                            "network_interface.0.adapter_type": "vmxnet3",
                            "network_interface.0.bandwidth_limit": "-1",
                            "network_interface.0.bandwidth_reservation": "0",
                            "network_interface.0.bandwidth_share_count": "50",
                            "network_interface.0.bandwidth_share_level": "normal",
                            "network_interface.0.device_address": "pci:0:7",
                            "network_interface.0.key": "4000",
                            "network_interface.0.mac_address": "00:50:56:93:81:29",
                            "network_interface.0.network_id": "network-1001",
                            "network_interface.0.use_static_mac": "false",
                            "num_cores_per_socket": "1",
                            "num_cpus": "4",
                            "reboot_required": "false",
                            "resource_pool_id": "resgroup-1925",
                            "run_tools_scripts_after_power_on": "true",
                            "run_tools_scripts_after_resume": "true",
                            "run_tools_scripts_before_guest_reboot": "false",
                            "run_tools_scripts_before_guest_shutdown": "true",
                            "run_tools_scripts_before_guest_standby": "true",
                            "scsi_bus_sharing": "noSharing",
                            "scsi_controller_count": "1",
                            "scsi_type": "pvscsi",
                            "shutdown_wait_timeout": "3",
                            "storage_policy_id": "",
                            "swap_placement_policy": "inherit",
                            "sync_time_with_host": "false",
                            "tags.#": "0",
                            "uuid": "4213cfcd-3e72-760c-4ce6-ab6926573089",
                            "vapp.#": "1",
                            "vapp.0.properties.%": "2",
                            "vapp.0.properties.guestinfo.ignition.config.data": "eyJpZ25pdGlvbiI6eyJjb25maWciOnsiYXBwZW5kIjpbeyJzb3VyY2UiOiJkYXRhOnRleHQvcGxhaW47Y2hhcnNldD11dGYtODtiYXNlNjQsZXlKcFoyNXBkR2x2YmlJNmV5SmpiMjVtYVdjaU9uc2lZWEJ3Wlc1a0lqcGJleUp6YjNWeVkyVWlPaUpvZEhSd2N6b3ZMMkZ3YVMxcGJuUXVhM1ZpWlM1ellXNWtlaTVqYjIwdWNHZzZNakkyTWpNdlkyOXVabWxuTDIxaGMzUmxjaUlzSW5abGNtbG1hV05oZEdsdmJpSTZlMzE5WFgwc0luTmxZM1Z5YVhSNUlqcDdJblJzY3lJNmV5SmpaWEowYVdacFkyRjBaVUYxZEdodmNtbDBhV1Z6SWpwYmV5SnpiM1Z5WTJVaU9pSmtZWFJoT25SbGVIUXZjR3hoYVc0N1kyaGhjbk5sZEQxMWRHWXRPRHRpWVhObE5qUXNURk13ZEV4VE1VTlNWV1JLVkdsQ1JGSldTbFZUVlZwS1VUQkdWVkpUTUhSTVV6QjBRMnN4U2xOVlVrWlNSVTVFVVZkYWNGb3dSak5UVlVwQ1dqQnNTbGRVVm5GV00yUkxZak52ZVZWck1UTlNSa1phVTJ0MGRsZHJiRzlrYlU1UFVWWkdSbFJGU2xKUldHUkxZV3RXVkZSVlNrSlNNRVY0VmxWVlMxRXphRTVUYlVsNlVXMTRhV0pyTlhaWlZtUmhUVVV4VTFGWVpFVmFNV3hGVm14R1VsSkZWak5hU0d4cFRXcHJkMVJHWkU5aFJURkRUa1pvUlZaRmJETlVWVkpLWlVVMVJWRlVWazVoYTFWNFZHeGFkbGRCY0VWV1JURXpWRlZTU21WRk1WVlJWRlpPWVd0VmVGUnNXblprTUhCeFVsWk9UbEZyUmtoUlZFWldVbFZPTkZSVmNHbE5NRXB6V1cwMVQySXlSbGhYYWtKT1ZXdEdNMUpIWkZwU1JscFNWVlZTUm1ReVVqVkRiVWw1VDFSQ1RWWXdOVzlVVld4S1VXdHNjVkZWTlVOYU1uUjRZVWQwY0ZKNmJETk5SVXBDVlZWV1IxRlZSbEJSTUVaU1QwVkdUbE5WYkVOUk1tUk1VVEJHVWxKVlJucFVNM0JhVkRKbk1sRlliekpOUkdkTFVWVm5NMW95U1hKaVJYaENVMnRHTkZWV2JFbGphMlJhWTI1d00xcHNWa05oYWxKNFRtNVpkMWx1WkZwT1IxRjRaREZDZDFZelZsTmthM0JNVjBkU1ZFNXRhRE5WYW1oelRVUldhRmxWYkhkWFJGSnhZMEZ3Um1WVlZYZFhiV3hJVjBaR1YxRldValJqVkVKMFRETlNSMXBGZEd4UmFsRjRWakJvU0UweFRYZGhSVlkyU3pGWk1rNHdZM2hrVlhoYVdrVk9UVnBJY0ZOUFYyUjRZVmhHV0Zsc1duTk5ia3BSWWpBNU1FTnNUWHBSYmtKVFltbDBWbVJYVVhobFZ6bEhZVzVrTVZOWVVYcGxiR2hKVXpGV1RXSklTWFpoUmswd1ZVUk9SMWRHV2xSUFZsbzJXVzVhVDFacVdrUmFhMk14VDBjME5FNTZRVEJpUjNocVlqRnNVMlZXUlV0alZGcE9WMnRvV2xOcVVrUmpNV1ExVTJzNVlVc3lVVFZPV0hBMVRteEdhV0ZGVGtKa1ZUQnlUVzAxV2xFeFNYZFhVemswVm1wc1dtUlhUakZWYTNCUldsUk9kazF1UmxwU1ZFbzJWbFJvUzJKcldrOVZkM0JQVkVaS2JtSkZaM0pXYW1od1VWUkdlVkV5TVZKVVNFcDFZbFJLTUZkc1RtMWpSRkp0WVROd2VXUXhRak5aYTA1R1ZqSmthRkZYV1RKT2VrWnVWbXhHYUU5WVVYbGtNRXB0WW14U1VVd3haSEZhTUVwWlEyeFZlRk5ZV1habFZFSjFVakZHU2xKRlJsSlJWVXAyVFVWc00xVlZVa0pVTUVwdVZHeGFTVlZVYUVOUlYxazBVbFZLUWxSVlRrSmpWa1l6VWtoa1dsSkdXbE5OUmxKQ1ZWVm5kbEZyUmxaa01FWXpVbFZKUzB3emNFSmFSVXB1Vkd4YVNWVlVVa1pTYldSU1ZsaEtRMVJXWXpKV1JXaExWRWRXVmxwdVFUQk5Wa3BHWkROU1FtVkVVbnBUYWxKSllqTmtSVlZXYkV0VE1qbGhVMWRvTWxrd05VSlZWVlpOVVd4R1FsSkJjRzVhTUZaRFVWVm9kMkpHYkd0V1ZVcGhUV3BTYjFKR1FubFNWMUo0VWxoRmVHSnRWbEZWUkdoUFUydFdVVkp1U2s5a1IxWnVVMFU1Ym1Kck9UWlNSMG96VjJ4YVlWSllSbTFXTTBwaFQwZG5ka3d3T1dGRGFUbEtaRVJzTlZOWFpFNWpNbWhoV1ZWV1NsVkdWWHBqVm1STlRqSjBiVnBxU2sxWFJHeENWRWRvV1dWdFVuSk9ha1pIVWpOT1QwMHdlRFJPTWprMVltdHdkMkp0T1VoWFZHeFhWMWRzTWxOclNsUmlXRWxMVWxad2JHSXpaekpWVlRWS1ZVaFdNVTlYZEhOak1VWkZWRU01ZFdSVk5WbFVSRXBOVXpCc1VWbHViR0ZOVTNSc1UxTTVjVlJFVmpOVmFrSnFZekpOTVZkdWJGUmFWMDUzWkhwV1VXTXdlRWRXYmxKWldsRndiMWw2VWtobFJsSlhWMnhaTUZWWE5YbGFhM0ExVlVOMGRFNVdRbkZhTVVKWlpFVXhOV1ZxWkRKU1YyUjBUVlJzVTFWc1RYSk5TR3hHVTIxV1JGWnRWbTVTTUhSUVUwZDNkbFpzU2t0aVJrWnBZbnBHTVVOcmNFaE5ibEpyVlROb1VGUklXWHBVYlRFeFkxVm5kbFl4Wkd4V1ZHeFRWVlZrTkZGVlduaE9iV2hSVlVSYWRsVldSbEZsV0doMFdXMTRRbGRJYURKT2VteFdXVzFLYVVzeWVIbGFSRUZ5WkVaS00ySnVVVXRYYTJoNFpVZEdRbUp1YUZWV2JUUjNVVlZGTTFwNlZrNVhWemxUVFROYWMyRkdWbEpRVVc5MFRGTXdkRXhWVms5U1EwSkVVbFpLVlZOVldrcFJNRVpWVWxNd2RFeFRNSFJEWnowOUlpd2lkbVZ5YVdacFkyRjBhVzl1SWpwN2ZYMWRmWDBzSW5ScGJXVnZkWFJ6SWpwN2ZTd2lkbVZ5YzJsdmJpSTZJakl1TWk0d0luMHNJbTVsZEhkdmNtdGtJanA3ZlN3aWNHRnpjM2RrSWpwN2ZTd2ljM1J2Y21GblpTSTZlMzBzSW5ONWMzUmxiV1FpT250OWZRbz0iLCJ2ZXJpZmljYXRpb24iOnt9fV19LCJ0aW1lb3V0cyI6e30sInZlcnNpb24iOiIyLjEuMCJ9LCJuZXR3b3JrZCI6e30sInBhc3N3ZCI6e30sInN0b3JhZ2UiOnsiZmlsZXMiOlt7ImZpbGVzeXN0ZW0iOiJyb290IiwiZ3JvdXAiOnt9LCJwYXRoIjoiL2V0Yy9ob3N0bmFtZSIsInVzZXIiOnt9LCJjb250ZW50cyI6eyJzb3VyY2UiOiJkYXRhOnRleHQvcGxhaW47Y2hhcnNldD11dGYtODtiYXNlNjQsWTI5dWRISnZiQzF3YkdGdVpTMHciLCJ2ZXJpZmljYXRpb24iOnt9fSwibW9kZSI6NDIwfSx7ImZpbGVzeXN0ZW0iOiJyb290IiwiZ3JvdXAiOnt9LCJwYXRoIjoiL2V0Yy9zeXNjb25maWcvbmV0d29yay1zY3JpcHRzL2lmY2ZnLWVuczE5MiIsInVzZXIiOnt9LCJjb250ZW50cyI6eyJzb3VyY2UiOiJkYXRhOnRleHQvcGxhaW47Y2hhcnNldD11dGYtODtiYXNlNjQsVkZsUVJUMUZkR2hsY201bGRBcENUMDlVVUZKUFZFODlibTl1WlFwT1FVMUZQV1Z1Y3pFNU1ncEVSVlpKUTBVOVpXNXpNVGt5Q2s5T1FrOVBWRDE1WlhNS1NWQkJSRVJTUFRFNU1pNHhOamd1TVRBeExqRXdNUXBRVWtWR1NWZzlNekFLUjBGVVJWZEJXVDB4T1RJdU1UWTRMakV3TVM0eE1ERUtSRTlOUVVsT1BXdDFZbVV1YzJGdVpIb3VZMjl0TG5Cb0NrUk9VekU5TVRreUxqRTJPQzR4TURFdU5RcEVUbE15UFRrdU9TNDVMamtLIiwidmVyaWZpY2F0aW9uIjp7fX0sIm1vZGUiOjQyMH1dfSwic3lzdGVtZCI6eyJ1bml0cyI6W3siY29udGVudHMiOiJbVW5pdF1cbkNvbmRpdGlvbkZpcnN0Qm9vdD15ZXNcbltTZXJ2aWNlXVxuVHlwZT1pZGxlXG5FeGVjU3RhcnQ9L3NiaW4vcmVib290XG5bSW5zdGFsbF1cbldhbnRlZEJ5PW11bHRpLXVzZXIudGFyZ2V0XG4iLCJlbmFibGVkIjp0cnVlLCJuYW1lIjoicmVzdGFydC5zZXJ2aWNlIn1dfX0=",
                            "vapp.0.properties.guestinfo.ignition.config.data.encoding": "base64",
                            "vapp_transport.#": "1",
                            "vapp_transport.0": "com.vmware.guestInfo",
                            "vmware_tools_status": "guestToolsNotRunning",
                            "vmx_path": "control-plane-0/control-plane-0.vmx",
                            "wait_for_guest_ip_timeout": "0",
                            "wait_for_guest_net_routable": "false",
                            "wait_for_guest_net_timeout": "0"
                        },
                        "meta": {
                            "schema_version": "3"
                        },
                        "tainted": false
                    },
                    "deposed": [],
                    "provider": "provider.vsphere"
                },
                "vsphere_virtual_machine.vm.1": {
                    "type": "vsphere_virtual_machine",
                    "depends_on": [
                        "data.ignition_config.ign.*",
                        "data.vsphere_datastore.datastore",
                        "data.vsphere_network.network",
                        "data.vsphere_virtual_machine.template"
                    ],
                    "primary": {
                        "id": "4213b4c8-9b5b-97f6-09ba-d3ad9a5a804f",
                        "attributes": {
                            "alternate_guest_name": "",
                            "annotation": "",
                            "boot_delay": "0",
                            "boot_retry_delay": "10000",
                            "boot_retry_enabled": "false",
                            "cdrom.#": "0",
                            "change_version": "2020-02-17T17:18:42.502916Z",
                            "clone.#": "1",
                            "clone.0.customize.#": "0",
                            "clone.0.linked_clone": "false",
                            "clone.0.template_uuid": "42133444-3a0e-876a-e712-026d5b1f53b2",
                            "clone.0.timeout": "30",
                            "cpu_hot_add_enabled": "false",
                            "cpu_hot_remove_enabled": "false",
                            "cpu_limit": "-1",
                            "cpu_performance_counters_enabled": "false",
                            "cpu_reservation": "0",
                            "cpu_share_count": "4000",
                            "cpu_share_level": "normal",
                            "custom_attributes.%": "0",
                            "datastore_id": "datastore-1822",
                            "disk.#": "1",
                            "disk.0.attach": "false",
                            "disk.0.datastore_id": "datastore-1822",
                            "disk.0.device_address": "scsi:0:0",
                            "disk.0.disk_mode": "persistent",
                            "disk.0.disk_sharing": "sharingNone",
                            "disk.0.eagerly_scrub": "false",
                            "disk.0.io_limit": "-1",
                            "disk.0.io_reservation": "0",
                            "disk.0.io_share_count": "1000",
                            "disk.0.io_share_level": "normal",
                            "disk.0.keep_on_remove": "false",
                            "disk.0.key": "2000",
                            "disk.0.label": "disk0",
                            "disk.0.name": "",
                            "disk.0.path": "control-plane-1/control-plane-1.vmdk",
                            "disk.0.size": "120",
                            "disk.0.storage_policy_id": "",
                            "disk.0.thin_provisioned": "false",
                            "disk.0.unit_number": "0",
                            "disk.0.uuid": "6000C290-d08b-135d-ba12-c02e8fca3b50",
                            "disk.0.write_through": "false",
                            "efi_secure_boot_enabled": "false",
                            "enable_disk_uuid": "true",
                            "enable_logging": "false",
                            "ept_rvi_mode": "automatic",
                            "extra_config.%": "0",
                            "firmware": "bios",
                            "folder": "kube",
                            "force_power_off": "true",
                            "guest_id": "rhel7_64Guest",
                            "guest_ip_addresses.#": "0",
                            "host_system_id": "host-18",
                            "hv_mode": "hvAuto",
                            "id": "4213b4c8-9b5b-97f6-09ba-d3ad9a5a804f",
                            "latency_sensitivity": "normal",
                            "memory": "16384",
                            "memory_hot_add_enabled": "false",
                            "memory_limit": "-1",
                            "memory_reservation": "0",
                            "memory_share_count": "163840",
                            "memory_share_level": "normal",
                            "migrate_wait_timeout": "30",
                            "moid": "vm-1932",
                            "name": "control-plane-1",
                            "nested_hv_enabled": "false",
                            "network_interface.#": "1",
                            "network_interface.0.adapter_type": "vmxnet3",
                            "network_interface.0.bandwidth_limit": "-1",
                            "network_interface.0.bandwidth_reservation": "0",
                            "network_interface.0.bandwidth_share_count": "50",
                            "network_interface.0.bandwidth_share_level": "normal",
                            "network_interface.0.device_address": "pci:0:7",
                            "network_interface.0.key": "4000",
                            "network_interface.0.mac_address": "00:50:56:93:85:fd",
                            "network_interface.0.network_id": "network-1001",
                            "network_interface.0.use_static_mac": "false",
                            "num_cores_per_socket": "1",
                            "num_cpus": "4",
                            "reboot_required": "false",
                            "resource_pool_id": "resgroup-1925",
                            "run_tools_scripts_after_power_on": "true",
                            "run_tools_scripts_after_resume": "true",
                            "run_tools_scripts_before_guest_reboot": "false",
                            "run_tools_scripts_before_guest_shutdown": "true",
                            "run_tools_scripts_before_guest_standby": "true",
                            "scsi_bus_sharing": "noSharing",
                            "scsi_controller_count": "1",
                            "scsi_type": "pvscsi",
                            "shutdown_wait_timeout": "3",
                            "storage_policy_id": "",
                            "swap_placement_policy": "inherit",
                            "sync_time_with_host": "false",
                            "tags.#": "0",
                            "uuid": "4213b4c8-9b5b-97f6-09ba-d3ad9a5a804f",
                            "vapp.#": "1",
                            "vapp.0.properties.%": "2",
                            "vapp.0.properties.guestinfo.ignition.config.data": "eyJpZ25pdGlvbiI6eyJjb25maWciOnsiYXBwZW5kIjpbeyJzb3VyY2UiOiJkYXRhOnRleHQvcGxhaW47Y2hhcnNldD11dGYtODtiYXNlNjQsZXlKcFoyNXBkR2x2YmlJNmV5SmpiMjVtYVdjaU9uc2lZWEJ3Wlc1a0lqcGJleUp6YjNWeVkyVWlPaUpvZEhSd2N6b3ZMMkZ3YVMxcGJuUXVhM1ZpWlM1ellXNWtlaTVqYjIwdWNHZzZNakkyTWpNdlkyOXVabWxuTDIxaGMzUmxjaUlzSW5abGNtbG1hV05oZEdsdmJpSTZlMzE5WFgwc0luTmxZM1Z5YVhSNUlqcDdJblJzY3lJNmV5SmpaWEowYVdacFkyRjBaVUYxZEdodmNtbDBhV1Z6SWpwYmV5SnpiM1Z5WTJVaU9pSmtZWFJoT25SbGVIUXZjR3hoYVc0N1kyaGhjbk5sZEQxMWRHWXRPRHRpWVhObE5qUXNURk13ZEV4VE1VTlNWV1JLVkdsQ1JGSldTbFZUVlZwS1VUQkdWVkpUTUhSTVV6QjBRMnN4U2xOVlVrWlNSVTVFVVZkYWNGb3dSak5UVlVwQ1dqQnNTbGRVVm5GV00yUkxZak52ZVZWck1UTlNSa1phVTJ0MGRsZHJiRzlrYlU1UFVWWkdSbFJGU2xKUldHUkxZV3RXVkZSVlNrSlNNRVY0VmxWVlMxRXphRTVUYlVsNlVXMTRhV0pyTlhaWlZtUmhUVVV4VTFGWVpFVmFNV3hGVm14R1VsSkZWak5hU0d4cFRXcHJkMVJHWkU5aFJURkRUa1pvUlZaRmJETlVWVkpLWlVVMVJWRlVWazVoYTFWNFZHeGFkbGRCY0VWV1JURXpWRlZTU21WRk1WVlJWRlpPWVd0VmVGUnNXblprTUhCeFVsWk9UbEZyUmtoUlZFWldVbFZPTkZSVmNHbE5NRXB6V1cwMVQySXlSbGhYYWtKT1ZXdEdNMUpIWkZwU1JscFNWVlZTUm1ReVVqVkRiVWw1VDFSQ1RWWXdOVzlVVld4S1VXdHNjVkZWTlVOYU1uUjRZVWQwY0ZKNmJETk5SVXBDVlZWV1IxRlZSbEJSTUVaU1QwVkdUbE5WYkVOUk1tUk1VVEJHVWxKVlJucFVNM0JhVkRKbk1sRlliekpOUkdkTFVWVm5NMW95U1hKaVJYaENVMnRHTkZWV2JFbGphMlJhWTI1d00xcHNWa05oYWxKNFRtNVpkMWx1WkZwT1IxRjRaREZDZDFZelZsTmthM0JNVjBkU1ZFNXRhRE5WYW1oelRVUldhRmxWYkhkWFJGSnhZMEZ3Um1WVlZYZFhiV3hJVjBaR1YxRldValJqVkVKMFRETlNSMXBGZEd4UmFsRjRWakJvU0UweFRYZGhSVlkyU3pGWk1rNHdZM2hrVlhoYVdrVk9UVnBJY0ZOUFYyUjRZVmhHV0Zsc1duTk5ia3BSWWpBNU1FTnNUWHBSYmtKVFltbDBWbVJYVVhobFZ6bEhZVzVrTVZOWVVYcGxiR2hKVXpGV1RXSklTWFpoUmswd1ZVUk9SMWRHV2xSUFZsbzJXVzVhVDFacVdrUmFhMk14VDBjME5FNTZRVEJpUjNocVlqRnNVMlZXUlV0alZGcE9WMnRvV2xOcVVrUmpNV1ExVTJzNVlVc3lVVFZPV0hBMVRteEdhV0ZGVGtKa1ZUQnlUVzAxV2xFeFNYZFhVemswVm1wc1dtUlhUakZWYTNCUldsUk9kazF1UmxwU1ZFbzJWbFJvUzJKcldrOVZkM0JQVkVaS2JtSkZaM0pXYW1od1VWUkdlVkV5TVZKVVNFcDFZbFJLTUZkc1RtMWpSRkp0WVROd2VXUXhRak5aYTA1R1ZqSmthRkZYV1RKT2VrWnVWbXhHYUU5WVVYbGtNRXB0WW14U1VVd3haSEZhTUVwWlEyeFZlRk5ZV1habFZFSjFVakZHU2xKRlJsSlJWVXAyVFVWc00xVlZVa0pVTUVwdVZHeGFTVlZVYUVOUlYxazBVbFZLUWxSVlRrSmpWa1l6VWtoa1dsSkdXbE5OUmxKQ1ZWVm5kbEZyUmxaa01FWXpVbFZKUzB3emNFSmFSVXB1Vkd4YVNWVlVVa1pTYldSU1ZsaEtRMVJXWXpKV1JXaExWRWRXVmxwdVFUQk5Wa3BHWkROU1FtVkVVbnBUYWxKSllqTmtSVlZXYkV0VE1qbGhVMWRvTWxrd05VSlZWVlpOVVd4R1FsSkJjRzVhTUZaRFVWVm9kMkpHYkd0V1ZVcGhUV3BTYjFKR1FubFNWMUo0VWxoRmVHSnRWbEZWUkdoUFUydFdVVkp1U2s5a1IxWnVVMFU1Ym1Kck9UWlNSMG96VjJ4YVlWSllSbTFXTTBwaFQwZG5ka3d3T1dGRGFUbEtaRVJzTlZOWFpFNWpNbWhoV1ZWV1NsVkdWWHBqVm1STlRqSjBiVnBxU2sxWFJHeENWRWRvV1dWdFVuSk9ha1pIVWpOT1QwMHdlRFJPTWprMVltdHdkMkp0T1VoWFZHeFhWMWRzTWxOclNsUmlXRWxMVWxad2JHSXpaekpWVlRWS1ZVaFdNVTlYZEhOak1VWkZWRU01ZFdSVk5WbFVSRXBOVXpCc1VWbHViR0ZOVTNSc1UxTTVjVlJFVmpOVmFrSnFZekpOTVZkdWJGUmFWMDUzWkhwV1VXTXdlRWRXYmxKWldsRndiMWw2VWtobFJsSlhWMnhaTUZWWE5YbGFhM0ExVlVOMGRFNVdRbkZhTVVKWlpFVXhOV1ZxWkRKU1YyUjBUVlJzVTFWc1RYSk5TR3hHVTIxV1JGWnRWbTVTTUhSUVUwZDNkbFpzU2t0aVJrWnBZbnBHTVVOcmNFaE5ibEpyVlROb1VGUklXWHBVYlRFeFkxVm5kbFl4Wkd4V1ZHeFRWVlZrTkZGVlduaE9iV2hSVlVSYWRsVldSbEZsV0doMFdXMTRRbGRJYURKT2VteFdXVzFLYVVzeWVIbGFSRUZ5WkVaS00ySnVVVXRYYTJoNFpVZEdRbUp1YUZWV2JUUjNVVlZGTTFwNlZrNVhWemxUVFROYWMyRkdWbEpRVVc5MFRGTXdkRXhWVms5U1EwSkVVbFpLVlZOVldrcFJNRVpWVWxNd2RFeFRNSFJEWnowOUlpd2lkbVZ5YVdacFkyRjBhVzl1SWpwN2ZYMWRmWDBzSW5ScGJXVnZkWFJ6SWpwN2ZTd2lkbVZ5YzJsdmJpSTZJakl1TWk0d0luMHNJbTVsZEhkdmNtdGtJanA3ZlN3aWNHRnpjM2RrSWpwN2ZTd2ljM1J2Y21GblpTSTZlMzBzSW5ONWMzUmxiV1FpT250OWZRbz0iLCJ2ZXJpZmljYXRpb24iOnt9fV19LCJ0aW1lb3V0cyI6e30sInZlcnNpb24iOiIyLjEuMCJ9LCJuZXR3b3JrZCI6e30sInBhc3N3ZCI6e30sInN0b3JhZ2UiOnsiZmlsZXMiOlt7ImZpbGVzeXN0ZW0iOiJyb290IiwiZ3JvdXAiOnt9LCJwYXRoIjoiL2V0Yy9ob3N0bmFtZSIsInVzZXIiOnt9LCJjb250ZW50cyI6eyJzb3VyY2UiOiJkYXRhOnRleHQvcGxhaW47Y2hhcnNldD11dGYtODtiYXNlNjQsWTI5dWRISnZiQzF3YkdGdVpTMHgiLCJ2ZXJpZmljYXRpb24iOnt9fSwibW9kZSI6NDIwfSx7ImZpbGVzeXN0ZW0iOiJyb290IiwiZ3JvdXAiOnt9LCJwYXRoIjoiL2V0Yy9zeXNjb25maWcvbmV0d29yay1zY3JpcHRzL2lmY2ZnLWVuczE5MiIsInVzZXIiOnt9LCJjb250ZW50cyI6eyJzb3VyY2UiOiJkYXRhOnRleHQvcGxhaW47Y2hhcnNldD11dGYtODtiYXNlNjQsVkZsUVJUMUZkR2hsY201bGRBcENUMDlVVUZKUFZFODlibTl1WlFwT1FVMUZQV1Z1Y3pFNU1ncEVSVlpKUTBVOVpXNXpNVGt5Q2s5T1FrOVBWRDE1WlhNS1NWQkJSRVJTUFRFNU1pNHhOamd1TVRBeExqRXdNZ3BRVWtWR1NWZzlNekFLUjBGVVJWZEJXVDB4T1RJdU1UWTRMakV3TVM0eE1ERUtSRTlOUVVsT1BXdDFZbVV1YzJGdVpIb3VZMjl0TG5Cb0NrUk9VekU5TVRreUxqRTJPQzR4TURFdU5RcEVUbE15UFRrdU9TNDVMamtLIiwidmVyaWZpY2F0aW9uIjp7fX0sIm1vZGUiOjQyMH1dfSwic3lzdGVtZCI6eyJ1bml0cyI6W3siY29udGVudHMiOiJbVW5pdF1cbkNvbmRpdGlvbkZpcnN0Qm9vdD15ZXNcbltTZXJ2aWNlXVxuVHlwZT1pZGxlXG5FeGVjU3RhcnQ9L3NiaW4vcmVib290XG5bSW5zdGFsbF1cbldhbnRlZEJ5PW11bHRpLXVzZXIudGFyZ2V0XG4iLCJlbmFibGVkIjp0cnVlLCJuYW1lIjoicmVzdGFydC5zZXJ2aWNlIn1dfX0=",
                            "vapp.0.properties.guestinfo.ignition.config.data.encoding": "base64",
                            "vapp_transport.#": "1",
                            "vapp_transport.0": "com.vmware.guestInfo",
                            "vmware_tools_status": "guestToolsNotRunning",
                            "vmx_path": "control-plane-1/control-plane-1.vmx",
                            "wait_for_guest_ip_timeout": "0",
                            "wait_for_guest_net_routable": "false",
                            "wait_for_guest_net_timeout": "0"
                        },
                        "meta": {
                            "schema_version": "3"
                        },
                        "tainted": false
                    },
                    "deposed": [],
                    "provider": "provider.vsphere"
                },
                "vsphere_virtual_machine.vm.2": {
                    "type": "vsphere_virtual_machine",
                    "depends_on": [
                        "data.ignition_config.ign.*",
                        "data.vsphere_datastore.datastore",
                        "data.vsphere_network.network",
                        "data.vsphere_virtual_machine.template"
                    ],
                    "primary": {
                        "id": "4213d7fd-4520-a188-9224-9e0da5a856ae",
                        "attributes": {
                            "alternate_guest_name": "",
                            "annotation": "",
                            "boot_delay": "0",
                            "boot_retry_delay": "10000",
                            "boot_retry_enabled": "false",
                            "cdrom.#": "0",
                            "change_version": "2020-02-17T17:18:45.158916Z",
                            "clone.#": "1",
                            "clone.0.customize.#": "0",
                            "clone.0.linked_clone": "false",
                            "clone.0.template_uuid": "42133444-3a0e-876a-e712-026d5b1f53b2",
                            "clone.0.timeout": "30",
                            "cpu_hot_add_enabled": "false",
                            "cpu_hot_remove_enabled": "false",
                            "cpu_limit": "-1",
                            "cpu_performance_counters_enabled": "false",
                            "cpu_reservation": "0",
                            "cpu_share_count": "4000",
                            "cpu_share_level": "normal",
                            "custom_attributes.%": "0",
                            "datastore_id": "datastore-1822",
                            "disk.#": "1",
                            "disk.0.attach": "false",
                            "disk.0.datastore_id": "datastore-1822",
                            "disk.0.device_address": "scsi:0:0",
                            "disk.0.disk_mode": "persistent",
                            "disk.0.disk_sharing": "sharingNone",
                            "disk.0.eagerly_scrub": "false",
                            "disk.0.io_limit": "-1",
                            "disk.0.io_reservation": "0",
                            "disk.0.io_share_count": "1000",
                            "disk.0.io_share_level": "normal",
                            "disk.0.keep_on_remove": "false",
                            "disk.0.key": "2000",
                            "disk.0.label": "disk0",
                            "disk.0.name": "",
                            "disk.0.path": "control-plane-2/control-plane-2.vmdk",
                            "disk.0.size": "120",
                            "disk.0.storage_policy_id": "",
                            "disk.0.thin_provisioned": "false",
                            "disk.0.unit_number": "0",
                            "disk.0.uuid": "6000C296-d9ff-cbb3-27fc-8d875ac0eed1",
                            "disk.0.write_through": "false",
                            "efi_secure_boot_enabled": "false",
                            "enable_disk_uuid": "true",
                            "enable_logging": "false",
                            "ept_rvi_mode": "automatic",
                            "extra_config.%": "0",
                            "firmware": "bios",
                            "folder": "kube",
                            "force_power_off": "true",
                            "guest_id": "rhel7_64Guest",
                            "guest_ip_addresses.#": "0",
                            "host_system_id": "host-18",
                            "hv_mode": "hvAuto",
                            "id": "4213d7fd-4520-a188-9224-9e0da5a856ae",
                            "latency_sensitivity": "normal",
                            "memory": "16384",
                            "memory_hot_add_enabled": "false",
                            "memory_limit": "-1",
                            "memory_reservation": "0",
                            "memory_share_count": "163840",
                            "memory_share_level": "normal",
                            "migrate_wait_timeout": "30",
                            "moid": "vm-1927",
                            "name": "control-plane-2",
                            "nested_hv_enabled": "false",
                            "network_interface.#": "1",
                            "network_interface.0.adapter_type": "vmxnet3",
                            "network_interface.0.bandwidth_limit": "-1",
                            "network_interface.0.bandwidth_reservation": "0",
                            "network_interface.0.bandwidth_share_count": "50",
                            "network_interface.0.bandwidth_share_level": "normal",
                            "network_interface.0.device_address": "pci:0:7",
                            "network_interface.0.key": "4000",
                            "network_interface.0.mac_address": "00:50:56:93:e8:74",
                            "network_interface.0.network_id": "network-1001",
                            "network_interface.0.use_static_mac": "false",
                            "num_cores_per_socket": "1",
                            "num_cpus": "4",
                            "reboot_required": "false",
                            "resource_pool_id": "resgroup-1925",
                            "run_tools_scripts_after_power_on": "true",
                            "run_tools_scripts_after_resume": "true",
                            "run_tools_scripts_before_guest_reboot": "false",
                            "run_tools_scripts_before_guest_shutdown": "true",
                            "run_tools_scripts_before_guest_standby": "true",
                            "scsi_bus_sharing": "noSharing",
                            "scsi_controller_count": "1",
                            "scsi_type": "pvscsi",
                            "shutdown_wait_timeout": "3",
                            "storage_policy_id": "",
                            "swap_placement_policy": "inherit",
                            "sync_time_with_host": "false",
                            "tags.#": "0",
                            "uuid": "4213d7fd-4520-a188-9224-9e0da5a856ae",
                            "vapp.#": "1",
                            "vapp.0.properties.%": "2",
                            "vapp.0.properties.guestinfo.ignition.config.data": "eyJpZ25pdGlvbiI6eyJjb25maWciOnsiYXBwZW5kIjpbeyJzb3VyY2UiOiJkYXRhOnRleHQvcGxhaW47Y2hhcnNldD11dGYtODtiYXNlNjQsZXlKcFoyNXBkR2x2YmlJNmV5SmpiMjVtYVdjaU9uc2lZWEJ3Wlc1a0lqcGJleUp6YjNWeVkyVWlPaUpvZEhSd2N6b3ZMMkZ3YVMxcGJuUXVhM1ZpWlM1ellXNWtlaTVqYjIwdWNHZzZNakkyTWpNdlkyOXVabWxuTDIxaGMzUmxjaUlzSW5abGNtbG1hV05oZEdsdmJpSTZlMzE5WFgwc0luTmxZM1Z5YVhSNUlqcDdJblJzY3lJNmV5SmpaWEowYVdacFkyRjBaVUYxZEdodmNtbDBhV1Z6SWpwYmV5SnpiM1Z5WTJVaU9pSmtZWFJoT25SbGVIUXZjR3hoYVc0N1kyaGhjbk5sZEQxMWRHWXRPRHRpWVhObE5qUXNURk13ZEV4VE1VTlNWV1JLVkdsQ1JGSldTbFZUVlZwS1VUQkdWVkpUTUhSTVV6QjBRMnN4U2xOVlVrWlNSVTVFVVZkYWNGb3dSak5UVlVwQ1dqQnNTbGRVVm5GV00yUkxZak52ZVZWck1UTlNSa1phVTJ0MGRsZHJiRzlrYlU1UFVWWkdSbFJGU2xKUldHUkxZV3RXVkZSVlNrSlNNRVY0VmxWVlMxRXphRTVUYlVsNlVXMTRhV0pyTlhaWlZtUmhUVVV4VTFGWVpFVmFNV3hGVm14R1VsSkZWak5hU0d4cFRXcHJkMVJHWkU5aFJURkRUa1pvUlZaRmJETlVWVkpLWlVVMVJWRlVWazVoYTFWNFZHeGFkbGRCY0VWV1JURXpWRlZTU21WRk1WVlJWRlpPWVd0VmVGUnNXblprTUhCeFVsWk9UbEZyUmtoUlZFWldVbFZPTkZSVmNHbE5NRXB6V1cwMVQySXlSbGhYYWtKT1ZXdEdNMUpIWkZwU1JscFNWVlZTUm1ReVVqVkRiVWw1VDFSQ1RWWXdOVzlVVld4S1VXdHNjVkZWTlVOYU1uUjRZVWQwY0ZKNmJETk5SVXBDVlZWV1IxRlZSbEJSTUVaU1QwVkdUbE5WYkVOUk1tUk1VVEJHVWxKVlJucFVNM0JhVkRKbk1sRlliekpOUkdkTFVWVm5NMW95U1hKaVJYaENVMnRHTkZWV2JFbGphMlJhWTI1d00xcHNWa05oYWxKNFRtNVpkMWx1WkZwT1IxRjRaREZDZDFZelZsTmthM0JNVjBkU1ZFNXRhRE5WYW1oelRVUldhRmxWYkhkWFJGSnhZMEZ3Um1WVlZYZFhiV3hJVjBaR1YxRldValJqVkVKMFRETlNSMXBGZEd4UmFsRjRWakJvU0UweFRYZGhSVlkyU3pGWk1rNHdZM2hrVlhoYVdrVk9UVnBJY0ZOUFYyUjRZVmhHV0Zsc1duTk5ia3BSWWpBNU1FTnNUWHBSYmtKVFltbDBWbVJYVVhobFZ6bEhZVzVrTVZOWVVYcGxiR2hKVXpGV1RXSklTWFpoUmswd1ZVUk9SMWRHV2xSUFZsbzJXVzVhVDFacVdrUmFhMk14VDBjME5FNTZRVEJpUjNocVlqRnNVMlZXUlV0alZGcE9WMnRvV2xOcVVrUmpNV1ExVTJzNVlVc3lVVFZPV0hBMVRteEdhV0ZGVGtKa1ZUQnlUVzAxV2xFeFNYZFhVemswVm1wc1dtUlhUakZWYTNCUldsUk9kazF1UmxwU1ZFbzJWbFJvUzJKcldrOVZkM0JQVkVaS2JtSkZaM0pXYW1od1VWUkdlVkV5TVZKVVNFcDFZbFJLTUZkc1RtMWpSRkp0WVROd2VXUXhRak5aYTA1R1ZqSmthRkZYV1RKT2VrWnVWbXhHYUU5WVVYbGtNRXB0WW14U1VVd3haSEZhTUVwWlEyeFZlRk5ZV1habFZFSjFVakZHU2xKRlJsSlJWVXAyVFVWc00xVlZVa0pVTUVwdVZHeGFTVlZVYUVOUlYxazBVbFZLUWxSVlRrSmpWa1l6VWtoa1dsSkdXbE5OUmxKQ1ZWVm5kbEZyUmxaa01FWXpVbFZKUzB3emNFSmFSVXB1Vkd4YVNWVlVVa1pTYldSU1ZsaEtRMVJXWXpKV1JXaExWRWRXVmxwdVFUQk5Wa3BHWkROU1FtVkVVbnBUYWxKSllqTmtSVlZXYkV0VE1qbGhVMWRvTWxrd05VSlZWVlpOVVd4R1FsSkJjRzVhTUZaRFVWVm9kMkpHYkd0V1ZVcGhUV3BTYjFKR1FubFNWMUo0VWxoRmVHSnRWbEZWUkdoUFUydFdVVkp1U2s5a1IxWnVVMFU1Ym1Kck9UWlNSMG96VjJ4YVlWSllSbTFXTTBwaFQwZG5ka3d3T1dGRGFUbEtaRVJzTlZOWFpFNWpNbWhoV1ZWV1NsVkdWWHBqVm1STlRqSjBiVnBxU2sxWFJHeENWRWRvV1dWdFVuSk9ha1pIVWpOT1QwMHdlRFJPTWprMVltdHdkMkp0T1VoWFZHeFhWMWRzTWxOclNsUmlXRWxMVWxad2JHSXpaekpWVlRWS1ZVaFdNVTlYZEhOak1VWkZWRU01ZFdSVk5WbFVSRXBOVXpCc1VWbHViR0ZOVTNSc1UxTTVjVlJFVmpOVmFrSnFZekpOTVZkdWJGUmFWMDUzWkhwV1VXTXdlRWRXYmxKWldsRndiMWw2VWtobFJsSlhWMnhaTUZWWE5YbGFhM0ExVlVOMGRFNVdRbkZhTVVKWlpFVXhOV1ZxWkRKU1YyUjBUVlJzVTFWc1RYSk5TR3hHVTIxV1JGWnRWbTVTTUhSUVUwZDNkbFpzU2t0aVJrWnBZbnBHTVVOcmNFaE5ibEpyVlROb1VGUklXWHBVYlRFeFkxVm5kbFl4Wkd4V1ZHeFRWVlZrTkZGVlduaE9iV2hSVlVSYWRsVldSbEZsV0doMFdXMTRRbGRJYURKT2VteFdXVzFLYVVzeWVIbGFSRUZ5WkVaS00ySnVVVXRYYTJoNFpVZEdRbUp1YUZWV2JUUjNVVlZGTTFwNlZrNVhWemxUVFROYWMyRkdWbEpRVVc5MFRGTXdkRXhWVms5U1EwSkVVbFpLVlZOVldrcFJNRVpWVWxNd2RFeFRNSFJEWnowOUlpd2lkbVZ5YVdacFkyRjBhVzl1SWpwN2ZYMWRmWDBzSW5ScGJXVnZkWFJ6SWpwN2ZTd2lkbVZ5YzJsdmJpSTZJakl1TWk0d0luMHNJbTVsZEhkdmNtdGtJanA3ZlN3aWNHRnpjM2RrSWpwN2ZTd2ljM1J2Y21GblpTSTZlMzBzSW5ONWMzUmxiV1FpT250OWZRbz0iLCJ2ZXJpZmljYXRpb24iOnt9fV19LCJ0aW1lb3V0cyI6e30sInZlcnNpb24iOiIyLjEuMCJ9LCJuZXR3b3JrZCI6e30sInBhc3N3ZCI6e30sInN0b3JhZ2UiOnsiZmlsZXMiOlt7ImZpbGVzeXN0ZW0iOiJyb290IiwiZ3JvdXAiOnt9LCJwYXRoIjoiL2V0Yy9ob3N0bmFtZSIsInVzZXIiOnt9LCJjb250ZW50cyI6eyJzb3VyY2UiOiJkYXRhOnRleHQvcGxhaW47Y2hhcnNldD11dGYtODtiYXNlNjQsWTI5dWRISnZiQzF3YkdGdVpTMHkiLCJ2ZXJpZmljYXRpb24iOnt9fSwibW9kZSI6NDIwfSx7ImZpbGVzeXN0ZW0iOiJyb290IiwiZ3JvdXAiOnt9LCJwYXRoIjoiL2V0Yy9zeXNjb25maWcvbmV0d29yay1zY3JpcHRzL2lmY2ZnLWVuczE5MiIsInVzZXIiOnt9LCJjb250ZW50cyI6eyJzb3VyY2UiOiJkYXRhOnRleHQvcGxhaW47Y2hhcnNldD11dGYtODtiYXNlNjQsVkZsUVJUMUZkR2hsY201bGRBcENUMDlVVUZKUFZFODlibTl1WlFwT1FVMUZQV1Z1Y3pFNU1ncEVSVlpKUTBVOVpXNXpNVGt5Q2s5T1FrOVBWRDE1WlhNS1NWQkJSRVJTUFRFNU1pNHhOamd1TVRBeExqRXdNd3BRVWtWR1NWZzlNekFLUjBGVVJWZEJXVDB4T1RJdU1UWTRMakV3TVM0eE1ERUtSRTlOUVVsT1BXdDFZbVV1YzJGdVpIb3VZMjl0TG5Cb0NrUk9VekU5TVRreUxqRTJPQzR4TURFdU5RcEVUbE15UFRrdU9TNDVMamtLIiwidmVyaWZpY2F0aW9uIjp7fX0sIm1vZGUiOjQyMH1dfSwic3lzdGVtZCI6eyJ1bml0cyI6W3siY29udGVudHMiOiJbVW5pdF1cbkNvbmRpdGlvbkZpcnN0Qm9vdD15ZXNcbltTZXJ2aWNlXVxuVHlwZT1pZGxlXG5FeGVjU3RhcnQ9L3NiaW4vcmVib290XG5bSW5zdGFsbF1cbldhbnRlZEJ5PW11bHRpLXVzZXIudGFyZ2V0XG4iLCJlbmFibGVkIjp0cnVlLCJuYW1lIjoicmVzdGFydC5zZXJ2aWNlIn1dfX0=",
                            "vapp.0.properties.guestinfo.ignition.config.data.encoding": "base64",
                            "vapp_transport.#": "1",
                            "vapp_transport.0": "com.vmware.guestInfo",
                            "vmware_tools_status": "guestToolsNotRunning",
                            "vmx_path": "control-plane-2/control-plane-2.vmx",
                            "wait_for_guest_ip_timeout": "0",
                            "wait_for_guest_net_routable": "false",
                            "wait_for_guest_net_timeout": "0"
                        },
                        "meta": {
                            "schema_version": "3"
                        },
                        "tainted": false
                    },
                    "deposed": [],
                    "provider": "provider.vsphere"
                }
            },
            "depends_on": []
        },
        {
            "path": [
                "root",
                "folder"
            ],
            "outputs": {
                "path": {
                    "sensitive": false,
                    "type": "string",
                    "value": "kube"
                }
            },
            "resources": {
                "vsphere_folder.folder": {
                    "type": "vsphere_folder",
                    "depends_on": [],
                    "primary": {
                        "id": "group-v1926",
                        "attributes": {
                            "custom_attributes.%": "0",
                            "datacenter_id": "datacenter-2",
                            "id": "group-v1926",
                            "path": "kube",
                            "tags.#": "0",
                            "type": "vm"
                        },
                        "meta": {
                            "schema_version": "1"
                        },
                        "tainted": false
                    },
                    "deposed": [],
                    "provider": "provider.vsphere"
                }
            },
            "depends_on": []
        },
        {
            "path": [
                "root",
                "resource_pool"
            ],
            "outputs": {
                "pool_id": {
                    "sensitive": false,
                    "type": "string",
                    "value": "resgroup-1925"
                }
            },
            "resources": {
                "data.vsphere_compute_cluster.compute_cluster": {
                    "type": "vsphere_compute_cluster",
                    "depends_on": [],
                    "primary": {
                        "id": "domain-c7",
                        "attributes": {
                            "datacenter_id": "datacenter-2",
                            "id": "domain-c7",
                            "name": "devops",
                            "resource_pool_id": "resgroup-8"
                        },
                        "meta": {},
                        "tainted": false
                    },
                    "deposed": [],
                    "provider": "provider.vsphere"
                },
                "vsphere_resource_pool.resource_pool": {
                    "type": "vsphere_resource_pool",
                    "depends_on": [
                        "data.vsphere_compute_cluster.compute_cluster"
                    ],
                    "primary": {
                        "id": "resgroup-1925",
                        "attributes": {
                            "cpu_expandable": "true",
                            "cpu_limit": "-1",
                            "cpu_reservation": "0",
                            "cpu_share_level": "normal",
                            "cpu_shares": "4000",
                            "id": "resgroup-1925",
                            "memory_expandable": "true",
                            "memory_limit": "-1",
                            "memory_reservation": "0",
                            "memory_share_level": "normal",
                            "memory_shares": "163840",
                            "name": "kube",
                            "parent_resource_pool_id": "resgroup-8",
                            "tags.#": "0"
                        },
                        "meta": {},
                        "tainted": false
                    },
                    "deposed": [],
                    "provider": "provider.vsphere"
                }
            },
            "depends_on": []
        }
    ]
}
