{
    "version": 3,
    "terraform_version": "0.11.14",
    "serial": 4,
    "lineage": "00b83841-5ecc-18e7-fd00-be9bcaf14693",
    "modules": [
        {
            "path": [
                "root"
            ],
            "outputs": {},
            "resources": {
                "data.vsphere_datacenter.dc": {
                    "type": "vsphere_datacenter",
                    "depends_on": [],
                    "primary": {
                        "id": "datacenter-2",
                        "attributes": {
                            "id": "datacenter-2",
                            "name": "Datacenter"
                        },
                        "meta": {},
                        "tainted": false
                    },
                    "deposed": [],
                    "provider": "provider.vsphere"
                }
            },
            "depends_on": []
        },
        {
            "path": [
                "root",
                "bootstrap"
            ],
            "outputs": {
                "ip_addresses": {
                    "sensitive": false,
                    "type": "list",
                    "value": [
                        "192.168.101.100"
                    ]
                }
            },
            "resources": {
                "data.ignition_config.ign": {
                    "type": "ignition_config",
                    "depends_on": [
                        "data.ignition_file.hostname.*",
                        "data.ignition_file.static_ip.*",
                        "data.ignition_systemd_unit.restart.*",
                        "local.ignition_encoded"
                    ],
                    "primary": {
                        "id": "48d204f9c373fe8227dc7e91f9eff223f7910e3da6e4567c363307b79afa4b4d",
                        "attributes": {
                            "append.#": "1",
                            "append.0.source": "http://192.168.101.22/bootstrap.ign",
                            "append.0.verification": "",
                            "files.#": "2",
                            "files.0": "96b615ed7586d580ff4ee0a22808819c5d93de95ce8dbf3037641f57fb045fc3",
                            "files.1": "15c2059aa43dfac485dca86bff5a4b2ff49856f3a60d6f993a550303feeaaa4c",
                            "id": "48d204f9c373fe8227dc7e91f9eff223f7910e3da6e4567c363307b79afa4b4d",
                            "rendered": "{\"ignition\":{\"config\":{\"append\":[{\"source\":\"http://192.168.101.22/bootstrap.ign\",\"verification\":{}}]},\"timeouts\":{},\"version\":\"2.1.0\"},\"networkd\":{},\"passwd\":{},\"storage\":{\"files\":[{\"filesystem\":\"root\",\"group\":{},\"path\":\"/etc/hostname\",\"user\":{},\"contents\":{\"source\":\"data:text/plain;charset=utf-8;base64,Ym9vdHN0cmFwLTA=\",\"verification\":{}},\"mode\":420},{\"filesystem\":\"root\",\"group\":{},\"path\":\"/etc/sysconfig/network-scripts/ifcfg-ens192\",\"user\":{},\"contents\":{\"source\":\"data:text/plain;charset=utf-8;base64,VFlQRT1FdGhlcm5ldApCT09UUFJPVE89bm9uZQpOQU1FPWVuczE5MgpERVZJQ0U9ZW5zMTkyCk9OQk9PVD15ZXMKSVBBRERSPTE5Mi4xNjguMTAxLjEwMApQUkVGSVg9MzAKR0FURVdBWT0xOTIuMTY4LjEwMS4xMDEKRE9NQUlOPWt1YmUuc2FuZHoyLmNvbS5waApETlMxPTE5Mi4xNjguMTAxLjUKRE5TMj05LjkuOS45Cg==\",\"verification\":{}},\"mode\":420}]},\"systemd\":{\"units\":[{\"contents\":\"[Unit]\\nConditionFirstBoot=yes\\n[Service]\\nType=idle\\nExecStart=/sbin/reboot\\n[Install]\\nWantedBy=multi-user.target\\n\",\"enabled\":true,\"name\":\"restart.service\"}]}}",
                            "systemd.#": "1",
                            "systemd.0": "2b2088c1732c1d1acffcbbe6386c2952e57ca2903cec0dc24bd4cb0f42abc300"
                        },
                        "meta": {},
                        "tainted": false
                    },
                    "deposed": [],
                    "provider": "module.bootstrap.provider.ignition"
                },
                "data.ignition_file.hostname": {
                    "type": "ignition_file",
                    "depends_on": [],
                    "primary": {
                        "id": "96b615ed7586d580ff4ee0a22808819c5d93de95ce8dbf3037641f57fb045fc3",
                        "attributes": {
                            "content.#": "1",
                            "content.0.content": "bootstrap-0",
                            "content.0.mime": "text/plain",
                            "filesystem": "root",
                            "id": "96b615ed7586d580ff4ee0a22808819c5d93de95ce8dbf3037641f57fb045fc3",
                            "mode": "420",
                            "path": "/etc/hostname"
                        },
                        "meta": {},
                        "tainted": false
                    },
                    "deposed": [],
                    "provider": "module.bootstrap.provider.ignition"
                },
                "data.ignition_file.static_ip": {
                    "type": "ignition_file",
                    "depends_on": [
                        "local.gw",
                        "local.ip_addresses",
                        "local.mask"
                    ],
                    "primary": {
                        "id": "15c2059aa43dfac485dca86bff5a4b2ff49856f3a60d6f993a550303feeaaa4c",
                        "attributes": {
                            "content.#": "1",
                            "content.0.content": "TYPE=Ethernet\nBOOTPROTO=none\nNAME=ens192\nDEVICE=ens192\nONBOOT=yes\nIPADDR=192.168.101.100\nPREFIX=30\nGATEWAY=192.168.101.101\nDOMAIN=kube.sandz2.com.ph\nDNS1=192.168.101.5\nDNS2=9.9.9.9\n",
                            "content.0.mime": "text/plain",
                            "filesystem": "root",
                            "id": "15c2059aa43dfac485dca86bff5a4b2ff49856f3a60d6f993a550303feeaaa4c",
                            "mode": "420",
                            "path": "/etc/sysconfig/network-scripts/ifcfg-ens192"
                        },
                        "meta": {},
                        "tainted": false
                    },
                    "deposed": [],
                    "provider": "module.bootstrap.provider.ignition"
                },
                "data.ignition_systemd_unit.restart": {
                    "type": "ignition_systemd_unit",
                    "depends_on": [],
                    "primary": {
                        "id": "2b2088c1732c1d1acffcbbe6386c2952e57ca2903cec0dc24bd4cb0f42abc300",
                        "attributes": {
                            "content": "[Unit]\nConditionFirstBoot=yes\n[Service]\nType=idle\nExecStart=/sbin/reboot\n[Install]\nWantedBy=multi-user.target\n",
                            "enabled": "true",
                            "id": "2b2088c1732c1d1acffcbbe6386c2952e57ca2903cec0dc24bd4cb0f42abc300",
                            "name": "restart.service"
                        },
                        "meta": {},
                        "tainted": false
                    },
                    "deposed": [],
                    "provider": "module.bootstrap.provider.ignition"
                },
                "data.vsphere_datastore.datastore": {
                    "type": "vsphere_datastore",
                    "depends_on": [],
                    "primary": {
                        "id": "datastore-1822",
                        "attributes": {
                            "datacenter_id": "datacenter-2",
                            "id": "datastore-1822",
                            "name": "DevOps"
                        },
                        "meta": {},
                        "tainted": false
                    },
                    "deposed": [],
                    "provider": "provider.vsphere"
                },
                "data.vsphere_network.network": {
                    "type": "vsphere_network",
                    "depends_on": [],
                    "primary": {
                        "id": "network-1001",
                        "attributes": {
                            "datacenter_id": "datacenter-2",
                            "id": "network-1001",
                            "name": "No VLAN",
                            "type": "Network"
                        },
                        "meta": {},
                        "tainted": false
                    },
                    "deposed": [],
                    "provider": "provider.vsphere"
                },
                "data.vsphere_virtual_machine.template": {
                    "type": "vsphere_virtual_machine",
                    "depends_on": [],
                    "primary": {
                        "id": "42133444-3a0e-876a-e712-026d5b1f53b2",
                        "attributes": {
                            "alternate_guest_name": "",
                            "datacenter_id": "datacenter-2",
                            "disks.#": "1",
                            "disks.0.eagerly_scrub": "false",
                            "disks.0.size": "16",
                            "disks.0.thin_provisioned": "false",
                            "firmware": "bios",
                            "guest_id": "rhel7_64Guest",
                            "guest_ip_addresses.#": "0",
                            "id": "42133444-3a0e-876a-e712-026d5b1f53b2",
                            "name": "rhcos-4.3.0",
                            "network_interface_types.#": "1",
                            "network_interface_types.0": "vmxnet3",
                            "scsi_bus_sharing": "noSharing",
                            "scsi_controller_scan_count": "1",
                            "scsi_type": "pvscsi"
                        },
                        "meta": {},
                        "tainted": false
                    },
                    "deposed": [],
                    "provider": "provider.vsphere"
                },
                "vsphere_virtual_machine.vm": {
                    "type": "vsphere_virtual_machine",
                    "depends_on": [
                        "data.ignition_config.ign.*",
                        "data.vsphere_datastore.datastore",
                        "data.vsphere_network.network",
                        "data.vsphere_virtual_machine.template"
                    ],
                    "primary": {
                        "id": "42134220-c8fe-15b5-775c-c912169c4d9e",
                        "attributes": {
                            "alternate_guest_name": "",
                            "annotation": "",
                            "boot_delay": "0",
                            "boot_retry_delay": "10000",
                            "boot_retry_enabled": "false",
                            "cdrom.#": "0",
                            "change_version": "2020-02-19T13:39:47.128571Z",
                            "clone.#": "1",
                            "clone.0.customize.#": "0",
                            "clone.0.linked_clone": "false",
                            "clone.0.template_uuid": "42133444-3a0e-876a-e712-026d5b1f53b2",
                            "clone.0.timeout": "30",
                            "cpu_hot_add_enabled": "false",
                            "cpu_hot_remove_enabled": "false",
                            "cpu_limit": "-1",
                            "cpu_performance_counters_enabled": "false",
                            "cpu_reservation": "0",
                            "cpu_share_count": "4000",
                            "cpu_share_level": "normal",
                            "custom_attributes.%": "0",
                            "datastore_id": "datastore-1822",
                            "disk.#": "1",
                            "disk.0.attach": "false",
                            "disk.0.datastore_id": "datastore-1822",
                            "disk.0.device_address": "scsi:0:0",
                            "disk.0.disk_mode": "persistent",
                            "disk.0.disk_sharing": "sharingNone",
                            "disk.0.eagerly_scrub": "false",
                            "disk.0.io_limit": "-1",
                            "disk.0.io_reservation": "0",
                            "disk.0.io_share_count": "1000",
                            "disk.0.io_share_level": "normal",
                            "disk.0.keep_on_remove": "false",
                            "disk.0.key": "2000",
                            "disk.0.label": "disk0",
                            "disk.0.name": "",
                            "disk.0.path": "bootstrap-0/bootstrap-0.vmdk",
                            "disk.0.size": "120",
                            "disk.0.storage_policy_id": "",
                            "disk.0.thin_provisioned": "false",
                            "disk.0.unit_number": "0",
                            "disk.0.uuid": "6000C294-f435-b51b-8dbf-4e902b7c1088",
                            "disk.0.write_through": "false",
                            "efi_secure_boot_enabled": "false",
                            "enable_disk_uuid": "true",
                            "enable_logging": "false",
                            "ept_rvi_mode": "automatic",
                            "extra_config.%": "0",
                            "firmware": "bios",
                            "folder": "kube",
                            "force_power_off": "true",
                            "guest_id": "rhel7_64Guest",
                            "guest_ip_addresses.#": "0",
                            "host_system_id": "host-15",
                            "hv_mode": "hvAuto",
                            "id": "42134220-c8fe-15b5-775c-c912169c4d9e",
                            "latency_sensitivity": "normal",
                            "memory": "8192",
                            "memory_hot_add_enabled": "false",
                            "memory_limit": "-1",
                            "memory_reservation": "0",
                            "memory_share_count": "81920",
                            "memory_share_level": "normal",
                            "migrate_wait_timeout": "30",
                            "moid": "vm-1975",
                            "name": "bootstrap-0",
                            "nested_hv_enabled": "false",
                            "network_interface.#": "1",
                            "network_interface.0.adapter_type": "vmxnet3",
                            "network_interface.0.bandwidth_limit": "-1",
                            "network_interface.0.bandwidth_reservation": "0",
                            "network_interface.0.bandwidth_share_count": "50",
                            "network_interface.0.bandwidth_share_level": "normal",
                            "network_interface.0.device_address": "pci:0:7",
                            "network_interface.0.key": "4000",
                            "network_interface.0.mac_address": "00:50:56:93:f7:ad",
                            "network_interface.0.network_id": "network-1001",
                            "network_interface.0.use_static_mac": "false",
                            "num_cores_per_socket": "1",
                            "num_cpus": "4",
                            "reboot_required": "false",
                            "resource_pool_id": "resgroup-1970",
                            "run_tools_scripts_after_power_on": "true",
                            "run_tools_scripts_after_resume": "true",
                            "run_tools_scripts_before_guest_reboot": "false",
                            "run_tools_scripts_before_guest_shutdown": "true",
                            "run_tools_scripts_before_guest_standby": "true",
                            "scsi_bus_sharing": "noSharing",
                            "scsi_controller_count": "1",
                            "scsi_type": "pvscsi",
                            "shutdown_wait_timeout": "3",
                            "storage_policy_id": "",
                            "swap_placement_policy": "inherit",
                            "sync_time_with_host": "false",
                            "tags.#": "0",
                            "uuid": "42134220-c8fe-15b5-775c-c912169c4d9e",
                            "vapp.#": "1",
                            "vapp.0.properties.%": "2",
                            "vapp.0.properties.guestinfo.ignition.config.data": "eyJpZ25pdGlvbiI6eyJjb25maWciOnsiYXBwZW5kIjpbeyJzb3VyY2UiOiJodHRwOi8vMTkyLjE2OC4xMDEuMjIvYm9vdHN0cmFwLmlnbiIsInZlcmlmaWNhdGlvbiI6e319XX0sInRpbWVvdXRzIjp7fSwidmVyc2lvbiI6IjIuMS4wIn0sIm5ldHdvcmtkIjp7fSwicGFzc3dkIjp7fSwic3RvcmFnZSI6eyJmaWxlcyI6W3siZmlsZXN5c3RlbSI6InJvb3QiLCJncm91cCI6e30sInBhdGgiOiIvZXRjL2hvc3RuYW1lIiwidXNlciI6e30sImNvbnRlbnRzIjp7InNvdXJjZSI6ImRhdGE6dGV4dC9wbGFpbjtjaGFyc2V0PXV0Zi04O2Jhc2U2NCxZbTl2ZEhOMGNtRndMVEE9IiwidmVyaWZpY2F0aW9uIjp7fX0sIm1vZGUiOjQyMH0seyJmaWxlc3lzdGVtIjoicm9vdCIsImdyb3VwIjp7fSwicGF0aCI6Ii9ldGMvc3lzY29uZmlnL25ldHdvcmstc2NyaXB0cy9pZmNmZy1lbnMxOTIiLCJ1c2VyIjp7fSwiY29udGVudHMiOnsic291cmNlIjoiZGF0YTp0ZXh0L3BsYWluO2NoYXJzZXQ9dXRmLTg7YmFzZTY0LFZGbFFSVDFGZEdobGNtNWxkQXBDVDA5VVVGSlBWRTg5Ym05dVpRcE9RVTFGUFdWdWN6RTVNZ3BFUlZaSlEwVTlaVzV6TVRreUNrOU9RazlQVkQxNVpYTUtTVkJCUkVSU1BURTVNaTR4TmpndU1UQXhMakV3TUFwUVVrVkdTVmc5TXpBS1IwRlVSVmRCV1QweE9USXVNVFk0TGpFd01TNHhNREVLUkU5TlFVbE9QV3QxWW1VdWMyRnVaSG95TG1OdmJTNXdhQXBFVGxNeFBURTVNaTR4TmpndU1UQXhMalVLUkU1VE1qMDVMamt1T1M0NUNnPT0iLCJ2ZXJpZmljYXRpb24iOnt9fSwibW9kZSI6NDIwfV19LCJzeXN0ZW1kIjp7InVuaXRzIjpbeyJjb250ZW50cyI6IltVbml0XVxuQ29uZGl0aW9uRmlyc3RCb290PXllc1xuW1NlcnZpY2VdXG5UeXBlPWlkbGVcbkV4ZWNTdGFydD0vc2Jpbi9yZWJvb3RcbltJbnN0YWxsXVxuV2FudGVkQnk9bXVsdGktdXNlci50YXJnZXRcbiIsImVuYWJsZWQiOnRydWUsIm5hbWUiOiJyZXN0YXJ0LnNlcnZpY2UifV19fQ==",
                            "vapp.0.properties.guestinfo.ignition.config.data.encoding": "base64",
                            "vapp_transport.#": "1",
                            "vapp_transport.0": "com.vmware.guestInfo",
                            "vmware_tools_status": "guestToolsNotRunning",
                            "vmx_path": "bootstrap-0/bootstrap-0.vmx",
                            "wait_for_guest_ip_timeout": "0",
                            "wait_for_guest_net_routable": "false",
                            "wait_for_guest_net_timeout": "0"
                        },
                        "meta": {
                            "schema_version": "3"
                        },
                        "tainted": false
                    },
                    "deposed": [],
                    "provider": "provider.vsphere"
                }
            },
            "depends_on": []
        },
        {
            "path": [
                "root",
                "compute"
            ],
            "outputs": {
                "ip_addresses": {
                    "sensitive": false,
                    "type": "list",
                    "value": [
                        "192.168.101.104"
                    ]
                }
            },
            "resources": {
                "data.ignition_config.ign": {
                    "type": "ignition_config",
                    "depends_on": [
                        "data.ignition_file.hostname.*",
                        "data.ignition_file.static_ip.*",
                        "data.ignition_systemd_unit.restart.*",
                        "local.ignition_encoded"
                    ],
                    "primary": {
                        "id": "4efceae9da976be0118186b5ef509d5a3b0c1ebaf1aca59b84eeeab43ce6b89f",
                        "attributes": {
                            "append.#": "1",
                            "append.0.source": "data:text/plain;charset=utf-8;base64,eyJpZ25pdGlvbiI6eyJjb25maWciOnsiYXBwZW5kIjpbeyJzb3VyY2UiOiJodHRwczovL2FwaS1pbnQua3ViZS5zYW5kejIuY29tLnBoOjIyNjIzL2NvbmZpZy93b3JrZXIiLCJ2ZXJpZmljYXRpb24iOnt9fV19LCJzZWN1cml0eSI6eyJ0bHMiOnsiY2VydGlmaWNhdGVBdXRob3JpdGllcyI6W3sic291cmNlIjoiZGF0YTp0ZXh0L3BsYWluO2NoYXJzZXQ9dXRmLTg7YmFzZTY0LExTMHRMUzFDUlVkSlRpQkRSVkpVU1VaSlEwRlVSUzB0TFMwdENrMUpTVVJGUkVORFFXWnBaMEYzU1VKQlowbEpXVFZxVjNkS2Izb3lVazEzUkZGWlNrdHZXa2xvZG1OT1FWRkZURUpSUVhkS2FrVlRUVUpCUjBFeFZVVUtRM2hOU21JelFteGliazV2WVZkYU1FMVNRWGRFWjFsRVZsRlJSRVYzWkhsaU1qa3dURmRPYUUxQ05GaEVWRWwzVFVSSmVFNUVRVFZOYWtVeFRsWnZXQXBFVkUxM1RVUkplRTFVUVRWTmFrVXhUbFp2ZDBwcVJWTk5Ra0ZIUVRGVlJVTjRUVXBpTTBKc1ltNU9iMkZYV2pCTlVrRjNSR2RaUkZaUlVVUkZkMlI1Q21JeU9UQk1WMDVvVFVsSlFrbHFRVTVDWjJ0eGFHdHBSemwzTUVKQlVVVkdRVUZQUTBGUk9FRk5TVWxDUTJkTFEwRlJSVUZ6VDNwWlQyZzJRWG8yTURnS1FVZzNaMklyYkV4QlNrRjRVVmxJY2tkWmNucDNabFZDYWpSeE5uWXdZbmRaTkdReGQxQndWM1ZTZGtwTFdHUlRObWgzVWpoc01EVmhZVWx3V0RScWNBcEZlVVV3V21sSFdGRldRVlI0Y1RCdEwzUkdaRXRsUWpReFYwaEhNMU13YUVWNksxWTJOMGN4ZFV4WlpFTk1aSHBTT1dkeGFYRlhZbFpzTW5KUWIwOTBDbE16UW5CU2JpdFZkV1F4ZVc5R2FuZDFTWFF6ZWxoSVMxVk1iSEl2YUZNMFVETkdXRlpUT1ZaNlluWk9WalpEWmtjMU9HNDROekEwYkd4amIxbFNlVkVLY1RaTldraFpTalJEYzFkNVNrOWFLMlE1TlhwNU5sRmlhRU5CZFUwck1tNVpRMUl3V1M5NFZqbFpkV04xVWtwUVpUTnZNbkZaUlRKNlZUaEtia1pPVXdwT1RGSm5iRWdyVmpocFFURnlRMjFSVEhKdWJUSjBXbE5tY0RSbWEzcHlkMUIzWWtORlYyZGhRV1kyTnpGblZsRmhPWFF5ZDBKbWJsUlFMMWRxWjBKWUNsVXhTWFl2ZVRCdVIxRkpSRUZSUVVKdk1FbDNVVVJCVDBKblRsWklVVGhDUVdZNFJVSkJUVU5CY1ZGM1JIZFpSRlpTTUZSQlVVZ3ZRa0ZWZDBGM1JVSUtMM3BCWkVKblRsWklVVFJGUm1kUlZYSkNUVmMyVkVoS1RHVlZabkEwTVZKRmQzUkJlRFJ6U2pSSWIzZEVVVmxLUzI5YVNXaDJZMDVCVVVWTVFsRkJSQXBuWjBWQ1FVaHdiRmxrVlVKYU1qUm9SRkJ5UldSeFJYRXhibVZRVURoT1NrVlFSbkpPZEdWblNFOW5iazk2UkdKM1dsWmFSWEZtVjNKYU9HZ3ZMMDlhQ2k5SmREbDVTV2ROYzJoYVlVVkpVRlV6Y1ZkTU4ydG1aakpNV0RsQlRHaFllbVJyTmpGR1IzTk9NMHg0TjI5NWJrcHdibTlIV1RsV1dXbDJTa0pUYlhJS1JWcGxiM2cyVVU1SlVIVjFPV3RzYzFGRVRDOXVkVTVZVERKTVMwbFFZbmxhTVN0bFNTOXFURFYzVWpCamMyTTFXbmxUWldOd2R6VlFjMHhHVm5SWVpRcG9ZelJIZUZSV1dsWTBVVzV5WmtwNVVDdHROVkJxWjFCWWRFMTVlamQyUldkdE1UbFNVbE1yTUhsRlNtVkRWbVZuUjB0UFNHd3ZWbEpLYkZGaWJ6RjFDa3BITW5Sa1UzaFBUSFl6VG0xMWNVZ3ZWMWRsVlRsU1VVZDRRVVp4Tm1oUVVEWnZVVkZRZVhodFlteEJXSGgyTnpsVlltSmlLMnh5WkRBcmRGSjNiblFLV2toeGVHRkJibmhVVm00d1FVRTNaelZOV1c5U00zWnNhRlZSUFFvdExTMHRMVVZPUkNCRFJWSlVTVVpKUTBGVVJTMHRMUzB0Q2c9PSIsInZlcmlmaWNhdGlvbiI6e319XX19LCJ0aW1lb3V0cyI6e30sInZlcnNpb24iOiIyLjIuMCJ9LCJuZXR3b3JrZCI6e30sInBhc3N3ZCI6e30sInN0b3JhZ2UiOnt9LCJzeXN0ZW1kIjp7fX0K",
                            "append.0.verification": "",
                            "files.#": "2",
                            "files.0": "37cb0d6ae78c6a1605286cc8070f084949a99933a4320e111c37cf31e79127f7",
                            "files.1": "ea09bd8b0ba9d3a9a6a24282efd9ca2f2a874d483d4316530ffa3f969c30176d",
                            "id": "4efceae9da976be0118186b5ef509d5a3b0c1ebaf1aca59b84eeeab43ce6b89f",
                            "rendered": "{\"ignition\":{\"config\":{\"append\":[{\"source\":\"data:text/plain;charset=utf-8;base64,eyJpZ25pdGlvbiI6eyJjb25maWciOnsiYXBwZW5kIjpbeyJzb3VyY2UiOiJodHRwczovL2FwaS1pbnQua3ViZS5zYW5kejIuY29tLnBoOjIyNjIzL2NvbmZpZy93b3JrZXIiLCJ2ZXJpZmljYXRpb24iOnt9fV19LCJzZWN1cml0eSI6eyJ0bHMiOnsiY2VydGlmaWNhdGVBdXRob3JpdGllcyI6W3sic291cmNlIjoiZGF0YTp0ZXh0L3BsYWluO2NoYXJzZXQ9dXRmLTg7YmFzZTY0LExTMHRMUzFDUlVkSlRpQkRSVkpVU1VaSlEwRlVSUzB0TFMwdENrMUpTVVJGUkVORFFXWnBaMEYzU1VKQlowbEpXVFZxVjNkS2Izb3lVazEzUkZGWlNrdHZXa2xvZG1OT1FWRkZURUpSUVhkS2FrVlRUVUpCUjBFeFZVVUtRM2hOU21JelFteGliazV2WVZkYU1FMVNRWGRFWjFsRVZsRlJSRVYzWkhsaU1qa3dURmRPYUUxQ05GaEVWRWwzVFVSSmVFNUVRVFZOYWtVeFRsWnZXQXBFVkUxM1RVUkplRTFVUVRWTmFrVXhUbFp2ZDBwcVJWTk5Ra0ZIUVRGVlJVTjRUVXBpTTBKc1ltNU9iMkZYV2pCTlVrRjNSR2RaUkZaUlVVUkZkMlI1Q21JeU9UQk1WMDVvVFVsSlFrbHFRVTVDWjJ0eGFHdHBSemwzTUVKQlVVVkdRVUZQUTBGUk9FRk5TVWxDUTJkTFEwRlJSVUZ6VDNwWlQyZzJRWG8yTURnS1FVZzNaMklyYkV4QlNrRjRVVmxJY2tkWmNucDNabFZDYWpSeE5uWXdZbmRaTkdReGQxQndWM1ZTZGtwTFdHUlRObWgzVWpoc01EVmhZVWx3V0RScWNBcEZlVVV3V21sSFdGRldRVlI0Y1RCdEwzUkdaRXRsUWpReFYwaEhNMU13YUVWNksxWTJOMGN4ZFV4WlpFTk1aSHBTT1dkeGFYRlhZbFpzTW5KUWIwOTBDbE16UW5CU2JpdFZkV1F4ZVc5R2FuZDFTWFF6ZWxoSVMxVk1iSEl2YUZNMFVETkdXRlpUT1ZaNlluWk9WalpEWmtjMU9HNDROekEwYkd4amIxbFNlVkVLY1RaTldraFpTalJEYzFkNVNrOWFLMlE1TlhwNU5sRmlhRU5CZFUwck1tNVpRMUl3V1M5NFZqbFpkV04xVWtwUVpUTnZNbkZaUlRKNlZUaEtia1pPVXdwT1RGSm5iRWdyVmpocFFURnlRMjFSVEhKdWJUSjBXbE5tY0RSbWEzcHlkMUIzWWtORlYyZGhRV1kyTnpGblZsRmhPWFF5ZDBKbWJsUlFMMWRxWjBKWUNsVXhTWFl2ZVRCdVIxRkpSRUZSUVVKdk1FbDNVVVJCVDBKblRsWklVVGhDUVdZNFJVSkJUVU5CY1ZGM1JIZFpSRlpTTUZSQlVVZ3ZRa0ZWZDBGM1JVSUtMM3BCWkVKblRsWklVVFJGUm1kUlZYSkNUVmMyVkVoS1RHVlZabkEwTVZKRmQzUkJlRFJ6U2pSSWIzZEVVVmxLUzI5YVNXaDJZMDVCVVVWTVFsRkJSQXBuWjBWQ1FVaHdiRmxrVlVKYU1qUm9SRkJ5UldSeFJYRXhibVZRVURoT1NrVlFSbkpPZEdWblNFOW5iazk2UkdKM1dsWmFSWEZtVjNKYU9HZ3ZMMDlhQ2k5SmREbDVTV2ROYzJoYVlVVkpVRlV6Y1ZkTU4ydG1aakpNV0RsQlRHaFllbVJyTmpGR1IzTk9NMHg0TjI5NWJrcHdibTlIV1RsV1dXbDJTa0pUYlhJS1JWcGxiM2cyVVU1SlVIVjFPV3RzYzFGRVRDOXVkVTVZVERKTVMwbFFZbmxhTVN0bFNTOXFURFYzVWpCamMyTTFXbmxUWldOd2R6VlFjMHhHVm5SWVpRcG9ZelJIZUZSV1dsWTBVVzV5WmtwNVVDdHROVkJxWjFCWWRFMTVlamQyUldkdE1UbFNVbE1yTUhsRlNtVkRWbVZuUjB0UFNHd3ZWbEpLYkZGaWJ6RjFDa3BITW5Sa1UzaFBUSFl6VG0xMWNVZ3ZWMWRsVlRsU1VVZDRRVVp4Tm1oUVVEWnZVVkZRZVhodFlteEJXSGgyTnpsVlltSmlLMnh5WkRBcmRGSjNiblFLV2toeGVHRkJibmhVVm00d1FVRTNaelZOV1c5U00zWnNhRlZSUFFvdExTMHRMVVZPUkNCRFJWSlVTVVpKUTBGVVJTMHRMUzB0Q2c9PSIsInZlcmlmaWNhdGlvbiI6e319XX19LCJ0aW1lb3V0cyI6e30sInZlcnNpb24iOiIyLjIuMCJ9LCJuZXR3b3JrZCI6e30sInBhc3N3ZCI6e30sInN0b3JhZ2UiOnt9LCJzeXN0ZW1kIjp7fX0K\",\"verification\":{}}]},\"timeouts\":{},\"version\":\"2.1.0\"},\"networkd\":{},\"passwd\":{},\"storage\":{\"files\":[{\"filesystem\":\"root\",\"group\":{},\"path\":\"/etc/hostname\",\"user\":{},\"contents\":{\"source\":\"data:text/plain;charset=utf-8;base64,Y29tcHV0ZS0w\",\"verification\":{}},\"mode\":420},{\"filesystem\":\"root\",\"group\":{},\"path\":\"/etc/sysconfig/network-scripts/ifcfg-ens192\",\"user\":{},\"contents\":{\"source\":\"data:text/plain;charset=utf-8;base64,VFlQRT1FdGhlcm5ldApCT09UUFJPVE89bm9uZQpOQU1FPWVuczE5MgpERVZJQ0U9ZW5zMTkyCk9OQk9PVD15ZXMKSVBBRERSPTE5Mi4xNjguMTAxLjEwNApQUkVGSVg9MzAKR0FURVdBWT0xOTIuMTY4LjEwMS4xMDEKRE9NQUlOPWt1YmUuc2FuZHoyLmNvbS5waApETlMxPTE5Mi4xNjguMTAxLjUKRE5TMj05LjkuOS45Cg==\",\"verification\":{}},\"mode\":420}]},\"systemd\":{\"units\":[{\"contents\":\"[Unit]\\nConditionFirstBoot=yes\\n[Service]\\nType=idle\\nExecStart=/sbin/reboot\\n[Install]\\nWantedBy=multi-user.target\\n\",\"enabled\":true,\"name\":\"restart.service\"}]}}",
                            "systemd.#": "1",
                            "systemd.0": "2b2088c1732c1d1acffcbbe6386c2952e57ca2903cec0dc24bd4cb0f42abc300"
                        },
                        "meta": {},
                        "tainted": false
                    },
                    "deposed": [],
                    "provider": "module.compute.provider.ignition"
                },
                "data.ignition_file.hostname": {
                    "type": "ignition_file",
                    "depends_on": [],
                    "primary": {
                        "id": "37cb0d6ae78c6a1605286cc8070f084949a99933a4320e111c37cf31e79127f7",
                        "attributes": {
                            "content.#": "1",
                            "content.0.content": "compute-0",
                            "content.0.mime": "text/plain",
                            "filesystem": "root",
                            "id": "37cb0d6ae78c6a1605286cc8070f084949a99933a4320e111c37cf31e79127f7",
                            "mode": "420",
                            "path": "/etc/hostname"
                        },
                        "meta": {},
                        "tainted": false
                    },
                    "deposed": [],
                    "provider": "module.compute.provider.ignition"
                },
                "data.ignition_file.static_ip": {
                    "type": "ignition_file",
                    "depends_on": [
                        "local.gw",
                        "local.ip_addresses",
                        "local.mask"
                    ],
                    "primary": {
                        "id": "ea09bd8b0ba9d3a9a6a24282efd9ca2f2a874d483d4316530ffa3f969c30176d",
                        "attributes": {
                            "content.#": "1",
                            "content.0.content": "TYPE=Ethernet\nBOOTPROTO=none\nNAME=ens192\nDEVICE=ens192\nONBOOT=yes\nIPADDR=192.168.101.104\nPREFIX=30\nGATEWAY=192.168.101.101\nDOMAIN=kube.sandz2.com.ph\nDNS1=192.168.101.5\nDNS2=9.9.9.9\n",
                            "content.0.mime": "text/plain",
                            "filesystem": "root",
                            "id": "ea09bd8b0ba9d3a9a6a24282efd9ca2f2a874d483d4316530ffa3f969c30176d",
                            "mode": "420",
                            "path": "/etc/sysconfig/network-scripts/ifcfg-ens192"
                        },
                        "meta": {},
                        "tainted": false
                    },
                    "deposed": [],
                    "provider": "module.compute.provider.ignition"
                },
                "data.ignition_systemd_unit.restart": {
                    "type": "ignition_systemd_unit",
                    "depends_on": [],
                    "primary": {
                        "id": "2b2088c1732c1d1acffcbbe6386c2952e57ca2903cec0dc24bd4cb0f42abc300",
                        "attributes": {
                            "content": "[Unit]\nConditionFirstBoot=yes\n[Service]\nType=idle\nExecStart=/sbin/reboot\n[Install]\nWantedBy=multi-user.target\n",
                            "enabled": "true",
                            "id": "2b2088c1732c1d1acffcbbe6386c2952e57ca2903cec0dc24bd4cb0f42abc300",
                            "name": "restart.service"
                        },
                        "meta": {},
                        "tainted": false
                    },
                    "deposed": [],
                    "provider": "module.compute.provider.ignition"
                },
                "data.vsphere_datastore.datastore": {
                    "type": "vsphere_datastore",
                    "depends_on": [],
                    "primary": {
                        "id": "datastore-1822",
                        "attributes": {
                            "datacenter_id": "datacenter-2",
                            "id": "datastore-1822",
                            "name": "DevOps"
                        },
                        "meta": {},
                        "tainted": false
                    },
                    "deposed": [],
                    "provider": "provider.vsphere"
                },
                "data.vsphere_network.network": {
                    "type": "vsphere_network",
                    "depends_on": [],
                    "primary": {
                        "id": "network-1001",
                        "attributes": {
                            "datacenter_id": "datacenter-2",
                            "id": "network-1001",
                            "name": "No VLAN",
                            "type": "Network"
                        },
                        "meta": {},
                        "tainted": false
                    },
                    "deposed": [],
                    "provider": "provider.vsphere"
                },
                "data.vsphere_virtual_machine.template": {
                    "type": "vsphere_virtual_machine",
                    "depends_on": [],
                    "primary": {
                        "id": "42133444-3a0e-876a-e712-026d5b1f53b2",
                        "attributes": {
                            "alternate_guest_name": "",
                            "datacenter_id": "datacenter-2",
                            "disks.#": "1",
                            "disks.0.eagerly_scrub": "false",
                            "disks.0.size": "16",
                            "disks.0.thin_provisioned": "false",
                            "firmware": "bios",
                            "guest_id": "rhel7_64Guest",
                            "guest_ip_addresses.#": "0",
                            "id": "42133444-3a0e-876a-e712-026d5b1f53b2",
                            "name": "rhcos-4.3.0",
                            "network_interface_types.#": "1",
                            "network_interface_types.0": "vmxnet3",
                            "scsi_bus_sharing": "noSharing",
                            "scsi_controller_scan_count": "1",
                            "scsi_type": "pvscsi"
                        },
                        "meta": {},
                        "tainted": false
                    },
                    "deposed": [],
                    "provider": "provider.vsphere"
                },
                "vsphere_virtual_machine.vm": {
                    "type": "vsphere_virtual_machine",
                    "depends_on": [
                        "data.ignition_config.ign.*",
                        "data.vsphere_datastore.datastore",
                        "data.vsphere_network.network",
                        "data.vsphere_virtual_machine.template"
                    ],
                    "primary": {
                        "id": "421382f2-26e3-5e90-4d49-58271353b002",
                        "attributes": {
                            "alternate_guest_name": "",
                            "annotation": "",
                            "boot_delay": "0",
                            "boot_retry_delay": "10000",
                            "boot_retry_enabled": "false",
                            "cdrom.#": "0",
                            "change_version": "2020-02-19T13:39:50.484807Z",
                            "clone.#": "1",
                            "clone.0.customize.#": "0",
                            "clone.0.linked_clone": "false",
                            "clone.0.template_uuid": "42133444-3a0e-876a-e712-026d5b1f53b2",
                            "clone.0.timeout": "30",
                            "cpu_hot_add_enabled": "false",
                            "cpu_hot_remove_enabled": "false",
                            "cpu_limit": "-1",
                            "cpu_performance_counters_enabled": "false",
                            "cpu_reservation": "0",
                            "cpu_share_count": "4000",
                            "cpu_share_level": "normal",
                            "custom_attributes.%": "0",
                            "datastore_id": "datastore-1822",
                            "disk.#": "1",
                            "disk.0.attach": "false",
                            "disk.0.datastore_id": "datastore-1822",
                            "disk.0.device_address": "scsi:0:0",
                            "disk.0.disk_mode": "persistent",
                            "disk.0.disk_sharing": "sharingNone",
                            "disk.0.eagerly_scrub": "false",
                            "disk.0.io_limit": "-1",
                            "disk.0.io_reservation": "0",
                            "disk.0.io_share_count": "1000",
                            "disk.0.io_share_level": "normal",
                            "disk.0.keep_on_remove": "false",
                            "disk.0.key": "2000",
                            "disk.0.label": "disk0",
                            "disk.0.name": "",
                            "disk.0.path": "compute-0/compute-0.vmdk",
                            "disk.0.size": "120",
                            "disk.0.storage_policy_id": "",
                            "disk.0.thin_provisioned": "false",
                            "disk.0.unit_number": "0",
                            "disk.0.uuid": "6000C299-1bd2-d810-4f3a-b09470528aa2",
                            "disk.0.write_through": "false",
                            "efi_secure_boot_enabled": "false",
                            "enable_disk_uuid": "true",
                            "enable_logging": "false",
                            "ept_rvi_mode": "automatic",
                            "extra_config.%": "0",
                            "firmware": "bios",
                            "folder": "kube",
                            "force_power_off": "true",
                            "guest_id": "rhel7_64Guest",
                            "guest_ip_addresses.#": "0",
                            "host_system_id": "host-12",
                            "hv_mode": "hvAuto",
                            "id": "421382f2-26e3-5e90-4d49-58271353b002",
                            "latency_sensitivity": "normal",
                            "memory": "8192",
                            "memory_hot_add_enabled": "false",
                            "memory_limit": "-1",
                            "memory_reservation": "0",
                            "memory_share_count": "81920",
                            "memory_share_level": "normal",
                            "migrate_wait_timeout": "30",
                            "moid": "vm-1976",
                            "name": "compute-0",
                            "nested_hv_enabled": "false",
                            "network_interface.#": "1",
                            "network_interface.0.adapter_type": "vmxnet3",
                            "network_interface.0.bandwidth_limit": "-1",
                            "network_interface.0.bandwidth_reservation": "0",
                            "network_interface.0.bandwidth_share_count": "50",
                            "network_interface.0.bandwidth_share_level": "normal",
                            "network_interface.0.device_address": "pci:0:7",
                            "network_interface.0.key": "4000",
                            "network_interface.0.mac_address": "00:50:56:93:04:88",
                            "network_interface.0.network_id": "network-1001",
                            "network_interface.0.use_static_mac": "false",
                            "num_cores_per_socket": "1",
                            "num_cpus": "4",
                            "reboot_required": "false",
                            "resource_pool_id": "resgroup-1970",
                            "run_tools_scripts_after_power_on": "true",
                            "run_tools_scripts_after_resume": "true",
                            "run_tools_scripts_before_guest_reboot": "false",
                            "run_tools_scripts_before_guest_shutdown": "true",
                            "run_tools_scripts_before_guest_standby": "true",
                            "scsi_bus_sharing": "noSharing",
                            "scsi_controller_count": "1",
                            "scsi_type": "pvscsi",
                            "shutdown_wait_timeout": "3",
                            "storage_policy_id": "",
                            "swap_placement_policy": "inherit",
                            "sync_time_with_host": "false",
                            "tags.#": "0",
                            "uuid": "421382f2-26e3-5e90-4d49-58271353b002",
                            "vapp.#": "1",
                            "vapp.0.properties.%": "2",
                            "vapp.0.properties.guestinfo.ignition.config.data": "eyJpZ25pdGlvbiI6eyJjb25maWciOnsiYXBwZW5kIjpbeyJzb3VyY2UiOiJkYXRhOnRleHQvcGxhaW47Y2hhcnNldD11dGYtODtiYXNlNjQsZXlKcFoyNXBkR2x2YmlJNmV5SmpiMjVtYVdjaU9uc2lZWEJ3Wlc1a0lqcGJleUp6YjNWeVkyVWlPaUpvZEhSd2N6b3ZMMkZ3YVMxcGJuUXVhM1ZpWlM1ellXNWtlakl1WTI5dExuQm9Pakl5TmpJekwyTnZibVpwWnk5M2IzSnJaWElpTENKMlpYSnBabWxqWVhScGIyNGlPbnQ5ZlYxOUxDSnpaV04xY21sMGVTSTZleUowYkhNaU9uc2lZMlZ5ZEdsbWFXTmhkR1ZCZFhSb2IzSnBkR2xsY3lJNlczc2ljMjkxY21ObElqb2laR0YwWVRwMFpYaDBMM0JzWVdsdU8yTm9ZWEp6WlhROWRYUm1MVGc3WW1GelpUWTBMRXhUTUhSTVV6RkRVbFZrU2xScFFrUlNWa3BWVTFWYVNsRXdSbFZTVXpCMFRGTXdkRU5yTVVwVFZWSkdVa1ZPUkZGWFduQmFNRVl6VTFWS1Fsb3diRXBYVkZaeFZqTmtTMkl6YjNsVmF6RXpVa1pHV2xOcmRIWlhhMnh2WkcxT1QxRldSa1pVUlVwU1VWaGtTMkZyVmxSVVZVcENVakJGZUZaVlZVdFJNMmhPVTIxSmVsRnRlR2xpYXpWMldWWmtZVTFGTVZOUldHUkZXakZzUlZac1JsSlNSVll6V2toc2FVMXFhM2RVUm1SUFlVVXhRMDVHYUVWV1JXd3pWRlZTU21WRk5VVlJWRlpPWVd0VmVGUnNXblpYUVhCRlZrVXhNMVJWVWtwbFJURlZVVlJXVG1GclZYaFViRnAyWkRCd2NWSldUazVSYTBaSVVWUkdWbEpWVGpSVVZYQnBUVEJLYzFsdE5VOWlNa1pZVjJwQ1RsVnJSak5TUjJSYVVrWmFVbFZWVWtaa01sSTFRMjFKZVU5VVFrMVdNRFZ2VkZWc1NsRnJiSEZSVlRWRFdqSjBlR0ZIZEhCU2Vtd3pUVVZLUWxWVlZrZFJWVVpRVVRCR1VrOUZSazVUVld4RFVUSmtURkV3UmxKU1ZVWjZWRE53V2xReVp6SlJXRzh5VFVSblMxRlZaek5hTWtseVlrVjRRbE5yUmpSVlZteEpZMnRrV21OdWNETmFiRlpEWVdwU2VFNXVXWGRaYm1SYVRrZFJlR1F4UW5kV00xWlRaR3R3VEZkSFVsUk9iV2d6Vldwb2MwMUVWbWhaVld4M1YwUlNjV05CY0VabFZWVjNWMjFzU0ZkR1JsZFJWbEkwWTFSQ2RFd3pVa2RhUlhSc1VXcFJlRll3YUVoTk1VMTNZVVZXTmtzeFdUSk9NR040WkZWNFdscEZUazFhU0hCVFQxZGtlR0ZZUmxoWmJGcHpUVzVLVVdJd09UQkRiRTE2VVc1Q1UySnBkRlprVjFGNFpWYzVSMkZ1WkRGVFdGRjZaV3hvU1ZNeFZrMWlTRWwyWVVaTk1GVkVUa2RYUmxwVVQxWmFObGx1V2s5V2FscEVXbXRqTVU5SE5EUk9la0V3WWtkNGFtSXhiRk5sVmtWTFkxUmFUbGRyYUZwVGFsSkVZekZrTlZOck9XRkxNbEUxVGxod05VNXNSbWxoUlU1Q1pGVXdjazF0TlZwUk1VbDNWMU01TkZacWJGcGtWMDR4Vld0d1VWcFVUblpOYmtaYVVsUktObFpVYUV0aWExcFBWWGR3VDFSR1NtNWlSV2R5Vm1wb2NGRlVSbmxSTWpGU1ZFaEtkV0pVU2pCWGJFNXRZMFJTYldFemNIbGtNVUl6V1d0T1JsWXlaR2hSVjFreVRucEdibFpzUm1oUFdGRjVaREJLYldKc1VsRk1NV1J4V2pCS1dVTnNWWGhUV0ZsMlpWUkNkVkl4UmtwU1JVWlNVVlZLZGsxRmJETlZWVkpDVkRCS2JsUnNXa2xWVkdoRFVWZFpORkpWU2tKVVZVNUNZMVpHTTFKSVpGcFNSbHBUVFVaU1FsVlZaM1pSYTBaV1pEQkdNMUpWU1V0TU0zQkNXa1ZLYmxSc1drbFZWRkpHVW0xa1VsWllTa05VVm1NeVZrVm9TMVJIVmxaYWJrRXdUVlpLUm1RelVrSmxSRko2VTJwU1NXSXpaRVZWVm14TFV6STVZVk5YYURKWk1EVkNWVlZXVFZGc1JrSlNRWEJ1V2pCV1ExRlZhSGRpUm14clZsVktZVTFxVW05U1JrSjVVbGRTZUZKWVJYaGliVlpSVlVSb1QxTnJWbEZTYmtwUFpFZFdibE5GT1c1aWF6azJVa2RLTTFkc1dtRlNXRVp0VmpOS1lVOUhaM1pNTURsaFEyazVTbVJFYkRWVFYyUk9ZekpvWVZsVlZrcFZSbFY2WTFaa1RVNHlkRzFhYWtwTlYwUnNRbFJIYUZsbGJWSnlUbXBHUjFJelRrOU5NSGcwVGpJNU5XSnJjSGRpYlRsSVYxUnNWMWRYYkRKVGEwcFVZbGhKUzFKV2NHeGlNMmN5VlZVMVNsVklWakZQVjNSell6RkdSVlJET1hWa1ZUVlpWRVJLVFZNd2JGRlpibXhoVFZOMGJGTlRPWEZVUkZZelZXcENhbU15VFRGWGJteFVXbGRPZDJSNlZsRmpNSGhIVm01U1dWcFJjRzlaZWxKSVpVWlNWMWRzV1RCVlZ6VjVXbXR3TlZWRGRIUk9Wa0p4V2pGQ1dXUkZNVFZsYW1ReVVsZGtkRTFVYkZOVmJFMXlUVWhzUmxOdFZrUldiVlp1VWpCMFVGTkhkM1pXYkVwTFlrWkdhV0o2UmpGRGEzQklUVzVTYTFVemFGQlVTRmw2VkcweE1XTlZaM1pXTVdSc1ZsUnNVMVZWWkRSUlZWcDRUbTFvVVZWRVduWlZWa1pSWlZob2RGbHRlRUpYU0dneVRucHNWbGx0U21sTE1uaDVXa1JCY21SR1NqTmlibEZMVjJ0b2VHVkhSa0ppYm1oVlZtMDBkMUZWUlROYWVsWk9WMWM1VTAwelduTmhSbFpTVUZGdmRFeFRNSFJNVlZaUFVrTkNSRkpXU2xWVFZWcEtVVEJHVlZKVE1IUk1VekIwUTJjOVBTSXNJblpsY21sbWFXTmhkR2x2YmlJNmUzMTlYWDE5TENKMGFXMWxiM1YwY3lJNmUzMHNJblpsY25OcGIyNGlPaUl5TGpJdU1DSjlMQ0p1WlhSM2IzSnJaQ0k2ZTMwc0luQmhjM04zWkNJNmUzMHNJbk4wYjNKaFoyVWlPbnQ5TENKemVYTjBaVzFrSWpwN2ZYMEsiLCJ2ZXJpZmljYXRpb24iOnt9fV19LCJ0aW1lb3V0cyI6e30sInZlcnNpb24iOiIyLjEuMCJ9LCJuZXR3b3JrZCI6e30sInBhc3N3ZCI6e30sInN0b3JhZ2UiOnsiZmlsZXMiOlt7ImZpbGVzeXN0ZW0iOiJyb290IiwiZ3JvdXAiOnt9LCJwYXRoIjoiL2V0Yy9ob3N0bmFtZSIsInVzZXIiOnt9LCJjb250ZW50cyI6eyJzb3VyY2UiOiJkYXRhOnRleHQvcGxhaW47Y2hhcnNldD11dGYtODtiYXNlNjQsWTI5dGNIVjBaUzB3IiwidmVyaWZpY2F0aW9uIjp7fX0sIm1vZGUiOjQyMH0seyJmaWxlc3lzdGVtIjoicm9vdCIsImdyb3VwIjp7fSwicGF0aCI6Ii9ldGMvc3lzY29uZmlnL25ldHdvcmstc2NyaXB0cy9pZmNmZy1lbnMxOTIiLCJ1c2VyIjp7fSwiY29udGVudHMiOnsic291cmNlIjoiZGF0YTp0ZXh0L3BsYWluO2NoYXJzZXQ9dXRmLTg7YmFzZTY0LFZGbFFSVDFGZEdobGNtNWxkQXBDVDA5VVVGSlBWRTg5Ym05dVpRcE9RVTFGUFdWdWN6RTVNZ3BFUlZaSlEwVTlaVzV6TVRreUNrOU9RazlQVkQxNVpYTUtTVkJCUkVSU1BURTVNaTR4TmpndU1UQXhMakV3TkFwUVVrVkdTVmc5TXpBS1IwRlVSVmRCV1QweE9USXVNVFk0TGpFd01TNHhNREVLUkU5TlFVbE9QV3QxWW1VdWMyRnVaSG95TG1OdmJTNXdhQXBFVGxNeFBURTVNaTR4TmpndU1UQXhMalVLUkU1VE1qMDVMamt1T1M0NUNnPT0iLCJ2ZXJpZmljYXRpb24iOnt9fSwibW9kZSI6NDIwfV19LCJzeXN0ZW1kIjp7InVuaXRzIjpbeyJjb250ZW50cyI6IltVbml0XVxuQ29uZGl0aW9uRmlyc3RCb290PXllc1xuW1NlcnZpY2VdXG5UeXBlPWlkbGVcbkV4ZWNTdGFydD0vc2Jpbi9yZWJvb3RcbltJbnN0YWxsXVxuV2FudGVkQnk9bXVsdGktdXNlci50YXJnZXRcbiIsImVuYWJsZWQiOnRydWUsIm5hbWUiOiJyZXN0YXJ0LnNlcnZpY2UifV19fQ==",
                            "vapp.0.properties.guestinfo.ignition.config.data.encoding": "base64",
                            "vapp_transport.#": "1",
                            "vapp_transport.0": "com.vmware.guestInfo",
                            "vmware_tools_status": "guestToolsNotRunning",
                            "vmx_path": "compute-0/compute-0.vmx",
                            "wait_for_guest_ip_timeout": "0",
                            "wait_for_guest_net_routable": "false",
                            "wait_for_guest_net_timeout": "0"
                        },
                        "meta": {
                            "schema_version": "3"
                        },
                        "tainted": false
                    },
                    "deposed": [],
                    "provider": "provider.vsphere"
                }
            },
            "depends_on": []
        },
        {
            "path": [
                "root",
                "control_plane"
            ],
            "outputs": {
                "ip_addresses": {
                    "sensitive": false,
                    "type": "list",
                    "value": [
                        "192.168.101.101",
                        "192.168.101.102",
                        "192.168.101.103"
                    ]
                }
            },
            "resources": {
                "data.ignition_config.ign.0": {
                    "type": "ignition_config",
                    "depends_on": [
                        "data.ignition_file.hostname.*",
                        "data.ignition_file.static_ip.*",
                        "data.ignition_systemd_unit.restart.*",
                        "local.ignition_encoded"
                    ],
                    "primary": {
                        "id": "d867ff48e3456fd794327aa254f726aa5f5b63d5545579819407fef4f1c49ecf",
                        "attributes": {
                            "append.#": "1",
                            "append.0.source": "data:text/plain;charset=utf-8;base64,eyJpZ25pdGlvbiI6eyJjb25maWciOnsiYXBwZW5kIjpbeyJzb3VyY2UiOiJodHRwczovL2FwaS1pbnQua3ViZS5zYW5kejIuY29tLnBoOjIyNjIzL2NvbmZpZy9tYXN0ZXIiLCJ2ZXJpZmljYXRpb24iOnt9fV19LCJzZWN1cml0eSI6eyJ0bHMiOnsiY2VydGlmaWNhdGVBdXRob3JpdGllcyI6W3sic291cmNlIjoiZGF0YTp0ZXh0L3BsYWluO2NoYXJzZXQ9dXRmLTg7YmFzZTY0LExTMHRMUzFDUlVkSlRpQkRSVkpVU1VaSlEwRlVSUzB0TFMwdENrMUpTVVJGUkVORFFXWnBaMEYzU1VKQlowbEpXVFZxVjNkS2Izb3lVazEzUkZGWlNrdHZXa2xvZG1OT1FWRkZURUpSUVhkS2FrVlRUVUpCUjBFeFZVVUtRM2hOU21JelFteGliazV2WVZkYU1FMVNRWGRFWjFsRVZsRlJSRVYzWkhsaU1qa3dURmRPYUUxQ05GaEVWRWwzVFVSSmVFNUVRVFZOYWtVeFRsWnZXQXBFVkUxM1RVUkplRTFVUVRWTmFrVXhUbFp2ZDBwcVJWTk5Ra0ZIUVRGVlJVTjRUVXBpTTBKc1ltNU9iMkZYV2pCTlVrRjNSR2RaUkZaUlVVUkZkMlI1Q21JeU9UQk1WMDVvVFVsSlFrbHFRVTVDWjJ0eGFHdHBSemwzTUVKQlVVVkdRVUZQUTBGUk9FRk5TVWxDUTJkTFEwRlJSVUZ6VDNwWlQyZzJRWG8yTURnS1FVZzNaMklyYkV4QlNrRjRVVmxJY2tkWmNucDNabFZDYWpSeE5uWXdZbmRaTkdReGQxQndWM1ZTZGtwTFdHUlRObWgzVWpoc01EVmhZVWx3V0RScWNBcEZlVVV3V21sSFdGRldRVlI0Y1RCdEwzUkdaRXRsUWpReFYwaEhNMU13YUVWNksxWTJOMGN4ZFV4WlpFTk1aSHBTT1dkeGFYRlhZbFpzTW5KUWIwOTBDbE16UW5CU2JpdFZkV1F4ZVc5R2FuZDFTWFF6ZWxoSVMxVk1iSEl2YUZNMFVETkdXRlpUT1ZaNlluWk9WalpEWmtjMU9HNDROekEwYkd4amIxbFNlVkVLY1RaTldraFpTalJEYzFkNVNrOWFLMlE1TlhwNU5sRmlhRU5CZFUwck1tNVpRMUl3V1M5NFZqbFpkV04xVWtwUVpUTnZNbkZaUlRKNlZUaEtia1pPVXdwT1RGSm5iRWdyVmpocFFURnlRMjFSVEhKdWJUSjBXbE5tY0RSbWEzcHlkMUIzWWtORlYyZGhRV1kyTnpGblZsRmhPWFF5ZDBKbWJsUlFMMWRxWjBKWUNsVXhTWFl2ZVRCdVIxRkpSRUZSUVVKdk1FbDNVVVJCVDBKblRsWklVVGhDUVdZNFJVSkJUVU5CY1ZGM1JIZFpSRlpTTUZSQlVVZ3ZRa0ZWZDBGM1JVSUtMM3BCWkVKblRsWklVVFJGUm1kUlZYSkNUVmMyVkVoS1RHVlZabkEwTVZKRmQzUkJlRFJ6U2pSSWIzZEVVVmxLUzI5YVNXaDJZMDVCVVVWTVFsRkJSQXBuWjBWQ1FVaHdiRmxrVlVKYU1qUm9SRkJ5UldSeFJYRXhibVZRVURoT1NrVlFSbkpPZEdWblNFOW5iazk2UkdKM1dsWmFSWEZtVjNKYU9HZ3ZMMDlhQ2k5SmREbDVTV2ROYzJoYVlVVkpVRlV6Y1ZkTU4ydG1aakpNV0RsQlRHaFllbVJyTmpGR1IzTk9NMHg0TjI5NWJrcHdibTlIV1RsV1dXbDJTa0pUYlhJS1JWcGxiM2cyVVU1SlVIVjFPV3RzYzFGRVRDOXVkVTVZVERKTVMwbFFZbmxhTVN0bFNTOXFURFYzVWpCamMyTTFXbmxUWldOd2R6VlFjMHhHVm5SWVpRcG9ZelJIZUZSV1dsWTBVVzV5WmtwNVVDdHROVkJxWjFCWWRFMTVlamQyUldkdE1UbFNVbE1yTUhsRlNtVkRWbVZuUjB0UFNHd3ZWbEpLYkZGaWJ6RjFDa3BITW5Sa1UzaFBUSFl6VG0xMWNVZ3ZWMWRsVlRsU1VVZDRRVVp4Tm1oUVVEWnZVVkZRZVhodFlteEJXSGgyTnpsVlltSmlLMnh5WkRBcmRGSjNiblFLV2toeGVHRkJibmhVVm00d1FVRTNaelZOV1c5U00zWnNhRlZSUFFvdExTMHRMVVZPUkNCRFJWSlVTVVpKUTBGVVJTMHRMUzB0Q2c9PSIsInZlcmlmaWNhdGlvbiI6e319XX19LCJ0aW1lb3V0cyI6e30sInZlcnNpb24iOiIyLjIuMCJ9LCJuZXR3b3JrZCI6e30sInBhc3N3ZCI6e30sInN0b3JhZ2UiOnt9LCJzeXN0ZW1kIjp7fX0K",
                            "append.0.verification": "",
                            "files.#": "2",
                            "files.0": "15993e847c56ea3a5c0732a5cac8e81241a2da17752a4dca3c03046a185c6625",
                            "files.1": "951cee072d2adaa0f6828a6ffe0829b92239cdab495548d4759c8204e478a7df",
                            "id": "d867ff48e3456fd794327aa254f726aa5f5b63d5545579819407fef4f1c49ecf",
                            "rendered": "{\"ignition\":{\"config\":{\"append\":[{\"source\":\"data:text/plain;charset=utf-8;base64,eyJpZ25pdGlvbiI6eyJjb25maWciOnsiYXBwZW5kIjpbeyJzb3VyY2UiOiJodHRwczovL2FwaS1pbnQua3ViZS5zYW5kejIuY29tLnBoOjIyNjIzL2NvbmZpZy9tYXN0ZXIiLCJ2ZXJpZmljYXRpb24iOnt9fV19LCJzZWN1cml0eSI6eyJ0bHMiOnsiY2VydGlmaWNhdGVBdXRob3JpdGllcyI6W3sic291cmNlIjoiZGF0YTp0ZXh0L3BsYWluO2NoYXJzZXQ9dXRmLTg7YmFzZTY0LExTMHRMUzFDUlVkSlRpQkRSVkpVU1VaSlEwRlVSUzB0TFMwdENrMUpTVVJGUkVORFFXWnBaMEYzU1VKQlowbEpXVFZxVjNkS2Izb3lVazEzUkZGWlNrdHZXa2xvZG1OT1FWRkZURUpSUVhkS2FrVlRUVUpCUjBFeFZVVUtRM2hOU21JelFteGliazV2WVZkYU1FMVNRWGRFWjFsRVZsRlJSRVYzWkhsaU1qa3dURmRPYUUxQ05GaEVWRWwzVFVSSmVFNUVRVFZOYWtVeFRsWnZXQXBFVkUxM1RVUkplRTFVUVRWTmFrVXhUbFp2ZDBwcVJWTk5Ra0ZIUVRGVlJVTjRUVXBpTTBKc1ltNU9iMkZYV2pCTlVrRjNSR2RaUkZaUlVVUkZkMlI1Q21JeU9UQk1WMDVvVFVsSlFrbHFRVTVDWjJ0eGFHdHBSemwzTUVKQlVVVkdRVUZQUTBGUk9FRk5TVWxDUTJkTFEwRlJSVUZ6VDNwWlQyZzJRWG8yTURnS1FVZzNaMklyYkV4QlNrRjRVVmxJY2tkWmNucDNabFZDYWpSeE5uWXdZbmRaTkdReGQxQndWM1ZTZGtwTFdHUlRObWgzVWpoc01EVmhZVWx3V0RScWNBcEZlVVV3V21sSFdGRldRVlI0Y1RCdEwzUkdaRXRsUWpReFYwaEhNMU13YUVWNksxWTJOMGN4ZFV4WlpFTk1aSHBTT1dkeGFYRlhZbFpzTW5KUWIwOTBDbE16UW5CU2JpdFZkV1F4ZVc5R2FuZDFTWFF6ZWxoSVMxVk1iSEl2YUZNMFVETkdXRlpUT1ZaNlluWk9WalpEWmtjMU9HNDROekEwYkd4amIxbFNlVkVLY1RaTldraFpTalJEYzFkNVNrOWFLMlE1TlhwNU5sRmlhRU5CZFUwck1tNVpRMUl3V1M5NFZqbFpkV04xVWtwUVpUTnZNbkZaUlRKNlZUaEtia1pPVXdwT1RGSm5iRWdyVmpocFFURnlRMjFSVEhKdWJUSjBXbE5tY0RSbWEzcHlkMUIzWWtORlYyZGhRV1kyTnpGblZsRmhPWFF5ZDBKbWJsUlFMMWRxWjBKWUNsVXhTWFl2ZVRCdVIxRkpSRUZSUVVKdk1FbDNVVVJCVDBKblRsWklVVGhDUVdZNFJVSkJUVU5CY1ZGM1JIZFpSRlpTTUZSQlVVZ3ZRa0ZWZDBGM1JVSUtMM3BCWkVKblRsWklVVFJGUm1kUlZYSkNUVmMyVkVoS1RHVlZabkEwTVZKRmQzUkJlRFJ6U2pSSWIzZEVVVmxLUzI5YVNXaDJZMDVCVVVWTVFsRkJSQXBuWjBWQ1FVaHdiRmxrVlVKYU1qUm9SRkJ5UldSeFJYRXhibVZRVURoT1NrVlFSbkpPZEdWblNFOW5iazk2UkdKM1dsWmFSWEZtVjNKYU9HZ3ZMMDlhQ2k5SmREbDVTV2ROYzJoYVlVVkpVRlV6Y1ZkTU4ydG1aakpNV0RsQlRHaFllbVJyTmpGR1IzTk9NMHg0TjI5NWJrcHdibTlIV1RsV1dXbDJTa0pUYlhJS1JWcGxiM2cyVVU1SlVIVjFPV3RzYzFGRVRDOXVkVTVZVERKTVMwbFFZbmxhTVN0bFNTOXFURFYzVWpCamMyTTFXbmxUWldOd2R6VlFjMHhHVm5SWVpRcG9ZelJIZUZSV1dsWTBVVzV5WmtwNVVDdHROVkJxWjFCWWRFMTVlamQyUldkdE1UbFNVbE1yTUhsRlNtVkRWbVZuUjB0UFNHd3ZWbEpLYkZGaWJ6RjFDa3BITW5Sa1UzaFBUSFl6VG0xMWNVZ3ZWMWRsVlRsU1VVZDRRVVp4Tm1oUVVEWnZVVkZRZVhodFlteEJXSGgyTnpsVlltSmlLMnh5WkRBcmRGSjNiblFLV2toeGVHRkJibmhVVm00d1FVRTNaelZOV1c5U00zWnNhRlZSUFFvdExTMHRMVVZPUkNCRFJWSlVTVVpKUTBGVVJTMHRMUzB0Q2c9PSIsInZlcmlmaWNhdGlvbiI6e319XX19LCJ0aW1lb3V0cyI6e30sInZlcnNpb24iOiIyLjIuMCJ9LCJuZXR3b3JrZCI6e30sInBhc3N3ZCI6e30sInN0b3JhZ2UiOnt9LCJzeXN0ZW1kIjp7fX0K\",\"verification\":{}}]},\"timeouts\":{},\"version\":\"2.1.0\"},\"networkd\":{},\"passwd\":{},\"storage\":{\"files\":[{\"filesystem\":\"root\",\"group\":{},\"path\":\"/etc/hostname\",\"user\":{},\"contents\":{\"source\":\"data:text/plain;charset=utf-8;base64,Y29udHJvbC1wbGFuZS0w\",\"verification\":{}},\"mode\":420},{\"filesystem\":\"root\",\"group\":{},\"path\":\"/etc/sysconfig/network-scripts/ifcfg-ens192\",\"user\":{},\"contents\":{\"source\":\"data:text/plain;charset=utf-8;base64,VFlQRT1FdGhlcm5ldApCT09UUFJPVE89bm9uZQpOQU1FPWVuczE5MgpERVZJQ0U9ZW5zMTkyCk9OQk9PVD15ZXMKSVBBRERSPTE5Mi4xNjguMTAxLjEwMQpQUkVGSVg9MzAKR0FURVdBWT0xOTIuMTY4LjEwMS4xMDEKRE9NQUlOPWt1YmUuc2FuZHoyLmNvbS5waApETlMxPTE5Mi4xNjguMTAxLjUKRE5TMj05LjkuOS45Cg==\",\"verification\":{}},\"mode\":420}]},\"systemd\":{\"units\":[{\"contents\":\"[Unit]\\nConditionFirstBoot=yes\\n[Service]\\nType=idle\\nExecStart=/sbin/reboot\\n[Install]\\nWantedBy=multi-user.target\\n\",\"enabled\":true,\"name\":\"restart.service\"}]}}",
                            "systemd.#": "1",
                            "systemd.0": "2b2088c1732c1d1acffcbbe6386c2952e57ca2903cec0dc24bd4cb0f42abc300"
                        },
                        "meta": {},
                        "tainted": false
                    },
                    "deposed": [],
                    "provider": "module.control_plane.provider.ignition"
                },
                "data.ignition_config.ign.1": {
                    "type": "ignition_config",
                    "depends_on": [
                        "data.ignition_file.hostname.*",
                        "data.ignition_file.static_ip.*",
                        "data.ignition_systemd_unit.restart.*",
                        "local.ignition_encoded"
                    ],
                    "primary": {
                        "id": "fdc2383cd965a04efa6388ba943feb323ad7ef0649ed9ac144ae14e9d61d1806",
                        "attributes": {
                            "append.#": "1",
                            "append.0.source": "data:text/plain;charset=utf-8;base64,eyJpZ25pdGlvbiI6eyJjb25maWciOnsiYXBwZW5kIjpbeyJzb3VyY2UiOiJodHRwczovL2FwaS1pbnQua3ViZS5zYW5kejIuY29tLnBoOjIyNjIzL2NvbmZpZy9tYXN0ZXIiLCJ2ZXJpZmljYXRpb24iOnt9fV19LCJzZWN1cml0eSI6eyJ0bHMiOnsiY2VydGlmaWNhdGVBdXRob3JpdGllcyI6W3sic291cmNlIjoiZGF0YTp0ZXh0L3BsYWluO2NoYXJzZXQ9dXRmLTg7YmFzZTY0LExTMHRMUzFDUlVkSlRpQkRSVkpVU1VaSlEwRlVSUzB0TFMwdENrMUpTVVJGUkVORFFXWnBaMEYzU1VKQlowbEpXVFZxVjNkS2Izb3lVazEzUkZGWlNrdHZXa2xvZG1OT1FWRkZURUpSUVhkS2FrVlRUVUpCUjBFeFZVVUtRM2hOU21JelFteGliazV2WVZkYU1FMVNRWGRFWjFsRVZsRlJSRVYzWkhsaU1qa3dURmRPYUUxQ05GaEVWRWwzVFVSSmVFNUVRVFZOYWtVeFRsWnZXQXBFVkUxM1RVUkplRTFVUVRWTmFrVXhUbFp2ZDBwcVJWTk5Ra0ZIUVRGVlJVTjRUVXBpTTBKc1ltNU9iMkZYV2pCTlVrRjNSR2RaUkZaUlVVUkZkMlI1Q21JeU9UQk1WMDVvVFVsSlFrbHFRVTVDWjJ0eGFHdHBSemwzTUVKQlVVVkdRVUZQUTBGUk9FRk5TVWxDUTJkTFEwRlJSVUZ6VDNwWlQyZzJRWG8yTURnS1FVZzNaMklyYkV4QlNrRjRVVmxJY2tkWmNucDNabFZDYWpSeE5uWXdZbmRaTkdReGQxQndWM1ZTZGtwTFdHUlRObWgzVWpoc01EVmhZVWx3V0RScWNBcEZlVVV3V21sSFdGRldRVlI0Y1RCdEwzUkdaRXRsUWpReFYwaEhNMU13YUVWNksxWTJOMGN4ZFV4WlpFTk1aSHBTT1dkeGFYRlhZbFpzTW5KUWIwOTBDbE16UW5CU2JpdFZkV1F4ZVc5R2FuZDFTWFF6ZWxoSVMxVk1iSEl2YUZNMFVETkdXRlpUT1ZaNlluWk9WalpEWmtjMU9HNDROekEwYkd4amIxbFNlVkVLY1RaTldraFpTalJEYzFkNVNrOWFLMlE1TlhwNU5sRmlhRU5CZFUwck1tNVpRMUl3V1M5NFZqbFpkV04xVWtwUVpUTnZNbkZaUlRKNlZUaEtia1pPVXdwT1RGSm5iRWdyVmpocFFURnlRMjFSVEhKdWJUSjBXbE5tY0RSbWEzcHlkMUIzWWtORlYyZGhRV1kyTnpGblZsRmhPWFF5ZDBKbWJsUlFMMWRxWjBKWUNsVXhTWFl2ZVRCdVIxRkpSRUZSUVVKdk1FbDNVVVJCVDBKblRsWklVVGhDUVdZNFJVSkJUVU5CY1ZGM1JIZFpSRlpTTUZSQlVVZ3ZRa0ZWZDBGM1JVSUtMM3BCWkVKblRsWklVVFJGUm1kUlZYSkNUVmMyVkVoS1RHVlZabkEwTVZKRmQzUkJlRFJ6U2pSSWIzZEVVVmxLUzI5YVNXaDJZMDVCVVVWTVFsRkJSQXBuWjBWQ1FVaHdiRmxrVlVKYU1qUm9SRkJ5UldSeFJYRXhibVZRVURoT1NrVlFSbkpPZEdWblNFOW5iazk2UkdKM1dsWmFSWEZtVjNKYU9HZ3ZMMDlhQ2k5SmREbDVTV2ROYzJoYVlVVkpVRlV6Y1ZkTU4ydG1aakpNV0RsQlRHaFllbVJyTmpGR1IzTk9NMHg0TjI5NWJrcHdibTlIV1RsV1dXbDJTa0pUYlhJS1JWcGxiM2cyVVU1SlVIVjFPV3RzYzFGRVRDOXVkVTVZVERKTVMwbFFZbmxhTVN0bFNTOXFURFYzVWpCamMyTTFXbmxUWldOd2R6VlFjMHhHVm5SWVpRcG9ZelJIZUZSV1dsWTBVVzV5WmtwNVVDdHROVkJxWjFCWWRFMTVlamQyUldkdE1UbFNVbE1yTUhsRlNtVkRWbVZuUjB0UFNHd3ZWbEpLYkZGaWJ6RjFDa3BITW5Sa1UzaFBUSFl6VG0xMWNVZ3ZWMWRsVlRsU1VVZDRRVVp4Tm1oUVVEWnZVVkZRZVhodFlteEJXSGgyTnpsVlltSmlLMnh5WkRBcmRGSjNiblFLV2toeGVHRkJibmhVVm00d1FVRTNaelZOV1c5U00zWnNhRlZSUFFvdExTMHRMVVZPUkNCRFJWSlVTVVpKUTBGVVJTMHRMUzB0Q2c9PSIsInZlcmlmaWNhdGlvbiI6e319XX19LCJ0aW1lb3V0cyI6e30sInZlcnNpb24iOiIyLjIuMCJ9LCJuZXR3b3JrZCI6e30sInBhc3N3ZCI6e30sInN0b3JhZ2UiOnt9LCJzeXN0ZW1kIjp7fX0K",
                            "append.0.verification": "",
                            "files.#": "2",
                            "files.0": "fbe07a03370697fae86ea33632e264340c4c18ade2076e84c08b5ca53fe0b60f",
                            "files.1": "b6181e18bdd79b0470b5741be52ebf840b3541e13e4cc1a9affee9785053af7b",
                            "id": "fdc2383cd965a04efa6388ba943feb323ad7ef0649ed9ac144ae14e9d61d1806",
                            "rendered": "{\"ignition\":{\"config\":{\"append\":[{\"source\":\"data:text/plain;charset=utf-8;base64,eyJpZ25pdGlvbiI6eyJjb25maWciOnsiYXBwZW5kIjpbeyJzb3VyY2UiOiJodHRwczovL2FwaS1pbnQua3ViZS5zYW5kejIuY29tLnBoOjIyNjIzL2NvbmZpZy9tYXN0ZXIiLCJ2ZXJpZmljYXRpb24iOnt9fV19LCJzZWN1cml0eSI6eyJ0bHMiOnsiY2VydGlmaWNhdGVBdXRob3JpdGllcyI6W3sic291cmNlIjoiZGF0YTp0ZXh0L3BsYWluO2NoYXJzZXQ9dXRmLTg7YmFzZTY0LExTMHRMUzFDUlVkSlRpQkRSVkpVU1VaSlEwRlVSUzB0TFMwdENrMUpTVVJGUkVORFFXWnBaMEYzU1VKQlowbEpXVFZxVjNkS2Izb3lVazEzUkZGWlNrdHZXa2xvZG1OT1FWRkZURUpSUVhkS2FrVlRUVUpCUjBFeFZVVUtRM2hOU21JelFteGliazV2WVZkYU1FMVNRWGRFWjFsRVZsRlJSRVYzWkhsaU1qa3dURmRPYUUxQ05GaEVWRWwzVFVSSmVFNUVRVFZOYWtVeFRsWnZXQXBFVkUxM1RVUkplRTFVUVRWTmFrVXhUbFp2ZDBwcVJWTk5Ra0ZIUVRGVlJVTjRUVXBpTTBKc1ltNU9iMkZYV2pCTlVrRjNSR2RaUkZaUlVVUkZkMlI1Q21JeU9UQk1WMDVvVFVsSlFrbHFRVTVDWjJ0eGFHdHBSemwzTUVKQlVVVkdRVUZQUTBGUk9FRk5TVWxDUTJkTFEwRlJSVUZ6VDNwWlQyZzJRWG8yTURnS1FVZzNaMklyYkV4QlNrRjRVVmxJY2tkWmNucDNabFZDYWpSeE5uWXdZbmRaTkdReGQxQndWM1ZTZGtwTFdHUlRObWgzVWpoc01EVmhZVWx3V0RScWNBcEZlVVV3V21sSFdGRldRVlI0Y1RCdEwzUkdaRXRsUWpReFYwaEhNMU13YUVWNksxWTJOMGN4ZFV4WlpFTk1aSHBTT1dkeGFYRlhZbFpzTW5KUWIwOTBDbE16UW5CU2JpdFZkV1F4ZVc5R2FuZDFTWFF6ZWxoSVMxVk1iSEl2YUZNMFVETkdXRlpUT1ZaNlluWk9WalpEWmtjMU9HNDROekEwYkd4amIxbFNlVkVLY1RaTldraFpTalJEYzFkNVNrOWFLMlE1TlhwNU5sRmlhRU5CZFUwck1tNVpRMUl3V1M5NFZqbFpkV04xVWtwUVpUTnZNbkZaUlRKNlZUaEtia1pPVXdwT1RGSm5iRWdyVmpocFFURnlRMjFSVEhKdWJUSjBXbE5tY0RSbWEzcHlkMUIzWWtORlYyZGhRV1kyTnpGblZsRmhPWFF5ZDBKbWJsUlFMMWRxWjBKWUNsVXhTWFl2ZVRCdVIxRkpSRUZSUVVKdk1FbDNVVVJCVDBKblRsWklVVGhDUVdZNFJVSkJUVU5CY1ZGM1JIZFpSRlpTTUZSQlVVZ3ZRa0ZWZDBGM1JVSUtMM3BCWkVKblRsWklVVFJGUm1kUlZYSkNUVmMyVkVoS1RHVlZabkEwTVZKRmQzUkJlRFJ6U2pSSWIzZEVVVmxLUzI5YVNXaDJZMDVCVVVWTVFsRkJSQXBuWjBWQ1FVaHdiRmxrVlVKYU1qUm9SRkJ5UldSeFJYRXhibVZRVURoT1NrVlFSbkpPZEdWblNFOW5iazk2UkdKM1dsWmFSWEZtVjNKYU9HZ3ZMMDlhQ2k5SmREbDVTV2ROYzJoYVlVVkpVRlV6Y1ZkTU4ydG1aakpNV0RsQlRHaFllbVJyTmpGR1IzTk9NMHg0TjI5NWJrcHdibTlIV1RsV1dXbDJTa0pUYlhJS1JWcGxiM2cyVVU1SlVIVjFPV3RzYzFGRVRDOXVkVTVZVERKTVMwbFFZbmxhTVN0bFNTOXFURFYzVWpCamMyTTFXbmxUWldOd2R6VlFjMHhHVm5SWVpRcG9ZelJIZUZSV1dsWTBVVzV5WmtwNVVDdHROVkJxWjFCWWRFMTVlamQyUldkdE1UbFNVbE1yTUhsRlNtVkRWbVZuUjB0UFNHd3ZWbEpLYkZGaWJ6RjFDa3BITW5Sa1UzaFBUSFl6VG0xMWNVZ3ZWMWRsVlRsU1VVZDRRVVp4Tm1oUVVEWnZVVkZRZVhodFlteEJXSGgyTnpsVlltSmlLMnh5WkRBcmRGSjNiblFLV2toeGVHRkJibmhVVm00d1FVRTNaelZOV1c5U00zWnNhRlZSUFFvdExTMHRMVVZPUkNCRFJWSlVTVVpKUTBGVVJTMHRMUzB0Q2c9PSIsInZlcmlmaWNhdGlvbiI6e319XX19LCJ0aW1lb3V0cyI6e30sInZlcnNpb24iOiIyLjIuMCJ9LCJuZXR3b3JrZCI6e30sInBhc3N3ZCI6e30sInN0b3JhZ2UiOnt9LCJzeXN0ZW1kIjp7fX0K\",\"verification\":{}}]},\"timeouts\":{},\"version\":\"2.1.0\"},\"networkd\":{},\"passwd\":{},\"storage\":{\"files\":[{\"filesystem\":\"root\",\"group\":{},\"path\":\"/etc/hostname\",\"user\":{},\"contents\":{\"source\":\"data:text/plain;charset=utf-8;base64,Y29udHJvbC1wbGFuZS0x\",\"verification\":{}},\"mode\":420},{\"filesystem\":\"root\",\"group\":{},\"path\":\"/etc/sysconfig/network-scripts/ifcfg-ens192\",\"user\":{},\"contents\":{\"source\":\"data:text/plain;charset=utf-8;base64,VFlQRT1FdGhlcm5ldApCT09UUFJPVE89bm9uZQpOQU1FPWVuczE5MgpERVZJQ0U9ZW5zMTkyCk9OQk9PVD15ZXMKSVBBRERSPTE5Mi4xNjguMTAxLjEwMgpQUkVGSVg9MzAKR0FURVdBWT0xOTIuMTY4LjEwMS4xMDEKRE9NQUlOPWt1YmUuc2FuZHoyLmNvbS5waApETlMxPTE5Mi4xNjguMTAxLjUKRE5TMj05LjkuOS45Cg==\",\"verification\":{}},\"mode\":420}]},\"systemd\":{\"units\":[{\"contents\":\"[Unit]\\nConditionFirstBoot=yes\\n[Service]\\nType=idle\\nExecStart=/sbin/reboot\\n[Install]\\nWantedBy=multi-user.target\\n\",\"enabled\":true,\"name\":\"restart.service\"}]}}",
                            "systemd.#": "1",
                            "systemd.0": "2b2088c1732c1d1acffcbbe6386c2952e57ca2903cec0dc24bd4cb0f42abc300"
                        },
                        "meta": {},
                        "tainted": false
                    },
                    "deposed": [],
                    "provider": "module.control_plane.provider.ignition"
                },
                "data.ignition_config.ign.2": {
                    "type": "ignition_config",
                    "depends_on": [
                        "data.ignition_file.hostname.*",
                        "data.ignition_file.static_ip.*",
                        "data.ignition_systemd_unit.restart.*",
                        "local.ignition_encoded"
                    ],
                    "primary": {
                        "id": "e29692a4fd7329e2d28f11f70197f0e2d3e6deaaabc1c3d63fce241273775861",
                        "attributes": {
                            "append.#": "1",
                            "append.0.source": "data:text/plain;charset=utf-8;base64,eyJpZ25pdGlvbiI6eyJjb25maWciOnsiYXBwZW5kIjpbeyJzb3VyY2UiOiJodHRwczovL2FwaS1pbnQua3ViZS5zYW5kejIuY29tLnBoOjIyNjIzL2NvbmZpZy9tYXN0ZXIiLCJ2ZXJpZmljYXRpb24iOnt9fV19LCJzZWN1cml0eSI6eyJ0bHMiOnsiY2VydGlmaWNhdGVBdXRob3JpdGllcyI6W3sic291cmNlIjoiZGF0YTp0ZXh0L3BsYWluO2NoYXJzZXQ9dXRmLTg7YmFzZTY0LExTMHRMUzFDUlVkSlRpQkRSVkpVU1VaSlEwRlVSUzB0TFMwdENrMUpTVVJGUkVORFFXWnBaMEYzU1VKQlowbEpXVFZxVjNkS2Izb3lVazEzUkZGWlNrdHZXa2xvZG1OT1FWRkZURUpSUVhkS2FrVlRUVUpCUjBFeFZVVUtRM2hOU21JelFteGliazV2WVZkYU1FMVNRWGRFWjFsRVZsRlJSRVYzWkhsaU1qa3dURmRPYUUxQ05GaEVWRWwzVFVSSmVFNUVRVFZOYWtVeFRsWnZXQXBFVkUxM1RVUkplRTFVUVRWTmFrVXhUbFp2ZDBwcVJWTk5Ra0ZIUVRGVlJVTjRUVXBpTTBKc1ltNU9iMkZYV2pCTlVrRjNSR2RaUkZaUlVVUkZkMlI1Q21JeU9UQk1WMDVvVFVsSlFrbHFRVTVDWjJ0eGFHdHBSemwzTUVKQlVVVkdRVUZQUTBGUk9FRk5TVWxDUTJkTFEwRlJSVUZ6VDNwWlQyZzJRWG8yTURnS1FVZzNaMklyYkV4QlNrRjRVVmxJY2tkWmNucDNabFZDYWpSeE5uWXdZbmRaTkdReGQxQndWM1ZTZGtwTFdHUlRObWgzVWpoc01EVmhZVWx3V0RScWNBcEZlVVV3V21sSFdGRldRVlI0Y1RCdEwzUkdaRXRsUWpReFYwaEhNMU13YUVWNksxWTJOMGN4ZFV4WlpFTk1aSHBTT1dkeGFYRlhZbFpzTW5KUWIwOTBDbE16UW5CU2JpdFZkV1F4ZVc5R2FuZDFTWFF6ZWxoSVMxVk1iSEl2YUZNMFVETkdXRlpUT1ZaNlluWk9WalpEWmtjMU9HNDROekEwYkd4amIxbFNlVkVLY1RaTldraFpTalJEYzFkNVNrOWFLMlE1TlhwNU5sRmlhRU5CZFUwck1tNVpRMUl3V1M5NFZqbFpkV04xVWtwUVpUTnZNbkZaUlRKNlZUaEtia1pPVXdwT1RGSm5iRWdyVmpocFFURnlRMjFSVEhKdWJUSjBXbE5tY0RSbWEzcHlkMUIzWWtORlYyZGhRV1kyTnpGblZsRmhPWFF5ZDBKbWJsUlFMMWRxWjBKWUNsVXhTWFl2ZVRCdVIxRkpSRUZSUVVKdk1FbDNVVVJCVDBKblRsWklVVGhDUVdZNFJVSkJUVU5CY1ZGM1JIZFpSRlpTTUZSQlVVZ3ZRa0ZWZDBGM1JVSUtMM3BCWkVKblRsWklVVFJGUm1kUlZYSkNUVmMyVkVoS1RHVlZabkEwTVZKRmQzUkJlRFJ6U2pSSWIzZEVVVmxLUzI5YVNXaDJZMDVCVVVWTVFsRkJSQXBuWjBWQ1FVaHdiRmxrVlVKYU1qUm9SRkJ5UldSeFJYRXhibVZRVURoT1NrVlFSbkpPZEdWblNFOW5iazk2UkdKM1dsWmFSWEZtVjNKYU9HZ3ZMMDlhQ2k5SmREbDVTV2ROYzJoYVlVVkpVRlV6Y1ZkTU4ydG1aakpNV0RsQlRHaFllbVJyTmpGR1IzTk9NMHg0TjI5NWJrcHdibTlIV1RsV1dXbDJTa0pUYlhJS1JWcGxiM2cyVVU1SlVIVjFPV3RzYzFGRVRDOXVkVTVZVERKTVMwbFFZbmxhTVN0bFNTOXFURFYzVWpCamMyTTFXbmxUWldOd2R6VlFjMHhHVm5SWVpRcG9ZelJIZUZSV1dsWTBVVzV5WmtwNVVDdHROVkJxWjFCWWRFMTVlamQyUldkdE1UbFNVbE1yTUhsRlNtVkRWbVZuUjB0UFNHd3ZWbEpLYkZGaWJ6RjFDa3BITW5Sa1UzaFBUSFl6VG0xMWNVZ3ZWMWRsVlRsU1VVZDRRVVp4Tm1oUVVEWnZVVkZRZVhodFlteEJXSGgyTnpsVlltSmlLMnh5WkRBcmRGSjNiblFLV2toeGVHRkJibmhVVm00d1FVRTNaelZOV1c5U00zWnNhRlZSUFFvdExTMHRMVVZPUkNCRFJWSlVTVVpKUTBGVVJTMHRMUzB0Q2c9PSIsInZlcmlmaWNhdGlvbiI6e319XX19LCJ0aW1lb3V0cyI6e30sInZlcnNpb24iOiIyLjIuMCJ9LCJuZXR3b3JrZCI6e30sInBhc3N3ZCI6e30sInN0b3JhZ2UiOnt9LCJzeXN0ZW1kIjp7fX0K",
                            "append.0.verification": "",
                            "files.#": "2",
                            "files.0": "3b9c5fd6b2d6a083838a963ebb8fa9d26f0f2e60275db378224df1fad3b6add2",
                            "files.1": "8cde723b616c27b11dd8361139e80ddb13c0c4f105fd4d91bb6f31802e5e2827",
                            "id": "e29692a4fd7329e2d28f11f70197f0e2d3e6deaaabc1c3d63fce241273775861",
                            "rendered": "{\"ignition\":{\"config\":{\"append\":[{\"source\":\"data:text/plain;charset=utf-8;base64,eyJpZ25pdGlvbiI6eyJjb25maWciOnsiYXBwZW5kIjpbeyJzb3VyY2UiOiJodHRwczovL2FwaS1pbnQua3ViZS5zYW5kejIuY29tLnBoOjIyNjIzL2NvbmZpZy9tYXN0ZXIiLCJ2ZXJpZmljYXRpb24iOnt9fV19LCJzZWN1cml0eSI6eyJ0bHMiOnsiY2VydGlmaWNhdGVBdXRob3JpdGllcyI6W3sic291cmNlIjoiZGF0YTp0ZXh0L3BsYWluO2NoYXJzZXQ9dXRmLTg7YmFzZTY0LExTMHRMUzFDUlVkSlRpQkRSVkpVU1VaSlEwRlVSUzB0TFMwdENrMUpTVVJGUkVORFFXWnBaMEYzU1VKQlowbEpXVFZxVjNkS2Izb3lVazEzUkZGWlNrdHZXa2xvZG1OT1FWRkZURUpSUVhkS2FrVlRUVUpCUjBFeFZVVUtRM2hOU21JelFteGliazV2WVZkYU1FMVNRWGRFWjFsRVZsRlJSRVYzWkhsaU1qa3dURmRPYUUxQ05GaEVWRWwzVFVSSmVFNUVRVFZOYWtVeFRsWnZXQXBFVkUxM1RVUkplRTFVUVRWTmFrVXhUbFp2ZDBwcVJWTk5Ra0ZIUVRGVlJVTjRUVXBpTTBKc1ltNU9iMkZYV2pCTlVrRjNSR2RaUkZaUlVVUkZkMlI1Q21JeU9UQk1WMDVvVFVsSlFrbHFRVTVDWjJ0eGFHdHBSemwzTUVKQlVVVkdRVUZQUTBGUk9FRk5TVWxDUTJkTFEwRlJSVUZ6VDNwWlQyZzJRWG8yTURnS1FVZzNaMklyYkV4QlNrRjRVVmxJY2tkWmNucDNabFZDYWpSeE5uWXdZbmRaTkdReGQxQndWM1ZTZGtwTFdHUlRObWgzVWpoc01EVmhZVWx3V0RScWNBcEZlVVV3V21sSFdGRldRVlI0Y1RCdEwzUkdaRXRsUWpReFYwaEhNMU13YUVWNksxWTJOMGN4ZFV4WlpFTk1aSHBTT1dkeGFYRlhZbFpzTW5KUWIwOTBDbE16UW5CU2JpdFZkV1F4ZVc5R2FuZDFTWFF6ZWxoSVMxVk1iSEl2YUZNMFVETkdXRlpUT1ZaNlluWk9WalpEWmtjMU9HNDROekEwYkd4amIxbFNlVkVLY1RaTldraFpTalJEYzFkNVNrOWFLMlE1TlhwNU5sRmlhRU5CZFUwck1tNVpRMUl3V1M5NFZqbFpkV04xVWtwUVpUTnZNbkZaUlRKNlZUaEtia1pPVXdwT1RGSm5iRWdyVmpocFFURnlRMjFSVEhKdWJUSjBXbE5tY0RSbWEzcHlkMUIzWWtORlYyZGhRV1kyTnpGblZsRmhPWFF5ZDBKbWJsUlFMMWRxWjBKWUNsVXhTWFl2ZVRCdVIxRkpSRUZSUVVKdk1FbDNVVVJCVDBKblRsWklVVGhDUVdZNFJVSkJUVU5CY1ZGM1JIZFpSRlpTTUZSQlVVZ3ZRa0ZWZDBGM1JVSUtMM3BCWkVKblRsWklVVFJGUm1kUlZYSkNUVmMyVkVoS1RHVlZabkEwTVZKRmQzUkJlRFJ6U2pSSWIzZEVVVmxLUzI5YVNXaDJZMDVCVVVWTVFsRkJSQXBuWjBWQ1FVaHdiRmxrVlVKYU1qUm9SRkJ5UldSeFJYRXhibVZRVURoT1NrVlFSbkpPZEdWblNFOW5iazk2UkdKM1dsWmFSWEZtVjNKYU9HZ3ZMMDlhQ2k5SmREbDVTV2ROYzJoYVlVVkpVRlV6Y1ZkTU4ydG1aakpNV0RsQlRHaFllbVJyTmpGR1IzTk9NMHg0TjI5NWJrcHdibTlIV1RsV1dXbDJTa0pUYlhJS1JWcGxiM2cyVVU1SlVIVjFPV3RzYzFGRVRDOXVkVTVZVERKTVMwbFFZbmxhTVN0bFNTOXFURFYzVWpCamMyTTFXbmxUWldOd2R6VlFjMHhHVm5SWVpRcG9ZelJIZUZSV1dsWTBVVzV5WmtwNVVDdHROVkJxWjFCWWRFMTVlamQyUldkdE1UbFNVbE1yTUhsRlNtVkRWbVZuUjB0UFNHd3ZWbEpLYkZGaWJ6RjFDa3BITW5Sa1UzaFBUSFl6VG0xMWNVZ3ZWMWRsVlRsU1VVZDRRVVp4Tm1oUVVEWnZVVkZRZVhodFlteEJXSGgyTnpsVlltSmlLMnh5WkRBcmRGSjNiblFLV2toeGVHRkJibmhVVm00d1FVRTNaelZOV1c5U00zWnNhRlZSUFFvdExTMHRMVVZPUkNCRFJWSlVTVVpKUTBGVVJTMHRMUzB0Q2c9PSIsInZlcmlmaWNhdGlvbiI6e319XX19LCJ0aW1lb3V0cyI6e30sInZlcnNpb24iOiIyLjIuMCJ9LCJuZXR3b3JrZCI6e30sInBhc3N3ZCI6e30sInN0b3JhZ2UiOnt9LCJzeXN0ZW1kIjp7fX0K\",\"verification\":{}}]},\"timeouts\":{},\"version\":\"2.1.0\"},\"networkd\":{},\"passwd\":{},\"storage\":{\"files\":[{\"filesystem\":\"root\",\"group\":{},\"path\":\"/etc/hostname\",\"user\":{},\"contents\":{\"source\":\"data:text/plain;charset=utf-8;base64,Y29udHJvbC1wbGFuZS0y\",\"verification\":{}},\"mode\":420},{\"filesystem\":\"root\",\"group\":{},\"path\":\"/etc/sysconfig/network-scripts/ifcfg-ens192\",\"user\":{},\"contents\":{\"source\":\"data:text/plain;charset=utf-8;base64,VFlQRT1FdGhlcm5ldApCT09UUFJPVE89bm9uZQpOQU1FPWVuczE5MgpERVZJQ0U9ZW5zMTkyCk9OQk9PVD15ZXMKSVBBRERSPTE5Mi4xNjguMTAxLjEwMwpQUkVGSVg9MzAKR0FURVdBWT0xOTIuMTY4LjEwMS4xMDEKRE9NQUlOPWt1YmUuc2FuZHoyLmNvbS5waApETlMxPTE5Mi4xNjguMTAxLjUKRE5TMj05LjkuOS45Cg==\",\"verification\":{}},\"mode\":420}]},\"systemd\":{\"units\":[{\"contents\":\"[Unit]\\nConditionFirstBoot=yes\\n[Service]\\nType=idle\\nExecStart=/sbin/reboot\\n[Install]\\nWantedBy=multi-user.target\\n\",\"enabled\":true,\"name\":\"restart.service\"}]}}",
                            "systemd.#": "1",
                            "systemd.0": "2b2088c1732c1d1acffcbbe6386c2952e57ca2903cec0dc24bd4cb0f42abc300"
                        },
                        "meta": {},
                        "tainted": false
                    },
                    "deposed": [],
                    "provider": "module.control_plane.provider.ignition"
                },
                "data.ignition_file.hostname.0": {
                    "type": "ignition_file",
                    "depends_on": [],
                    "primary": {
                        "id": "15993e847c56ea3a5c0732a5cac8e81241a2da17752a4dca3c03046a185c6625",
                        "attributes": {
                            "content.#": "1",
                            "content.0.content": "control-plane-0",
                            "content.0.mime": "text/plain",
                            "filesystem": "root",
                            "id": "15993e847c56ea3a5c0732a5cac8e81241a2da17752a4dca3c03046a185c6625",
                            "mode": "420",
                            "path": "/etc/hostname"
                        },
                        "meta": {},
                        "tainted": false
                    },
                    "deposed": [],
                    "provider": "module.control_plane.provider.ignition"
                },
                "data.ignition_file.hostname.1": {
                    "type": "ignition_file",
                    "depends_on": [],
                    "primary": {
                        "id": "fbe07a03370697fae86ea33632e264340c4c18ade2076e84c08b5ca53fe0b60f",
                        "attributes": {
                            "content.#": "1",
                            "content.0.content": "control-plane-1",
                            "content.0.mime": "text/plain",
                            "filesystem": "root",
                            "id": "fbe07a03370697fae86ea33632e264340c4c18ade2076e84c08b5ca53fe0b60f",
                            "mode": "420",
                            "path": "/etc/hostname"
                        },
                        "meta": {},
                        "tainted": false
                    },
                    "deposed": [],
                    "provider": "module.control_plane.provider.ignition"
                },
                "data.ignition_file.hostname.2": {
                    "type": "ignition_file",
                    "depends_on": [],
                    "primary": {
                        "id": "3b9c5fd6b2d6a083838a963ebb8fa9d26f0f2e60275db378224df1fad3b6add2",
                        "attributes": {
                            "content.#": "1",
                            "content.0.content": "control-plane-2",
                            "content.0.mime": "text/plain",
                            "filesystem": "root",
                            "id": "3b9c5fd6b2d6a083838a963ebb8fa9d26f0f2e60275db378224df1fad3b6add2",
                            "mode": "420",
                            "path": "/etc/hostname"
                        },
                        "meta": {},
                        "tainted": false
                    },
                    "deposed": [],
                    "provider": "module.control_plane.provider.ignition"
                },
                "data.ignition_file.static_ip.0": {
                    "type": "ignition_file",
                    "depends_on": [
                        "local.gw",
                        "local.ip_addresses",
                        "local.mask"
                    ],
                    "primary": {
                        "id": "951cee072d2adaa0f6828a6ffe0829b92239cdab495548d4759c8204e478a7df",
                        "attributes": {
                            "content.#": "1",
                            "content.0.content": "TYPE=Ethernet\nBOOTPROTO=none\nNAME=ens192\nDEVICE=ens192\nONBOOT=yes\nIPADDR=192.168.101.101\nPREFIX=30\nGATEWAY=192.168.101.101\nDOMAIN=kube.sandz2.com.ph\nDNS1=192.168.101.5\nDNS2=9.9.9.9\n",
                            "content.0.mime": "text/plain",
                            "filesystem": "root",
                            "id": "951cee072d2adaa0f6828a6ffe0829b92239cdab495548d4759c8204e478a7df",
                            "mode": "420",
                            "path": "/etc/sysconfig/network-scripts/ifcfg-ens192"
                        },
                        "meta": {},
                        "tainted": false
                    },
                    "deposed": [],
                    "provider": "module.control_plane.provider.ignition"
                },
                "data.ignition_file.static_ip.1": {
                    "type": "ignition_file",
                    "depends_on": [
                        "local.gw",
                        "local.ip_addresses",
                        "local.mask"
                    ],
                    "primary": {
                        "id": "b6181e18bdd79b0470b5741be52ebf840b3541e13e4cc1a9affee9785053af7b",
                        "attributes": {
                            "content.#": "1",
                            "content.0.content": "TYPE=Ethernet\nBOOTPROTO=none\nNAME=ens192\nDEVICE=ens192\nONBOOT=yes\nIPADDR=192.168.101.102\nPREFIX=30\nGATEWAY=192.168.101.101\nDOMAIN=kube.sandz2.com.ph\nDNS1=192.168.101.5\nDNS2=9.9.9.9\n",
                            "content.0.mime": "text/plain",
                            "filesystem": "root",
                            "id": "b6181e18bdd79b0470b5741be52ebf840b3541e13e4cc1a9affee9785053af7b",
                            "mode": "420",
                            "path": "/etc/sysconfig/network-scripts/ifcfg-ens192"
                        },
                        "meta": {},
                        "tainted": false
                    },
                    "deposed": [],
                    "provider": "module.control_plane.provider.ignition"
                },
                "data.ignition_file.static_ip.2": {
                    "type": "ignition_file",
                    "depends_on": [
                        "local.gw",
                        "local.ip_addresses",
                        "local.mask"
                    ],
                    "primary": {
                        "id": "8cde723b616c27b11dd8361139e80ddb13c0c4f105fd4d91bb6f31802e5e2827",
                        "attributes": {
                            "content.#": "1",
                            "content.0.content": "TYPE=Ethernet\nBOOTPROTO=none\nNAME=ens192\nDEVICE=ens192\nONBOOT=yes\nIPADDR=192.168.101.103\nPREFIX=30\nGATEWAY=192.168.101.101\nDOMAIN=kube.sandz2.com.ph\nDNS1=192.168.101.5\nDNS2=9.9.9.9\n",
                            "content.0.mime": "text/plain",
                            "filesystem": "root",
                            "id": "8cde723b616c27b11dd8361139e80ddb13c0c4f105fd4d91bb6f31802e5e2827",
                            "mode": "420",
                            "path": "/etc/sysconfig/network-scripts/ifcfg-ens192"
                        },
                        "meta": {},
                        "tainted": false
                    },
                    "deposed": [],
                    "provider": "module.control_plane.provider.ignition"
                },
                "data.ignition_systemd_unit.restart.0": {
                    "type": "ignition_systemd_unit",
                    "depends_on": [],
                    "primary": {
                        "id": "2b2088c1732c1d1acffcbbe6386c2952e57ca2903cec0dc24bd4cb0f42abc300",
                        "attributes": {
                            "content": "[Unit]\nConditionFirstBoot=yes\n[Service]\nType=idle\nExecStart=/sbin/reboot\n[Install]\nWantedBy=multi-user.target\n",
                            "enabled": "true",
                            "id": "2b2088c1732c1d1acffcbbe6386c2952e57ca2903cec0dc24bd4cb0f42abc300",
                            "name": "restart.service"
                        },
                        "meta": {},
                        "tainted": false
                    },
                    "deposed": [],
                    "provider": "module.control_plane.provider.ignition"
                },
                "data.ignition_systemd_unit.restart.1": {
                    "type": "ignition_systemd_unit",
                    "depends_on": [],
                    "primary": {
                        "id": "2b2088c1732c1d1acffcbbe6386c2952e57ca2903cec0dc24bd4cb0f42abc300",
                        "attributes": {
                            "content": "[Unit]\nConditionFirstBoot=yes\n[Service]\nType=idle\nExecStart=/sbin/reboot\n[Install]\nWantedBy=multi-user.target\n",
                            "enabled": "true",
                            "id": "2b2088c1732c1d1acffcbbe6386c2952e57ca2903cec0dc24bd4cb0f42abc300",
                            "name": "restart.service"
                        },
                        "meta": {},
                        "tainted": false
                    },
                    "deposed": [],
                    "provider": "module.control_plane.provider.ignition"
                },
                "data.ignition_systemd_unit.restart.2": {
                    "type": "ignition_systemd_unit",
                    "depends_on": [],
                    "primary": {
                        "id": "2b2088c1732c1d1acffcbbe6386c2952e57ca2903cec0dc24bd4cb0f42abc300",
                        "attributes": {
                            "content": "[Unit]\nConditionFirstBoot=yes\n[Service]\nType=idle\nExecStart=/sbin/reboot\n[Install]\nWantedBy=multi-user.target\n",
                            "enabled": "true",
                            "id": "2b2088c1732c1d1acffcbbe6386c2952e57ca2903cec0dc24bd4cb0f42abc300",
                            "name": "restart.service"
                        },
                        "meta": {},
                        "tainted": false
                    },
                    "deposed": [],
                    "provider": "module.control_plane.provider.ignition"
                },
                "data.vsphere_datastore.datastore": {
                    "type": "vsphere_datastore",
                    "depends_on": [],
                    "primary": {
                        "id": "datastore-1822",
                        "attributes": {
                            "datacenter_id": "datacenter-2",
                            "id": "datastore-1822",
                            "name": "DevOps"
                        },
                        "meta": {},
                        "tainted": false
                    },
                    "deposed": [],
                    "provider": "provider.vsphere"
                },
                "data.vsphere_network.network": {
                    "type": "vsphere_network",
                    "depends_on": [],
                    "primary": {
                        "id": "network-1001",
                        "attributes": {
                            "datacenter_id": "datacenter-2",
                            "id": "network-1001",
                            "name": "No VLAN",
                            "type": "Network"
                        },
                        "meta": {},
                        "tainted": false
                    },
                    "deposed": [],
                    "provider": "provider.vsphere"
                },
                "data.vsphere_virtual_machine.template": {
                    "type": "vsphere_virtual_machine",
                    "depends_on": [],
                    "primary": {
                        "id": "42133444-3a0e-876a-e712-026d5b1f53b2",
                        "attributes": {
                            "alternate_guest_name": "",
                            "datacenter_id": "datacenter-2",
                            "disks.#": "1",
                            "disks.0.eagerly_scrub": "false",
                            "disks.0.size": "16",
                            "disks.0.thin_provisioned": "false",
                            "firmware": "bios",
                            "guest_id": "rhel7_64Guest",
                            "guest_ip_addresses.#": "0",
                            "id": "42133444-3a0e-876a-e712-026d5b1f53b2",
                            "name": "rhcos-4.3.0",
                            "network_interface_types.#": "1",
                            "network_interface_types.0": "vmxnet3",
                            "scsi_bus_sharing": "noSharing",
                            "scsi_controller_scan_count": "1",
                            "scsi_type": "pvscsi"
                        },
                        "meta": {},
                        "tainted": false
                    },
                    "deposed": [],
                    "provider": "provider.vsphere"
                },
                "vsphere_virtual_machine.vm.0": {
                    "type": "vsphere_virtual_machine",
                    "depends_on": [
                        "data.ignition_config.ign.*",
                        "data.vsphere_datastore.datastore",
                        "data.vsphere_network.network",
                        "data.vsphere_virtual_machine.template"
                    ],
                    "primary": {
                        "id": "42133da9-3498-bb20-dcf0-ec9311f1392c",
                        "attributes": {
                            "alternate_guest_name": "",
                            "annotation": "",
                            "boot_delay": "0",
                            "boot_retry_delay": "10000",
                            "boot_retry_enabled": "false",
                            "cdrom.#": "0",
                            "change_version": "2020-02-19T13:39:47.127573Z",
                            "clone.#": "1",
                            "clone.0.customize.#": "0",
                            "clone.0.linked_clone": "false",
                            "clone.0.template_uuid": "42133444-3a0e-876a-e712-026d5b1f53b2",
                            "clone.0.timeout": "30",
                            "cpu_hot_add_enabled": "false",
                            "cpu_hot_remove_enabled": "false",
                            "cpu_limit": "-1",
                            "cpu_performance_counters_enabled": "false",
                            "cpu_reservation": "0",
                            "cpu_share_count": "4000",
                            "cpu_share_level": "normal",
                            "custom_attributes.%": "0",
                            "datastore_id": "datastore-1822",
                            "disk.#": "1",
                            "disk.0.attach": "false",
                            "disk.0.datastore_id": "datastore-1822",
                            "disk.0.device_address": "scsi:0:0",
                            "disk.0.disk_mode": "persistent",
                            "disk.0.disk_sharing": "sharingNone",
                            "disk.0.eagerly_scrub": "false",
                            "disk.0.io_limit": "-1",
                            "disk.0.io_reservation": "0",
                            "disk.0.io_share_count": "1000",
                            "disk.0.io_share_level": "normal",
                            "disk.0.keep_on_remove": "false",
                            "disk.0.key": "2000",
                            "disk.0.label": "disk0",
                            "disk.0.name": "",
                            "disk.0.path": "control-plane-0/control-plane-0.vmdk",
                            "disk.0.size": "120",
                            "disk.0.storage_policy_id": "",
                            "disk.0.thin_provisioned": "false",
                            "disk.0.unit_number": "0",
                            "disk.0.uuid": "6000C295-3460-d4b7-950d-29473732902c",
                            "disk.0.write_through": "false",
                            "efi_secure_boot_enabled": "false",
                            "enable_disk_uuid": "true",
                            "enable_logging": "false",
                            "ept_rvi_mode": "automatic",
                            "extra_config.%": "0",
                            "firmware": "bios",
                            "folder": "kube",
                            "force_power_off": "true",
                            "guest_id": "rhel7_64Guest",
                            "guest_ip_addresses.#": "0",
                            "host_system_id": "host-15",
                            "hv_mode": "hvAuto",
                            "id": "42133da9-3498-bb20-dcf0-ec9311f1392c",
                            "latency_sensitivity": "normal",
                            "memory": "16384",
                            "memory_hot_add_enabled": "false",
                            "memory_limit": "-1",
                            "memory_reservation": "0",
                            "memory_share_count": "163840",
                            "memory_share_level": "normal",
                            "migrate_wait_timeout": "30",
                            "moid": "vm-1974",
                            "name": "control-plane-0",
                            "nested_hv_enabled": "false",
                            "network_interface.#": "1",
                            "network_interface.0.adapter_type": "vmxnet3",
                            "network_interface.0.bandwidth_limit": "-1",
                            "network_interface.0.bandwidth_reservation": "0",
                            "network_interface.0.bandwidth_share_count": "50",
                            "network_interface.0.bandwidth_share_level": "normal",
                            "network_interface.0.device_address": "pci:0:7",
                            "network_interface.0.key": "4000",
                            "network_interface.0.mac_address": "00:50:56:93:52:a5",
                            "network_interface.0.network_id": "network-1001",
                            "network_interface.0.use_static_mac": "false",
                            "num_cores_per_socket": "1",
                            "num_cpus": "4",
                            "reboot_required": "false",
                            "resource_pool_id": "resgroup-1970",
                            "run_tools_scripts_after_power_on": "true",
                            "run_tools_scripts_after_resume": "true",
                            "run_tools_scripts_before_guest_reboot": "false",
                            "run_tools_scripts_before_guest_shutdown": "true",
                            "run_tools_scripts_before_guest_standby": "true",
                            "scsi_bus_sharing": "noSharing",
                            "scsi_controller_count": "1",
                            "scsi_type": "pvscsi",
                            "shutdown_wait_timeout": "3",
                            "storage_policy_id": "",
                            "swap_placement_policy": "inherit",
                            "sync_time_with_host": "false",
                            "tags.#": "0",
                            "uuid": "42133da9-3498-bb20-dcf0-ec9311f1392c",
                            "vapp.#": "1",
                            "vapp.0.properties.%": "2",
                            "vapp.0.properties.guestinfo.ignition.config.data": "eyJpZ25pdGlvbiI6eyJjb25maWciOnsiYXBwZW5kIjpbeyJzb3VyY2UiOiJkYXRhOnRleHQvcGxhaW47Y2hhcnNldD11dGYtODtiYXNlNjQsZXlKcFoyNXBkR2x2YmlJNmV5SmpiMjVtYVdjaU9uc2lZWEJ3Wlc1a0lqcGJleUp6YjNWeVkyVWlPaUpvZEhSd2N6b3ZMMkZ3YVMxcGJuUXVhM1ZpWlM1ellXNWtlakl1WTI5dExuQm9Pakl5TmpJekwyTnZibVpwWnk5dFlYTjBaWElpTENKMlpYSnBabWxqWVhScGIyNGlPbnQ5ZlYxOUxDSnpaV04xY21sMGVTSTZleUowYkhNaU9uc2lZMlZ5ZEdsbWFXTmhkR1ZCZFhSb2IzSnBkR2xsY3lJNlczc2ljMjkxY21ObElqb2laR0YwWVRwMFpYaDBMM0JzWVdsdU8yTm9ZWEp6WlhROWRYUm1MVGc3WW1GelpUWTBMRXhUTUhSTVV6RkRVbFZrU2xScFFrUlNWa3BWVTFWYVNsRXdSbFZTVXpCMFRGTXdkRU5yTVVwVFZWSkdVa1ZPUkZGWFduQmFNRVl6VTFWS1Fsb3diRXBYVkZaeFZqTmtTMkl6YjNsVmF6RXpVa1pHV2xOcmRIWlhhMnh2WkcxT1QxRldSa1pVUlVwU1VWaGtTMkZyVmxSVVZVcENVakJGZUZaVlZVdFJNMmhPVTIxSmVsRnRlR2xpYXpWMldWWmtZVTFGTVZOUldHUkZXakZzUlZac1JsSlNSVll6V2toc2FVMXFhM2RVUm1SUFlVVXhRMDVHYUVWV1JXd3pWRlZTU21WRk5VVlJWRlpPWVd0VmVGUnNXblpYUVhCRlZrVXhNMVJWVWtwbFJURlZVVlJXVG1GclZYaFViRnAyWkRCd2NWSldUazVSYTBaSVVWUkdWbEpWVGpSVVZYQnBUVEJLYzFsdE5VOWlNa1pZVjJwQ1RsVnJSak5TUjJSYVVrWmFVbFZWVWtaa01sSTFRMjFKZVU5VVFrMVdNRFZ2VkZWc1NsRnJiSEZSVlRWRFdqSjBlR0ZIZEhCU2Vtd3pUVVZLUWxWVlZrZFJWVVpRVVRCR1VrOUZSazVUVld4RFVUSmtURkV3UmxKU1ZVWjZWRE53V2xReVp6SlJXRzh5VFVSblMxRlZaek5hTWtseVlrVjRRbE5yUmpSVlZteEpZMnRrV21OdWNETmFiRlpEWVdwU2VFNXVXWGRaYm1SYVRrZFJlR1F4UW5kV00xWlRaR3R3VEZkSFVsUk9iV2d6Vldwb2MwMUVWbWhaVld4M1YwUlNjV05CY0VabFZWVjNWMjFzU0ZkR1JsZFJWbEkwWTFSQ2RFd3pVa2RhUlhSc1VXcFJlRll3YUVoTk1VMTNZVVZXTmtzeFdUSk9NR040WkZWNFdscEZUazFhU0hCVFQxZGtlR0ZZUmxoWmJGcHpUVzVLVVdJd09UQkRiRTE2VVc1Q1UySnBkRlprVjFGNFpWYzVSMkZ1WkRGVFdGRjZaV3hvU1ZNeFZrMWlTRWwyWVVaTk1GVkVUa2RYUmxwVVQxWmFObGx1V2s5V2FscEVXbXRqTVU5SE5EUk9la0V3WWtkNGFtSXhiRk5sVmtWTFkxUmFUbGRyYUZwVGFsSkVZekZrTlZOck9XRkxNbEUxVGxod05VNXNSbWxoUlU1Q1pGVXdjazF0TlZwUk1VbDNWMU01TkZacWJGcGtWMDR4Vld0d1VWcFVUblpOYmtaYVVsUktObFpVYUV0aWExcFBWWGR3VDFSR1NtNWlSV2R5Vm1wb2NGRlVSbmxSTWpGU1ZFaEtkV0pVU2pCWGJFNXRZMFJTYldFemNIbGtNVUl6V1d0T1JsWXlaR2hSVjFreVRucEdibFpzUm1oUFdGRjVaREJLYldKc1VsRk1NV1J4V2pCS1dVTnNWWGhUV0ZsMlpWUkNkVkl4UmtwU1JVWlNVVlZLZGsxRmJETlZWVkpDVkRCS2JsUnNXa2xWVkdoRFVWZFpORkpWU2tKVVZVNUNZMVpHTTFKSVpGcFNSbHBUVFVaU1FsVlZaM1pSYTBaV1pEQkdNMUpWU1V0TU0zQkNXa1ZLYmxSc1drbFZWRkpHVW0xa1VsWllTa05VVm1NeVZrVm9TMVJIVmxaYWJrRXdUVlpLUm1RelVrSmxSRko2VTJwU1NXSXpaRVZWVm14TFV6STVZVk5YYURKWk1EVkNWVlZXVFZGc1JrSlNRWEJ1V2pCV1ExRlZhSGRpUm14clZsVktZVTFxVW05U1JrSjVVbGRTZUZKWVJYaGliVlpSVlVSb1QxTnJWbEZTYmtwUFpFZFdibE5GT1c1aWF6azJVa2RLTTFkc1dtRlNXRVp0VmpOS1lVOUhaM1pNTURsaFEyazVTbVJFYkRWVFYyUk9ZekpvWVZsVlZrcFZSbFY2WTFaa1RVNHlkRzFhYWtwTlYwUnNRbFJIYUZsbGJWSnlUbXBHUjFJelRrOU5NSGcwVGpJNU5XSnJjSGRpYlRsSVYxUnNWMWRYYkRKVGEwcFVZbGhKUzFKV2NHeGlNMmN5VlZVMVNsVklWakZQVjNSell6RkdSVlJET1hWa1ZUVlpWRVJLVFZNd2JGRlpibXhoVFZOMGJGTlRPWEZVUkZZelZXcENhbU15VFRGWGJteFVXbGRPZDJSNlZsRmpNSGhIVm01U1dWcFJjRzlaZWxKSVpVWlNWMWRzV1RCVlZ6VjVXbXR3TlZWRGRIUk9Wa0p4V2pGQ1dXUkZNVFZsYW1ReVVsZGtkRTFVYkZOVmJFMXlUVWhzUmxOdFZrUldiVlp1VWpCMFVGTkhkM1pXYkVwTFlrWkdhV0o2UmpGRGEzQklUVzVTYTFVemFGQlVTRmw2VkcweE1XTlZaM1pXTVdSc1ZsUnNVMVZWWkRSUlZWcDRUbTFvVVZWRVduWlZWa1pSWlZob2RGbHRlRUpYU0dneVRucHNWbGx0U21sTE1uaDVXa1JCY21SR1NqTmlibEZMVjJ0b2VHVkhSa0ppYm1oVlZtMDBkMUZWUlROYWVsWk9WMWM1VTAwelduTmhSbFpTVUZGdmRFeFRNSFJNVlZaUFVrTkNSRkpXU2xWVFZWcEtVVEJHVlZKVE1IUk1VekIwUTJjOVBTSXNJblpsY21sbWFXTmhkR2x2YmlJNmUzMTlYWDE5TENKMGFXMWxiM1YwY3lJNmUzMHNJblpsY25OcGIyNGlPaUl5TGpJdU1DSjlMQ0p1WlhSM2IzSnJaQ0k2ZTMwc0luQmhjM04zWkNJNmUzMHNJbk4wYjNKaFoyVWlPbnQ5TENKemVYTjBaVzFrSWpwN2ZYMEsiLCJ2ZXJpZmljYXRpb24iOnt9fV19LCJ0aW1lb3V0cyI6e30sInZlcnNpb24iOiIyLjEuMCJ9LCJuZXR3b3JrZCI6e30sInBhc3N3ZCI6e30sInN0b3JhZ2UiOnsiZmlsZXMiOlt7ImZpbGVzeXN0ZW0iOiJyb290IiwiZ3JvdXAiOnt9LCJwYXRoIjoiL2V0Yy9ob3N0bmFtZSIsInVzZXIiOnt9LCJjb250ZW50cyI6eyJzb3VyY2UiOiJkYXRhOnRleHQvcGxhaW47Y2hhcnNldD11dGYtODtiYXNlNjQsWTI5dWRISnZiQzF3YkdGdVpTMHciLCJ2ZXJpZmljYXRpb24iOnt9fSwibW9kZSI6NDIwfSx7ImZpbGVzeXN0ZW0iOiJyb290IiwiZ3JvdXAiOnt9LCJwYXRoIjoiL2V0Yy9zeXNjb25maWcvbmV0d29yay1zY3JpcHRzL2lmY2ZnLWVuczE5MiIsInVzZXIiOnt9LCJjb250ZW50cyI6eyJzb3VyY2UiOiJkYXRhOnRleHQvcGxhaW47Y2hhcnNldD11dGYtODtiYXNlNjQsVkZsUVJUMUZkR2hsY201bGRBcENUMDlVVUZKUFZFODlibTl1WlFwT1FVMUZQV1Z1Y3pFNU1ncEVSVlpKUTBVOVpXNXpNVGt5Q2s5T1FrOVBWRDE1WlhNS1NWQkJSRVJTUFRFNU1pNHhOamd1TVRBeExqRXdNUXBRVWtWR1NWZzlNekFLUjBGVVJWZEJXVDB4T1RJdU1UWTRMakV3TVM0eE1ERUtSRTlOUVVsT1BXdDFZbVV1YzJGdVpIb3lMbU52YlM1d2FBcEVUbE14UFRFNU1pNHhOamd1TVRBeExqVUtSRTVUTWowNUxqa3VPUzQ1Q2c9PSIsInZlcmlmaWNhdGlvbiI6e319LCJtb2RlIjo0MjB9XX0sInN5c3RlbWQiOnsidW5pdHMiOlt7ImNvbnRlbnRzIjoiW1VuaXRdXG5Db25kaXRpb25GaXJzdEJvb3Q9eWVzXG5bU2VydmljZV1cblR5cGU9aWRsZVxuRXhlY1N0YXJ0PS9zYmluL3JlYm9vdFxuW0luc3RhbGxdXG5XYW50ZWRCeT1tdWx0aS11c2VyLnRhcmdldFxuIiwiZW5hYmxlZCI6dHJ1ZSwibmFtZSI6InJlc3RhcnQuc2VydmljZSJ9XX19",
                            "vapp.0.properties.guestinfo.ignition.config.data.encoding": "base64",
                            "vapp_transport.#": "1",
                            "vapp_transport.0": "com.vmware.guestInfo",
                            "vmware_tools_status": "guestToolsNotRunning",
                            "vmx_path": "control-plane-0/control-plane-0.vmx",
                            "wait_for_guest_ip_timeout": "0",
                            "wait_for_guest_net_routable": "false",
                            "wait_for_guest_net_timeout": "0"
                        },
                        "meta": {
                            "schema_version": "3"
                        },
                        "tainted": false
                    },
                    "deposed": [],
                    "provider": "provider.vsphere"
                },
                "vsphere_virtual_machine.vm.1": {
                    "type": "vsphere_virtual_machine",
                    "depends_on": [
                        "data.ignition_config.ign.*",
                        "data.vsphere_datastore.datastore",
                        "data.vsphere_network.network",
                        "data.vsphere_virtual_machine.template"
                    ],
                    "primary": {
                        "id": "4213898b-e717-a694-9731-4fcfcf2cc069",
                        "attributes": {
                            "alternate_guest_name": "",
                            "annotation": "",
                            "boot_delay": "0",
                            "boot_retry_delay": "10000",
                            "boot_retry_enabled": "false",
                            "cdrom.#": "0",
                            "change_version": "2020-02-19T13:39:47.109712Z",
                            "clone.#": "1",
                            "clone.0.customize.#": "0",
                            "clone.0.linked_clone": "false",
                            "clone.0.template_uuid": "42133444-3a0e-876a-e712-026d5b1f53b2",
                            "clone.0.timeout": "30",
                            "cpu_hot_add_enabled": "false",
                            "cpu_hot_remove_enabled": "false",
                            "cpu_limit": "-1",
                            "cpu_performance_counters_enabled": "false",
                            "cpu_reservation": "0",
                            "cpu_share_count": "4000",
                            "cpu_share_level": "normal",
                            "custom_attributes.%": "0",
                            "datastore_id": "datastore-1822",
                            "disk.#": "1",
                            "disk.0.attach": "false",
                            "disk.0.datastore_id": "datastore-1822",
                            "disk.0.device_address": "scsi:0:0",
                            "disk.0.disk_mode": "persistent",
                            "disk.0.disk_sharing": "sharingNone",
                            "disk.0.eagerly_scrub": "false",
                            "disk.0.io_limit": "-1",
                            "disk.0.io_reservation": "0",
                            "disk.0.io_share_count": "1000",
                            "disk.0.io_share_level": "normal",
                            "disk.0.keep_on_remove": "false",
                            "disk.0.key": "2000",
                            "disk.0.label": "disk0",
                            "disk.0.name": "",
                            "disk.0.path": "control-plane-1/control-plane-1.vmdk",
                            "disk.0.size": "120",
                            "disk.0.storage_policy_id": "",
                            "disk.0.thin_provisioned": "false",
                            "disk.0.unit_number": "0",
                            "disk.0.uuid": "6000C298-7aa2-8e5c-2937-7cb289e44243",
                            "disk.0.write_through": "false",
                            "efi_secure_boot_enabled": "false",
                            "enable_disk_uuid": "true",
                            "enable_logging": "false",
                            "ept_rvi_mode": "automatic",
                            "extra_config.%": "0",
                            "firmware": "bios",
                            "folder": "kube",
                            "force_power_off": "true",
                            "guest_id": "rhel7_64Guest",
                            "guest_ip_addresses.#": "0",
                            "host_system_id": "host-12",
                            "hv_mode": "hvAuto",
                            "id": "4213898b-e717-a694-9731-4fcfcf2cc069",
                            "latency_sensitivity": "normal",
                            "memory": "16384",
                            "memory_hot_add_enabled": "false",
                            "memory_limit": "-1",
                            "memory_reservation": "0",
                            "memory_share_count": "163840",
                            "memory_share_level": "normal",
                            "migrate_wait_timeout": "30",
                            "moid": "vm-1972",
                            "name": "control-plane-1",
                            "nested_hv_enabled": "false",
                            "network_interface.#": "1",
                            "network_interface.0.adapter_type": "vmxnet3",
                            "network_interface.0.bandwidth_limit": "-1",
                            "network_interface.0.bandwidth_reservation": "0",
                            "network_interface.0.bandwidth_share_count": "50",
                            "network_interface.0.bandwidth_share_level": "normal",
                            "network_interface.0.device_address": "pci:0:7",
                            "network_interface.0.key": "4000",
                            "network_interface.0.mac_address": "00:50:56:93:00:e9",
                            "network_interface.0.network_id": "network-1001",
                            "network_interface.0.use_static_mac": "false",
                            "num_cores_per_socket": "1",
                            "num_cpus": "4",
                            "reboot_required": "false",
                            "resource_pool_id": "resgroup-1970",
                            "run_tools_scripts_after_power_on": "true",
                            "run_tools_scripts_after_resume": "true",
                            "run_tools_scripts_before_guest_reboot": "false",
                            "run_tools_scripts_before_guest_shutdown": "true",
                            "run_tools_scripts_before_guest_standby": "true",
                            "scsi_bus_sharing": "noSharing",
                            "scsi_controller_count": "1",
                            "scsi_type": "pvscsi",
                            "shutdown_wait_timeout": "3",
                            "storage_policy_id": "",
                            "swap_placement_policy": "inherit",
                            "sync_time_with_host": "false",
                            "tags.#": "0",
                            "uuid": "4213898b-e717-a694-9731-4fcfcf2cc069",
                            "vapp.#": "1",
                            "vapp.0.properties.%": "2",
                            "vapp.0.properties.guestinfo.ignition.config.data": "eyJpZ25pdGlvbiI6eyJjb25maWciOnsiYXBwZW5kIjpbeyJzb3VyY2UiOiJkYXRhOnRleHQvcGxhaW47Y2hhcnNldD11dGYtODtiYXNlNjQsZXlKcFoyNXBkR2x2YmlJNmV5SmpiMjVtYVdjaU9uc2lZWEJ3Wlc1a0lqcGJleUp6YjNWeVkyVWlPaUpvZEhSd2N6b3ZMMkZ3YVMxcGJuUXVhM1ZpWlM1ellXNWtlakl1WTI5dExuQm9Pakl5TmpJekwyTnZibVpwWnk5dFlYTjBaWElpTENKMlpYSnBabWxqWVhScGIyNGlPbnQ5ZlYxOUxDSnpaV04xY21sMGVTSTZleUowYkhNaU9uc2lZMlZ5ZEdsbWFXTmhkR1ZCZFhSb2IzSnBkR2xsY3lJNlczc2ljMjkxY21ObElqb2laR0YwWVRwMFpYaDBMM0JzWVdsdU8yTm9ZWEp6WlhROWRYUm1MVGc3WW1GelpUWTBMRXhUTUhSTVV6RkRVbFZrU2xScFFrUlNWa3BWVTFWYVNsRXdSbFZTVXpCMFRGTXdkRU5yTVVwVFZWSkdVa1ZPUkZGWFduQmFNRVl6VTFWS1Fsb3diRXBYVkZaeFZqTmtTMkl6YjNsVmF6RXpVa1pHV2xOcmRIWlhhMnh2WkcxT1QxRldSa1pVUlVwU1VWaGtTMkZyVmxSVVZVcENVakJGZUZaVlZVdFJNMmhPVTIxSmVsRnRlR2xpYXpWMldWWmtZVTFGTVZOUldHUkZXakZzUlZac1JsSlNSVll6V2toc2FVMXFhM2RVUm1SUFlVVXhRMDVHYUVWV1JXd3pWRlZTU21WRk5VVlJWRlpPWVd0VmVGUnNXblpYUVhCRlZrVXhNMVJWVWtwbFJURlZVVlJXVG1GclZYaFViRnAyWkRCd2NWSldUazVSYTBaSVVWUkdWbEpWVGpSVVZYQnBUVEJLYzFsdE5VOWlNa1pZVjJwQ1RsVnJSak5TUjJSYVVrWmFVbFZWVWtaa01sSTFRMjFKZVU5VVFrMVdNRFZ2VkZWc1NsRnJiSEZSVlRWRFdqSjBlR0ZIZEhCU2Vtd3pUVVZLUWxWVlZrZFJWVVpRVVRCR1VrOUZSazVUVld4RFVUSmtURkV3UmxKU1ZVWjZWRE53V2xReVp6SlJXRzh5VFVSblMxRlZaek5hTWtseVlrVjRRbE5yUmpSVlZteEpZMnRrV21OdWNETmFiRlpEWVdwU2VFNXVXWGRaYm1SYVRrZFJlR1F4UW5kV00xWlRaR3R3VEZkSFVsUk9iV2d6Vldwb2MwMUVWbWhaVld4M1YwUlNjV05CY0VabFZWVjNWMjFzU0ZkR1JsZFJWbEkwWTFSQ2RFd3pVa2RhUlhSc1VXcFJlRll3YUVoTk1VMTNZVVZXTmtzeFdUSk9NR040WkZWNFdscEZUazFhU0hCVFQxZGtlR0ZZUmxoWmJGcHpUVzVLVVdJd09UQkRiRTE2VVc1Q1UySnBkRlprVjFGNFpWYzVSMkZ1WkRGVFdGRjZaV3hvU1ZNeFZrMWlTRWwyWVVaTk1GVkVUa2RYUmxwVVQxWmFObGx1V2s5V2FscEVXbXRqTVU5SE5EUk9la0V3WWtkNGFtSXhiRk5sVmtWTFkxUmFUbGRyYUZwVGFsSkVZekZrTlZOck9XRkxNbEUxVGxod05VNXNSbWxoUlU1Q1pGVXdjazF0TlZwUk1VbDNWMU01TkZacWJGcGtWMDR4Vld0d1VWcFVUblpOYmtaYVVsUktObFpVYUV0aWExcFBWWGR3VDFSR1NtNWlSV2R5Vm1wb2NGRlVSbmxSTWpGU1ZFaEtkV0pVU2pCWGJFNXRZMFJTYldFemNIbGtNVUl6V1d0T1JsWXlaR2hSVjFreVRucEdibFpzUm1oUFdGRjVaREJLYldKc1VsRk1NV1J4V2pCS1dVTnNWWGhUV0ZsMlpWUkNkVkl4UmtwU1JVWlNVVlZLZGsxRmJETlZWVkpDVkRCS2JsUnNXa2xWVkdoRFVWZFpORkpWU2tKVVZVNUNZMVpHTTFKSVpGcFNSbHBUVFVaU1FsVlZaM1pSYTBaV1pEQkdNMUpWU1V0TU0zQkNXa1ZLYmxSc1drbFZWRkpHVW0xa1VsWllTa05VVm1NeVZrVm9TMVJIVmxaYWJrRXdUVlpLUm1RelVrSmxSRko2VTJwU1NXSXpaRVZWVm14TFV6STVZVk5YYURKWk1EVkNWVlZXVFZGc1JrSlNRWEJ1V2pCV1ExRlZhSGRpUm14clZsVktZVTFxVW05U1JrSjVVbGRTZUZKWVJYaGliVlpSVlVSb1QxTnJWbEZTYmtwUFpFZFdibE5GT1c1aWF6azJVa2RLTTFkc1dtRlNXRVp0VmpOS1lVOUhaM1pNTURsaFEyazVTbVJFYkRWVFYyUk9ZekpvWVZsVlZrcFZSbFY2WTFaa1RVNHlkRzFhYWtwTlYwUnNRbFJIYUZsbGJWSnlUbXBHUjFJelRrOU5NSGcwVGpJNU5XSnJjSGRpYlRsSVYxUnNWMWRYYkRKVGEwcFVZbGhKUzFKV2NHeGlNMmN5VlZVMVNsVklWakZQVjNSell6RkdSVlJET1hWa1ZUVlpWRVJLVFZNd2JGRlpibXhoVFZOMGJGTlRPWEZVUkZZelZXcENhbU15VFRGWGJteFVXbGRPZDJSNlZsRmpNSGhIVm01U1dWcFJjRzlaZWxKSVpVWlNWMWRzV1RCVlZ6VjVXbXR3TlZWRGRIUk9Wa0p4V2pGQ1dXUkZNVFZsYW1ReVVsZGtkRTFVYkZOVmJFMXlUVWhzUmxOdFZrUldiVlp1VWpCMFVGTkhkM1pXYkVwTFlrWkdhV0o2UmpGRGEzQklUVzVTYTFVemFGQlVTRmw2VkcweE1XTlZaM1pXTVdSc1ZsUnNVMVZWWkRSUlZWcDRUbTFvVVZWRVduWlZWa1pSWlZob2RGbHRlRUpYU0dneVRucHNWbGx0U21sTE1uaDVXa1JCY21SR1NqTmlibEZMVjJ0b2VHVkhSa0ppYm1oVlZtMDBkMUZWUlROYWVsWk9WMWM1VTAwelduTmhSbFpTVUZGdmRFeFRNSFJNVlZaUFVrTkNSRkpXU2xWVFZWcEtVVEJHVlZKVE1IUk1VekIwUTJjOVBTSXNJblpsY21sbWFXTmhkR2x2YmlJNmUzMTlYWDE5TENKMGFXMWxiM1YwY3lJNmUzMHNJblpsY25OcGIyNGlPaUl5TGpJdU1DSjlMQ0p1WlhSM2IzSnJaQ0k2ZTMwc0luQmhjM04zWkNJNmUzMHNJbk4wYjNKaFoyVWlPbnQ5TENKemVYTjBaVzFrSWpwN2ZYMEsiLCJ2ZXJpZmljYXRpb24iOnt9fV19LCJ0aW1lb3V0cyI6e30sInZlcnNpb24iOiIyLjEuMCJ9LCJuZXR3b3JrZCI6e30sInBhc3N3ZCI6e30sInN0b3JhZ2UiOnsiZmlsZXMiOlt7ImZpbGVzeXN0ZW0iOiJyb290IiwiZ3JvdXAiOnt9LCJwYXRoIjoiL2V0Yy9ob3N0bmFtZSIsInVzZXIiOnt9LCJjb250ZW50cyI6eyJzb3VyY2UiOiJkYXRhOnRleHQvcGxhaW47Y2hhcnNldD11dGYtODtiYXNlNjQsWTI5dWRISnZiQzF3YkdGdVpTMHgiLCJ2ZXJpZmljYXRpb24iOnt9fSwibW9kZSI6NDIwfSx7ImZpbGVzeXN0ZW0iOiJyb290IiwiZ3JvdXAiOnt9LCJwYXRoIjoiL2V0Yy9zeXNjb25maWcvbmV0d29yay1zY3JpcHRzL2lmY2ZnLWVuczE5MiIsInVzZXIiOnt9LCJjb250ZW50cyI6eyJzb3VyY2UiOiJkYXRhOnRleHQvcGxhaW47Y2hhcnNldD11dGYtODtiYXNlNjQsVkZsUVJUMUZkR2hsY201bGRBcENUMDlVVUZKUFZFODlibTl1WlFwT1FVMUZQV1Z1Y3pFNU1ncEVSVlpKUTBVOVpXNXpNVGt5Q2s5T1FrOVBWRDE1WlhNS1NWQkJSRVJTUFRFNU1pNHhOamd1TVRBeExqRXdNZ3BRVWtWR1NWZzlNekFLUjBGVVJWZEJXVDB4T1RJdU1UWTRMakV3TVM0eE1ERUtSRTlOUVVsT1BXdDFZbVV1YzJGdVpIb3lMbU52YlM1d2FBcEVUbE14UFRFNU1pNHhOamd1TVRBeExqVUtSRTVUTWowNUxqa3VPUzQ1Q2c9PSIsInZlcmlmaWNhdGlvbiI6e319LCJtb2RlIjo0MjB9XX0sInN5c3RlbWQiOnsidW5pdHMiOlt7ImNvbnRlbnRzIjoiW1VuaXRdXG5Db25kaXRpb25GaXJzdEJvb3Q9eWVzXG5bU2VydmljZV1cblR5cGU9aWRsZVxuRXhlY1N0YXJ0PS9zYmluL3JlYm9vdFxuW0luc3RhbGxdXG5XYW50ZWRCeT1tdWx0aS11c2VyLnRhcmdldFxuIiwiZW5hYmxlZCI6dHJ1ZSwibmFtZSI6InJlc3RhcnQuc2VydmljZSJ9XX19",
                            "vapp.0.properties.guestinfo.ignition.config.data.encoding": "base64",
                            "vapp_transport.#": "1",
                            "vapp_transport.0": "com.vmware.guestInfo",
                            "vmware_tools_status": "guestToolsNotRunning",
                            "vmx_path": "control-plane-1/control-plane-1.vmx",
                            "wait_for_guest_ip_timeout": "0",
                            "wait_for_guest_net_routable": "false",
                            "wait_for_guest_net_timeout": "0"
                        },
                        "meta": {
                            "schema_version": "3"
                        },
                        "tainted": false
                    },
                    "deposed": [],
                    "provider": "provider.vsphere"
                },
                "vsphere_virtual_machine.vm.2": {
                    "type": "vsphere_virtual_machine",
                    "depends_on": [
                        "data.ignition_config.ign.*",
                        "data.vsphere_datastore.datastore",
                        "data.vsphere_network.network",
                        "data.vsphere_virtual_machine.template"
                    ],
                    "primary": {
                        "id": "4213becc-171e-a712-1f42-dd58e672819e",
                        "attributes": {
                            "alternate_guest_name": "",
                            "annotation": "",
                            "boot_delay": "0",
                            "boot_retry_delay": "10000",
                            "boot_retry_enabled": "false",
                            "cdrom.#": "0",
                            "change_version": "2020-02-19T13:39:46.465602Z",
                            "clone.#": "1",
                            "clone.0.customize.#": "0",
                            "clone.0.linked_clone": "false",
                            "clone.0.template_uuid": "42133444-3a0e-876a-e712-026d5b1f53b2",
                            "clone.0.timeout": "30",
                            "cpu_hot_add_enabled": "false",
                            "cpu_hot_remove_enabled": "false",
                            "cpu_limit": "-1",
                            "cpu_performance_counters_enabled": "false",
                            "cpu_reservation": "0",
                            "cpu_share_count": "4000",
                            "cpu_share_level": "normal",
                            "custom_attributes.%": "0",
                            "datastore_id": "datastore-1822",
                            "disk.#": "1",
                            "disk.0.attach": "false",
                            "disk.0.datastore_id": "datastore-1822",
                            "disk.0.device_address": "scsi:0:0",
                            "disk.0.disk_mode": "persistent",
                            "disk.0.disk_sharing": "sharingNone",
                            "disk.0.eagerly_scrub": "false",
                            "disk.0.io_limit": "-1",
                            "disk.0.io_reservation": "0",
                            "disk.0.io_share_count": "1000",
                            "disk.0.io_share_level": "normal",
                            "disk.0.keep_on_remove": "false",
                            "disk.0.key": "2000",
                            "disk.0.label": "disk0",
                            "disk.0.name": "",
                            "disk.0.path": "control-plane-2/control-plane-2.vmdk",
                            "disk.0.size": "120",
                            "disk.0.storage_policy_id": "",
                            "disk.0.thin_provisioned": "false",
                            "disk.0.unit_number": "0",
                            "disk.0.uuid": "6000C290-258f-b12c-6c48-3b822eea78bb",
                            "disk.0.write_through": "false",
                            "efi_secure_boot_enabled": "false",
                            "enable_disk_uuid": "true",
                            "enable_logging": "false",
                            "ept_rvi_mode": "automatic",
                            "extra_config.%": "0",
                            "firmware": "bios",
                            "folder": "kube",
                            "force_power_off": "true",
                            "guest_id": "rhel7_64Guest",
                            "guest_ip_addresses.#": "0",
                            "host_system_id": "host-18",
                            "hv_mode": "hvAuto",
                            "id": "4213becc-171e-a712-1f42-dd58e672819e",
                            "latency_sensitivity": "normal",
                            "memory": "16384",
                            "memory_hot_add_enabled": "false",
                            "memory_limit": "-1",
                            "memory_reservation": "0",
                            "memory_share_count": "163840",
                            "memory_share_level": "normal",
                            "migrate_wait_timeout": "30",
                            "moid": "vm-1973",
                            "name": "control-plane-2",
                            "nested_hv_enabled": "false",
                            "network_interface.#": "1",
                            "network_interface.0.adapter_type": "vmxnet3",
                            "network_interface.0.bandwidth_limit": "-1",
                            "network_interface.0.bandwidth_reservation": "0",
                            "network_interface.0.bandwidth_share_count": "50",
                            "network_interface.0.bandwidth_share_level": "normal",
                            "network_interface.0.device_address": "pci:0:7",
                            "network_interface.0.key": "4000",
                            "network_interface.0.mac_address": "00:50:56:93:14:4f",
                            "network_interface.0.network_id": "network-1001",
                            "network_interface.0.use_static_mac": "false",
                            "num_cores_per_socket": "1",
                            "num_cpus": "4",
                            "reboot_required": "false",
                            "resource_pool_id": "resgroup-1970",
                            "run_tools_scripts_after_power_on": "true",
                            "run_tools_scripts_after_resume": "true",
                            "run_tools_scripts_before_guest_reboot": "false",
                            "run_tools_scripts_before_guest_shutdown": "true",
                            "run_tools_scripts_before_guest_standby": "true",
                            "scsi_bus_sharing": "noSharing",
                            "scsi_controller_count": "1",
                            "scsi_type": "pvscsi",
                            "shutdown_wait_timeout": "3",
                            "storage_policy_id": "",
                            "swap_placement_policy": "inherit",
                            "sync_time_with_host": "false",
                            "tags.#": "0",
                            "uuid": "4213becc-171e-a712-1f42-dd58e672819e",
                            "vapp.#": "1",
                            "vapp.0.properties.%": "2",
                            "vapp.0.properties.guestinfo.ignition.config.data": "eyJpZ25pdGlvbiI6eyJjb25maWciOnsiYXBwZW5kIjpbeyJzb3VyY2UiOiJkYXRhOnRleHQvcGxhaW47Y2hhcnNldD11dGYtODtiYXNlNjQsZXlKcFoyNXBkR2x2YmlJNmV5SmpiMjVtYVdjaU9uc2lZWEJ3Wlc1a0lqcGJleUp6YjNWeVkyVWlPaUpvZEhSd2N6b3ZMMkZ3YVMxcGJuUXVhM1ZpWlM1ellXNWtlakl1WTI5dExuQm9Pakl5TmpJekwyTnZibVpwWnk5dFlYTjBaWElpTENKMlpYSnBabWxqWVhScGIyNGlPbnQ5ZlYxOUxDSnpaV04xY21sMGVTSTZleUowYkhNaU9uc2lZMlZ5ZEdsbWFXTmhkR1ZCZFhSb2IzSnBkR2xsY3lJNlczc2ljMjkxY21ObElqb2laR0YwWVRwMFpYaDBMM0JzWVdsdU8yTm9ZWEp6WlhROWRYUm1MVGc3WW1GelpUWTBMRXhUTUhSTVV6RkRVbFZrU2xScFFrUlNWa3BWVTFWYVNsRXdSbFZTVXpCMFRGTXdkRU5yTVVwVFZWSkdVa1ZPUkZGWFduQmFNRVl6VTFWS1Fsb3diRXBYVkZaeFZqTmtTMkl6YjNsVmF6RXpVa1pHV2xOcmRIWlhhMnh2WkcxT1QxRldSa1pVUlVwU1VWaGtTMkZyVmxSVVZVcENVakJGZUZaVlZVdFJNMmhPVTIxSmVsRnRlR2xpYXpWMldWWmtZVTFGTVZOUldHUkZXakZzUlZac1JsSlNSVll6V2toc2FVMXFhM2RVUm1SUFlVVXhRMDVHYUVWV1JXd3pWRlZTU21WRk5VVlJWRlpPWVd0VmVGUnNXblpYUVhCRlZrVXhNMVJWVWtwbFJURlZVVlJXVG1GclZYaFViRnAyWkRCd2NWSldUazVSYTBaSVVWUkdWbEpWVGpSVVZYQnBUVEJLYzFsdE5VOWlNa1pZVjJwQ1RsVnJSak5TUjJSYVVrWmFVbFZWVWtaa01sSTFRMjFKZVU5VVFrMVdNRFZ2VkZWc1NsRnJiSEZSVlRWRFdqSjBlR0ZIZEhCU2Vtd3pUVVZLUWxWVlZrZFJWVVpRVVRCR1VrOUZSazVUVld4RFVUSmtURkV3UmxKU1ZVWjZWRE53V2xReVp6SlJXRzh5VFVSblMxRlZaek5hTWtseVlrVjRRbE5yUmpSVlZteEpZMnRrV21OdWNETmFiRlpEWVdwU2VFNXVXWGRaYm1SYVRrZFJlR1F4UW5kV00xWlRaR3R3VEZkSFVsUk9iV2d6Vldwb2MwMUVWbWhaVld4M1YwUlNjV05CY0VabFZWVjNWMjFzU0ZkR1JsZFJWbEkwWTFSQ2RFd3pVa2RhUlhSc1VXcFJlRll3YUVoTk1VMTNZVVZXTmtzeFdUSk9NR040WkZWNFdscEZUazFhU0hCVFQxZGtlR0ZZUmxoWmJGcHpUVzVLVVdJd09UQkRiRTE2VVc1Q1UySnBkRlprVjFGNFpWYzVSMkZ1WkRGVFdGRjZaV3hvU1ZNeFZrMWlTRWwyWVVaTk1GVkVUa2RYUmxwVVQxWmFObGx1V2s5V2FscEVXbXRqTVU5SE5EUk9la0V3WWtkNGFtSXhiRk5sVmtWTFkxUmFUbGRyYUZwVGFsSkVZekZrTlZOck9XRkxNbEUxVGxod05VNXNSbWxoUlU1Q1pGVXdjazF0TlZwUk1VbDNWMU01TkZacWJGcGtWMDR4Vld0d1VWcFVUblpOYmtaYVVsUktObFpVYUV0aWExcFBWWGR3VDFSR1NtNWlSV2R5Vm1wb2NGRlVSbmxSTWpGU1ZFaEtkV0pVU2pCWGJFNXRZMFJTYldFemNIbGtNVUl6V1d0T1JsWXlaR2hSVjFreVRucEdibFpzUm1oUFdGRjVaREJLYldKc1VsRk1NV1J4V2pCS1dVTnNWWGhUV0ZsMlpWUkNkVkl4UmtwU1JVWlNVVlZLZGsxRmJETlZWVkpDVkRCS2JsUnNXa2xWVkdoRFVWZFpORkpWU2tKVVZVNUNZMVpHTTFKSVpGcFNSbHBUVFVaU1FsVlZaM1pSYTBaV1pEQkdNMUpWU1V0TU0zQkNXa1ZLYmxSc1drbFZWRkpHVW0xa1VsWllTa05VVm1NeVZrVm9TMVJIVmxaYWJrRXdUVlpLUm1RelVrSmxSRko2VTJwU1NXSXpaRVZWVm14TFV6STVZVk5YYURKWk1EVkNWVlZXVFZGc1JrSlNRWEJ1V2pCV1ExRlZhSGRpUm14clZsVktZVTFxVW05U1JrSjVVbGRTZUZKWVJYaGliVlpSVlVSb1QxTnJWbEZTYmtwUFpFZFdibE5GT1c1aWF6azJVa2RLTTFkc1dtRlNXRVp0VmpOS1lVOUhaM1pNTURsaFEyazVTbVJFYkRWVFYyUk9ZekpvWVZsVlZrcFZSbFY2WTFaa1RVNHlkRzFhYWtwTlYwUnNRbFJIYUZsbGJWSnlUbXBHUjFJelRrOU5NSGcwVGpJNU5XSnJjSGRpYlRsSVYxUnNWMWRYYkRKVGEwcFVZbGhKUzFKV2NHeGlNMmN5VlZVMVNsVklWakZQVjNSell6RkdSVlJET1hWa1ZUVlpWRVJLVFZNd2JGRlpibXhoVFZOMGJGTlRPWEZVUkZZelZXcENhbU15VFRGWGJteFVXbGRPZDJSNlZsRmpNSGhIVm01U1dWcFJjRzlaZWxKSVpVWlNWMWRzV1RCVlZ6VjVXbXR3TlZWRGRIUk9Wa0p4V2pGQ1dXUkZNVFZsYW1ReVVsZGtkRTFVYkZOVmJFMXlUVWhzUmxOdFZrUldiVlp1VWpCMFVGTkhkM1pXYkVwTFlrWkdhV0o2UmpGRGEzQklUVzVTYTFVemFGQlVTRmw2VkcweE1XTlZaM1pXTVdSc1ZsUnNVMVZWWkRSUlZWcDRUbTFvVVZWRVduWlZWa1pSWlZob2RGbHRlRUpYU0dneVRucHNWbGx0U21sTE1uaDVXa1JCY21SR1NqTmlibEZMVjJ0b2VHVkhSa0ppYm1oVlZtMDBkMUZWUlROYWVsWk9WMWM1VTAwelduTmhSbFpTVUZGdmRFeFRNSFJNVlZaUFVrTkNSRkpXU2xWVFZWcEtVVEJHVlZKVE1IUk1VekIwUTJjOVBTSXNJblpsY21sbWFXTmhkR2x2YmlJNmUzMTlYWDE5TENKMGFXMWxiM1YwY3lJNmUzMHNJblpsY25OcGIyNGlPaUl5TGpJdU1DSjlMQ0p1WlhSM2IzSnJaQ0k2ZTMwc0luQmhjM04zWkNJNmUzMHNJbk4wYjNKaFoyVWlPbnQ5TENKemVYTjBaVzFrSWpwN2ZYMEsiLCJ2ZXJpZmljYXRpb24iOnt9fV19LCJ0aW1lb3V0cyI6e30sInZlcnNpb24iOiIyLjEuMCJ9LCJuZXR3b3JrZCI6e30sInBhc3N3ZCI6e30sInN0b3JhZ2UiOnsiZmlsZXMiOlt7ImZpbGVzeXN0ZW0iOiJyb290IiwiZ3JvdXAiOnt9LCJwYXRoIjoiL2V0Yy9ob3N0bmFtZSIsInVzZXIiOnt9LCJjb250ZW50cyI6eyJzb3VyY2UiOiJkYXRhOnRleHQvcGxhaW47Y2hhcnNldD11dGYtODtiYXNlNjQsWTI5dWRISnZiQzF3YkdGdVpTMHkiLCJ2ZXJpZmljYXRpb24iOnt9fSwibW9kZSI6NDIwfSx7ImZpbGVzeXN0ZW0iOiJyb290IiwiZ3JvdXAiOnt9LCJwYXRoIjoiL2V0Yy9zeXNjb25maWcvbmV0d29yay1zY3JpcHRzL2lmY2ZnLWVuczE5MiIsInVzZXIiOnt9LCJjb250ZW50cyI6eyJzb3VyY2UiOiJkYXRhOnRleHQvcGxhaW47Y2hhcnNldD11dGYtODtiYXNlNjQsVkZsUVJUMUZkR2hsY201bGRBcENUMDlVVUZKUFZFODlibTl1WlFwT1FVMUZQV1Z1Y3pFNU1ncEVSVlpKUTBVOVpXNXpNVGt5Q2s5T1FrOVBWRDE1WlhNS1NWQkJSRVJTUFRFNU1pNHhOamd1TVRBeExqRXdNd3BRVWtWR1NWZzlNekFLUjBGVVJWZEJXVDB4T1RJdU1UWTRMakV3TVM0eE1ERUtSRTlOUVVsT1BXdDFZbVV1YzJGdVpIb3lMbU52YlM1d2FBcEVUbE14UFRFNU1pNHhOamd1TVRBeExqVUtSRTVUTWowNUxqa3VPUzQ1Q2c9PSIsInZlcmlmaWNhdGlvbiI6e319LCJtb2RlIjo0MjB9XX0sInN5c3RlbWQiOnsidW5pdHMiOlt7ImNvbnRlbnRzIjoiW1VuaXRdXG5Db25kaXRpb25GaXJzdEJvb3Q9eWVzXG5bU2VydmljZV1cblR5cGU9aWRsZVxuRXhlY1N0YXJ0PS9zYmluL3JlYm9vdFxuW0luc3RhbGxdXG5XYW50ZWRCeT1tdWx0aS11c2VyLnRhcmdldFxuIiwiZW5hYmxlZCI6dHJ1ZSwibmFtZSI6InJlc3RhcnQuc2VydmljZSJ9XX19",
                            "vapp.0.properties.guestinfo.ignition.config.data.encoding": "base64",
                            "vapp_transport.#": "1",
                            "vapp_transport.0": "com.vmware.guestInfo",
                            "vmware_tools_status": "guestToolsNotRunning",
                            "vmx_path": "control-plane-2/control-plane-2.vmx",
                            "wait_for_guest_ip_timeout": "0",
                            "wait_for_guest_net_routable": "false",
                            "wait_for_guest_net_timeout": "0"
                        },
                        "meta": {
                            "schema_version": "3"
                        },
                        "tainted": false
                    },
                    "deposed": [],
                    "provider": "provider.vsphere"
                }
            },
            "depends_on": []
        },
        {
            "path": [
                "root",
                "folder"
            ],
            "outputs": {
                "path": {
                    "sensitive": false,
                    "type": "string",
                    "value": "kube"
                }
            },
            "resources": {
                "vsphere_folder.folder": {
                    "type": "vsphere_folder",
                    "depends_on": [],
                    "primary": {
                        "id": "group-v1971",
                        "attributes": {
                            "custom_attributes.%": "0",
                            "datacenter_id": "datacenter-2",
                            "id": "group-v1971",
                            "path": "kube",
                            "tags.#": "0",
                            "type": "vm"
                        },
                        "meta": {
                            "schema_version": "1"
                        },
                        "tainted": false
                    },
                    "deposed": [],
                    "provider": "provider.vsphere"
                }
            },
            "depends_on": []
        },
        {
            "path": [
                "root",
                "resource_pool"
            ],
            "outputs": {
                "pool_id": {
                    "sensitive": false,
                    "type": "string",
                    "value": "resgroup-1970"
                }
            },
            "resources": {
                "data.vsphere_compute_cluster.compute_cluster": {
                    "type": "vsphere_compute_cluster",
                    "depends_on": [],
                    "primary": {
                        "id": "domain-c7",
                        "attributes": {
                            "datacenter_id": "datacenter-2",
                            "id": "domain-c7",
                            "name": "devops",
                            "resource_pool_id": "resgroup-8"
                        },
                        "meta": {},
                        "tainted": false
                    },
                    "deposed": [],
                    "provider": "provider.vsphere"
                },
                "vsphere_resource_pool.resource_pool": {
                    "type": "vsphere_resource_pool",
                    "depends_on": [
                        "data.vsphere_compute_cluster.compute_cluster"
                    ],
                    "primary": {
                        "id": "resgroup-1970",
                        "attributes": {
                            "cpu_expandable": "true",
                            "cpu_limit": "-1",
                            "cpu_reservation": "0",
                            "cpu_share_level": "normal",
                            "cpu_shares": "4000",
                            "id": "resgroup-1970",
                            "memory_expandable": "true",
                            "memory_limit": "-1",
                            "memory_reservation": "0",
                            "memory_share_level": "normal",
                            "memory_shares": "163840",
                            "name": "kube",
                            "parent_resource_pool_id": "resgroup-8",
                            "tags.#": "0"
                        },
                        "meta": {},
                        "tainted": false
                    },
                    "deposed": [],
                    "provider": "provider.vsphere"
                }
            },
            "depends_on": []
        }
    ]
}
